{
  "version": 4,
  "terraform_version": "1.5.7",
  "serial": 323,
  "lineage": "d3195f55-e150-6f69-ea5d-8087d7067597",
  "outputs": {
    "key_data": {
      "value": "ssh-rsa AAAAB3NzaC1yc2EAAAADAQABAAABgQCjw9QgykjzkVteCWwkV7EevakVFeZNgSSVSNcQ9iLcOZ04tcKHOZX+s7HmDYm7xqH1Y44AKSrrNoE3vvG6QhLZoUJAQW5+nRGAAyzBavgjcaGnZS7CvHe1hDEl5a8diH5U0Z08RWqsFYWQP/8/jNMnfu8uYnxRPLOMAfD+j7adgCgR99EVO5OCT7q4AFqfu0rfumegcl1NtQPFRCsvpCxTl3jInUpbLsz0nUFwj01aPLOgOLsW17SaOLK//0hrY/lSWQ4QQnrieyBAT2Nep3Gxf7ic/y/5aZ4LixASAu+7lGFh8BsWLBhIu3N4PMVvMBwkukohdAy9ToFFlI6SBh8wYxYxVdFp8d1aYTPzAZ3VoddLKfdSSnxFrJIf9te6RaPTWhca2Hjy60uBwc6IQxicrRUwzrzTs9Rf00/3RoMfx/NX8kTFqfJPdCz3AsOxvzE4WderR2vnwBQSQ6Fr12fCR9s2GwSmPDULmTa0qXYylzViDNSk3No07suYu0wsD40= generated-by-azure",
      "type": "string"
    },
    "public_ip_address": {
      "value": "20.44.106.233",
      "type": "string"
    },
    "resource_group_name": {
      "value": "Devops_project1",
      "type": "string"
    }
  },
  "resources": [
    {
      "mode": "managed",
      "type": "azapi_resource",
      "name": "ssh_public_key",
      "provider": "provider[\"registry.terraform.io/azure/azapi\"]",
      "instances": [
        {
          "schema_version": 1,
          "attributes": {
            "body": {
              "value": "{}",
              "type": "string"
            },
            "id": "/subscriptions/12d08a43-87ab-49fc-b06f-d1d31622044a/resourceGroups/Devops_project1/providers/Microsoft.Compute/sshPublicKeys/sshnotedhare",
            "identity": [],
            "ignore_body_changes": null,
            "ignore_casing": false,
            "ignore_missing_property": true,
            "location": "eastus2",
            "locks": null,
            "name": "sshnotedhare",
            "output": {
              "value": "{}",
              "type": "string"
            },
            "parent_id": "/subscriptions/12d08a43-87ab-49fc-b06f-d1d31622044a/resourceGroups/Devops_project1",
            "removing_special_chars": false,
            "response_export_values": null,
            "schema_validation_enabled": true,
            "tags": null,
            "timeouts": null,
            "type": "Microsoft.Compute/sshPublicKeys@2022-11-01"
          },
          "sensitive_attributes": [],
          "dependencies": [
            "azurerm_resource_group.rg",
            "random_pet.ssh_key_name"
          ]
        }
      ]
    },
    {
      "mode": "managed",
      "type": "azapi_resource_action",
      "name": "ssh_public_key_gen",
      "provider": "provider[\"registry.terraform.io/azure/azapi\"]",
      "instances": [
        {
          "schema_version": 1,
          "attributes": {
            "action": "generateKeyPair",
            "body": null,
            "id": "/subscriptions/12d08a43-87ab-49fc-b06f-d1d31622044a/resourceGroups/Devops_project1/providers/Microsoft.Compute/sshPublicKeys/sshnotedhare/generateKeyPair",
            "locks": null,
            "method": "POST",
            "output": {
              "value": {
                "privateKey": "-----BEGIN RSA PRIVATE KEY-----\r\nMIIG5AIBAAKCAYEAo8PUIMpI85FbXglsJFexHr2pFRXmTYEklUjXEPYi3DmdOLXC\r\nhzmV/rOx5g2Ju8ah9WOOACkq6zaBN77xukIS2aFCQEFufp0RgAMswWr4I3Ghp2Uu\r\nwrx3tYQxJeWvHYh+VNGdPEVqrBWFkD//P4zTJ37vLmJ8UTyzjAHw/o+2nYAoEffR\r\nFTuTgk+6uABan7tK37pnoHJdTbUDxUQrL6QsU5d4yJ1KWy7M9J1BcI9NWjyzoDi7\r\nFte0mjiyv/9Ia2P5UlkOEEJ64nsgQE9jXqdxsX+4nP8v+WmeC4sQEgLvu5RhYfAb\r\nFiwYSLtzeDzFbzAcJLpKIXQMvU6BRZSOkgYfMGMWMVXRafHdWmEz8wGd1aHXSyn3\r\nUkp8RaySH/bXukWj01oXGth48utLgcHOiEMYnK0VMM6807PUX9NP90aDH8fzV/JE\r\nxanyT3Qs9wLDsb8xOFnXq0dr58AUEkOha9dnwkfbNhsEpjw1C5k2tKl2Mpc1YgzU\r\npNzaNO7LmLtMLA+NAgMBAAECggGAQCokXUyk1LopQGkUtBCf11mcfCR+ffORr+RA\r\nT+cAtaTlUyj0NSN8/7TMiUTYqHglUQ5Wvv1iUZKjgoIQGFh3JkomuSJp9rX3+15D\r\nFO2il9CX9AyTC73ocXiAAUdDG6E1Tmpq3wibyR0Nnf1VN0MoIJt9f4EbEIFmH/9K\r\nu5L3jDKAgLnGdDlJjI9Mq3eICnnJ1msk2xq0MBQyjAIvoZUDwSTiMEhgr+VgbJ+I\r\n2l9rgWWzQ522wDZ4Ds0UTGHrsBgVIWyaC3hmC4h2nRsbEDRse2B+P/D9oVU45wgd\r\nTV0j6uWrQOcU4Yyle0CPjhTAOv3wmv/49MXoyrycL+fjb3ShCb4jQ2oTDnTosD1/\r\nqLmFG8mbW2bc5zV8qJIRAxMsY2n3rsWyR72llaaKvPlBB+uYC0jMtf8ORLuzJi3D\r\njdF+ZfGCwz6DQ7v7NXuWD9o4SVUp/xp0ox4scNFq8mAW6iYKMdZTyNW0aysGlPoW\r\nvFv0lozoxvDKaoVP7dh1ubkzp+iJAoHBANaJedXDqEhFN0FOFJ6PGqRUQuEY+YGw\r\n3wwev/gNDosCR6oA2aNGPWTJrIrYBesT/lRCCkHLqf3MqTh1qmej83SB+wcejZSs\r\nXzm0kAuLIrvRpy+IWJdT5Ivi01J3FQfvNNN0gfx4OqbYWfR/oa5WbeCv8JUI/Maq\r\n5sND3tMeH8wEBvzkZvt9gUBax+0u6XKp1uOoaQAp1k3Og/f/TdD7ciUwmxLpHwrt\r\nVhy8PB9qUCNuK25EM18itR4yCnmJ1RvEvwKBwQDDalUzJ0EbO33d6KQd/n3vWdKG\r\n42zwPvRusaNprFS3pK6tzVdV+IIFrmTwgELbwtUgXEuM9giTjBBGWHZi+G2W65Bu\r\nnTWrwh8bDLVjfj0oEAq7UpPsK1+JTvvJFzRYMFGaDaZfKMdyQaMs6YFcrgnBiyFj\r\n7MniEOzLloDMNxnbUDBXSvmfWgNrHGPeGRSIhm9dM+CgHvbvUyr5Cawh/3fCIftL\r\nrTqE6/6d0srxlBSWX5RVCB95iDFMzwXj9uPIArMCgcEAqRCBoMGllf5lwuMDQMjJ\r\nWALHCZii119JBsYcxh+T/Fv5mbE90XuC2jBL9sayM0T4QfIhHySee9GS8VlYxn/f\r\nVUsxRbUAIc+M4261rUMiRhy7wauTFP4Zt1sy6WPKgQwy9whzf0BICD+q9BC4myil\r\nQlGkJ+6DNRRs8ihEKt8sc5wg3Z4owbtv5gUkVHeJpMDPBW0sAeL2bS53tTHOYwgk\r\nNcaODmMEAZpzKAX241LmgGVLeIPqb+hsDrWkp47FEDMFAoHAEicmkwHqgmUcZCjg\r\nVgj2Ge32KKGn1QmEG2RVEdP4arbZozuYCVx0d6KjrdO8Yj3PHpp0SjvwwAQa3u4I\r\n0VjSlVp8qEniWnpF+XVMxFlNxRL4bD5Xj3DYByFXMm79ZdPXQMBT3DMlk++VAO8Q\r\nHVPthBUwnN+6QU3hMWhhvpa/yCfC1dkZJzxtZN3WSSN7TNNwNPBExZsaxVCshUXo\r\nv5/DuDz/4x/Md9yUYoTaZWakIvPuC5gdlGSab9Arc+nTbxkRAoHBAKZ5Nvoh365E\r\nffdWw0DYQrN5Bda/1xUXrNUB/4/nNh8ea46JJkUi2ahMJ4lyArsDvje/6z3rcoUj\r\nR9QKDntj8w+Up7G4IFuGwHt0Ppa+MmVzAF+60S8bA4CDECMQuHCQ40lQme0E77nk\r\nn3d3MUfsgE5pCSp/h710eZ6BnJqu5ftpoXy6JS9LX1cvkPgotzp965PUVXTxjxwJ\r\nVfkzgtIxY+AGzYMjAY+OIAb+E0i1v7LzuobW9Wqaje84An/DKH20bg==\r\n-----END RSA PRIVATE KEY-----\r\n",
                "publicKey": "ssh-rsa AAAAB3NzaC1yc2EAAAADAQABAAABgQCjw9QgykjzkVteCWwkV7EevakVFeZNgSSVSNcQ9iLcOZ04tcKHOZX+s7HmDYm7xqH1Y44AKSrrNoE3vvG6QhLZoUJAQW5+nRGAAyzBavgjcaGnZS7CvHe1hDEl5a8diH5U0Z08RWqsFYWQP/8/jNMnfu8uYnxRPLOMAfD+j7adgCgR99EVO5OCT7q4AFqfu0rfumegcl1NtQPFRCsvpCxTl3jInUpbLsz0nUFwj01aPLOgOLsW17SaOLK//0hrY/lSWQ4QQnrieyBAT2Nep3Gxf7ic/y/5aZ4LixASAu+7lGFh8BsWLBhIu3N4PMVvMBwkukohdAy9ToFFlI6SBh8wYxYxVdFp8d1aYTPzAZ3VoddLKfdSSnxFrJIf9te6RaPTWhca2Hjy60uBwc6IQxicrRUwzrzTs9Rf00/3RoMfx/NX8kTFqfJPdCz3AsOxvzE4WderR2vnwBQSQ6Fr12fCR9s2GwSmPDULmTa0qXYylzViDNSk3No07suYu0wsD40= generated-by-azure"
              },
              "type": [
                "object",
                {
                  "privateKey": "string",
                  "publicKey": "string"
                }
              ]
            },
            "resource_id": "/subscriptions/12d08a43-87ab-49fc-b06f-d1d31622044a/resourceGroups/Devops_project1/providers/Microsoft.Compute/sshPublicKeys/sshnotedhare",
            "response_export_values": [
              "publicKey",
              "privateKey"
            ],
            "timeouts": null,
            "type": "Microsoft.Compute/sshPublicKeys@2022-11-01",
            "when": "apply"
          },
          "sensitive_attributes": [],
          "dependencies": [
            "azapi_resource.ssh_public_key",
            "azurerm_resource_group.rg",
            "random_pet.ssh_key_name"
          ]
        }
      ]
    },
    {
      "mode": "managed",
      "type": "azurerm_linux_virtual_machine",
      "name": "my_terraform_vm",
      "provider": "provider[\"registry.terraform.io/hashicorp/azurerm\"]",
      "instances": [
        {
          "schema_version": 0,
          "attributes": {
            "additional_capabilities": [],
            "admin_password": "Azure@123456",
            "admin_ssh_key": [],
            "admin_username": "azureuser",
            "allow_extension_operations": true,
            "availability_set_id": "",
            "boot_diagnostics": [],
            "bypass_platform_safety_checks_on_user_schedule_enabled": false,
            "capacity_reservation_group_id": "",
            "computer_name": "Jenkins",
            "custom_data": null,
            "dedicated_host_group_id": "",
            "dedicated_host_id": "",
            "disable_password_authentication": false,
            "disk_controller_type": "SCSI",
            "edge_zone": "",
            "encryption_at_host_enabled": false,
            "eviction_policy": "",
            "extensions_time_budget": "PT1H30M",
            "gallery_application": [],
            "id": "/subscriptions/12d08a43-87ab-49fc-b06f-d1d31622044a/resourceGroups/Devops_project1/providers/Microsoft.Compute/virtualMachines/Jenkins",
            "identity": [],
            "license_type": "",
            "location": "eastus2",
            "max_bid_price": -1,
            "name": "Jenkins",
            "network_interface_ids": [
              "/subscriptions/12d08a43-87ab-49fc-b06f-d1d31622044a/resourceGroups/Devops_project1/providers/Microsoft.Network/networkInterfaces/myNIC"
            ],
            "os_disk": [
              {
                "caching": "ReadWrite",
                "diff_disk_settings": [],
                "disk_encryption_set_id": "",
                "disk_size_gb": 32,
                "name": "myOsDisk",
                "secure_vm_disk_encryption_set_id": "",
                "security_encryption_type": "",
                "storage_account_type": "Premium_LRS",
                "write_accelerator_enabled": false
              }
            ],
            "os_image_notification": [],
            "patch_assessment_mode": "ImageDefault",
            "patch_mode": "ImageDefault",
            "plan": [],
            "platform_fault_domain": -1,
            "priority": "Regular",
            "private_ip_address": "10.0.1.4",
            "private_ip_addresses": [
              "10.0.1.4"
            ],
            "provision_vm_agent": true,
            "proximity_placement_group_id": "",
            "public_ip_address": "20.44.106.233",
            "public_ip_addresses": [
              "20.44.106.233"
            ],
            "reboot_setting": "",
            "resource_group_name": "Devops_project1",
            "secret": [],
            "secure_boot_enabled": true,
            "size": "Standard_D2as_v4",
            "source_image_id": "/subscriptions/12d08a43-87ab-49fc-b06f-d1d31622044a/resourcegroups/Devops_project/providers/Microsoft.Compute/galleries/azure_compute_gallery/images/custom_jenkins_image1/versions/1.0.0",
            "source_image_reference": [],
            "tags": null,
            "termination_notification": null,
            "timeouts": null,
            "user_data": "",
            "virtual_machine_id": "bbad5135-cdd3-4485-a7cb-d003f53a7305",
            "virtual_machine_scale_set_id": "",
            "vm_agent_platform_updates_enabled": false,
            "vtpm_enabled": false,
            "zone": ""
          },
          "sensitive_attributes": [],
          "private": "eyJlMmJmYjczMC1lY2FhLTExZTYtOGY4OC0zNDM2M2JjN2M0YzAiOnsiY3JlYXRlIjoyNzAwMDAwMDAwMDAwLCJkZWxldGUiOjI3MDAwMDAwMDAwMDAsInJlYWQiOjMwMDAwMDAwMDAwMCwidXBkYXRlIjoyNzAwMDAwMDAwMDAwfX0=",
          "dependencies": [
            "azurerm_network_interface.my_terraform_nic",
            "azurerm_public_ip.my_terraform_public_ip",
            "azurerm_resource_group.rg",
            "azurerm_subnet.my_terraform_subnet",
            "azurerm_virtual_network.my_terraform_network"
          ]
        }
      ]
    },
    {
      "mode": "managed",
      "type": "azurerm_network_interface",
      "name": "my_terraform_nic",
      "provider": "provider[\"registry.terraform.io/hashicorp/azurerm\"]",
      "instances": [
        {
          "schema_version": 0,
          "attributes": {
            "accelerated_networking_enabled": false,
            "applied_dns_servers": [],
            "auxiliary_mode": "",
            "auxiliary_sku": "",
            "dns_servers": [],
            "edge_zone": "",
            "enable_accelerated_networking": false,
            "enable_ip_forwarding": false,
            "id": "/subscriptions/12d08a43-87ab-49fc-b06f-d1d31622044a/resourceGroups/Devops_project1/providers/Microsoft.Network/networkInterfaces/myNIC",
            "internal_dns_name_label": "",
            "internal_domain_name_suffix": "rkwygga1uhuulbgwpa1i0cniad.cx.internal.cloudapp.net",
            "ip_configuration": [
              {
                "gateway_load_balancer_frontend_ip_configuration_id": "",
                "name": "my_nic_configuration",
                "primary": true,
                "private_ip_address": "10.0.1.4",
                "private_ip_address_allocation": "Dynamic",
                "private_ip_address_version": "IPv4",
                "public_ip_address_id": "/subscriptions/12d08a43-87ab-49fc-b06f-d1d31622044a/resourceGroups/Devops_project1/providers/Microsoft.Network/publicIPAddresses/myPublicIP",
                "subnet_id": "/subscriptions/12d08a43-87ab-49fc-b06f-d1d31622044a/resourceGroups/Devops_project1/providers/Microsoft.Network/virtualNetworks/myVnet/subnets/mySubnet"
              }
            ],
            "ip_forwarding_enabled": false,
            "location": "eastus2",
            "mac_address": "",
            "name": "myNIC",
            "private_ip_address": "10.0.1.4",
            "private_ip_addresses": [
              "10.0.1.4"
            ],
            "resource_group_name": "Devops_project1",
            "tags": null,
            "timeouts": null,
            "virtual_machine_id": ""
          },
          "sensitive_attributes": [],
          "private": "eyJlMmJmYjczMC1lY2FhLTExZTYtOGY4OC0zNDM2M2JjN2M0YzAiOnsiY3JlYXRlIjoxODAwMDAwMDAwMDAwLCJkZWxldGUiOjE4MDAwMDAwMDAwMDAsInJlYWQiOjMwMDAwMDAwMDAwMCwidXBkYXRlIjoxODAwMDAwMDAwMDAwfX0=",
          "dependencies": [
            "azurerm_public_ip.my_terraform_public_ip",
            "azurerm_resource_group.rg",
            "azurerm_subnet.my_terraform_subnet",
            "azurerm_virtual_network.my_terraform_network"
          ]
        }
      ]
    },
    {
      "mode": "managed",
      "type": "azurerm_network_interface_security_group_association",
      "name": "example",
      "provider": "provider[\"registry.terraform.io/hashicorp/azurerm\"]",
      "instances": [
        {
          "schema_version": 0,
          "attributes": {
            "id": "/subscriptions/12d08a43-87ab-49fc-b06f-d1d31622044a/resourceGroups/Devops_project1/providers/Microsoft.Network/networkInterfaces/myNIC|/subscriptions/12d08a43-87ab-49fc-b06f-d1d31622044a/resourceGroups/Devops_project1/providers/Microsoft.Network/networkSecurityGroups/myNetworkSecurityGroup",
            "network_interface_id": "/subscriptions/12d08a43-87ab-49fc-b06f-d1d31622044a/resourceGroups/Devops_project1/providers/Microsoft.Network/networkInterfaces/myNIC",
            "network_security_group_id": "/subscriptions/12d08a43-87ab-49fc-b06f-d1d31622044a/resourceGroups/Devops_project1/providers/Microsoft.Network/networkSecurityGroups/myNetworkSecurityGroup",
            "timeouts": null
          },
          "sensitive_attributes": [],
          "private": "eyJlMmJmYjczMC1lY2FhLTExZTYtOGY4OC0zNDM2M2JjN2M0YzAiOnsiY3JlYXRlIjoxODAwMDAwMDAwMDAwLCJkZWxldGUiOjE4MDAwMDAwMDAwMDAsInJlYWQiOjMwMDAwMDAwMDAwMH19",
          "dependencies": [
            "azurerm_network_interface.my_terraform_nic",
            "azurerm_network_security_group.my_terraform_nsg",
            "azurerm_public_ip.my_terraform_public_ip",
            "azurerm_resource_group.rg",
            "azurerm_subnet.my_terraform_subnet",
            "azurerm_virtual_network.my_terraform_network"
          ]
        }
      ]
    },
    {
      "mode": "managed",
      "type": "azurerm_network_security_group",
      "name": "my_terraform_nsg",
      "provider": "provider[\"registry.terraform.io/hashicorp/azurerm\"]",
      "instances": [
        {
          "schema_version": 0,
          "attributes": {
            "id": "/subscriptions/12d08a43-87ab-49fc-b06f-d1d31622044a/resourceGroups/Devops_project1/providers/Microsoft.Network/networkSecurityGroups/myNetworkSecurityGroup",
            "location": "eastus2",
            "name": "myNetworkSecurityGroup",
            "resource_group_name": "Devops_project1",
            "security_rule": [
              {
                "access": "Allow",
                "description": "",
                "destination_address_prefix": "*",
                "destination_address_prefixes": [],
                "destination_application_security_group_ids": [],
                "destination_port_range": "*",
                "destination_port_ranges": [],
                "direction": "Outbound",
                "name": "jenkins_out",
                "priority": 1012,
                "protocol": "Tcp",
                "source_address_prefix": "*",
                "source_address_prefixes": [],
                "source_application_security_group_ids": [],
                "source_port_range": "8080",
                "source_port_ranges": []
              },
              {
                "access": "Allow",
                "description": "",
                "destination_address_prefix": "*",
                "destination_address_prefixes": [],
                "destination_application_security_group_ids": [],
                "destination_port_range": "22",
                "destination_port_ranges": [],
                "direction": "Inbound",
                "name": "SSH",
                "priority": 1001,
                "protocol": "Tcp",
                "source_address_prefix": "*",
                "source_address_prefixes": [],
                "source_application_security_group_ids": [],
                "source_port_range": "*",
                "source_port_ranges": []
              },
              {
                "access": "Allow",
                "description": "",
                "destination_address_prefix": "*",
                "destination_address_prefixes": [],
                "destination_application_security_group_ids": [],
                "destination_port_range": "8080",
                "destination_port_ranges": [],
                "direction": "Inbound",
                "name": "jenkins",
                "priority": 1011,
                "protocol": "Tcp",
                "source_address_prefix": "*",
                "source_address_prefixes": [],
                "source_application_security_group_ids": [],
                "source_port_range": "*",
                "source_port_ranges": []
              },
              {
                "access": "Allow",
                "description": "",
                "destination_address_prefix": "*",
                "destination_address_prefixes": [],
                "destination_application_security_group_ids": [],
                "destination_port_range": "8081",
                "destination_port_ranges": [],
                "direction": "Inbound",
                "name": "nexus_in",
                "priority": 1015,
                "protocol": "Tcp",
                "source_address_prefix": "*",
                "source_address_prefixes": [],
                "source_application_security_group_ids": [],
                "source_port_range": "*",
                "source_port_ranges": []
              },
              {
                "access": "Allow",
                "description": "",
                "destination_address_prefix": "*",
                "destination_address_prefixes": [],
                "destination_application_security_group_ids": [],
                "destination_port_range": "9000",
                "destination_port_ranges": [],
                "direction": "Inbound",
                "name": "sonar_in",
                "priority": 1013,
                "protocol": "Tcp",
                "source_address_prefix": "*",
                "source_address_prefixes": [],
                "source_application_security_group_ids": [],
                "source_port_range": "*",
                "source_port_ranges": []
              }
            ],
            "tags": null,
            "timeouts": null
          },
          "sensitive_attributes": [],
          "private": "eyJlMmJmYjczMC1lY2FhLTExZTYtOGY4OC0zNDM2M2JjN2M0YzAiOnsiY3JlYXRlIjoxODAwMDAwMDAwMDAwLCJkZWxldGUiOjE4MDAwMDAwMDAwMDAsInJlYWQiOjMwMDAwMDAwMDAwMCwidXBkYXRlIjoxODAwMDAwMDAwMDAwfX0=",
          "dependencies": [
            "azurerm_resource_group.rg"
          ]
        }
      ]
    },
    {
      "mode": "managed",
      "type": "azurerm_public_ip",
      "name": "my_terraform_public_ip",
      "provider": "provider[\"registry.terraform.io/hashicorp/azurerm\"]",
      "instances": [
        {
          "schema_version": 0,
          "attributes": {
            "allocation_method": "Dynamic",
            "ddos_protection_mode": "VirtualNetworkInherited",
            "ddos_protection_plan_id": null,
            "domain_name_label": null,
            "edge_zone": "",
            "fqdn": null,
            "id": "/subscriptions/12d08a43-87ab-49fc-b06f-d1d31622044a/resourceGroups/Devops_project1/providers/Microsoft.Network/publicIPAddresses/myPublicIP",
            "idle_timeout_in_minutes": 4,
            "ip_address": "",
            "ip_tags": null,
            "ip_version": "IPv4",
            "location": "eastus2",
            "name": "myPublicIP",
            "public_ip_prefix_id": null,
            "resource_group_name": "Devops_project1",
            "reverse_fqdn": null,
            "sku": "Basic",
            "sku_tier": "Regional",
            "tags": null,
            "timeouts": null,
            "zones": null
          },
          "sensitive_attributes": [],
          "private": "eyJlMmJmYjczMC1lY2FhLTExZTYtOGY4OC0zNDM2M2JjN2M0YzAiOnsiY3JlYXRlIjoxODAwMDAwMDAwMDAwLCJkZWxldGUiOjE4MDAwMDAwMDAwMDAsInJlYWQiOjMwMDAwMDAwMDAwMCwidXBkYXRlIjoxODAwMDAwMDAwMDAwfX0=",
          "dependencies": [
            "azurerm_resource_group.rg"
          ]
        }
      ]
    },
    {
      "mode": "managed",
      "type": "azurerm_resource_group",
      "name": "rg",
      "provider": "provider[\"registry.terraform.io/hashicorp/azurerm\"]",
      "instances": [
        {
          "schema_version": 0,
          "attributes": {
            "id": "/subscriptions/12d08a43-87ab-49fc-b06f-d1d31622044a/resourceGroups/Devops_project1",
            "location": "eastus2",
            "managed_by": "",
            "name": "Devops_project1",
            "tags": null,
            "timeouts": null
          },
          "sensitive_attributes": [],
          "private": "eyJlMmJmYjczMC1lY2FhLTExZTYtOGY4OC0zNDM2M2JjN2M0YzAiOnsiY3JlYXRlIjo1NDAwMDAwMDAwMDAwLCJkZWxldGUiOjU0MDAwMDAwMDAwMDAsInJlYWQiOjMwMDAwMDAwMDAwMCwidXBkYXRlIjo1NDAwMDAwMDAwMDAwfX0="
        }
      ]
    },
    {
      "mode": "managed",
      "type": "azurerm_subnet",
      "name": "my_terraform_subnet",
      "provider": "provider[\"registry.terraform.io/hashicorp/azurerm\"]",
      "instances": [
        {
          "schema_version": 0,
          "attributes": {
            "address_prefixes": [
              "10.0.1.0/24"
            ],
            "default_outbound_access_enabled": true,
            "delegation": [],
            "enforce_private_link_endpoint_network_policies": false,
            "enforce_private_link_service_network_policies": false,
            "id": "/subscriptions/12d08a43-87ab-49fc-b06f-d1d31622044a/resourceGroups/Devops_project1/providers/Microsoft.Network/virtualNetworks/myVnet/subnets/mySubnet",
            "name": "mySubnet",
            "private_endpoint_network_policies": "Enabled",
            "private_endpoint_network_policies_enabled": true,
            "private_link_service_network_policies_enabled": true,
            "resource_group_name": "Devops_project1",
            "service_endpoint_policy_ids": null,
            "service_endpoints": null,
            "timeouts": null,
            "virtual_network_name": "myVnet"
          },
          "sensitive_attributes": [],
          "private": "eyJlMmJmYjczMC1lY2FhLTExZTYtOGY4OC0zNDM2M2JjN2M0YzAiOnsiY3JlYXRlIjoxODAwMDAwMDAwMDAwLCJkZWxldGUiOjE4MDAwMDAwMDAwMDAsInJlYWQiOjMwMDAwMDAwMDAwMCwidXBkYXRlIjoxODAwMDAwMDAwMDAwfX0=",
          "dependencies": [
            "azurerm_resource_group.rg",
            "azurerm_virtual_network.my_terraform_network"
          ]
        }
      ]
    },
    {
      "mode": "managed",
      "type": "azurerm_virtual_network",
      "name": "my_terraform_network",
      "provider": "provider[\"registry.terraform.io/hashicorp/azurerm\"]",
      "instances": [
        {
          "schema_version": 0,
          "attributes": {
            "address_space": [
              "10.0.0.0/16"
            ],
            "bgp_community": "",
            "ddos_protection_plan": [],
            "dns_servers": [],
            "edge_zone": "",
            "encryption": [],
            "flow_timeout_in_minutes": 0,
            "guid": "1883ad8a-a11b-45e9-84d6-78368d09a803",
            "id": "/subscriptions/12d08a43-87ab-49fc-b06f-d1d31622044a/resourceGroups/Devops_project1/providers/Microsoft.Network/virtualNetworks/myVnet",
            "location": "eastus2",
            "name": "myVnet",
            "resource_group_name": "Devops_project1",
            "subnet": [],
            "tags": null,
            "timeouts": null
          },
          "sensitive_attributes": [],
          "private": "eyJlMmJmYjczMC1lY2FhLTExZTYtOGY4OC0zNDM2M2JjN2M0YzAiOnsiY3JlYXRlIjoxODAwMDAwMDAwMDAwLCJkZWxldGUiOjE4MDAwMDAwMDAwMDAsInJlYWQiOjMwMDAwMDAwMDAwMCwidXBkYXRlIjoxODAwMDAwMDAwMDAwfX0=",
          "dependencies": [
            "azurerm_resource_group.rg"
          ]
        }
      ]
    },
    {
      "mode": "managed",
      "type": "random_id",
      "name": "random_id",
      "provider": "provider[\"registry.terraform.io/hashicorp/random\"]",
      "instances": [
        {
          "schema_version": 0,
          "attributes": {
            "b64_std": "NOIuvNy8A7A=",
            "b64_url": "NOIuvNy8A7A",
            "byte_length": 8,
            "dec": "3810659623400899504",
            "hex": "34e22ebcdcbc03b0",
            "id": "NOIuvNy8A7A",
            "keepers": {
              "resource_group": "Devops_project1"
            },
            "prefix": null
          },
          "sensitive_attributes": [],
          "dependencies": [
            "azurerm_resource_group.rg"
          ]
        }
      ]
    },
    {
      "mode": "managed",
      "type": "random_pet",
      "name": "rg_name",
      "provider": "provider[\"registry.terraform.io/hashicorp/random\"]",
      "instances": [
        {
          "schema_version": 0,
          "attributes": {
            "id": "rg-normal-whale",
            "keepers": null,
            "length": 2,
            "prefix": "rg",
            "separator": "-"
          },
          "sensitive_attributes": []
        }
      ]
    },
    {
      "mode": "managed",
      "type": "random_pet",
      "name": "ssh_key_name",
      "provider": "provider[\"registry.terraform.io/hashicorp/random\"]",
      "instances": [
        {
          "schema_version": 0,
          "attributes": {
            "id": "sshnotedhare",
            "keepers": null,
            "length": 2,
            "prefix": "ssh",
            "separator": ""
          },
          "sensitive_attributes": []
        }
      ]
    }
  ],
  "check_results": null
}
