{
  "version": 4,
  "terraform_version": "1.5.7",
  "serial": 137,
  "lineage": "d3195f55-e150-6f69-ea5d-8087d7067597",
  "outputs": {
    "key_data": {
      "value": "ssh-rsa AAAAB3NzaC1yc2EAAAADAQABAAABgQDRTvE1w6UtUHVe5mW9L/skIrELPsHYQxBzLDja1xXPpWckjK3HxPTQbla8W2iUQyU+pMDSUrMAMWqaYwOjSomyS+kl6qC2rB+vG8aHsQ6XbbMt/BlCBA5diUa+zAF35RMwPwNTzaN0ADHzeh/fjcnUY5NEIxnBPEKHKeXAegO0oZnop5re24s74fui8HYjXROQk3fmLYOvCsqUeZdpG+XId93UqR/GPRdPV2cUN8UdoopeULSQQa44zL15mKp2JDRYwEYxPnBe3yXJ09iM6a5BU5QDwYbW/bEmLm3U5mNhwOO6qUtWY+F5EXV2AkyuY3Z+vca+5aWnjSWGkhZDEm/UlIId5hr+Xy+maZoDYzvdFfRe2DAdFVXh0hA3qjhvtVMIhuM9mOJd7zryHjiYHz2W/HkKAMH7qf8apfNn+To6CXcOwTE/bGS6JfhZhl1WLlaWE0HVVOvZIdlHbV50yRwxc4NdCDLBxkc0NkFbGvMsLBSwHM7cq4bAQOWzF2L+A0k= generated-by-azure",
      "type": "string"
    },
    "resource_group_name": {
      "value": "Devops_project1",
      "type": "string"
    }
  },
  "resources": [
    {
      "mode": "managed",
      "type": "azapi_resource",
      "name": "ssh_public_key",
      "provider": "provider[\"registry.terraform.io/azure/azapi\"]",
      "instances": [
        {
          "schema_version": 1,
          "attributes": {
            "body": {
              "value": "{}",
              "type": "string"
            },
            "id": "/subscriptions/12d08a43-87ab-49fc-b06f-d1d31622044a/resourceGroups/Devops_project1/providers/Microsoft.Compute/sshPublicKeys/sshknownquagga",
            "identity": [],
            "ignore_body_changes": null,
            "ignore_casing": false,
            "ignore_missing_property": true,
            "location": "eastus2",
            "locks": null,
            "name": "sshknownquagga",
            "output": {
              "value": "{}",
              "type": "string"
            },
            "parent_id": "/subscriptions/12d08a43-87ab-49fc-b06f-d1d31622044a/resourceGroups/Devops_project1",
            "removing_special_chars": false,
            "response_export_values": null,
            "schema_validation_enabled": true,
            "tags": null,
            "timeouts": null,
            "type": "Microsoft.Compute/sshPublicKeys@2022-11-01"
          },
          "sensitive_attributes": [],
          "dependencies": [
            "azurerm_resource_group.rg",
            "random_pet.ssh_key_name"
          ]
        }
      ]
    },
    {
      "mode": "managed",
      "type": "azapi_resource_action",
      "name": "ssh_public_key_gen",
      "provider": "provider[\"registry.terraform.io/azure/azapi\"]",
      "instances": [
        {
          "schema_version": 1,
          "attributes": {
            "action": "generateKeyPair",
            "body": null,
            "id": "/subscriptions/12d08a43-87ab-49fc-b06f-d1d31622044a/resourceGroups/Devops_project1/providers/Microsoft.Compute/sshPublicKeys/sshknownquagga/generateKeyPair",
            "locks": null,
            "method": "POST",
            "output": {
              "value": {
                "privateKey": "-----BEGIN RSA PRIVATE KEY-----\r\nMIIG5AIBAAKCAYEA0U7xNcOlLVB1XuZlvS/7JCKxCz7B2EMQcyw42tcVz6VnJIyt\r\nx8T00G5WvFtolEMlPqTA0lKzADFqmmMDo0qJskvpJeqgtqwfrxvGh7EOl22zLfwZ\r\nQgQOXYlGvswBd+UTMD8DU82jdAAx83of343J1GOTRCMZwTxChynlwHoDtKGZ6Kea\r\n3tuLO+H7ovB2I10TkJN35i2DrwrKlHmXaRvlyHfd1Kkfxj0XT1dnFDfFHaKKXlC0\r\nkEGuOMy9eZiqdiQ0WMBGMT5wXt8lydPYjOmuQVOUA8GG1v2xJi5t1OZjYcDjuqlL\r\nVmPheRF1dgJMrmN2fr3GvuWlp40lhpIWQxJv1JSCHeYa/l8vpmmaA2M73RX0Xtgw\r\nHRVV4dIQN6o4b7VTCIbjPZjiXe868h44mB89lvx5CgDB+6n/GqXzZ/k6Ogl3DsEx\r\nP2xkuiX4WYZdVi5WlhNB1VTr2SHZR21edMkcMXODXQgywcZHNDZBWxrzLCwUsBzO\r\n3KuGwEDlsxdi/gNJAgMBAAECggGACf1yldZYs+j7MSReBsGbgwYE3TyJlADfcB/U\r\nNt29NMP4QE5WnQpRhQE/Mo5KV4k85diHO4Km+INjSyseqVSNbe0hm6WvNgjRGlKB\r\nD0jsIV4jBzbZHcWDygMbVU/3YfmVCOB5EC7odkjsGWriypDB6Vk3VjE2sXpm0ny1\r\ncpJgSubLqccWJTzlUF5g3E4N1XJD1Mq1Fk9l0Zz6PkvvZhzmwsK128iWs6eGzUqm\r\nqNhgmCGB6S6A78GyxxM+l+cpe6oOn3MTIQo2RQtA/e7rfYL2loy58NK6JEMJbdkB\r\nD51srxkAz+gO0PRZBPoiy32wlXBD2fIbm5tPpU5lhJlMYLDbkPuJFpb8f8rjwYI4\r\nsVUJwfAPTNM6pDUQWkRE5AiFMEL3Q4Q3QhFeVbDtfvtma4nIyBZc9fLSXrY9VtPJ\r\nEQFF3M/jXvh7iCAIqFBXhF3uiJVT1yHtSvW6qYlj1KOuSvsWGJK2N5z+BuwEUmxI\r\nEm9oSk0Kv2qxOokEfVinMJnYt1ThAoHBAOF/N/jy2Pfsx9KleF4/U5xE7Ab53Fxt\r\nC0NahzSMhweAEBE9TVOuigVjskMcRw3xjCZd9ooLIqzSAF+tKJCRUXq/d6Mle+Iz\r\nY0+6NZLkw+qHFaaWV8ka34lxApZXUL1A0r0MFPqnqGnm6fLdZUlnisepetUNQjmV\r\nJPCrNnCaU0PLiIPwn5+rmiKmRGcDyvVqvmSXiGjgN0i/+2niHe9ERnRPICCnQKhK\r\nsttyrhEWT3qZllFShgyiHes16gCEx683gwKBwQDtnyA3NBPcrHi2XrWW5PHDjvGE\r\nlQJLp8CoW4UFTblIHCtSRXe1MOyfSZt0VP4rLbe//SYpz8UOiH/qGeG/00Qsuq6k\r\npi3xAkJ8K5x0m624I2SKOBFV93hdPRyqDBgVTpDJjuAUZ7Mn0Q7gaFJpi3pZiuMC\r\njf1XT3JNPi8m+YLx18daDJluWz5zaCV8NmK0QPDfK3wiOVHCdwiVkD/58r3ed6M1\r\nkZbFgoQbK3k0dGAd0j5/FN75GduLSsaPyX8O1EMCgcEAq6/bA/aSb6GeOqm1zbxV\r\ngoOPWXhf6Rc1HiENFFtya6l7kkSkXXRkrdnMXgBnsRwZ4xRjo5L64a46jp4eZoPe\r\nD6E8C8F8YytRD+Ds7Vy0NhqHx4Bscje9vr2GhMUSOiXizgEm7/k65vbjZQBgH9Vv\r\n+rj1RsWDiKgfqgYRuwYlI1cSJ7LLNhzHjF4fcneWzehp8djWCVO9g+x4FZQNyqCn\r\nK+MayQHO3tOQ/jiAg44DEYtiwaQdX/0G3pD8C00NZEDVAoHBAK0y9E9ohSWvDRmY\r\ntPF0lQf+s+n4lsDAWHweoTm5ali2N5lzCwslywNbqpTDsrOUUj/9bAjD6ZVrRxlC\r\nnjqs6h9UPyHCAvCNvho1y4dvRdNW8NySe4hWpgQIHFGSGSfGqWBQ5OHaqEpYZmiJ\r\ngbBuutJzmn3tMwCl5uGIduQIsDpJFoR7dIZsuXtzKQd9uLo8L5XrY0Kq1v5QtxAV\r\nIZy1I1H5kBvmr6ftNw96w5DJVpnF+km008Vr5IuGCG8b5qHPcwKBwCwhjWVHSdTa\r\nDdHf+lpOFuIWYjTz8BuHg9EvWxV3JJIT+PM4aQjSwSoBCBpxakju7KpAuaStxqH/\r\n2gVyCJKOBNSlHTa95w6kC40eNc3/eudRLZt3sx2AyyKqpwZfjTEY+ihXFH5NRdNe\r\nga6A9fRMwuN6JNuzQiZrRrPEQBCIaSsQe0Sapvk6IEUp4tukCOVa4Bcrr3K1RfgH\r\nWnOSTAXy31Q6tfUEQl3O0Fxjir6wY8iVVcXsEwrzDOLy++SuSacM8A==\r\n-----END RSA PRIVATE KEY-----\r\n",
                "publicKey": "ssh-rsa AAAAB3NzaC1yc2EAAAADAQABAAABgQDRTvE1w6UtUHVe5mW9L/skIrELPsHYQxBzLDja1xXPpWckjK3HxPTQbla8W2iUQyU+pMDSUrMAMWqaYwOjSomyS+kl6qC2rB+vG8aHsQ6XbbMt/BlCBA5diUa+zAF35RMwPwNTzaN0ADHzeh/fjcnUY5NEIxnBPEKHKeXAegO0oZnop5re24s74fui8HYjXROQk3fmLYOvCsqUeZdpG+XId93UqR/GPRdPV2cUN8UdoopeULSQQa44zL15mKp2JDRYwEYxPnBe3yXJ09iM6a5BU5QDwYbW/bEmLm3U5mNhwOO6qUtWY+F5EXV2AkyuY3Z+vca+5aWnjSWGkhZDEm/UlIId5hr+Xy+maZoDYzvdFfRe2DAdFVXh0hA3qjhvtVMIhuM9mOJd7zryHjiYHz2W/HkKAMH7qf8apfNn+To6CXcOwTE/bGS6JfhZhl1WLlaWE0HVVOvZIdlHbV50yRwxc4NdCDLBxkc0NkFbGvMsLBSwHM7cq4bAQOWzF2L+A0k= generated-by-azure"
              },
              "type": [
                "object",
                {
                  "privateKey": "string",
                  "publicKey": "string"
                }
              ]
            },
            "resource_id": "/subscriptions/12d08a43-87ab-49fc-b06f-d1d31622044a/resourceGroups/Devops_project1/providers/Microsoft.Compute/sshPublicKeys/sshknownquagga",
            "response_export_values": [
              "publicKey",
              "privateKey"
            ],
            "timeouts": null,
            "type": "Microsoft.Compute/sshPublicKeys@2022-11-01",
            "when": "apply"
          },
          "sensitive_attributes": [],
          "dependencies": [
            "azapi_resource.ssh_public_key",
            "azurerm_resource_group.rg",
            "random_pet.ssh_key_name"
          ]
        }
      ]
    },
    {
      "mode": "managed",
      "type": "azurerm_linux_virtual_machine",
      "name": "my_terraform_vm",
      "provider": "provider[\"registry.terraform.io/hashicorp/azurerm\"]",
      "instances": [
        {
          "status": "tainted",
          "schema_version": 0,
          "attributes": {
            "additional_capabilities": [],
            "admin_password": null,
            "admin_ssh_key": [
              {
                "public_key": "ssh-rsa AAAAB3NzaC1yc2EAAAADAQABAAABgQDRTvE1w6UtUHVe5mW9L/skIrELPsHYQxBzLDja1xXPpWckjK3HxPTQbla8W2iUQyU+pMDSUrMAMWqaYwOjSomyS+kl6qC2rB+vG8aHsQ6XbbMt/BlCBA5diUa+zAF35RMwPwNTzaN0ADHzeh/fjcnUY5NEIxnBPEKHKeXAegO0oZnop5re24s74fui8HYjXROQk3fmLYOvCsqUeZdpG+XId93UqR/GPRdPV2cUN8UdoopeULSQQa44zL15mKp2JDRYwEYxPnBe3yXJ09iM6a5BU5QDwYbW/bEmLm3U5mNhwOO6qUtWY+F5EXV2AkyuY3Z+vca+5aWnjSWGkhZDEm/UlIId5hr+Xy+maZoDYzvdFfRe2DAdFVXh0hA3qjhvtVMIhuM9mOJd7zryHjiYHz2W/HkKAMH7qf8apfNn+To6CXcOwTE/bGS6JfhZhl1WLlaWE0HVVOvZIdlHbV50yRwxc4NdCDLBxkc0NkFbGvMsLBSwHM7cq4bAQOWzF2L+A0k= generated-by-azure",
                "username": "azureadmin"
              }
            ],
            "admin_username": "azureadmin",
            "allow_extension_operations": true,
            "availability_set_id": "",
            "boot_diagnostics": [],
            "bypass_platform_safety_checks_on_user_schedule_enabled": false,
            "capacity_reservation_group_id": "",
            "computer_name": "hostname",
            "custom_data": null,
            "dedicated_host_group_id": "",
            "dedicated_host_id": "",
            "disable_password_authentication": true,
            "disk_controller_type": "SCSI",
            "edge_zone": "",
            "encryption_at_host_enabled": false,
            "eviction_policy": "",
            "extensions_time_budget": "PT1H30M",
            "gallery_application": [],
            "id": "/subscriptions/12d08a43-87ab-49fc-b06f-d1d31622044a/resourceGroups/Devops_project1/providers/Microsoft.Compute/virtualMachines/Jenkins",
            "identity": [],
            "license_type": "",
            "location": "eastus2",
            "max_bid_price": -1,
            "name": "Jenkins",
            "network_interface_ids": [
              "/subscriptions/12d08a43-87ab-49fc-b06f-d1d31622044a/resourceGroups/Devops_project1/providers/Microsoft.Network/networkInterfaces/myNIC"
            ],
            "os_disk": [
              {
                "caching": "ReadWrite",
                "diff_disk_settings": [],
                "disk_encryption_set_id": "",
                "disk_size_gb": 32,
                "name": "myOsDisk",
                "secure_vm_disk_encryption_set_id": "",
                "security_encryption_type": "",
                "storage_account_type": "Premium_LRS",
                "write_accelerator_enabled": false
              }
            ],
            "os_image_notification": [],
            "patch_assessment_mode": "ImageDefault",
            "patch_mode": "ImageDefault",
            "plan": [],
            "platform_fault_domain": -1,
            "priority": "Regular",
            "private_ip_address": "10.0.1.4",
            "private_ip_addresses": [
              "10.0.1.4"
            ],
            "provision_vm_agent": true,
            "proximity_placement_group_id": "",
            "public_ip_address": "128.24.69.21",
            "public_ip_addresses": [
              "128.24.69.21"
            ],
            "reboot_setting": "",
            "resource_group_name": "Devops_project1",
            "secret": [],
            "secure_boot_enabled": true,
            "size": "Standard_D2s_v3",
            "source_image_id": "/subscriptions/12d08a43-87ab-49fc-b06f-d1d31622044a/resourcegroups/Devops_project/providers/Microsoft.Compute/galleries/azure_compute_gallery/images/custom_jenkins_image1/versions/1.0.0",
            "source_image_reference": [],
            "tags": null,
            "termination_notification": null,
            "timeouts": null,
            "user_data": "",
            "virtual_machine_id": "96c2e465-7816-4d32-9581-3ecbb8f72a91",
            "virtual_machine_scale_set_id": "",
            "vm_agent_platform_updates_enabled": false,
            "vtpm_enabled": false,
            "zone": ""
          },
          "sensitive_attributes": [],
          "private": "eyJlMmJmYjczMC1lY2FhLTExZTYtOGY4OC0zNDM2M2JjN2M0YzAiOnsiY3JlYXRlIjoyNzAwMDAwMDAwMDAwLCJkZWxldGUiOjI3MDAwMDAwMDAwMDAsInJlYWQiOjMwMDAwMDAwMDAwMCwidXBkYXRlIjoyNzAwMDAwMDAwMDAwfX0=",
          "dependencies": [
            "azapi_resource_action.ssh_public_key_gen",
            "azurerm_network_interface.my_terraform_nic",
            "azurerm_resource_group.rg"
          ]
        }
      ]
    },
    {
      "mode": "managed",
      "type": "azurerm_network_interface",
      "name": "my_terraform_nic",
      "provider": "provider[\"registry.terraform.io/hashicorp/azurerm\"]",
      "instances": [
        {
          "schema_version": 0,
          "attributes": {
            "accelerated_networking_enabled": false,
            "applied_dns_servers": [],
            "auxiliary_mode": "",
            "auxiliary_sku": "",
            "dns_servers": [],
            "edge_zone": "",
            "enable_accelerated_networking": false,
            "enable_ip_forwarding": false,
            "id": "/subscriptions/12d08a43-87ab-49fc-b06f-d1d31622044a/resourceGroups/Devops_project1/providers/Microsoft.Network/networkInterfaces/myNIC",
            "internal_dns_name_label": "",
            "internal_domain_name_suffix": "lw0awf5q2ffexnfslzuhy03nqc.cx.internal.cloudapp.net",
            "ip_configuration": [
              {
                "gateway_load_balancer_frontend_ip_configuration_id": "",
                "name": "my_nic_configuration",
                "primary": true,
                "private_ip_address": "10.0.1.4",
                "private_ip_address_allocation": "Dynamic",
                "private_ip_address_version": "IPv4",
                "public_ip_address_id": "/subscriptions/12d08a43-87ab-49fc-b06f-d1d31622044a/resourceGroups/Devops_project1/providers/Microsoft.Network/publicIPAddresses/myPublicIP",
                "subnet_id": "/subscriptions/12d08a43-87ab-49fc-b06f-d1d31622044a/resourceGroups/Devops_project1/providers/Microsoft.Network/virtualNetworks/myVnet/subnets/mySubnet"
              }
            ],
            "ip_forwarding_enabled": false,
            "location": "eastus2",
            "mac_address": "",
            "name": "myNIC",
            "private_ip_address": "10.0.1.4",
            "private_ip_addresses": [
              "10.0.1.4"
            ],
            "resource_group_name": "Devops_project1",
            "tags": {},
            "timeouts": null,
            "virtual_machine_id": ""
          },
          "sensitive_attributes": [],
          "private": "eyJlMmJmYjczMC1lY2FhLTExZTYtOGY4OC0zNDM2M2JjN2M0YzAiOnsiY3JlYXRlIjoxODAwMDAwMDAwMDAwLCJkZWxldGUiOjE4MDAwMDAwMDAwMDAsInJlYWQiOjMwMDAwMDAwMDAwMCwidXBkYXRlIjoxODAwMDAwMDAwMDAwfX0=",
          "dependencies": [
            "azurerm_public_ip.my_terraform_public_ip",
            "azurerm_resource_group.rg",
            "azurerm_subnet.my_terraform_subnet",
            "azurerm_virtual_network.my_terraform_network"
          ]
        }
      ]
    },
    {
      "mode": "managed",
      "type": "azurerm_network_interface_security_group_association",
      "name": "example",
      "provider": "provider[\"registry.terraform.io/hashicorp/azurerm\"]",
      "instances": [
        {
          "schema_version": 0,
          "attributes": {
            "id": "/subscriptions/12d08a43-87ab-49fc-b06f-d1d31622044a/resourceGroups/Devops_project1/providers/Microsoft.Network/networkInterfaces/myNIC|/subscriptions/12d08a43-87ab-49fc-b06f-d1d31622044a/resourceGroups/Devops_project1/providers/Microsoft.Network/networkSecurityGroups/myNetworkSecurityGroup",
            "network_interface_id": "/subscriptions/12d08a43-87ab-49fc-b06f-d1d31622044a/resourceGroups/Devops_project1/providers/Microsoft.Network/networkInterfaces/myNIC",
            "network_security_group_id": "/subscriptions/12d08a43-87ab-49fc-b06f-d1d31622044a/resourceGroups/Devops_project1/providers/Microsoft.Network/networkSecurityGroups/myNetworkSecurityGroup",
            "timeouts": null
          },
          "sensitive_attributes": [],
          "private": "eyJlMmJmYjczMC1lY2FhLTExZTYtOGY4OC0zNDM2M2JjN2M0YzAiOnsiY3JlYXRlIjoxODAwMDAwMDAwMDAwLCJkZWxldGUiOjE4MDAwMDAwMDAwMDAsInJlYWQiOjMwMDAwMDAwMDAwMH19",
          "dependencies": [
            "azurerm_network_interface.my_terraform_nic",
            "azurerm_network_security_group.my_terraform_nsg",
            "azurerm_public_ip.my_terraform_public_ip",
            "azurerm_resource_group.rg",
            "azurerm_subnet.my_terraform_subnet",
            "azurerm_virtual_network.my_terraform_network"
          ]
        }
      ]
    },
    {
      "mode": "managed",
      "type": "azurerm_network_security_group",
      "name": "my_terraform_nsg",
      "provider": "provider[\"registry.terraform.io/hashicorp/azurerm\"]",
      "instances": [
        {
          "schema_version": 0,
          "attributes": {
            "id": "/subscriptions/12d08a43-87ab-49fc-b06f-d1d31622044a/resourceGroups/Devops_project1/providers/Microsoft.Network/networkSecurityGroups/myNetworkSecurityGroup",
            "location": "eastus2",
            "name": "myNetworkSecurityGroup",
            "resource_group_name": "Devops_project1",
            "security_rule": [
              {
                "access": "Allow",
                "description": "",
                "destination_address_prefix": "*",
                "destination_address_prefixes": [],
                "destination_application_security_group_ids": [],
                "destination_port_range": "*",
                "destination_port_ranges": [],
                "direction": "Inbound",
                "name": "nexus_in",
                "priority": 1015,
                "protocol": "Tcp",
                "source_address_prefix": "*",
                "source_address_prefixes": [],
                "source_application_security_group_ids": [],
                "source_port_range": "8081",
                "source_port_ranges": []
              },
              {
                "access": "Allow",
                "description": "",
                "destination_address_prefix": "*",
                "destination_address_prefixes": [],
                "destination_application_security_group_ids": [],
                "destination_port_range": "*",
                "destination_port_ranges": [],
                "direction": "Inbound",
                "name": "sonar_in",
                "priority": 1013,
                "protocol": "Tcp",
                "source_address_prefix": "*",
                "source_address_prefixes": [],
                "source_application_security_group_ids": [],
                "source_port_range": "9000",
                "source_port_ranges": []
              },
              {
                "access": "Allow",
                "description": "",
                "destination_address_prefix": "*",
                "destination_address_prefixes": [],
                "destination_application_security_group_ids": [],
                "destination_port_range": "*",
                "destination_port_ranges": [],
                "direction": "Outbound",
                "name": "jenkins_out",
                "priority": 1012,
                "protocol": "Tcp",
                "source_address_prefix": "*",
                "source_address_prefixes": [],
                "source_application_security_group_ids": [],
                "source_port_range": "8080",
                "source_port_ranges": []
              },
              {
                "access": "Allow",
                "description": "",
                "destination_address_prefix": "*",
                "destination_address_prefixes": [],
                "destination_application_security_group_ids": [],
                "destination_port_range": "*",
                "destination_port_ranges": [],
                "direction": "Outbound",
                "name": "nexus_out",
                "priority": 1016,
                "protocol": "Tcp",
                "source_address_prefix": "*",
                "source_address_prefixes": [],
                "source_application_security_group_ids": [],
                "source_port_range": "8081",
                "source_port_ranges": []
              },
              {
                "access": "Allow",
                "description": "",
                "destination_address_prefix": "*",
                "destination_address_prefixes": [],
                "destination_application_security_group_ids": [],
                "destination_port_range": "*",
                "destination_port_ranges": [],
                "direction": "Outbound",
                "name": "sonar_out",
                "priority": 1014,
                "protocol": "Tcp",
                "source_address_prefix": "*",
                "source_address_prefixes": [],
                "source_application_security_group_ids": [],
                "source_port_range": "9000",
                "source_port_ranges": []
              },
              {
                "access": "Allow",
                "description": "",
                "destination_address_prefix": "*",
                "destination_address_prefixes": [],
                "destination_application_security_group_ids": [],
                "destination_port_range": "22",
                "destination_port_ranges": [],
                "direction": "Inbound",
                "name": "SSH",
                "priority": 1001,
                "protocol": "Tcp",
                "source_address_prefix": "*",
                "source_address_prefixes": [],
                "source_application_security_group_ids": [],
                "source_port_range": "*",
                "source_port_ranges": []
              },
              {
                "access": "Allow",
                "description": "",
                "destination_address_prefix": "*",
                "destination_address_prefixes": [],
                "destination_application_security_group_ids": [],
                "destination_port_range": "8080",
                "destination_port_ranges": [],
                "direction": "Inbound",
                "name": "jenkins",
                "priority": 1011,
                "protocol": "Tcp",
                "source_address_prefix": "*",
                "source_address_prefixes": [],
                "source_application_security_group_ids": [],
                "source_port_range": "*",
                "source_port_ranges": []
              }
            ],
            "tags": {},
            "timeouts": null
          },
          "sensitive_attributes": [],
          "private": "eyJlMmJmYjczMC1lY2FhLTExZTYtOGY4OC0zNDM2M2JjN2M0YzAiOnsiY3JlYXRlIjoxODAwMDAwMDAwMDAwLCJkZWxldGUiOjE4MDAwMDAwMDAwMDAsInJlYWQiOjMwMDAwMDAwMDAwMCwidXBkYXRlIjoxODAwMDAwMDAwMDAwfX0=",
          "dependencies": [
            "azurerm_resource_group.rg"
          ]
        }
      ]
    },
    {
      "mode": "managed",
      "type": "azurerm_public_ip",
      "name": "my_terraform_public_ip",
      "provider": "provider[\"registry.terraform.io/hashicorp/azurerm\"]",
      "instances": [
        {
          "schema_version": 0,
          "attributes": {
            "allocation_method": "Dynamic",
            "ddos_protection_mode": "VirtualNetworkInherited",
            "ddos_protection_plan_id": null,
            "domain_name_label": null,
            "edge_zone": "",
            "fqdn": null,
            "id": "/subscriptions/12d08a43-87ab-49fc-b06f-d1d31622044a/resourceGroups/Devops_project1/providers/Microsoft.Network/publicIPAddresses/myPublicIP",
            "idle_timeout_in_minutes": 4,
            "ip_address": "",
            "ip_tags": {},
            "ip_version": "IPv4",
            "location": "eastus2",
            "name": "myPublicIP",
            "public_ip_prefix_id": null,
            "resource_group_name": "Devops_project1",
            "reverse_fqdn": null,
            "sku": "Basic",
            "sku_tier": "Regional",
            "tags": {},
            "timeouts": null,
            "zones": []
          },
          "sensitive_attributes": [],
          "private": "eyJlMmJmYjczMC1lY2FhLTExZTYtOGY4OC0zNDM2M2JjN2M0YzAiOnsiY3JlYXRlIjoxODAwMDAwMDAwMDAwLCJkZWxldGUiOjE4MDAwMDAwMDAwMDAsInJlYWQiOjMwMDAwMDAwMDAwMCwidXBkYXRlIjoxODAwMDAwMDAwMDAwfX0=",
          "dependencies": [
            "azurerm_resource_group.rg"
          ]
        }
      ]
    },
    {
      "mode": "managed",
      "type": "azurerm_resource_group",
      "name": "rg",
      "provider": "provider[\"registry.terraform.io/hashicorp/azurerm\"]",
      "instances": [
        {
          "schema_version": 0,
          "attributes": {
            "id": "/subscriptions/12d08a43-87ab-49fc-b06f-d1d31622044a/resourceGroups/Devops_project1",
            "location": "eastus2",
            "managed_by": "",
            "name": "Devops_project1",
            "tags": {},
            "timeouts": null
          },
          "sensitive_attributes": [],
          "private": "eyJlMmJmYjczMC1lY2FhLTExZTYtOGY4OC0zNDM2M2JjN2M0YzAiOnsiY3JlYXRlIjo1NDAwMDAwMDAwMDAwLCJkZWxldGUiOjU0MDAwMDAwMDAwMDAsInJlYWQiOjMwMDAwMDAwMDAwMCwidXBkYXRlIjo1NDAwMDAwMDAwMDAwfX0="
        }
      ]
    },
    {
      "mode": "managed",
      "type": "azurerm_subnet",
      "name": "my_terraform_subnet",
      "provider": "provider[\"registry.terraform.io/hashicorp/azurerm\"]",
      "instances": [
        {
          "schema_version": 0,
          "attributes": {
            "address_prefixes": [
              "10.0.1.0/24"
            ],
            "default_outbound_access_enabled": true,
            "delegation": [],
            "enforce_private_link_endpoint_network_policies": false,
            "enforce_private_link_service_network_policies": false,
            "id": "/subscriptions/12d08a43-87ab-49fc-b06f-d1d31622044a/resourceGroups/Devops_project1/providers/Microsoft.Network/virtualNetworks/myVnet/subnets/mySubnet",
            "name": "mySubnet",
            "private_endpoint_network_policies": "Enabled",
            "private_endpoint_network_policies_enabled": true,
            "private_link_service_network_policies_enabled": true,
            "resource_group_name": "Devops_project1",
            "service_endpoint_policy_ids": [],
            "service_endpoints": [],
            "timeouts": null,
            "virtual_network_name": "myVnet"
          },
          "sensitive_attributes": [],
          "private": "eyJlMmJmYjczMC1lY2FhLTExZTYtOGY4OC0zNDM2M2JjN2M0YzAiOnsiY3JlYXRlIjoxODAwMDAwMDAwMDAwLCJkZWxldGUiOjE4MDAwMDAwMDAwMDAsInJlYWQiOjMwMDAwMDAwMDAwMCwidXBkYXRlIjoxODAwMDAwMDAwMDAwfX0=",
          "dependencies": [
            "azurerm_resource_group.rg",
            "azurerm_virtual_network.my_terraform_network"
          ]
        }
      ]
    },
    {
      "mode": "managed",
      "type": "azurerm_virtual_network",
      "name": "my_terraform_network",
      "provider": "provider[\"registry.terraform.io/hashicorp/azurerm\"]",
      "instances": [
        {
          "schema_version": 0,
          "attributes": {
            "address_space": [
              "10.0.0.0/16"
            ],
            "bgp_community": "",
            "ddos_protection_plan": [],
            "dns_servers": [],
            "edge_zone": "",
            "encryption": [],
            "flow_timeout_in_minutes": 0,
            "guid": "170bb45d-e1f0-4b4a-b4b2-5e687c6bad82",
            "id": "/subscriptions/12d08a43-87ab-49fc-b06f-d1d31622044a/resourceGroups/Devops_project1/providers/Microsoft.Network/virtualNetworks/myVnet",
            "location": "eastus2",
            "name": "myVnet",
            "resource_group_name": "Devops_project1",
            "subnet": [
              {
                "address_prefix": "10.0.1.0/24",
                "id": "/subscriptions/12d08a43-87ab-49fc-b06f-d1d31622044a/resourceGroups/Devops_project1/providers/Microsoft.Network/virtualNetworks/myVnet/subnets/mySubnet",
                "name": "mySubnet",
                "security_group": ""
              }
            ],
            "tags": {},
            "timeouts": null
          },
          "sensitive_attributes": [],
          "private": "eyJlMmJmYjczMC1lY2FhLTExZTYtOGY4OC0zNDM2M2JjN2M0YzAiOnsiY3JlYXRlIjoxODAwMDAwMDAwMDAwLCJkZWxldGUiOjE4MDAwMDAwMDAwMDAsInJlYWQiOjMwMDAwMDAwMDAwMCwidXBkYXRlIjoxODAwMDAwMDAwMDAwfX0=",
          "dependencies": [
            "azurerm_resource_group.rg"
          ]
        }
      ]
    },
    {
      "mode": "managed",
      "type": "random_id",
      "name": "random_id",
      "provider": "provider[\"registry.terraform.io/hashicorp/random\"]",
      "instances": [
        {
          "schema_version": 0,
          "attributes": {
            "b64_std": "Ie6846HLiLE=",
            "b64_url": "Ie6846HLiLE",
            "byte_length": 8,
            "dec": "2445099333566826673",
            "hex": "21eebce3a1cb88b1",
            "id": "Ie6846HLiLE",
            "keepers": {
              "resource_group": "Devops_project1"
            },
            "prefix": null
          },
          "sensitive_attributes": [],
          "dependencies": [
            "azurerm_resource_group.rg"
          ]
        }
      ]
    },
    {
      "mode": "managed",
      "type": "random_pet",
      "name": "rg_name",
      "provider": "provider[\"registry.terraform.io/hashicorp/random\"]",
      "instances": [
        {
          "schema_version": 0,
          "attributes": {
            "id": "rg-pumped-dingo",
            "keepers": null,
            "length": 2,
            "prefix": "rg",
            "separator": "-"
          },
          "sensitive_attributes": []
        }
      ]
    },
    {
      "mode": "managed",
      "type": "random_pet",
      "name": "ssh_key_name",
      "provider": "provider[\"registry.terraform.io/hashicorp/random\"]",
      "instances": [
        {
          "schema_version": 0,
          "attributes": {
            "id": "sshknownquagga",
            "keepers": null,
            "length": 2,
            "prefix": "ssh",
            "separator": ""
          },
          "sensitive_attributes": []
        }
      ]
    }
  ],
  "check_results": null
}
