{
  "version": 4,
  "terraform_version": "1.5.7",
  "serial": 641,
  "lineage": "d3195f55-e150-6f69-ea5d-8087d7067597",
  "outputs": {
    "key_data": {
      "value": "ssh-rsa AAAAB3NzaC1yc2EAAAADAQABAAABgQDGpcKJ1We4wymHqHmc6qLE30mv/mrb5Fs4+fzBo9u8DBKQ0AWqmChc+HeG9yZVGGg9Bw3g8x5VNaGZMXF0/e/5W/ytjkY0eONlpLa0P5TV8eKZCblkfKoeODzw8vTEMdU5KmmpqQDa+nl3V+tfuhJEVcFzkDk2BbCAcCjmFBjX7sW7faqTIYA9pdIm1rg6gU+HqEQTGH90zU4sn20P1LAK178jX8jZXFOLQQO/WNyZavBd9pUNjHMEQBvfKO4WML3XcFg9k9kdFR7Ehsy9thEB2VzyDscsz/W7MrTvS79z7uFCqKS+VoY/6Y+ZR7nG14epF87GVW5w2E3n9y+A/AyMXHamxRpfN4JDWoLi/v4v/R4WuTM8hhwbHVHlJfbri8DTyJAkCEBDp/8IJT1iV8YKOOts+/lDl8Bi4TAvt6yo1iwu3lZ0DCaywm628NvnoA/phVfx1f2CW1pPtTRq3XHU38NOsVJf7u3FSqZjVuUhjJnECXDujQmCLvPP9OmIvAE= generated-by-azure",
      "type": "string"
    },
    "public_ip_address": {
      "value": [
        "20.22.220.11",
        "20.22.220.10"
      ],
      "type": [
        "tuple",
        [
          "string",
          "string"
        ]
      ]
    },
    "resource_group_name": {
      "value": "Devops_project_dev",
      "type": "string"
    }
  },
  "resources": [
    {
      "mode": "managed",
      "type": "azapi_resource",
      "name": "ssh_public_key",
      "provider": "provider[\"registry.terraform.io/azure/azapi\"]",
      "instances": [
        {
          "schema_version": 1,
          "attributes": {
            "body": {
              "value": "{}",
              "type": "string"
            },
            "id": "/subscriptions/12d08a43-87ab-49fc-b06f-d1d31622044a/resourceGroups/Devops_project_dev/providers/Microsoft.Compute/sshPublicKeys/sshthankfulstarfish",
            "identity": [],
            "ignore_body_changes": null,
            "ignore_casing": false,
            "ignore_missing_property": true,
            "location": "eastus2",
            "locks": null,
            "name": "sshthankfulstarfish",
            "output": {
              "value": "{}",
              "type": "string"
            },
            "parent_id": "/subscriptions/12d08a43-87ab-49fc-b06f-d1d31622044a/resourceGroups/Devops_project_dev",
            "removing_special_chars": false,
            "response_export_values": null,
            "schema_validation_enabled": true,
            "tags": null,
            "timeouts": null,
            "type": "Microsoft.Compute/sshPublicKeys@2022-11-01"
          },
          "sensitive_attributes": [],
          "dependencies": [
            "azurerm_resource_group.rg",
            "random_pet.ssh_key_name"
          ]
        }
      ]
    },
    {
      "mode": "managed",
      "type": "azapi_resource_action",
      "name": "ssh_public_key_gen",
      "provider": "provider[\"registry.terraform.io/azure/azapi\"]",
      "instances": [
        {
          "schema_version": 1,
          "attributes": {
            "action": "generateKeyPair",
            "body": null,
            "id": "/subscriptions/12d08a43-87ab-49fc-b06f-d1d31622044a/resourceGroups/Devops_project_dev/providers/Microsoft.Compute/sshPublicKeys/sshthankfulstarfish/generateKeyPair",
            "locks": null,
            "method": "POST",
            "output": {
              "value": {
                "privateKey": "-----BEGIN RSA PRIVATE KEY-----\r\nMIIG5QIBAAKCAYEAxqXCidVnuMMph6h5nOqixN9Jr/5q2+RbOPn8waPbvAwSkNAF\r\nqpgoXPh3hvcmVRhoPQcN4PMeVTWhmTFxdP3v+Vv8rY5GNHjjZaS2tD+U1fHimQm5\r\nZHyqHjg88PL0xDHVOSppqakA2vp5d1frX7oSRFXBc5A5NgWwgHAo5hQY1+7Fu32q\r\nkyGAPaXSJta4OoFPh6hEExh/dM1OLJ9tD9SwCte/I1/I2VxTi0EDv1jcmWrwXfaV\r\nDYxzBEAb3yjuFjC913BYPZPZHRUexIbMvbYRAdlc8g7HLM/1uzK070u/c+7hQqik\r\nvlaGP+mPmUe5xteHqRfOxlVucNhN5/cvgPwMjFx2psUaXzeCQ1qC4v7+L/0eFrkz\r\nPIYcGx1R5SX264vA08iQJAhAQ6f/CCU9YlfGCjjrbPv5Q5fAYuEwL7esqNYsLt5W\r\ndAwmssJutvDb56AP6YVX8dX9gltaT7U0at1x1N/DTrFSX+7txUqmY1blIYyZxAlw\r\n7o0Jgi7zz/TpiLwBAgMBAAECggGAbc9Lzu3NPHGGD5uuPnPmLnZQQZ2ebJe7Za+r\r\nbU+rNDRoPuz/dOJPzbT8Pft5kSjA1puDrIo4hlnzTr/qPAX0FiAneblgTblV2uZG\r\nqTVMjUf9PyQE++t+Dt5/saJcc+goOkWby1HFS0eSxcowLuapGmVdXwim15oli5p0\r\nwVrysMspOw+or1Shk3KKzTV8+bppwE/f8b5lFqg3QquOmmW0OwowetmEKcPD2wLB\r\nk5EHwTdAUHDyzF6LZhoaTi5ODq46CNojMMSoSAqHc+GX2T+5CbdYUtV+1tbEE2dN\r\nTEnvsLiEinbe0py9KYryTbqlDlJldryvwaisDjX24D73C0KwCHu/ApRWWitQG634\r\n8zblu0Zl07hBFWUvEruEze66T5SBoS546I/h5PUiaZu5cEiTMveuvaiLRwqEUoZ9\r\nbzR6lukz8+Fd4ZmwILrhskE5hlbxSDXWeh/zwj0QiWadZRSaSfRo/O2AU6tvAgJg\r\nWBp6OrR3t9Ja5tlAsrOdrIpluUVRAoHBAPg3xYhOcvA3GvJFu7HyMl97+hkishKS\r\nHgWyCWKVZZ0hdUe0lVc33URHMd3Fg2D2rc0FKv9YWNkM0xW8vZSGldqX6Mp6jPu5\r\npOmsrUBstIQ7l4tF53KrYg8ynTwyB4j/rPKgTIcP6MRYpEjECvWhHHps/ZjB0eCM\r\nM8VI4vRAJMsd2IPc+ieMdUIKY4hcgFuqlNbPg21F34ujy9oDs1PneMXA4Giajz5N\r\nHpWAml5jgSC3b9G2Kbrk6Z63g0F+SggrEwKBwQDM4CFX2tv7Cy/JCEFGZAFj+vOU\r\nR+etdwDDaeIa1hfZSc8dRZGN/OJuMXmgK1VJBe/QWxEBsWCeBviHvGLe6E+jLzQE\r\nPCFeZGGjv373AFi/0tDz4F3d4OnfS7AK3hzKi0cVpT00KAIZ/Dr1NdD3JLQNKWQG\r\ni3BJT5ay8Zer5K3b8NZjUJq3WF0bgXIsU2732EHI+NQYF2HQRSzJBp62yag66bn9\r\nP7z9UAv5tSuhfjbFLG4tYqneLlT/5jzNJ9TQKxsCgcEAv5WMiaDDZlWiHs1kCfz+\r\nlGSErVHyUBMnyQ2Z4NWfEKD6fNYNTrx3tHOfMaV5uiWsEEqk3WG7cgxMAMMlMLaQ\r\ng6AstdvRZZnsh9AYCVneGxJD7eOOuRs/HKvcYNHcrwlo2/yOFNFav/ILG371VpF8\r\nAaKOOpGfBMoyS1vukMfRnlTzARRWoJ/xAYAzQtTi3d3T89lHf9gmqwlKFoQ0rdZD\r\niZ9Nlm91kIjFym7wt1nmGPJ9BEit/OsixrauQKbRTWyxAoHBAKrV2ffgT76uPVJs\r\nx8FicqZkA+iJbO6AZOqNyDSIgap2mXXXJOA5Fra8GqcsexlBEg+zYCMBPYeIWIUW\r\n2Xr2TDHOkplVap3DJofcjop4h4isygAR/zOc8Gd6PXlSbL+YE9ZAyyBKnDX+1UrT\r\nbUQoHts6wGWUsDTxYMAmJEr5jN/xm1OFSv3HeRwOfJ3plIamlXR3yKOuG6oHhKi8\r\nFGxnCxjU/HnoRDcWIGZAY/ltvU39FoJR20Ohbs9TtS99Hz/WMQKBwQCzwEcThC0r\r\nKl51Enl3Tvr7cs8Nt3HQj9SkgdG7GLMD1Acv0nF8muxCuC24q5/LkHwpq5qHUFPF\r\nI+DMaRXJOaGEyJcOw5DduqAZaLlQQwkbHh8usRtgjg3VoC6ntj947I89m1qYP+/H\r\nF9rvHy5fYfjxQFCUeewTwUflW74kNYNg/jFNIWFYEzU6fqxpWjeA3rCJ3iOwgq9y\r\n1MZ0wT4Y+USwB5y+knxcpdABJ67oBNWEDNEVpT6bKkYGdSf2BNZLdMs=\r\n-----END RSA PRIVATE KEY-----\r\n",
                "publicKey": "ssh-rsa AAAAB3NzaC1yc2EAAAADAQABAAABgQDGpcKJ1We4wymHqHmc6qLE30mv/mrb5Fs4+fzBo9u8DBKQ0AWqmChc+HeG9yZVGGg9Bw3g8x5VNaGZMXF0/e/5W/ytjkY0eONlpLa0P5TV8eKZCblkfKoeODzw8vTEMdU5KmmpqQDa+nl3V+tfuhJEVcFzkDk2BbCAcCjmFBjX7sW7faqTIYA9pdIm1rg6gU+HqEQTGH90zU4sn20P1LAK178jX8jZXFOLQQO/WNyZavBd9pUNjHMEQBvfKO4WML3XcFg9k9kdFR7Ehsy9thEB2VzyDscsz/W7MrTvS79z7uFCqKS+VoY/6Y+ZR7nG14epF87GVW5w2E3n9y+A/AyMXHamxRpfN4JDWoLi/v4v/R4WuTM8hhwbHVHlJfbri8DTyJAkCEBDp/8IJT1iV8YKOOts+/lDl8Bi4TAvt6yo1iwu3lZ0DCaywm628NvnoA/phVfx1f2CW1pPtTRq3XHU38NOsVJf7u3FSqZjVuUhjJnECXDujQmCLvPP9OmIvAE= generated-by-azure"
              },
              "type": [
                "object",
                {
                  "privateKey": "string",
                  "publicKey": "string"
                }
              ]
            },
            "resource_id": "/subscriptions/12d08a43-87ab-49fc-b06f-d1d31622044a/resourceGroups/Devops_project_dev/providers/Microsoft.Compute/sshPublicKeys/sshthankfulstarfish",
            "response_export_values": [
              "publicKey",
              "privateKey"
            ],
            "timeouts": null,
            "type": "Microsoft.Compute/sshPublicKeys@2022-11-01",
            "when": "apply"
          },
          "sensitive_attributes": [],
          "dependencies": [
            "azapi_resource.ssh_public_key",
            "azurerm_resource_group.rg",
            "random_pet.ssh_key_name"
          ]
        }
      ]
    },
    {
      "mode": "managed",
      "type": "azurerm_linux_virtual_machine",
      "name": "my_terraform_vm",
      "provider": "provider[\"registry.terraform.io/hashicorp/azurerm\"]",
      "instances": [
        {
          "index_key": 0,
          "schema_version": 0,
          "attributes": {
            "additional_capabilities": [],
            "admin_password": "Azure@123456",
            "admin_ssh_key": [],
            "admin_username": "azureuser",
            "allow_extension_operations": true,
            "availability_set_id": "",
            "boot_diagnostics": [],
            "bypass_platform_safety_checks_on_user_schedule_enabled": false,
            "capacity_reservation_group_id": "",
            "computer_name": "Jenkins",
            "custom_data": null,
            "dedicated_host_group_id": "",
            "dedicated_host_id": "",
            "disable_password_authentication": false,
            "disk_controller_type": "SCSI",
            "edge_zone": "",
            "encryption_at_host_enabled": false,
            "eviction_policy": "",
            "extensions_time_budget": "PT1H30M",
            "gallery_application": [],
            "id": "/subscriptions/12d08a43-87ab-49fc-b06f-d1d31622044a/resourceGroups/Devops_project_dev/providers/Microsoft.Compute/virtualMachines/Jenkins",
            "identity": [],
            "license_type": "",
            "location": "eastus2",
            "max_bid_price": -1,
            "name": "Jenkins",
            "network_interface_ids": [
              "/subscriptions/12d08a43-87ab-49fc-b06f-d1d31622044a/resourceGroups/Devops_project_dev/providers/Microsoft.Network/networkInterfaces/myNIC-0"
            ],
            "os_disk": [
              {
                "caching": "ReadWrite",
                "diff_disk_settings": [],
                "disk_encryption_set_id": "",
                "disk_size_gb": 32,
                "name": "myOsDisk-0",
                "secure_vm_disk_encryption_set_id": "",
                "security_encryption_type": "",
                "storage_account_type": "Premium_LRS",
                "write_accelerator_enabled": false
              }
            ],
            "os_image_notification": [],
            "patch_assessment_mode": "ImageDefault",
            "patch_mode": "ImageDefault",
            "plan": [],
            "platform_fault_domain": -1,
            "priority": "Regular",
            "private_ip_address": "10.0.1.5",
            "private_ip_addresses": [
              "10.0.1.5"
            ],
            "provision_vm_agent": true,
            "proximity_placement_group_id": "",
            "public_ip_address": "20.22.220.11",
            "public_ip_addresses": [
              "20.22.220.11"
            ],
            "reboot_setting": "",
            "resource_group_name": "Devops_project_dev",
            "secret": [],
            "secure_boot_enabled": true,
            "size": "Standard_D2as_v4",
            "source_image_id": "/subscriptions/12d08a43-87ab-49fc-b06f-d1d31622044a/resourcegroups/Devops_project/providers/Microsoft.Compute/galleries/azure_compute_gallery/images/custom_jenkins_image1/versions/1.0.0",
            "source_image_reference": [],
            "tags": null,
            "termination_notification": null,
            "timeouts": null,
            "user_data": "",
            "virtual_machine_id": "04f2acf9-07ef-42af-9af0-90b35046b306",
            "virtual_machine_scale_set_id": "",
            "vm_agent_platform_updates_enabled": false,
            "vtpm_enabled": false,
            "zone": ""
          },
          "sensitive_attributes": [
            [
              {
                "type": "get_attr",
                "value": "admin_password"
              }
            ],
            [
              {
                "type": "get_attr",
                "value": "admin_username"
              }
            ]
          ],
          "private": "eyJlMmJmYjczMC1lY2FhLTExZTYtOGY4OC0zNDM2M2JjN2M0YzAiOnsiY3JlYXRlIjoyNzAwMDAwMDAwMDAwLCJkZWxldGUiOjI3MDAwMDAwMDAwMDAsInJlYWQiOjMwMDAwMDAwMDAwMCwidXBkYXRlIjoyNzAwMDAwMDAwMDAwfX0=",
          "dependencies": [
            "azurerm_network_interface.my_terraform_nic",
            "azurerm_public_ip.my_terraform_public_ip",
            "azurerm_resource_group.rg",
            "azurerm_subnet.my_terraform_subnet",
            "azurerm_virtual_network.my_terraform_network"
          ]
        },
        {
          "index_key": 1,
          "schema_version": 0,
          "attributes": {
            "additional_capabilities": [],
            "admin_password": "Azure@123456",
            "admin_ssh_key": [],
            "admin_username": "azureuser",
            "allow_extension_operations": true,
            "availability_set_id": "",
            "boot_diagnostics": [],
            "bypass_platform_safety_checks_on_user_schedule_enabled": false,
            "capacity_reservation_group_id": "",
            "computer_name": "Jenkins1",
            "custom_data": null,
            "dedicated_host_group_id": "",
            "dedicated_host_id": "",
            "disable_password_authentication": false,
            "disk_controller_type": "SCSI",
            "edge_zone": "",
            "encryption_at_host_enabled": false,
            "eviction_policy": "",
            "extensions_time_budget": "PT1H30M",
            "gallery_application": [],
            "id": "/subscriptions/12d08a43-87ab-49fc-b06f-d1d31622044a/resourceGroups/Devops_project_dev/providers/Microsoft.Compute/virtualMachines/Jenkins1",
            "identity": [],
            "license_type": "",
            "location": "eastus2",
            "max_bid_price": -1,
            "name": "Jenkins1",
            "network_interface_ids": [
              "/subscriptions/12d08a43-87ab-49fc-b06f-d1d31622044a/resourceGroups/Devops_project_dev/providers/Microsoft.Network/networkInterfaces/myNIC-1"
            ],
            "os_disk": [
              {
                "caching": "ReadWrite",
                "diff_disk_settings": [],
                "disk_encryption_set_id": "",
                "disk_size_gb": 32,
                "name": "myOsDisk-1",
                "secure_vm_disk_encryption_set_id": "",
                "security_encryption_type": "",
                "storage_account_type": "Premium_LRS",
                "write_accelerator_enabled": false
              }
            ],
            "os_image_notification": [],
            "patch_assessment_mode": "ImageDefault",
            "patch_mode": "ImageDefault",
            "plan": [],
            "platform_fault_domain": -1,
            "priority": "Regular",
            "private_ip_address": "10.0.1.4",
            "private_ip_addresses": [
              "10.0.1.4"
            ],
            "provision_vm_agent": true,
            "proximity_placement_group_id": "",
            "public_ip_address": "20.22.220.10",
            "public_ip_addresses": [
              "20.22.220.10"
            ],
            "reboot_setting": "",
            "resource_group_name": "Devops_project_dev",
            "secret": [],
            "secure_boot_enabled": true,
            "size": "Standard_D2as_v4",
            "source_image_id": "/subscriptions/12d08a43-87ab-49fc-b06f-d1d31622044a/resourcegroups/Devops_project/providers/Microsoft.Compute/galleries/azure_compute_gallery/images/custom_jenkins_image1/versions/1.0.0",
            "source_image_reference": [],
            "tags": null,
            "termination_notification": null,
            "timeouts": null,
            "user_data": "",
            "virtual_machine_id": "1abb02be-6714-4327-b1bf-3bb090397675",
            "virtual_machine_scale_set_id": "",
            "vm_agent_platform_updates_enabled": false,
            "vtpm_enabled": false,
            "zone": ""
          },
          "sensitive_attributes": [
            [
              {
                "type": "get_attr",
                "value": "admin_username"
              }
            ],
            [
              {
                "type": "get_attr",
                "value": "admin_password"
              }
            ]
          ],
          "private": "eyJlMmJmYjczMC1lY2FhLTExZTYtOGY4OC0zNDM2M2JjN2M0YzAiOnsiY3JlYXRlIjoyNzAwMDAwMDAwMDAwLCJkZWxldGUiOjI3MDAwMDAwMDAwMDAsInJlYWQiOjMwMDAwMDAwMDAwMCwidXBkYXRlIjoyNzAwMDAwMDAwMDAwfX0=",
          "dependencies": [
            "azurerm_network_interface.my_terraform_nic",
            "azurerm_public_ip.my_terraform_public_ip",
            "azurerm_resource_group.rg",
            "azurerm_subnet.my_terraform_subnet",
            "azurerm_virtual_network.my_terraform_network"
          ]
        }
      ]
    },
    {
      "mode": "managed",
      "type": "azurerm_network_interface",
      "name": "my_terraform_nic",
      "provider": "provider[\"registry.terraform.io/hashicorp/azurerm\"]",
      "instances": [
        {
          "index_key": 0,
          "schema_version": 0,
          "attributes": {
            "accelerated_networking_enabled": false,
            "applied_dns_servers": [],
            "auxiliary_mode": "",
            "auxiliary_sku": "",
            "dns_servers": [],
            "edge_zone": "",
            "enable_accelerated_networking": false,
            "enable_ip_forwarding": false,
            "id": "/subscriptions/12d08a43-87ab-49fc-b06f-d1d31622044a/resourceGroups/Devops_project_dev/providers/Microsoft.Network/networkInterfaces/myNIC-0",
            "internal_dns_name_label": "",
            "internal_domain_name_suffix": "fzmqkpp3tpaufn5d21fuputyoe.cx.internal.cloudapp.net",
            "ip_configuration": [
              {
                "gateway_load_balancer_frontend_ip_configuration_id": "",
                "name": "my_nic_configuration",
                "primary": true,
                "private_ip_address": "10.0.1.5",
                "private_ip_address_allocation": "Dynamic",
                "private_ip_address_version": "IPv4",
                "public_ip_address_id": "/subscriptions/12d08a43-87ab-49fc-b06f-d1d31622044a/resourceGroups/Devops_project_dev/providers/Microsoft.Network/publicIPAddresses/myPublicIP-0",
                "subnet_id": "/subscriptions/12d08a43-87ab-49fc-b06f-d1d31622044a/resourceGroups/Devops_project_dev/providers/Microsoft.Network/virtualNetworks/myVnet/subnets/mySubnet"
              }
            ],
            "ip_forwarding_enabled": false,
            "location": "eastus2",
            "mac_address": "",
            "name": "myNIC-0",
            "private_ip_address": "10.0.1.5",
            "private_ip_addresses": [
              "10.0.1.5"
            ],
            "resource_group_name": "Devops_project_dev",
            "tags": null,
            "timeouts": null,
            "virtual_machine_id": ""
          },
          "sensitive_attributes": [],
          "private": "eyJlMmJmYjczMC1lY2FhLTExZTYtOGY4OC0zNDM2M2JjN2M0YzAiOnsiY3JlYXRlIjoxODAwMDAwMDAwMDAwLCJkZWxldGUiOjE4MDAwMDAwMDAwMDAsInJlYWQiOjMwMDAwMDAwMDAwMCwidXBkYXRlIjoxODAwMDAwMDAwMDAwfX0=",
          "dependencies": [
            "azurerm_public_ip.my_terraform_public_ip",
            "azurerm_resource_group.rg",
            "azurerm_subnet.my_terraform_subnet",
            "azurerm_virtual_network.my_terraform_network"
          ]
        },
        {
          "index_key": 1,
          "schema_version": 0,
          "attributes": {
            "accelerated_networking_enabled": false,
            "applied_dns_servers": [],
            "auxiliary_mode": "",
            "auxiliary_sku": "",
            "dns_servers": [],
            "edge_zone": "",
            "enable_accelerated_networking": false,
            "enable_ip_forwarding": false,
            "id": "/subscriptions/12d08a43-87ab-49fc-b06f-d1d31622044a/resourceGroups/Devops_project_dev/providers/Microsoft.Network/networkInterfaces/myNIC-1",
            "internal_dns_name_label": "",
            "internal_domain_name_suffix": "fzmqkpp3tpaufn5d21fuputyoe.cx.internal.cloudapp.net",
            "ip_configuration": [
              {
                "gateway_load_balancer_frontend_ip_configuration_id": "",
                "name": "my_nic_configuration",
                "primary": true,
                "private_ip_address": "10.0.1.4",
                "private_ip_address_allocation": "Dynamic",
                "private_ip_address_version": "IPv4",
                "public_ip_address_id": "/subscriptions/12d08a43-87ab-49fc-b06f-d1d31622044a/resourceGroups/Devops_project_dev/providers/Microsoft.Network/publicIPAddresses/myPublicIP-1",
                "subnet_id": "/subscriptions/12d08a43-87ab-49fc-b06f-d1d31622044a/resourceGroups/Devops_project_dev/providers/Microsoft.Network/virtualNetworks/myVnet/subnets/mySubnet"
              }
            ],
            "ip_forwarding_enabled": false,
            "location": "eastus2",
            "mac_address": "",
            "name": "myNIC-1",
            "private_ip_address": "10.0.1.4",
            "private_ip_addresses": [
              "10.0.1.4"
            ],
            "resource_group_name": "Devops_project_dev",
            "tags": null,
            "timeouts": null,
            "virtual_machine_id": ""
          },
          "sensitive_attributes": [],
          "private": "eyJlMmJmYjczMC1lY2FhLTExZTYtOGY4OC0zNDM2M2JjN2M0YzAiOnsiY3JlYXRlIjoxODAwMDAwMDAwMDAwLCJkZWxldGUiOjE4MDAwMDAwMDAwMDAsInJlYWQiOjMwMDAwMDAwMDAwMCwidXBkYXRlIjoxODAwMDAwMDAwMDAwfX0=",
          "dependencies": [
            "azurerm_public_ip.my_terraform_public_ip",
            "azurerm_resource_group.rg",
            "azurerm_subnet.my_terraform_subnet",
            "azurerm_virtual_network.my_terraform_network"
          ]
        }
      ]
    },
    {
      "mode": "managed",
      "type": "azurerm_network_interface_security_group_association",
      "name": "example",
      "provider": "provider[\"registry.terraform.io/hashicorp/azurerm\"]",
      "instances": [
        {
          "index_key": 0,
          "schema_version": 0,
          "attributes": {
            "id": "/subscriptions/12d08a43-87ab-49fc-b06f-d1d31622044a/resourceGroups/Devops_project_dev/providers/Microsoft.Network/networkInterfaces/myNIC-0|/subscriptions/12d08a43-87ab-49fc-b06f-d1d31622044a/resourceGroups/Devops_project_dev/providers/Microsoft.Network/networkSecurityGroups/myNetworkSecurityGroup",
            "network_interface_id": "/subscriptions/12d08a43-87ab-49fc-b06f-d1d31622044a/resourceGroups/Devops_project_dev/providers/Microsoft.Network/networkInterfaces/myNIC-0",
            "network_security_group_id": "/subscriptions/12d08a43-87ab-49fc-b06f-d1d31622044a/resourceGroups/Devops_project_dev/providers/Microsoft.Network/networkSecurityGroups/myNetworkSecurityGroup",
            "timeouts": null
          },
          "sensitive_attributes": [],
          "private": "eyJlMmJmYjczMC1lY2FhLTExZTYtOGY4OC0zNDM2M2JjN2M0YzAiOnsiY3JlYXRlIjoxODAwMDAwMDAwMDAwLCJkZWxldGUiOjE4MDAwMDAwMDAwMDAsInJlYWQiOjMwMDAwMDAwMDAwMH19",
          "dependencies": [
            "azurerm_network_interface.my_terraform_nic",
            "azurerm_network_security_group.my_terraform_nsg",
            "azurerm_public_ip.my_terraform_public_ip",
            "azurerm_resource_group.rg",
            "azurerm_subnet.my_terraform_subnet",
            "azurerm_virtual_network.my_terraform_network"
          ]
        },
        {
          "index_key": 1,
          "schema_version": 0,
          "attributes": {
            "id": "/subscriptions/12d08a43-87ab-49fc-b06f-d1d31622044a/resourceGroups/Devops_project_dev/providers/Microsoft.Network/networkInterfaces/myNIC-1|/subscriptions/12d08a43-87ab-49fc-b06f-d1d31622044a/resourceGroups/Devops_project_dev/providers/Microsoft.Network/networkSecurityGroups/myNetworkSecurityGroup",
            "network_interface_id": "/subscriptions/12d08a43-87ab-49fc-b06f-d1d31622044a/resourceGroups/Devops_project_dev/providers/Microsoft.Network/networkInterfaces/myNIC-1",
            "network_security_group_id": "/subscriptions/12d08a43-87ab-49fc-b06f-d1d31622044a/resourceGroups/Devops_project_dev/providers/Microsoft.Network/networkSecurityGroups/myNetworkSecurityGroup",
            "timeouts": null
          },
          "sensitive_attributes": [],
          "private": "eyJlMmJmYjczMC1lY2FhLTExZTYtOGY4OC0zNDM2M2JjN2M0YzAiOnsiY3JlYXRlIjoxODAwMDAwMDAwMDAwLCJkZWxldGUiOjE4MDAwMDAwMDAwMDAsInJlYWQiOjMwMDAwMDAwMDAwMH19",
          "dependencies": [
            "azurerm_network_interface.my_terraform_nic",
            "azurerm_network_security_group.my_terraform_nsg",
            "azurerm_public_ip.my_terraform_public_ip",
            "azurerm_resource_group.rg",
            "azurerm_subnet.my_terraform_subnet",
            "azurerm_virtual_network.my_terraform_network"
          ]
        }
      ]
    },
    {
      "mode": "managed",
      "type": "azurerm_network_security_group",
      "name": "my_terraform_nsg",
      "provider": "provider[\"registry.terraform.io/hashicorp/azurerm\"]",
      "instances": [
        {
          "schema_version": 0,
          "attributes": {
            "id": "/subscriptions/12d08a43-87ab-49fc-b06f-d1d31622044a/resourceGroups/Devops_project_dev/providers/Microsoft.Network/networkSecurityGroups/myNetworkSecurityGroup",
            "location": "eastus2",
            "name": "myNetworkSecurityGroup",
            "resource_group_name": "Devops_project_dev",
            "security_rule": [
              {
                "access": "Allow",
                "description": "",
                "destination_address_prefix": "*",
                "destination_address_prefixes": [],
                "destination_application_security_group_ids": [],
                "destination_port_range": "*",
                "destination_port_ranges": [],
                "direction": "Outbound",
                "name": "jenkins_out",
                "priority": 1012,
                "protocol": "Tcp",
                "source_address_prefix": "*",
                "source_address_prefixes": [],
                "source_application_security_group_ids": [],
                "source_port_range": "8080",
                "source_port_ranges": []
              },
              {
                "access": "Allow",
                "description": "",
                "destination_address_prefix": "*",
                "destination_address_prefixes": [],
                "destination_application_security_group_ids": [],
                "destination_port_range": "22",
                "destination_port_ranges": [],
                "direction": "Inbound",
                "name": "SSH",
                "priority": 1001,
                "protocol": "Tcp",
                "source_address_prefix": "*",
                "source_address_prefixes": [],
                "source_application_security_group_ids": [],
                "source_port_range": "*",
                "source_port_ranges": []
              },
              {
                "access": "Allow",
                "description": "",
                "destination_address_prefix": "*",
                "destination_address_prefixes": [],
                "destination_application_security_group_ids": [],
                "destination_port_range": "8080",
                "destination_port_ranges": [],
                "direction": "Inbound",
                "name": "jenkins",
                "priority": 1011,
                "protocol": "Tcp",
                "source_address_prefix": "*",
                "source_address_prefixes": [],
                "source_application_security_group_ids": [],
                "source_port_range": "*",
                "source_port_ranges": []
              },
              {
                "access": "Allow",
                "description": "",
                "destination_address_prefix": "*",
                "destination_address_prefixes": [],
                "destination_application_security_group_ids": [],
                "destination_port_range": "8081",
                "destination_port_ranges": [],
                "direction": "Inbound",
                "name": "nexus_in",
                "priority": 1015,
                "protocol": "Tcp",
                "source_address_prefix": "*",
                "source_address_prefixes": [],
                "source_application_security_group_ids": [],
                "source_port_range": "*",
                "source_port_ranges": []
              },
              {
                "access": "Allow",
                "description": "",
                "destination_address_prefix": "*",
                "destination_address_prefixes": [],
                "destination_application_security_group_ids": [],
                "destination_port_range": "9000",
                "destination_port_ranges": [],
                "direction": "Inbound",
                "name": "sonar_in",
                "priority": 1013,
                "protocol": "Tcp",
                "source_address_prefix": "*",
                "source_address_prefixes": [],
                "source_application_security_group_ids": [],
                "source_port_range": "*",
                "source_port_ranges": []
              }
            ],
            "tags": null,
            "timeouts": null
          },
          "sensitive_attributes": [],
          "private": "eyJlMmJmYjczMC1lY2FhLTExZTYtOGY4OC0zNDM2M2JjN2M0YzAiOnsiY3JlYXRlIjoxODAwMDAwMDAwMDAwLCJkZWxldGUiOjE4MDAwMDAwMDAwMDAsInJlYWQiOjMwMDAwMDAwMDAwMCwidXBkYXRlIjoxODAwMDAwMDAwMDAwfX0=",
          "dependencies": [
            "azurerm_resource_group.rg"
          ]
        }
      ]
    },
    {
      "mode": "managed",
      "type": "azurerm_public_ip",
      "name": "my_terraform_public_ip",
      "provider": "provider[\"registry.terraform.io/hashicorp/azurerm\"]",
      "instances": [
        {
          "index_key": 0,
          "schema_version": 0,
          "attributes": {
            "allocation_method": "Dynamic",
            "ddos_protection_mode": "VirtualNetworkInherited",
            "ddos_protection_plan_id": null,
            "domain_name_label": null,
            "edge_zone": "",
            "fqdn": null,
            "id": "/subscriptions/12d08a43-87ab-49fc-b06f-d1d31622044a/resourceGroups/Devops_project_dev/providers/Microsoft.Network/publicIPAddresses/myPublicIP-0",
            "idle_timeout_in_minutes": 4,
            "ip_address": "",
            "ip_tags": null,
            "ip_version": "IPv4",
            "location": "eastus2",
            "name": "myPublicIP-0",
            "public_ip_prefix_id": null,
            "resource_group_name": "Devops_project_dev",
            "reverse_fqdn": null,
            "sku": "Basic",
            "sku_tier": "Regional",
            "tags": null,
            "timeouts": null,
            "zones": null
          },
          "sensitive_attributes": [],
          "private": "eyJlMmJmYjczMC1lY2FhLTExZTYtOGY4OC0zNDM2M2JjN2M0YzAiOnsiY3JlYXRlIjoxODAwMDAwMDAwMDAwLCJkZWxldGUiOjE4MDAwMDAwMDAwMDAsInJlYWQiOjMwMDAwMDAwMDAwMCwidXBkYXRlIjoxODAwMDAwMDAwMDAwfX0=",
          "dependencies": [
            "azurerm_resource_group.rg"
          ]
        },
        {
          "index_key": 1,
          "schema_version": 0,
          "attributes": {
            "allocation_method": "Dynamic",
            "ddos_protection_mode": "VirtualNetworkInherited",
            "ddos_protection_plan_id": null,
            "domain_name_label": null,
            "edge_zone": "",
            "fqdn": null,
            "id": "/subscriptions/12d08a43-87ab-49fc-b06f-d1d31622044a/resourceGroups/Devops_project_dev/providers/Microsoft.Network/publicIPAddresses/myPublicIP-1",
            "idle_timeout_in_minutes": 4,
            "ip_address": "",
            "ip_tags": null,
            "ip_version": "IPv4",
            "location": "eastus2",
            "name": "myPublicIP-1",
            "public_ip_prefix_id": null,
            "resource_group_name": "Devops_project_dev",
            "reverse_fqdn": null,
            "sku": "Basic",
            "sku_tier": "Regional",
            "tags": null,
            "timeouts": null,
            "zones": null
          },
          "sensitive_attributes": [],
          "private": "eyJlMmJmYjczMC1lY2FhLTExZTYtOGY4OC0zNDM2M2JjN2M0YzAiOnsiY3JlYXRlIjoxODAwMDAwMDAwMDAwLCJkZWxldGUiOjE4MDAwMDAwMDAwMDAsInJlYWQiOjMwMDAwMDAwMDAwMCwidXBkYXRlIjoxODAwMDAwMDAwMDAwfX0=",
          "dependencies": [
            "azurerm_resource_group.rg"
          ]
        }
      ]
    },
    {
      "mode": "managed",
      "type": "azurerm_resource_group",
      "name": "rg",
      "provider": "provider[\"registry.terraform.io/hashicorp/azurerm\"]",
      "instances": [
        {
          "schema_version": 0,
          "attributes": {
            "id": "/subscriptions/12d08a43-87ab-49fc-b06f-d1d31622044a/resourceGroups/Devops_project_dev",
            "location": "eastus2",
            "managed_by": "",
            "name": "Devops_project_dev",
            "tags": null,
            "timeouts": null
          },
          "sensitive_attributes": [],
          "private": "eyJlMmJmYjczMC1lY2FhLTExZTYtOGY4OC0zNDM2M2JjN2M0YzAiOnsiY3JlYXRlIjo1NDAwMDAwMDAwMDAwLCJkZWxldGUiOjU0MDAwMDAwMDAwMDAsInJlYWQiOjMwMDAwMDAwMDAwMCwidXBkYXRlIjo1NDAwMDAwMDAwMDAwfX0="
        }
      ]
    },
    {
      "mode": "managed",
      "type": "azurerm_subnet",
      "name": "my_terraform_subnet",
      "provider": "provider[\"registry.terraform.io/hashicorp/azurerm\"]",
      "instances": [
        {
          "schema_version": 0,
          "attributes": {
            "address_prefixes": [
              "10.0.1.0/24"
            ],
            "default_outbound_access_enabled": true,
            "delegation": [],
            "enforce_private_link_endpoint_network_policies": false,
            "enforce_private_link_service_network_policies": false,
            "id": "/subscriptions/12d08a43-87ab-49fc-b06f-d1d31622044a/resourceGroups/Devops_project_dev/providers/Microsoft.Network/virtualNetworks/myVnet/subnets/mySubnet",
            "name": "mySubnet",
            "private_endpoint_network_policies": "Enabled",
            "private_endpoint_network_policies_enabled": true,
            "private_link_service_network_policies_enabled": true,
            "resource_group_name": "Devops_project_dev",
            "service_endpoint_policy_ids": null,
            "service_endpoints": null,
            "timeouts": null,
            "virtual_network_name": "myVnet"
          },
          "sensitive_attributes": [],
          "private": "eyJlMmJmYjczMC1lY2FhLTExZTYtOGY4OC0zNDM2M2JjN2M0YzAiOnsiY3JlYXRlIjoxODAwMDAwMDAwMDAwLCJkZWxldGUiOjE4MDAwMDAwMDAwMDAsInJlYWQiOjMwMDAwMDAwMDAwMCwidXBkYXRlIjoxODAwMDAwMDAwMDAwfX0=",
          "dependencies": [
            "azurerm_resource_group.rg",
            "azurerm_virtual_network.my_terraform_network"
          ]
        }
      ]
    },
    {
      "mode": "managed",
      "type": "azurerm_virtual_network",
      "name": "my_terraform_network",
      "provider": "provider[\"registry.terraform.io/hashicorp/azurerm\"]",
      "instances": [
        {
          "schema_version": 0,
          "attributes": {
            "address_space": [
              "10.0.0.0/16"
            ],
            "bgp_community": "",
            "ddos_protection_plan": [],
            "dns_servers": [],
            "edge_zone": "",
            "encryption": [],
            "flow_timeout_in_minutes": 0,
            "guid": "3d05592e-9bfd-42c1-b7e3-e6cb47d27874",
            "id": "/subscriptions/12d08a43-87ab-49fc-b06f-d1d31622044a/resourceGroups/Devops_project_dev/providers/Microsoft.Network/virtualNetworks/myVnet",
            "location": "eastus2",
            "name": "myVnet",
            "resource_group_name": "Devops_project_dev",
            "subnet": [],
            "tags": null,
            "timeouts": null
          },
          "sensitive_attributes": [],
          "private": "eyJlMmJmYjczMC1lY2FhLTExZTYtOGY4OC0zNDM2M2JjN2M0YzAiOnsiY3JlYXRlIjoxODAwMDAwMDAwMDAwLCJkZWxldGUiOjE4MDAwMDAwMDAwMDAsInJlYWQiOjMwMDAwMDAwMDAwMCwidXBkYXRlIjoxODAwMDAwMDAwMDAwfX0=",
          "dependencies": [
            "azurerm_resource_group.rg"
          ]
        }
      ]
    },
    {
      "mode": "managed",
      "type": "random_id",
      "name": "random_id",
      "provider": "provider[\"registry.terraform.io/hashicorp/random\"]",
      "instances": [
        {
          "schema_version": 0,
          "attributes": {
            "b64_std": "KsbURNYuTKs=",
            "b64_url": "KsbURNYuTKs",
            "byte_length": 8,
            "dec": "3082384387097906347",
            "hex": "2ac6d444d62e4cab",
            "id": "KsbURNYuTKs",
            "keepers": {
              "resource_group": "Devops_project_dev"
            },
            "prefix": null
          },
          "sensitive_attributes": [],
          "dependencies": [
            "azurerm_resource_group.rg"
          ]
        }
      ]
    },
    {
      "mode": "managed",
      "type": "random_pet",
      "name": "rg_name",
      "provider": "provider[\"registry.terraform.io/hashicorp/random\"]",
      "instances": [
        {
          "schema_version": 0,
          "attributes": {
            "id": "rg-civil-racer",
            "keepers": null,
            "length": 2,
            "prefix": "rg",
            "separator": "-"
          },
          "sensitive_attributes": []
        }
      ]
    },
    {
      "mode": "managed",
      "type": "random_pet",
      "name": "ssh_key_name",
      "provider": "provider[\"registry.terraform.io/hashicorp/random\"]",
      "instances": [
        {
          "schema_version": 0,
          "attributes": {
            "id": "sshthankfulstarfish",
            "keepers": null,
            "length": 2,
            "prefix": "ssh",
            "separator": ""
          },
          "sensitive_attributes": []
        }
      ]
    }
  ],
  "check_results": null
}
