{
  "version": 4,
  "terraform_version": "1.5.7",
  "serial": 490,
  "lineage": "d3195f55-e150-6f69-ea5d-8087d7067597",
  "outputs": {
    "key_data": {
      "value": "ssh-rsa AAAAB3NzaC1yc2EAAAADAQABAAABgQDjYlcUNOiQC1yXMywVqv79GzquwNMcSOyH7EX61egkl6o3XiLSkXnMLJkR/CLsBXbJGwdhU7QWLPbU4BhHKkbxxjW6GntQ3YMwFNKuSdiNoGFJhe5XYoWbWqnB/qL7gvhv/W3Uam99oaca4f7s/KPRabKQNkyTPklq95i3VkqeTCMmWs6RyoYFsvGMX6xgBwTwonla8KO6fgwVyXPnBWaHA8qwyz0YXc3mTFktec66SejK73g4uT7gjdSBejt3RUui8mzpXIp+VK4noySasG6eNCge6LpQegAX7eqGfcKh5j/kUc1f+osCP5gvTDTMX6vG8IVEcxga/4Iu0lRO+1kqD3WmWCkwFJ6sJDdaQ1MphSUFQYksHftkC5IY7gY4l7Q3TOqRPiST+6rwo1Fcd1StYoB4dCso7xuyrGwXrMHW0nHhmAGJjyL3fMNLDf8aWc2Edj6iNmUOfLZen6bx8FZJGSkBxeIhE/bRuG6+aZX+a83wz0cb5GJ41uMa61f0SWE= generated-by-azure",
      "type": "string"
    },
    "public_ip_address": {
      "value": "20.49.31.190",
      "type": "string"
    },
    "resource_group_name": {
      "value": "Devops_project1",
      "type": "string"
    }
  },
  "resources": [
    {
      "mode": "managed",
      "type": "azapi_resource",
      "name": "ssh_public_key",
      "provider": "provider[\"registry.terraform.io/azure/azapi\"]",
      "instances": [
        {
          "schema_version": 1,
          "attributes": {
            "body": {
              "value": "{}",
              "type": "string"
            },
            "id": "/subscriptions/12d08a43-87ab-49fc-b06f-d1d31622044a/resourceGroups/Devops_project1/providers/Microsoft.Compute/sshPublicKeys/sshkindtitmouse",
            "identity": [],
            "ignore_body_changes": null,
            "ignore_casing": false,
            "ignore_missing_property": true,
            "location": "eastus2",
            "locks": null,
            "name": "sshkindtitmouse",
            "output": {
              "value": "{}",
              "type": "string"
            },
            "parent_id": "/subscriptions/12d08a43-87ab-49fc-b06f-d1d31622044a/resourceGroups/Devops_project1",
            "removing_special_chars": false,
            "response_export_values": null,
            "schema_validation_enabled": true,
            "tags": null,
            "timeouts": null,
            "type": "Microsoft.Compute/sshPublicKeys@2022-11-01"
          },
          "sensitive_attributes": [],
          "dependencies": [
            "azurerm_resource_group.rg",
            "random_pet.ssh_key_name"
          ]
        }
      ]
    },
    {
      "mode": "managed",
      "type": "azapi_resource_action",
      "name": "ssh_public_key_gen",
      "provider": "provider[\"registry.terraform.io/azure/azapi\"]",
      "instances": [
        {
          "schema_version": 1,
          "attributes": {
            "action": "generateKeyPair",
            "body": null,
            "id": "/subscriptions/12d08a43-87ab-49fc-b06f-d1d31622044a/resourceGroups/Devops_project1/providers/Microsoft.Compute/sshPublicKeys/sshkindtitmouse/generateKeyPair",
            "locks": null,
            "method": "POST",
            "output": {
              "value": {
                "privateKey": "-----BEGIN RSA PRIVATE KEY-----\r\nMIIG5AIBAAKCAYEA42JXFDTokAtclzMsFar+/Rs6rsDTHEjsh+xF+tXoJJeqN14i\r\n0pF5zCyZEfwi7AV2yRsHYVO0Fiz21OAYRypG8cY1uhp7UN2DMBTSrknYjaBhSYXu\r\nV2KFm1qpwf6i+4L4b/1t1GpvfaGnGuH+7Pyj0WmykDZMkz5JaveYt1ZKnkwjJlrO\r\nkcqGBbLxjF+sYAcE8KJ5WvCjun4MFclz5wVmhwPKsMs9GF3N5kxZLXnOuknoyu94\r\nOLk+4I3UgXo7d0VLovJs6VyKflSuJ6MkmrBunjQoHui6UHoAF+3qhn3CoeY/5FHN\r\nX/qLAj+YL0w0zF+rxvCFRHMYGv+CLtJUTvtZKg91plgpMBSerCQ3WkNTKYUlBUGJ\r\nLB37ZAuSGO4GOJe0N0zqkT4kk/uq8KNRXHdUrWKAeHQrKO8bsqxsF6zB1tJx4ZgB\r\niY8i93zDSw3/GlnNhHY+ojZlDny2Xp+m8fBWSRkpAcXiIRP20bhuvmmV/mvN8M9H\r\nG+RieNbjGutX9ElhAgMBAAECggGBAMtw1RBTNjCKudDeC/dnArVag2qPQ1LvPBFw\r\nqDwA3q6+s6DOLMHRPvQagunAeU5KpTjRYg0GYv3kRQO5bH9fqBHxkWhtASAc0J9Y\r\nQheGIqa0c9bgaZrtnzScLX5QYWo+iCFK0dVXVWFGHMjEot1OPRPESesVafXjqLR3\r\nyr9eCW0QGfLbFC8E0FyQ+eTqRMO2BAl4lLN00kitNgrYL0bnYhAyqEr9zC/c3bfL\r\nX458iSXLsui+0QWPWF55B0TBJCtWZuFsvp3NuewDG9zqtjxhRiUqg/ECKMNCaVo2\r\n4W9m2CydyoBgR51xXaGIGP9jUCBcumK3c7e4A2TjivHI2h04mkkZXPfEAXPIJg87\r\nVNPsR7wndzMbSCvkUPP1euDi8bMKqx+FnqDR32JCvzUvfQR5LT/cElUqeoTHjdJj\r\nzg42DAcKxqWGaciLUAN6JJWzk01eM2wJ5utjqKm+zWp1WN5tCwI4R/wD4IJcRGTF\r\nm5uItJlpYaCwDgphjwoLjU7uO6iW8QKBwQDjeurEFN93+kFz+FisQC7dG5FG0ACP\r\nB6TRt/hDfNvOM7h6sMA1NtPFGEWSkyAEgjaWiBF07wOBgmIDVPa9IpDMh+0wZqS/\r\nyrd0PTwG0KOB0oTztnfL5sem7qHWs0wTcVrnaLxarSAOCFX7Y7hjAdjZRLOIzpNg\r\nC4D2GzlhTB8U7MVICfHhw5CHX3ZKahZz7K5GcNqXedpUHqzUcA3rnEP+JbXTrTif\r\niM08BVvv8xwKSP/EAyhO2ALJJOKqOQ4M20MCgcEA/+RXgXOkjkBDu1/37SX3Ctee\r\nmZ6uhTNcxf3NWdy8etng4xOqYo6CDKHIzv/hizFJ85Lyxm+d7hHquamRBq80Lbue\r\nQB265Cuu2SxY4dMR1X2yGObuEWHqIM1y7dZDyP4M/HtIyD8K07lzajnOtdjzA31V\r\nsFHtAry4DLNsyaylNwx4m/Fc1PyFMDSY2REfSjGsGDBfmbw6MmXChuh9FXYIM7W9\r\nuy+ba6iBwRr/hYh7GNYBG4S3hxK5bxGDbKWZSBSLAoHAE9HLzpW6+qsVNNN4dlmJ\r\nO76BI9hPlCaoV5VdzhN82zRqaFYqCPjj7pI0zZZ//aSSuP7V9og0l/4SKBQpA0WV\r\ntBxLsCHhTMyOu1PyfO2EsXT0HH/TZDKRRpwYAarRgAgqUWswrf3TgyV6yFJh6E5q\r\n5FM2CT9mW8Hk1Ix+rVmCg8I1Vhd3uaHeX80Tc1xW5HbEoGKIyRXWzel2SXQR4mtV\r\nCTmj4/N9sXir2QTmg7t8v/CoSB22T1hGtdu+2/HopXodAoHBAP9QaBLMPFqGOk5B\r\nEZC3OYbC3gaucbiLJ7yQYAySFiiJLT3ECFOvlohd/4qxees0cXGqo7pj8XJww/8c\r\n9Yty0h/zO5EDWM6B20HqYoBm5Tta35DDELOdO0ohUtOE3jszZ+eeZl8Nr5LSTRqm\r\ntN1xqf5IVm/HPjBl9UkO2LNcI7gKJGiLaLFFhuozAHJMCCkx6GB2G1y7lmFkcLPE\r\nUdFQ5Bwb8ENM28iN53CxrFMiepesJoy7XZZSk1wDYFrN22M0wwKBwA7uKBEPeP44\r\n/FgD2sAuCY/5VPa4YwRqoaHynU0RvCueVOwO2sNuiZsTqCl8s0+YLv0Wv967yqK+\r\nTDxcF1UONYUvn3+yksLl30r8c/RWoI3nC1TAKC6HkaHC3NSopvhyx8r8dskwMkYL\r\nEHWm8ofwekrB3AnuotLFpS0hTKkzrEiLEFNJJclYUGeabA5Rm3Ez9NIibwYrOKes\r\nzJLe035Ht9Q+mCEreTIlHX3oRS8JxGH7fCdU8gyAQDfeH7QH2W///g==\r\n-----END RSA PRIVATE KEY-----\r\n",
                "publicKey": "ssh-rsa AAAAB3NzaC1yc2EAAAADAQABAAABgQDjYlcUNOiQC1yXMywVqv79GzquwNMcSOyH7EX61egkl6o3XiLSkXnMLJkR/CLsBXbJGwdhU7QWLPbU4BhHKkbxxjW6GntQ3YMwFNKuSdiNoGFJhe5XYoWbWqnB/qL7gvhv/W3Uam99oaca4f7s/KPRabKQNkyTPklq95i3VkqeTCMmWs6RyoYFsvGMX6xgBwTwonla8KO6fgwVyXPnBWaHA8qwyz0YXc3mTFktec66SejK73g4uT7gjdSBejt3RUui8mzpXIp+VK4noySasG6eNCge6LpQegAX7eqGfcKh5j/kUc1f+osCP5gvTDTMX6vG8IVEcxga/4Iu0lRO+1kqD3WmWCkwFJ6sJDdaQ1MphSUFQYksHftkC5IY7gY4l7Q3TOqRPiST+6rwo1Fcd1StYoB4dCso7xuyrGwXrMHW0nHhmAGJjyL3fMNLDf8aWc2Edj6iNmUOfLZen6bx8FZJGSkBxeIhE/bRuG6+aZX+a83wz0cb5GJ41uMa61f0SWE= generated-by-azure"
              },
              "type": [
                "object",
                {
                  "privateKey": "string",
                  "publicKey": "string"
                }
              ]
            },
            "resource_id": "/subscriptions/12d08a43-87ab-49fc-b06f-d1d31622044a/resourceGroups/Devops_project1/providers/Microsoft.Compute/sshPublicKeys/sshkindtitmouse",
            "response_export_values": [
              "publicKey",
              "privateKey"
            ],
            "timeouts": null,
            "type": "Microsoft.Compute/sshPublicKeys@2022-11-01",
            "when": "apply"
          },
          "sensitive_attributes": [],
          "dependencies": [
            "azapi_resource.ssh_public_key",
            "azurerm_resource_group.rg",
            "random_pet.ssh_key_name"
          ]
        }
      ]
    },
    {
      "mode": "managed",
      "type": "azurerm_linux_virtual_machine",
      "name": "my_terraform_vm",
      "provider": "provider[\"registry.terraform.io/hashicorp/azurerm\"]",
      "instances": [
        {
          "schema_version": 0,
          "attributes": {
            "additional_capabilities": [],
            "admin_password": "Azure@123456",
            "admin_ssh_key": [],
            "admin_username": "azureuser",
            "allow_extension_operations": true,
            "availability_set_id": "",
            "boot_diagnostics": [],
            "bypass_platform_safety_checks_on_user_schedule_enabled": false,
            "capacity_reservation_group_id": "",
            "computer_name": "Jenkins",
            "custom_data": null,
            "dedicated_host_group_id": "",
            "dedicated_host_id": "",
            "disable_password_authentication": false,
            "disk_controller_type": "SCSI",
            "edge_zone": "",
            "encryption_at_host_enabled": false,
            "eviction_policy": "",
            "extensions_time_budget": "PT1H30M",
            "gallery_application": [],
            "id": "/subscriptions/12d08a43-87ab-49fc-b06f-d1d31622044a/resourceGroups/Devops_project1/providers/Microsoft.Compute/virtualMachines/Jenkins",
            "identity": [],
            "license_type": "",
            "location": "eastus2",
            "max_bid_price": -1,
            "name": "Jenkins",
            "network_interface_ids": [
              "/subscriptions/12d08a43-87ab-49fc-b06f-d1d31622044a/resourceGroups/Devops_project1/providers/Microsoft.Network/networkInterfaces/myNIC"
            ],
            "os_disk": [
              {
                "caching": "ReadWrite",
                "diff_disk_settings": [],
                "disk_encryption_set_id": "",
                "disk_size_gb": 32,
                "name": "myOsDisk",
                "secure_vm_disk_encryption_set_id": "",
                "security_encryption_type": "",
                "storage_account_type": "Premium_LRS",
                "write_accelerator_enabled": false
              }
            ],
            "os_image_notification": [],
            "patch_assessment_mode": "ImageDefault",
            "patch_mode": "ImageDefault",
            "plan": [],
            "platform_fault_domain": -1,
            "priority": "Regular",
            "private_ip_address": "10.0.1.4",
            "private_ip_addresses": [
              "10.0.1.4"
            ],
            "provision_vm_agent": true,
            "proximity_placement_group_id": "",
            "public_ip_address": "20.49.31.190",
            "public_ip_addresses": [
              "20.49.31.190"
            ],
            "reboot_setting": "",
            "resource_group_name": "Devops_project1",
            "secret": [],
            "secure_boot_enabled": true,
            "size": "Standard_D2as_v4",
            "source_image_id": "/subscriptions/12d08a43-87ab-49fc-b06f-d1d31622044a/resourcegroups/Devops_project/providers/Microsoft.Compute/galleries/azure_compute_gallery/images/custom_jenkins_image1/versions/1.0.0",
            "source_image_reference": [],
            "tags": null,
            "termination_notification": null,
            "timeouts": null,
            "user_data": "",
            "virtual_machine_id": "98feabc4-d5ec-4d55-8424-10c3f75ebb2d",
            "virtual_machine_scale_set_id": "",
            "vm_agent_platform_updates_enabled": false,
            "vtpm_enabled": false,
            "zone": ""
          },
          "sensitive_attributes": [],
          "private": "eyJlMmJmYjczMC1lY2FhLTExZTYtOGY4OC0zNDM2M2JjN2M0YzAiOnsiY3JlYXRlIjoyNzAwMDAwMDAwMDAwLCJkZWxldGUiOjI3MDAwMDAwMDAwMDAsInJlYWQiOjMwMDAwMDAwMDAwMCwidXBkYXRlIjoyNzAwMDAwMDAwMDAwfX0=",
          "dependencies": [
            "azurerm_network_interface.my_terraform_nic",
            "azurerm_public_ip.my_terraform_public_ip",
            "azurerm_resource_group.rg",
            "azurerm_subnet.my_terraform_subnet",
            "azurerm_virtual_network.my_terraform_network"
          ]
        }
      ]
    },
    {
      "mode": "managed",
      "type": "azurerm_network_interface",
      "name": "my_terraform_nic",
      "provider": "provider[\"registry.terraform.io/hashicorp/azurerm\"]",
      "instances": [
        {
          "schema_version": 0,
          "attributes": {
            "accelerated_networking_enabled": false,
            "applied_dns_servers": [],
            "auxiliary_mode": "",
            "auxiliary_sku": "",
            "dns_servers": [],
            "edge_zone": "",
            "enable_accelerated_networking": false,
            "enable_ip_forwarding": false,
            "id": "/subscriptions/12d08a43-87ab-49fc-b06f-d1d31622044a/resourceGroups/Devops_project1/providers/Microsoft.Network/networkInterfaces/myNIC",
            "internal_dns_name_label": "",
            "internal_domain_name_suffix": "pzrlzhmleyyudh4xgvzxoyntud.cx.internal.cloudapp.net",
            "ip_configuration": [
              {
                "gateway_load_balancer_frontend_ip_configuration_id": "",
                "name": "my_nic_configuration",
                "primary": true,
                "private_ip_address": "10.0.1.4",
                "private_ip_address_allocation": "Dynamic",
                "private_ip_address_version": "IPv4",
                "public_ip_address_id": "/subscriptions/12d08a43-87ab-49fc-b06f-d1d31622044a/resourceGroups/Devops_project1/providers/Microsoft.Network/publicIPAddresses/myPublicIP",
                "subnet_id": "/subscriptions/12d08a43-87ab-49fc-b06f-d1d31622044a/resourceGroups/Devops_project1/providers/Microsoft.Network/virtualNetworks/myVnet/subnets/mySubnet"
              }
            ],
            "ip_forwarding_enabled": false,
            "location": "eastus2",
            "mac_address": "",
            "name": "myNIC",
            "private_ip_address": "10.0.1.4",
            "private_ip_addresses": [
              "10.0.1.4"
            ],
            "resource_group_name": "Devops_project1",
            "tags": null,
            "timeouts": null,
            "virtual_machine_id": ""
          },
          "sensitive_attributes": [],
          "private": "eyJlMmJmYjczMC1lY2FhLTExZTYtOGY4OC0zNDM2M2JjN2M0YzAiOnsiY3JlYXRlIjoxODAwMDAwMDAwMDAwLCJkZWxldGUiOjE4MDAwMDAwMDAwMDAsInJlYWQiOjMwMDAwMDAwMDAwMCwidXBkYXRlIjoxODAwMDAwMDAwMDAwfX0=",
          "dependencies": [
            "azurerm_public_ip.my_terraform_public_ip",
            "azurerm_resource_group.rg",
            "azurerm_subnet.my_terraform_subnet",
            "azurerm_virtual_network.my_terraform_network"
          ]
        }
      ]
    },
    {
      "mode": "managed",
      "type": "azurerm_network_interface_security_group_association",
      "name": "example",
      "provider": "provider[\"registry.terraform.io/hashicorp/azurerm\"]",
      "instances": []
    },
    {
      "mode": "managed",
      "type": "azurerm_public_ip",
      "name": "my_terraform_public_ip",
      "provider": "provider[\"registry.terraform.io/hashicorp/azurerm\"]",
      "instances": [
        {
          "schema_version": 0,
          "attributes": {
            "allocation_method": "Dynamic",
            "ddos_protection_mode": "VirtualNetworkInherited",
            "ddos_protection_plan_id": null,
            "domain_name_label": null,
            "edge_zone": "",
            "fqdn": null,
            "id": "/subscriptions/12d08a43-87ab-49fc-b06f-d1d31622044a/resourceGroups/Devops_project1/providers/Microsoft.Network/publicIPAddresses/myPublicIP",
            "idle_timeout_in_minutes": 4,
            "ip_address": "",
            "ip_tags": null,
            "ip_version": "IPv4",
            "location": "eastus2",
            "name": "myPublicIP",
            "public_ip_prefix_id": null,
            "resource_group_name": "Devops_project1",
            "reverse_fqdn": null,
            "sku": "Basic",
            "sku_tier": "Regional",
            "tags": null,
            "timeouts": null,
            "zones": null
          },
          "sensitive_attributes": [],
          "private": "eyJlMmJmYjczMC1lY2FhLTExZTYtOGY4OC0zNDM2M2JjN2M0YzAiOnsiY3JlYXRlIjoxODAwMDAwMDAwMDAwLCJkZWxldGUiOjE4MDAwMDAwMDAwMDAsInJlYWQiOjMwMDAwMDAwMDAwMCwidXBkYXRlIjoxODAwMDAwMDAwMDAwfX0=",
          "dependencies": [
            "azurerm_resource_group.rg"
          ]
        }
      ]
    },
    {
      "mode": "managed",
      "type": "azurerm_resource_group",
      "name": "rg",
      "provider": "provider[\"registry.terraform.io/hashicorp/azurerm\"]",
      "instances": [
        {
          "schema_version": 0,
          "attributes": {
            "id": "/subscriptions/12d08a43-87ab-49fc-b06f-d1d31622044a/resourceGroups/Devops_project1",
            "location": "eastus2",
            "managed_by": "",
            "name": "Devops_project1",
            "tags": null,
            "timeouts": null
          },
          "sensitive_attributes": [],
          "private": "eyJlMmJmYjczMC1lY2FhLTExZTYtOGY4OC0zNDM2M2JjN2M0YzAiOnsiY3JlYXRlIjo1NDAwMDAwMDAwMDAwLCJkZWxldGUiOjU0MDAwMDAwMDAwMDAsInJlYWQiOjMwMDAwMDAwMDAwMCwidXBkYXRlIjo1NDAwMDAwMDAwMDAwfX0="
        }
      ]
    },
    {
      "mode": "managed",
      "type": "azurerm_subnet",
      "name": "my_terraform_subnet",
      "provider": "provider[\"registry.terraform.io/hashicorp/azurerm\"]",
      "instances": [
        {
          "schema_version": 0,
          "attributes": {
            "address_prefixes": [
              "10.0.1.0/24"
            ],
            "default_outbound_access_enabled": true,
            "delegation": [],
            "enforce_private_link_endpoint_network_policies": false,
            "enforce_private_link_service_network_policies": false,
            "id": "/subscriptions/12d08a43-87ab-49fc-b06f-d1d31622044a/resourceGroups/Devops_project1/providers/Microsoft.Network/virtualNetworks/myVnet/subnets/mySubnet",
            "name": "mySubnet",
            "private_endpoint_network_policies": "Enabled",
            "private_endpoint_network_policies_enabled": true,
            "private_link_service_network_policies_enabled": true,
            "resource_group_name": "Devops_project1",
            "service_endpoint_policy_ids": null,
            "service_endpoints": null,
            "timeouts": null,
            "virtual_network_name": "myVnet"
          },
          "sensitive_attributes": [],
          "private": "eyJlMmJmYjczMC1lY2FhLTExZTYtOGY4OC0zNDM2M2JjN2M0YzAiOnsiY3JlYXRlIjoxODAwMDAwMDAwMDAwLCJkZWxldGUiOjE4MDAwMDAwMDAwMDAsInJlYWQiOjMwMDAwMDAwMDAwMCwidXBkYXRlIjoxODAwMDAwMDAwMDAwfX0=",
          "dependencies": [
            "azurerm_resource_group.rg",
            "azurerm_virtual_network.my_terraform_network"
          ]
        }
      ]
    },
    {
      "mode": "managed",
      "type": "azurerm_virtual_network",
      "name": "my_terraform_network",
      "provider": "provider[\"registry.terraform.io/hashicorp/azurerm\"]",
      "instances": [
        {
          "schema_version": 0,
          "attributes": {
            "address_space": [
              "10.0.0.0/16"
            ],
            "bgp_community": "",
            "ddos_protection_plan": [],
            "dns_servers": [],
            "edge_zone": "",
            "encryption": [],
            "flow_timeout_in_minutes": 0,
            "guid": "9dbc627e-268b-4131-9fd7-35737761b3a3",
            "id": "/subscriptions/12d08a43-87ab-49fc-b06f-d1d31622044a/resourceGroups/Devops_project1/providers/Microsoft.Network/virtualNetworks/myVnet",
            "location": "eastus2",
            "name": "myVnet",
            "resource_group_name": "Devops_project1",
            "subnet": [],
            "tags": null,
            "timeouts": null
          },
          "sensitive_attributes": [],
          "private": "eyJlMmJmYjczMC1lY2FhLTExZTYtOGY4OC0zNDM2M2JjN2M0YzAiOnsiY3JlYXRlIjoxODAwMDAwMDAwMDAwLCJkZWxldGUiOjE4MDAwMDAwMDAwMDAsInJlYWQiOjMwMDAwMDAwMDAwMCwidXBkYXRlIjoxODAwMDAwMDAwMDAwfX0=",
          "dependencies": [
            "azurerm_resource_group.rg"
          ]
        }
      ]
    },
    {
      "mode": "managed",
      "type": "random_id",
      "name": "random_id",
      "provider": "provider[\"registry.terraform.io/hashicorp/random\"]",
      "instances": [
        {
          "schema_version": 0,
          "attributes": {
            "b64_std": "i7/wvGw09fs=",
            "b64_url": "i7_wvGw09fs",
            "byte_length": 8,
            "dec": "10070031983883646459",
            "hex": "8bbff0bc6c34f5fb",
            "id": "i7_wvGw09fs",
            "keepers": {
              "resource_group": "Devops_project1"
            },
            "prefix": null
          },
          "sensitive_attributes": [],
          "dependencies": [
            "azurerm_resource_group.rg"
          ]
        }
      ]
    },
    {
      "mode": "managed",
      "type": "random_pet",
      "name": "rg_name",
      "provider": "provider[\"registry.terraform.io/hashicorp/random\"]",
      "instances": [
        {
          "schema_version": 0,
          "attributes": {
            "id": "rg-selected-crab",
            "keepers": null,
            "length": 2,
            "prefix": "rg",
            "separator": "-"
          },
          "sensitive_attributes": []
        }
      ]
    },
    {
      "mode": "managed",
      "type": "random_pet",
      "name": "ssh_key_name",
      "provider": "provider[\"registry.terraform.io/hashicorp/random\"]",
      "instances": [
        {
          "schema_version": 0,
          "attributes": {
            "id": "sshkindtitmouse",
            "keepers": null,
            "length": 2,
            "prefix": "ssh",
            "separator": ""
          },
          "sensitive_attributes": []
        }
      ]
    }
  ],
  "check_results": null
}
