{
  "version": 4,
  "terraform_version": "1.5.7",
  "serial": 206,
  "lineage": "d3195f55-e150-6f69-ea5d-8087d7067597",
  "outputs": {
    "key_data": {
      "value": "ssh-rsa AAAAB3NzaC1yc2EAAAADAQABAAABgQC9mjN/3X71VmnAjndnIPdA9GZPP1pEMm5SLfOaEipaGJy7f6DLXy5vjFKN1ZZP47UHEiYqyF5pKI848Yb4ER3ZwPrD9db693HcULgTVKPR3TgtbqzghqiW8I2SrVTh3GEq5TNZYqjpUTnDW2zea4HHC3680gPrMNipD0UBl5p7/fMavfEKmSQOzySECH4yA+kG5ATbSlI6mQdL8wGpLD5UTgl9nkzDDjvinR+yjZYSC4Yrgec8jISjcDhKPUmFVge/FDYeYOOnqQSL1hYP+/16uWCfoAM+0O5ms+XSD6N1J/Roqn+a/Z3zcYKjxUnIszcz2LjWuHFvRVkpoc/scRo+UB9ic4PCGwfzYyxikIcfje5MNxcVkHRGr5NGs0LhTYexbTJCibbrIOy4JdN7URLilZGwcBV2eoIcUG4GO7b/sK7BeM/WfdSkEy5Pp5y3SchiZWPaxmEJmH1RpuD5/MUdnI8Jvs671Rh8jse3/LQq7ur51SS2R74+0Ww0Tkxc/uE= generated-by-azure",
      "type": "string"
    },
    "public_ip_address": {
      "value": "20.1.191.44",
      "type": "string"
    },
    "resource_group_name": {
      "value": "Devops_project1",
      "type": "string"
    }
  },
  "resources": [
    {
      "mode": "managed",
      "type": "azapi_resource",
      "name": "ssh_public_key",
      "provider": "provider[\"registry.terraform.io/azure/azapi\"]",
      "instances": [
        {
          "schema_version": 1,
          "attributes": {
            "body": {
              "value": "{}",
              "type": "string"
            },
            "id": "/subscriptions/12d08a43-87ab-49fc-b06f-d1d31622044a/resourceGroups/Devops_project1/providers/Microsoft.Compute/sshPublicKeys/sshassuredswift",
            "identity": [],
            "ignore_body_changes": null,
            "ignore_casing": false,
            "ignore_missing_property": true,
            "location": "eastus2",
            "locks": null,
            "name": "sshassuredswift",
            "output": {
              "value": "{}",
              "type": "string"
            },
            "parent_id": "/subscriptions/12d08a43-87ab-49fc-b06f-d1d31622044a/resourceGroups/Devops_project1",
            "removing_special_chars": false,
            "response_export_values": null,
            "schema_validation_enabled": true,
            "tags": null,
            "timeouts": null,
            "type": "Microsoft.Compute/sshPublicKeys@2022-11-01"
          },
          "sensitive_attributes": [],
          "dependencies": [
            "azurerm_resource_group.rg",
            "random_pet.ssh_key_name"
          ]
        }
      ]
    },
    {
      "mode": "managed",
      "type": "azapi_resource_action",
      "name": "ssh_public_key_gen",
      "provider": "provider[\"registry.terraform.io/azure/azapi\"]",
      "instances": [
        {
          "schema_version": 1,
          "attributes": {
            "action": "generateKeyPair",
            "body": null,
            "id": "/subscriptions/12d08a43-87ab-49fc-b06f-d1d31622044a/resourceGroups/Devops_project1/providers/Microsoft.Compute/sshPublicKeys/sshassuredswift/generateKeyPair",
            "locks": null,
            "method": "POST",
            "output": {
              "value": {
                "privateKey": "-----BEGIN RSA PRIVATE KEY-----\r\nMIIG4gIBAAKCAYEAvZozf91+9VZpwI53ZyD3QPRmTz9aRDJuUi3zmhIqWhicu3+g\r\ny18ub4xSjdWWT+O1BxImKsheaSiPOPGG+BEd2cD6w/XW+vdx3FC4E1Sj0d04LW6s\r\n4IaolvCNkq1U4dxhKuUzWWKo6VE5w1ts3muBxwt+vNID6zDYqQ9FAZeae/3zGr3x\r\nCpkkDs8khAh+MgPpBuQE20pSOpkHS/MBqSw+VE4JfZ5Mww474p0fso2WEguGK4Hn\r\nPIyEo3A4Sj1JhVYHvxQ2HmDjp6kEi9YWD/v9erlgn6ADPtDuZrPl0g+jdSf0aKp/\r\nmv2d83GCo8VJyLM3M9i41rhxb0VZKaHP7HEaPlAfYnODwhsH82MsYpCHH43uTDcX\r\nFZB0Rq+TRrNC4U2HsW0yQom26yDsuCXTe1ES4pWRsHAVdnqCHFBuBju2/7CuwXjP\r\n1n3UpBMuT6ect0nIYmVj2sZhCZh9Uabg+fzFHZyPCb7Ou9UYfI7Ht/y0Ku7q+dUk\r\ntke+PtFsNE5MXP7hAgMBAAECggGAXHKal8cVR2TKDaSpnbRaOuawGAXo6oW4ewOC\r\n2uXulp2XlmjFq0QOrT87ZYL2Vp/NvdPgnk2ykw2+v+IskDowVuOcof31w8rxTp5h\r\nErPbaNG3uZdUXenqvCYwsYsobzR4gGTfY78SYylCw/mJHO5IihgVxNWWKZBYpB4Y\r\n5IzaO4j4h1qD9En1Ze8ke+h0N8jmT4DQyWf0rjO9dg/YCHfVMGAYipKsFROUqYs5\r\nUGNu//90fTRK3qAZcGOgXrqBZa0rJNTBo4Q8WdSVB73RFkMNm1l8Y00ft3ZIiHBF\r\neJx8qA8fQ4j3iSFUpPVFURbRCjerFAOFORM1X4WKt4VDYqbfX9M3iXPNE/+zXLCI\r\n6R+ojkTCoEnz8+rxVFHPzdy1P4v3LlcDUWPGmo2JlsXWuG3XpZLEn8AbhHoYj38D\r\nQZ+vkUB136//QxhyjjrIL5PAXI1cLszsyPi8Fd3VlcpUgNW5TrGjJ8+YxcGjnUJQ\r\nJu4r1X48I3DzJY1mcip3jMLO/yH9AoHBAOLUiNO6dxZLduxZcBKPYuCqHwswf0tA\r\nD7yOaBrfwnuH9NQTgsgMT0IwYB/7dBV8ftBU5bcxQwBMBc/VPTVrPpTXmRTbyAzI\r\nwDJhz3y4f2gWhobVpoV39VsHsyFYYPD/KwtmvOX5EZXKrmOyDAOY6VofhMQksnxR\r\nIafpFnjWnCa0szZtDOu4bbK+XldAAuuZK+WrN3Y+uNKBqF0+o9CyIJfp8ykTZ9mp\r\nJ7dq33/DTTOoseshmpQZ0e72169Y8XY7gwKBwQDV/BcR9qA9bpQJlNHb52rsbDR5\r\noDUwH4CdVodcsS2x0mDtlckL4TbtvXvGAB45zB64G+7F9Wmt0KJr5Y+dgUNtJCez\r\nYZKk5mv2M3HLP/qYRJ1hy8NmgIUkp6BQlGcPUvJQA8T3X7yzF3M1s5vmdm3fs1O6\r\n/sv55n2MABIdE9Q8nsU/5rvVmYLdUxAGiX0pNSbbRG9mVhdHUAlkNoz56T+iDtoQ\r\nw13unB6KDLw4RQtiQZZZ6Q7iWWiDmWs2IfjFmssCgcBwc4EpxiVHrj3UyjofWWph\r\nirU9LNvOiIHErqy5tfiKmUos4UdSuZeJbsYY1OYlyMRtr8j6WremrAmtkT94/iPW\r\nUlQX3SV+AQAXehoM8MJo7dHfgoe9X00JxfVuMIxOrZG/Yz1+nU20fviZgCkol2QI\r\nQ9vkCXVa4DXZMlrrqSlcnvTBpKplKddoZ6wJgThxaEw03f7u5gVmhtTa9TTtP4Gd\r\nDmR4FqDDbXK9IYSPqFjbpWQe91fU2EAVQdaHnYaHYNUCgcBap8tKU/b9L7zN9luW\r\nU4uMECeHI6WE9sOxZLhCP9oBDQT9gsjDHK39uJoYf3JOwDh/fW4CNf+IoOw+0+mt\r\nK9daBMhBCeRrsicpDhB2sGtFWURn60CkS2yc49taaBTlfBmmZoJq3wd9xECODsLM\r\nt33DGSEvBsV54Pltd5Y09XKkIAunD+SiEMBNbeRLMLJy487LdEnRzEVec/0WlLnT\r\nIstPqAUgtvQzo7aYe9695Bp3jRvaiY9Bu+k4X6X5MBlJ9lMCgcBO3/IFpLyQfpTM\r\neZY7KLiM1fzKRG2Bnn49xNHmYGC/88Foy+QQRcp7ZcpSXsLUgbjUQw6PBtWhw6Dy\r\n67lBdvj43+Py9khuYabj8JEoVLW9XsBrQHccd4NbnQSIZKqehE2lzuYCmPLiM3TP\r\npocadMNlVlV/A15VR4RIJ6zgv3R+xj8qo0tOuzKa8lqRrLM9qqGSyzOVfu4F/XQw\r\nwzMunIRAgnFzki9bytGpYOkSFpmDCav5L5peP+1VDJPmSwQpYhk=\r\n-----END RSA PRIVATE KEY-----\r\n",
                "publicKey": "ssh-rsa AAAAB3NzaC1yc2EAAAADAQABAAABgQC9mjN/3X71VmnAjndnIPdA9GZPP1pEMm5SLfOaEipaGJy7f6DLXy5vjFKN1ZZP47UHEiYqyF5pKI848Yb4ER3ZwPrD9db693HcULgTVKPR3TgtbqzghqiW8I2SrVTh3GEq5TNZYqjpUTnDW2zea4HHC3680gPrMNipD0UBl5p7/fMavfEKmSQOzySECH4yA+kG5ATbSlI6mQdL8wGpLD5UTgl9nkzDDjvinR+yjZYSC4Yrgec8jISjcDhKPUmFVge/FDYeYOOnqQSL1hYP+/16uWCfoAM+0O5ms+XSD6N1J/Roqn+a/Z3zcYKjxUnIszcz2LjWuHFvRVkpoc/scRo+UB9ic4PCGwfzYyxikIcfje5MNxcVkHRGr5NGs0LhTYexbTJCibbrIOy4JdN7URLilZGwcBV2eoIcUG4GO7b/sK7BeM/WfdSkEy5Pp5y3SchiZWPaxmEJmH1RpuD5/MUdnI8Jvs671Rh8jse3/LQq7ur51SS2R74+0Ww0Tkxc/uE= generated-by-azure"
              },
              "type": [
                "object",
                {
                  "privateKey": "string",
                  "publicKey": "string"
                }
              ]
            },
            "resource_id": "/subscriptions/12d08a43-87ab-49fc-b06f-d1d31622044a/resourceGroups/Devops_project1/providers/Microsoft.Compute/sshPublicKeys/sshassuredswift",
            "response_export_values": [
              "publicKey",
              "privateKey"
            ],
            "timeouts": null,
            "type": "Microsoft.Compute/sshPublicKeys@2022-11-01",
            "when": "apply"
          },
          "sensitive_attributes": [],
          "dependencies": [
            "azapi_resource.ssh_public_key",
            "azurerm_resource_group.rg",
            "random_pet.ssh_key_name"
          ]
        }
      ]
    },
    {
      "mode": "managed",
      "type": "azurerm_linux_virtual_machine",
      "name": "my_terraform_vm",
      "provider": "provider[\"registry.terraform.io/hashicorp/azurerm\"]",
      "instances": [
        {
          "schema_version": 0,
          "attributes": {
            "additional_capabilities": [],
            "admin_password": "Azure@123456",
            "admin_ssh_key": [],
            "admin_username": "azureuser",
            "allow_extension_operations": true,
            "availability_set_id": "",
            "boot_diagnostics": [],
            "bypass_platform_safety_checks_on_user_schedule_enabled": false,
            "capacity_reservation_group_id": "",
            "computer_name": "Jenkins",
            "custom_data": null,
            "dedicated_host_group_id": "",
            "dedicated_host_id": "",
            "disable_password_authentication": false,
            "disk_controller_type": "SCSI",
            "edge_zone": "",
            "encryption_at_host_enabled": false,
            "eviction_policy": "",
            "extensions_time_budget": "PT1H30M",
            "gallery_application": [],
            "id": "/subscriptions/12d08a43-87ab-49fc-b06f-d1d31622044a/resourceGroups/Devops_project1/providers/Microsoft.Compute/virtualMachines/Jenkins",
            "identity": [],
            "license_type": "",
            "location": "eastus2",
            "max_bid_price": -1,
            "name": "Jenkins",
            "network_interface_ids": [
              "/subscriptions/12d08a43-87ab-49fc-b06f-d1d31622044a/resourceGroups/Devops_project1/providers/Microsoft.Network/networkInterfaces/myNIC"
            ],
            "os_disk": [
              {
                "caching": "ReadWrite",
                "diff_disk_settings": [],
                "disk_encryption_set_id": "",
                "disk_size_gb": 32,
                "name": "myOsDisk",
                "secure_vm_disk_encryption_set_id": "",
                "security_encryption_type": "",
                "storage_account_type": "Premium_LRS",
                "write_accelerator_enabled": false
              }
            ],
            "os_image_notification": [],
            "patch_assessment_mode": "ImageDefault",
            "patch_mode": "ImageDefault",
            "plan": [],
            "platform_fault_domain": -1,
            "priority": "Regular",
            "private_ip_address": "10.0.1.4",
            "private_ip_addresses": [
              "10.0.1.4"
            ],
            "provision_vm_agent": true,
            "proximity_placement_group_id": "",
            "public_ip_address": "20.1.191.44",
            "public_ip_addresses": [
              "20.1.191.44"
            ],
            "reboot_setting": "",
            "resource_group_name": "Devops_project1",
            "secret": [],
            "secure_boot_enabled": true,
            "size": "Standard_D2s_v3",
            "source_image_id": "/subscriptions/12d08a43-87ab-49fc-b06f-d1d31622044a/resourcegroups/Devops_project/providers/Microsoft.Compute/galleries/azure_compute_gallery/images/custom_jenkins_image1/versions/1.0.0",
            "source_image_reference": [],
            "tags": null,
            "termination_notification": null,
            "timeouts": null,
            "user_data": "",
            "virtual_machine_id": "7a344ac7-dd92-489d-b523-793db9341982",
            "virtual_machine_scale_set_id": "",
            "vm_agent_platform_updates_enabled": false,
            "vtpm_enabled": false,
            "zone": ""
          },
          "sensitive_attributes": [],
          "private": "eyJlMmJmYjczMC1lY2FhLTExZTYtOGY4OC0zNDM2M2JjN2M0YzAiOnsiY3JlYXRlIjoyNzAwMDAwMDAwMDAwLCJkZWxldGUiOjI3MDAwMDAwMDAwMDAsInJlYWQiOjMwMDAwMDAwMDAwMCwidXBkYXRlIjoyNzAwMDAwMDAwMDAwfX0=",
          "dependencies": [
            "azurerm_network_interface.my_terraform_nic",
            "azurerm_public_ip.my_terraform_public_ip",
            "azurerm_resource_group.rg",
            "azurerm_subnet.my_terraform_subnet",
            "azurerm_virtual_network.my_terraform_network"
          ]
        }
      ]
    },
    {
      "mode": "managed",
      "type": "azurerm_network_interface",
      "name": "my_terraform_nic",
      "provider": "provider[\"registry.terraform.io/hashicorp/azurerm\"]",
      "instances": [
        {
          "schema_version": 0,
          "attributes": {
            "accelerated_networking_enabled": false,
            "applied_dns_servers": [],
            "auxiliary_mode": "",
            "auxiliary_sku": "",
            "dns_servers": [],
            "edge_zone": "",
            "enable_accelerated_networking": false,
            "enable_ip_forwarding": false,
            "id": "/subscriptions/12d08a43-87ab-49fc-b06f-d1d31622044a/resourceGroups/Devops_project1/providers/Microsoft.Network/networkInterfaces/myNIC",
            "internal_dns_name_label": "",
            "internal_domain_name_suffix": "2qaamopdllhehhn4ssgtzer5pf.cx.internal.cloudapp.net",
            "ip_configuration": [
              {
                "gateway_load_balancer_frontend_ip_configuration_id": "",
                "name": "my_nic_configuration",
                "primary": true,
                "private_ip_address": "10.0.1.4",
                "private_ip_address_allocation": "Dynamic",
                "private_ip_address_version": "IPv4",
                "public_ip_address_id": "/subscriptions/12d08a43-87ab-49fc-b06f-d1d31622044a/resourceGroups/Devops_project1/providers/Microsoft.Network/publicIPAddresses/myPublicIP",
                "subnet_id": "/subscriptions/12d08a43-87ab-49fc-b06f-d1d31622044a/resourceGroups/Devops_project1/providers/Microsoft.Network/virtualNetworks/myVnet/subnets/mySubnet"
              }
            ],
            "ip_forwarding_enabled": false,
            "location": "eastus2",
            "mac_address": "",
            "name": "myNIC",
            "private_ip_address": "10.0.1.4",
            "private_ip_addresses": [
              "10.0.1.4"
            ],
            "resource_group_name": "Devops_project1",
            "tags": null,
            "timeouts": null,
            "virtual_machine_id": ""
          },
          "sensitive_attributes": [],
          "private": "eyJlMmJmYjczMC1lY2FhLTExZTYtOGY4OC0zNDM2M2JjN2M0YzAiOnsiY3JlYXRlIjoxODAwMDAwMDAwMDAwLCJkZWxldGUiOjE4MDAwMDAwMDAwMDAsInJlYWQiOjMwMDAwMDAwMDAwMCwidXBkYXRlIjoxODAwMDAwMDAwMDAwfX0=",
          "dependencies": [
            "azurerm_public_ip.my_terraform_public_ip",
            "azurerm_resource_group.rg",
            "azurerm_subnet.my_terraform_subnet",
            "azurerm_virtual_network.my_terraform_network"
          ]
        }
      ]
    },
    {
      "mode": "managed",
      "type": "azurerm_network_interface_security_group_association",
      "name": "example",
      "provider": "provider[\"registry.terraform.io/hashicorp/azurerm\"]",
      "instances": [
        {
          "schema_version": 0,
          "attributes": {
            "id": "/subscriptions/12d08a43-87ab-49fc-b06f-d1d31622044a/resourceGroups/Devops_project1/providers/Microsoft.Network/networkInterfaces/myNIC|/subscriptions/12d08a43-87ab-49fc-b06f-d1d31622044a/resourceGroups/Devops_project1/providers/Microsoft.Network/networkSecurityGroups/myNetworkSecurityGroup",
            "network_interface_id": "/subscriptions/12d08a43-87ab-49fc-b06f-d1d31622044a/resourceGroups/Devops_project1/providers/Microsoft.Network/networkInterfaces/myNIC",
            "network_security_group_id": "/subscriptions/12d08a43-87ab-49fc-b06f-d1d31622044a/resourceGroups/Devops_project1/providers/Microsoft.Network/networkSecurityGroups/myNetworkSecurityGroup",
            "timeouts": null
          },
          "sensitive_attributes": [],
          "private": "eyJlMmJmYjczMC1lY2FhLTExZTYtOGY4OC0zNDM2M2JjN2M0YzAiOnsiY3JlYXRlIjoxODAwMDAwMDAwMDAwLCJkZWxldGUiOjE4MDAwMDAwMDAwMDAsInJlYWQiOjMwMDAwMDAwMDAwMH19",
          "dependencies": [
            "azurerm_network_interface.my_terraform_nic",
            "azurerm_network_security_group.my_terraform_nsg",
            "azurerm_public_ip.my_terraform_public_ip",
            "azurerm_resource_group.rg",
            "azurerm_subnet.my_terraform_subnet",
            "azurerm_virtual_network.my_terraform_network"
          ]
        }
      ]
    },
    {
      "mode": "managed",
      "type": "azurerm_network_security_group",
      "name": "my_terraform_nsg",
      "provider": "provider[\"registry.terraform.io/hashicorp/azurerm\"]",
      "instances": [
        {
          "schema_version": 0,
          "attributes": {
            "id": "/subscriptions/12d08a43-87ab-49fc-b06f-d1d31622044a/resourceGroups/Devops_project1/providers/Microsoft.Network/networkSecurityGroups/myNetworkSecurityGroup",
            "location": "eastus2",
            "name": "myNetworkSecurityGroup",
            "resource_group_name": "Devops_project1",
            "security_rule": [
              {
                "access": "Allow",
                "description": "",
                "destination_address_prefix": "*",
                "destination_address_prefixes": [],
                "destination_application_security_group_ids": [],
                "destination_port_range": "*",
                "destination_port_ranges": [],
                "direction": "Inbound",
                "name": "nexus_in",
                "priority": 1015,
                "protocol": "Tcp",
                "source_address_prefix": "*",
                "source_address_prefixes": [],
                "source_application_security_group_ids": [],
                "source_port_range": "8081",
                "source_port_ranges": []
              },
              {
                "access": "Allow",
                "description": "",
                "destination_address_prefix": "*",
                "destination_address_prefixes": [],
                "destination_application_security_group_ids": [],
                "destination_port_range": "*",
                "destination_port_ranges": [],
                "direction": "Inbound",
                "name": "sonar_in",
                "priority": 1013,
                "protocol": "Tcp",
                "source_address_prefix": "*",
                "source_address_prefixes": [],
                "source_application_security_group_ids": [],
                "source_port_range": "9000",
                "source_port_ranges": []
              },
              {
                "access": "Allow",
                "description": "",
                "destination_address_prefix": "*",
                "destination_address_prefixes": [],
                "destination_application_security_group_ids": [],
                "destination_port_range": "*",
                "destination_port_ranges": [],
                "direction": "Outbound",
                "name": "jenkins_out",
                "priority": 1012,
                "protocol": "Tcp",
                "source_address_prefix": "*",
                "source_address_prefixes": [],
                "source_application_security_group_ids": [],
                "source_port_range": "8080",
                "source_port_ranges": []
              },
              {
                "access": "Allow",
                "description": "",
                "destination_address_prefix": "*",
                "destination_address_prefixes": [],
                "destination_application_security_group_ids": [],
                "destination_port_range": "*",
                "destination_port_ranges": [],
                "direction": "Outbound",
                "name": "nexus_out",
                "priority": 1016,
                "protocol": "Tcp",
                "source_address_prefix": "*",
                "source_address_prefixes": [],
                "source_application_security_group_ids": [],
                "source_port_range": "8081",
                "source_port_ranges": []
              },
              {
                "access": "Allow",
                "description": "",
                "destination_address_prefix": "*",
                "destination_address_prefixes": [],
                "destination_application_security_group_ids": [],
                "destination_port_range": "*",
                "destination_port_ranges": [],
                "direction": "Outbound",
                "name": "sonar_out",
                "priority": 1014,
                "protocol": "Tcp",
                "source_address_prefix": "*",
                "source_address_prefixes": [],
                "source_application_security_group_ids": [],
                "source_port_range": "9000",
                "source_port_ranges": []
              },
              {
                "access": "Allow",
                "description": "",
                "destination_address_prefix": "*",
                "destination_address_prefixes": [],
                "destination_application_security_group_ids": [],
                "destination_port_range": "22",
                "destination_port_ranges": [],
                "direction": "Inbound",
                "name": "SSH",
                "priority": 1001,
                "protocol": "Tcp",
                "source_address_prefix": "*",
                "source_address_prefixes": [],
                "source_application_security_group_ids": [],
                "source_port_range": "*",
                "source_port_ranges": []
              },
              {
                "access": "Allow",
                "description": "",
                "destination_address_prefix": "*",
                "destination_address_prefixes": [],
                "destination_application_security_group_ids": [],
                "destination_port_range": "8080",
                "destination_port_ranges": [],
                "direction": "Inbound",
                "name": "jenkins",
                "priority": 1011,
                "protocol": "Tcp",
                "source_address_prefix": "*",
                "source_address_prefixes": [],
                "source_application_security_group_ids": [],
                "source_port_range": "*",
                "source_port_ranges": []
              }
            ],
            "tags": null,
            "timeouts": null
          },
          "sensitive_attributes": [],
          "private": "eyJlMmJmYjczMC1lY2FhLTExZTYtOGY4OC0zNDM2M2JjN2M0YzAiOnsiY3JlYXRlIjoxODAwMDAwMDAwMDAwLCJkZWxldGUiOjE4MDAwMDAwMDAwMDAsInJlYWQiOjMwMDAwMDAwMDAwMCwidXBkYXRlIjoxODAwMDAwMDAwMDAwfX0=",
          "dependencies": [
            "azurerm_resource_group.rg"
          ]
        }
      ]
    },
    {
      "mode": "managed",
      "type": "azurerm_public_ip",
      "name": "my_terraform_public_ip",
      "provider": "provider[\"registry.terraform.io/hashicorp/azurerm\"]",
      "instances": [
        {
          "schema_version": 0,
          "attributes": {
            "allocation_method": "Dynamic",
            "ddos_protection_mode": "VirtualNetworkInherited",
            "ddos_protection_plan_id": null,
            "domain_name_label": null,
            "edge_zone": "",
            "fqdn": null,
            "id": "/subscriptions/12d08a43-87ab-49fc-b06f-d1d31622044a/resourceGroups/Devops_project1/providers/Microsoft.Network/publicIPAddresses/myPublicIP",
            "idle_timeout_in_minutes": 4,
            "ip_address": "",
            "ip_tags": null,
            "ip_version": "IPv4",
            "location": "eastus2",
            "name": "myPublicIP",
            "public_ip_prefix_id": null,
            "resource_group_name": "Devops_project1",
            "reverse_fqdn": null,
            "sku": "Basic",
            "sku_tier": "Regional",
            "tags": null,
            "timeouts": null,
            "zones": null
          },
          "sensitive_attributes": [],
          "private": "eyJlMmJmYjczMC1lY2FhLTExZTYtOGY4OC0zNDM2M2JjN2M0YzAiOnsiY3JlYXRlIjoxODAwMDAwMDAwMDAwLCJkZWxldGUiOjE4MDAwMDAwMDAwMDAsInJlYWQiOjMwMDAwMDAwMDAwMCwidXBkYXRlIjoxODAwMDAwMDAwMDAwfX0=",
          "dependencies": [
            "azurerm_resource_group.rg"
          ]
        }
      ]
    },
    {
      "mode": "managed",
      "type": "azurerm_resource_group",
      "name": "rg",
      "provider": "provider[\"registry.terraform.io/hashicorp/azurerm\"]",
      "instances": [
        {
          "schema_version": 0,
          "attributes": {
            "id": "/subscriptions/12d08a43-87ab-49fc-b06f-d1d31622044a/resourceGroups/Devops_project1",
            "location": "eastus2",
            "managed_by": "",
            "name": "Devops_project1",
            "tags": null,
            "timeouts": null
          },
          "sensitive_attributes": [],
          "private": "eyJlMmJmYjczMC1lY2FhLTExZTYtOGY4OC0zNDM2M2JjN2M0YzAiOnsiY3JlYXRlIjo1NDAwMDAwMDAwMDAwLCJkZWxldGUiOjU0MDAwMDAwMDAwMDAsInJlYWQiOjMwMDAwMDAwMDAwMCwidXBkYXRlIjo1NDAwMDAwMDAwMDAwfX0="
        }
      ]
    },
    {
      "mode": "managed",
      "type": "azurerm_subnet",
      "name": "my_terraform_subnet",
      "provider": "provider[\"registry.terraform.io/hashicorp/azurerm\"]",
      "instances": [
        {
          "schema_version": 0,
          "attributes": {
            "address_prefixes": [
              "10.0.1.0/24"
            ],
            "default_outbound_access_enabled": true,
            "delegation": [],
            "enforce_private_link_endpoint_network_policies": false,
            "enforce_private_link_service_network_policies": false,
            "id": "/subscriptions/12d08a43-87ab-49fc-b06f-d1d31622044a/resourceGroups/Devops_project1/providers/Microsoft.Network/virtualNetworks/myVnet/subnets/mySubnet",
            "name": "mySubnet",
            "private_endpoint_network_policies": "Enabled",
            "private_endpoint_network_policies_enabled": true,
            "private_link_service_network_policies_enabled": true,
            "resource_group_name": "Devops_project1",
            "service_endpoint_policy_ids": null,
            "service_endpoints": null,
            "timeouts": null,
            "virtual_network_name": "myVnet"
          },
          "sensitive_attributes": [],
          "private": "eyJlMmJmYjczMC1lY2FhLTExZTYtOGY4OC0zNDM2M2JjN2M0YzAiOnsiY3JlYXRlIjoxODAwMDAwMDAwMDAwLCJkZWxldGUiOjE4MDAwMDAwMDAwMDAsInJlYWQiOjMwMDAwMDAwMDAwMCwidXBkYXRlIjoxODAwMDAwMDAwMDAwfX0=",
          "dependencies": [
            "azurerm_resource_group.rg",
            "azurerm_virtual_network.my_terraform_network"
          ]
        }
      ]
    },
    {
      "mode": "managed",
      "type": "azurerm_virtual_network",
      "name": "my_terraform_network",
      "provider": "provider[\"registry.terraform.io/hashicorp/azurerm\"]",
      "instances": [
        {
          "schema_version": 0,
          "attributes": {
            "address_space": [
              "10.0.0.0/16"
            ],
            "bgp_community": "",
            "ddos_protection_plan": [],
            "dns_servers": [],
            "edge_zone": "",
            "encryption": [],
            "flow_timeout_in_minutes": 0,
            "guid": "390600e4-5ae3-43ce-9dbe-948d3c923f7d",
            "id": "/subscriptions/12d08a43-87ab-49fc-b06f-d1d31622044a/resourceGroups/Devops_project1/providers/Microsoft.Network/virtualNetworks/myVnet",
            "location": "eastus2",
            "name": "myVnet",
            "resource_group_name": "Devops_project1",
            "subnet": [],
            "tags": null,
            "timeouts": null
          },
          "sensitive_attributes": [],
          "private": "eyJlMmJmYjczMC1lY2FhLTExZTYtOGY4OC0zNDM2M2JjN2M0YzAiOnsiY3JlYXRlIjoxODAwMDAwMDAwMDAwLCJkZWxldGUiOjE4MDAwMDAwMDAwMDAsInJlYWQiOjMwMDAwMDAwMDAwMCwidXBkYXRlIjoxODAwMDAwMDAwMDAwfX0=",
          "dependencies": [
            "azurerm_resource_group.rg"
          ]
        }
      ]
    },
    {
      "mode": "managed",
      "type": "random_id",
      "name": "random_id",
      "provider": "provider[\"registry.terraform.io/hashicorp/random\"]",
      "instances": [
        {
          "schema_version": 0,
          "attributes": {
            "b64_std": "dcWP6DD+/Vc=",
            "b64_url": "dcWP6DD-_Vc",
            "byte_length": 8,
            "dec": "8486347300266769751",
            "hex": "75c58fe830fefd57",
            "id": "dcWP6DD-_Vc",
            "keepers": {
              "resource_group": "Devops_project1"
            },
            "prefix": null
          },
          "sensitive_attributes": [],
          "dependencies": [
            "azurerm_resource_group.rg"
          ]
        }
      ]
    },
    {
      "mode": "managed",
      "type": "random_pet",
      "name": "rg_name",
      "provider": "provider[\"registry.terraform.io/hashicorp/random\"]",
      "instances": [
        {
          "schema_version": 0,
          "attributes": {
            "id": "rg-premium-bluegill",
            "keepers": null,
            "length": 2,
            "prefix": "rg",
            "separator": "-"
          },
          "sensitive_attributes": []
        }
      ]
    },
    {
      "mode": "managed",
      "type": "random_pet",
      "name": "ssh_key_name",
      "provider": "provider[\"registry.terraform.io/hashicorp/random\"]",
      "instances": [
        {
          "schema_version": 0,
          "attributes": {
            "id": "sshassuredswift",
            "keepers": null,
            "length": 2,
            "prefix": "ssh",
            "separator": ""
          },
          "sensitive_attributes": []
        }
      ]
    }
  ],
  "check_results": null
}
