{
  "version": 4,
  "terraform_version": "1.5.7",
  "serial": 463,
  "lineage": "d3195f55-e150-6f69-ea5d-8087d7067597",
  "outputs": {
    "key_data": {
      "value": "ssh-rsa AAAAB3NzaC1yc2EAAAADAQABAAABgQDJTVF2sKH5iWaiHVMBN3HH9OFMJPqgSYZhetC9Ef28gHdO5W926AIkj/05S9x3dOpwYmwmgX+hOyS5MG4l2g5BfcQBZ8X22tfYA2nJFWKD73uOnt+aVykz7XkedZQzA+08yvMOyjWHzdUoUHypzIU/UonmJcLDm2SCBwlZST107pyTM7H8hfNGp3yQAQFqmigznsEwlkAb8nQRxCZ8ILpO4UNDYUx21+nTmpFCOGxEMcVS4wVx+Xh5rI+MnJP/JoyZMEbgSWUCgXHIGGhCkHiQL1/Lxx5mdIH0oq6TJQ19Vpvl/qDWtPpRSY4HU9K5mj8VPs/oWAjknCIUCwx8kGoUh/V9ZfPtWoYxJcojH1WOHksbbfYn2L1wjzAjGX+b9DVhj043bQBUvPSSNGWbh7hdCKleGWog3GRM/F69Nmzr3vwEsPjPCJyIo0btdKtDCDs+zqDlO8x7TOtln/TGlzg4eiMk5+xGa8GjlgYgH6FqtgvYKLs0ikDen6Kbyy8VhkE= generated-by-azure",
      "type": "string"
    },
    "public_ip_address": {
      "value": "104.209.209.38",
      "type": "string"
    },
    "resource_group_name": {
      "value": "Devops_project1",
      "type": "string"
    }
  },
  "resources": [
    {
      "mode": "managed",
      "type": "azapi_resource",
      "name": "ssh_public_key",
      "provider": "provider[\"registry.terraform.io/azure/azapi\"]",
      "instances": [
        {
          "schema_version": 1,
          "attributes": {
            "body": {
              "value": "{}",
              "type": "string"
            },
            "id": "/subscriptions/12d08a43-87ab-49fc-b06f-d1d31622044a/resourceGroups/Devops_project1/providers/Microsoft.Compute/sshPublicKeys/sshcivilspider",
            "identity": [],
            "ignore_body_changes": null,
            "ignore_casing": false,
            "ignore_missing_property": true,
            "location": "eastus2",
            "locks": null,
            "name": "sshcivilspider",
            "output": {
              "value": "{}",
              "type": "string"
            },
            "parent_id": "/subscriptions/12d08a43-87ab-49fc-b06f-d1d31622044a/resourceGroups/Devops_project1",
            "removing_special_chars": false,
            "response_export_values": null,
            "schema_validation_enabled": true,
            "tags": null,
            "timeouts": null,
            "type": "Microsoft.Compute/sshPublicKeys@2022-11-01"
          },
          "sensitive_attributes": [],
          "dependencies": [
            "azurerm_resource_group.rg",
            "random_pet.ssh_key_name"
          ]
        }
      ]
    },
    {
      "mode": "managed",
      "type": "azapi_resource_action",
      "name": "ssh_public_key_gen",
      "provider": "provider[\"registry.terraform.io/azure/azapi\"]",
      "instances": [
        {
          "schema_version": 1,
          "attributes": {
            "action": "generateKeyPair",
            "body": null,
            "id": "/subscriptions/12d08a43-87ab-49fc-b06f-d1d31622044a/resourceGroups/Devops_project1/providers/Microsoft.Compute/sshPublicKeys/sshcivilspider/generateKeyPair",
            "locks": null,
            "method": "POST",
            "output": {
              "value": {
                "privateKey": "-----BEGIN RSA PRIVATE KEY-----\r\nMIIG5AIBAAKCAYEAyU1RdrCh+Ylmoh1TATdxx/ThTCT6oEmGYXrQvRH9vIB3TuVv\r\ndugCJI/9OUvcd3TqcGJsJoF/oTskuTBuJdoOQX3EAWfF9trX2ANpyRVig+97jp7f\r\nmlcpM+15HnWUMwPtPMrzDso1h83VKFB8qcyFP1KJ5iXCw5tkggcJWUk9dO6ckzOx\r\n/IXzRqd8kAEBapooM57BMJZAG/J0EcQmfCC6TuFDQ2FMdtfp05qRQjhsRDHFUuMF\r\ncfl4eayPjJyT/yaMmTBG4EllAoFxyBhoQpB4kC9fy8ceZnSB9KKukyUNfVab5f6g\r\n1rT6UUmOB1PSuZo/FT7P6FgI5JwiFAsMfJBqFIf1fWXz7VqGMSXKIx9Vjh5LG232\r\nJ9i9cI8wIxl/m/Q1YY9ON20AVLz0kjRlm4e4XQipXhlqINxkTPxevTZs6978BLD4\r\nzwiciKNG7XSrQwg7Ps6g5TvMe0zrZZ/0xpc4OHojJOfsRmvBo5YGIB+harYL2Ci7\r\nNIpA3p+im8svFYZBAgMBAAECggGAF4pjLG4bgwL+bZbgThQdyjRo5G6uoG/4tw2V\r\nu4aPFawwR5mtH0qidYQhKMImVhHmGJ5p51bdhg1UjhOLzgFiCWabtU5daDDPbQN5\r\nK3rEuokW+ea6X2Ix/1CWCWnWmuCqraFOKzyaZfc8JirDaVfxfSY52iAwVo+lgU8x\r\nWK+n8DS3Or+g4NcJTAnqFy0G7WB5sw+tp/DqLlp8GFfH6FwrbW4KX6bROlSlk4lP\r\n016lypPHb5n82QdDf3cekmL9K6lmMmlkc+b5B/fKjfVF0WiC3nu6OY5D2Dm8vZOB\r\n3GSSTQzvujvmtqLJwz4couovg+2MMsJeUSBka3roq46GvgmK10PMO0HQjl9Lh8yU\r\n42uwMoVEF/hxl3wB9SNfahcr959ojUt/szD6M85SPjn+sGFaz54+4KCXyigsbVxc\r\nBcsRcXYnLN91TvvjBr5By6G4vwueHPNW3qIZrp9EmfGJzQ+xt1iA/CkoCeZ92xJQ\r\nvNQ4gucNcjxHqGXx0d5cziWbia/BAoHBAM2q8n9M5o3TopHi/HIO5amN6ZzhSEXc\r\nK3qVbL88AhVnDPpV4PEpzXSzErCKVcFBTh3bsERXYVwXlBCgd7quufNMn2Igk0qY\r\nmHjGJbYWO6detoDWGtV3mLFA0fX/1WTqVhmQYctkgjE3lFbEWY7ZnnDr6alBcoz8\r\nFK4ftu4Ee6Bw7j+n8mkz/0lBap9N0TfjNQL6kbUo7jVHNXJt1gINS+g8sqAnpM8m\r\nLwtXihCtf5pTrSOyUAta5GLLP5B352umvwKBwQD6kNuvKxfgnBaitQcdhbTfMgF/\r\nUNAIF17Im3BT9nMI1Gi8PUtNcYIr9RU5svXRblCfQFk+gDOyOiDFLhyfIg87/+Ve\r\nrTMzmPrYK2CNFUXJK9osnOG80IcMFqIiucvs56lph9efUUO5anOWa1cPWdG9UBsi\r\nbEMcKU9viYC5C8FPc6Tqwme4GGv9mjoJoAZggqW/QPV37KUQR1cLk0Ow+0RDEmfP\r\nxPLr1IuYPQVxFX6R3lmVrJoJMsLWJSH1VRgfEv8CgcEAvZGe+TVxoTJ8O0nkdGFE\r\n0PcMaFzCWBorPU8zsEToir+0l53Gu6NTTAiu5mhryLif/yd6nlOIWvEkufqewUTC\r\nAv8SPclW2kAy8cd6BQ8TJx9GyxQOIcqdxGvB26RXFjBk8iVB7s6SrjjTkvJitifi\r\nQaVBd4/qvQaxLRnwbA1Xwje1cpkj+FJEMUqJs5JvkLrtJvS8jyXOAu/C1Nlmk/eb\r\nitE/uB0ybPl+DU8/5EV3Q1FzWl7GJuE9d85tpYTPm0tTAoHBAKGURHaDXZR0U4x9\r\nHKeHD4pW3uxRGrX9DBxlUFx0st3gy+GHzUWVixH5q8RXiXmSn97yShqp5axrG7LL\r\n950PA6/3ZtxU6I2/exNndY3FSAlghAL87/0oo83B0rB+C+krwu3QsdWFPB0Xbo5z\r\njeLSUxS30aezFNvWL+mHTEEIOZKYyqKw1t26sfkKOZ73WOVnmqbopuK88fy7ZICM\r\naLx6bBysg9FR+izmFVcJErdH2yUJs893TKXd3BLoQyvHwhRX1QKBwF3QKjOtExRA\r\nOcmVqCR2Lf7FqaXJ02gPU8oSktOrNS3TzGxGB+Jds1xNRdZ/NE0D8NKkwwaDwuuu\r\nLkDeUepkoNQu5V2sRzSoEhjpkN6hhyNSqbni6DhLiOb/fqTBhLE6j5p0Vryze7wb\r\nqwp/HDX1VP3X1vnwmpY0Z0XG+s+RiJRJstYdFDmM/+w8Ea95VMykSuxZ6SHDjkNT\r\nMsu58h5m1bABl47koxCfH1Rzs8NQzd8pdBmrK4OemJMd5svvLc+Fgg==\r\n-----END RSA PRIVATE KEY-----\r\n",
                "publicKey": "ssh-rsa AAAAB3NzaC1yc2EAAAADAQABAAABgQDJTVF2sKH5iWaiHVMBN3HH9OFMJPqgSYZhetC9Ef28gHdO5W926AIkj/05S9x3dOpwYmwmgX+hOyS5MG4l2g5BfcQBZ8X22tfYA2nJFWKD73uOnt+aVykz7XkedZQzA+08yvMOyjWHzdUoUHypzIU/UonmJcLDm2SCBwlZST107pyTM7H8hfNGp3yQAQFqmigznsEwlkAb8nQRxCZ8ILpO4UNDYUx21+nTmpFCOGxEMcVS4wVx+Xh5rI+MnJP/JoyZMEbgSWUCgXHIGGhCkHiQL1/Lxx5mdIH0oq6TJQ19Vpvl/qDWtPpRSY4HU9K5mj8VPs/oWAjknCIUCwx8kGoUh/V9ZfPtWoYxJcojH1WOHksbbfYn2L1wjzAjGX+b9DVhj043bQBUvPSSNGWbh7hdCKleGWog3GRM/F69Nmzr3vwEsPjPCJyIo0btdKtDCDs+zqDlO8x7TOtln/TGlzg4eiMk5+xGa8GjlgYgH6FqtgvYKLs0ikDen6Kbyy8VhkE= generated-by-azure"
              },
              "type": [
                "object",
                {
                  "privateKey": "string",
                  "publicKey": "string"
                }
              ]
            },
            "resource_id": "/subscriptions/12d08a43-87ab-49fc-b06f-d1d31622044a/resourceGroups/Devops_project1/providers/Microsoft.Compute/sshPublicKeys/sshcivilspider",
            "response_export_values": [
              "publicKey",
              "privateKey"
            ],
            "timeouts": null,
            "type": "Microsoft.Compute/sshPublicKeys@2022-11-01",
            "when": "apply"
          },
          "sensitive_attributes": [],
          "dependencies": [
            "azapi_resource.ssh_public_key",
            "azurerm_resource_group.rg",
            "random_pet.ssh_key_name"
          ]
        }
      ]
    },
    {
      "mode": "managed",
      "type": "azurerm_linux_virtual_machine",
      "name": "my_terraform_vm",
      "provider": "provider[\"registry.terraform.io/hashicorp/azurerm\"]",
      "instances": [
        {
          "schema_version": 0,
          "attributes": {
            "additional_capabilities": [],
            "admin_password": "Azure@123456",
            "admin_ssh_key": [],
            "admin_username": "azureuser",
            "allow_extension_operations": true,
            "availability_set_id": "",
            "boot_diagnostics": [],
            "bypass_platform_safety_checks_on_user_schedule_enabled": false,
            "capacity_reservation_group_id": "",
            "computer_name": "Jenkins",
            "custom_data": null,
            "dedicated_host_group_id": "",
            "dedicated_host_id": "",
            "disable_password_authentication": false,
            "disk_controller_type": "SCSI",
            "edge_zone": "",
            "encryption_at_host_enabled": false,
            "eviction_policy": "",
            "extensions_time_budget": "PT1H30M",
            "gallery_application": [],
            "id": "/subscriptions/12d08a43-87ab-49fc-b06f-d1d31622044a/resourceGroups/Devops_project1/providers/Microsoft.Compute/virtualMachines/Jenkins",
            "identity": [],
            "license_type": "",
            "location": "eastus2",
            "max_bid_price": -1,
            "name": "Jenkins",
            "network_interface_ids": [
              "/subscriptions/12d08a43-87ab-49fc-b06f-d1d31622044a/resourceGroups/Devops_project1/providers/Microsoft.Network/networkInterfaces/myNIC"
            ],
            "os_disk": [
              {
                "caching": "ReadWrite",
                "diff_disk_settings": [],
                "disk_encryption_set_id": "",
                "disk_size_gb": 32,
                "name": "myOsDisk",
                "secure_vm_disk_encryption_set_id": "",
                "security_encryption_type": "",
                "storage_account_type": "Premium_LRS",
                "write_accelerator_enabled": false
              }
            ],
            "os_image_notification": [],
            "patch_assessment_mode": "ImageDefault",
            "patch_mode": "ImageDefault",
            "plan": [],
            "platform_fault_domain": -1,
            "priority": "Regular",
            "private_ip_address": "10.0.1.4",
            "private_ip_addresses": [
              "10.0.1.4"
            ],
            "provision_vm_agent": true,
            "proximity_placement_group_id": "",
            "public_ip_address": "104.209.209.38",
            "public_ip_addresses": [
              "104.209.209.38"
            ],
            "reboot_setting": "",
            "resource_group_name": "Devops_project1",
            "secret": [],
            "secure_boot_enabled": true,
            "size": "Standard_D2as_v4",
            "source_image_id": "/subscriptions/12d08a43-87ab-49fc-b06f-d1d31622044a/resourcegroups/Devops_project/providers/Microsoft.Compute/galleries/azure_compute_gallery/images/custom_jenkins_image1/versions/1.0.0",
            "source_image_reference": [],
            "tags": null,
            "termination_notification": null,
            "timeouts": null,
            "user_data": "",
            "virtual_machine_id": "dd5c074f-75b8-43fc-8e1c-bd944786dea4",
            "virtual_machine_scale_set_id": "",
            "vm_agent_platform_updates_enabled": false,
            "vtpm_enabled": false,
            "zone": ""
          },
          "sensitive_attributes": [],
          "private": "eyJlMmJmYjczMC1lY2FhLTExZTYtOGY4OC0zNDM2M2JjN2M0YzAiOnsiY3JlYXRlIjoyNzAwMDAwMDAwMDAwLCJkZWxldGUiOjI3MDAwMDAwMDAwMDAsInJlYWQiOjMwMDAwMDAwMDAwMCwidXBkYXRlIjoyNzAwMDAwMDAwMDAwfX0=",
          "dependencies": [
            "azurerm_network_interface.my_terraform_nic",
            "azurerm_public_ip.my_terraform_public_ip",
            "azurerm_resource_group.rg",
            "azurerm_subnet.my_terraform_subnet",
            "azurerm_virtual_network.my_terraform_network"
          ]
        }
      ]
    },
    {
      "mode": "managed",
      "type": "azurerm_network_interface",
      "name": "my_terraform_nic",
      "provider": "provider[\"registry.terraform.io/hashicorp/azurerm\"]",
      "instances": [
        {
          "schema_version": 0,
          "attributes": {
            "accelerated_networking_enabled": false,
            "applied_dns_servers": [],
            "auxiliary_mode": "",
            "auxiliary_sku": "",
            "dns_servers": [],
            "edge_zone": "",
            "enable_accelerated_networking": false,
            "enable_ip_forwarding": false,
            "id": "/subscriptions/12d08a43-87ab-49fc-b06f-d1d31622044a/resourceGroups/Devops_project1/providers/Microsoft.Network/networkInterfaces/myNIC",
            "internal_dns_name_label": "",
            "internal_domain_name_suffix": "ckltgztsppweda12puawuaddme.cx.internal.cloudapp.net",
            "ip_configuration": [
              {
                "gateway_load_balancer_frontend_ip_configuration_id": "",
                "name": "my_nic_configuration",
                "primary": true,
                "private_ip_address": "10.0.1.4",
                "private_ip_address_allocation": "Dynamic",
                "private_ip_address_version": "IPv4",
                "public_ip_address_id": "/subscriptions/12d08a43-87ab-49fc-b06f-d1d31622044a/resourceGroups/Devops_project1/providers/Microsoft.Network/publicIPAddresses/myPublicIP",
                "subnet_id": "/subscriptions/12d08a43-87ab-49fc-b06f-d1d31622044a/resourceGroups/Devops_project1/providers/Microsoft.Network/virtualNetworks/myVnet/subnets/mySubnet"
              }
            ],
            "ip_forwarding_enabled": false,
            "location": "eastus2",
            "mac_address": "",
            "name": "myNIC",
            "private_ip_address": "10.0.1.4",
            "private_ip_addresses": [
              "10.0.1.4"
            ],
            "resource_group_name": "Devops_project1",
            "tags": null,
            "timeouts": null,
            "virtual_machine_id": ""
          },
          "sensitive_attributes": [],
          "private": "eyJlMmJmYjczMC1lY2FhLTExZTYtOGY4OC0zNDM2M2JjN2M0YzAiOnsiY3JlYXRlIjoxODAwMDAwMDAwMDAwLCJkZWxldGUiOjE4MDAwMDAwMDAwMDAsInJlYWQiOjMwMDAwMDAwMDAwMCwidXBkYXRlIjoxODAwMDAwMDAwMDAwfX0=",
          "dependencies": [
            "azurerm_public_ip.my_terraform_public_ip",
            "azurerm_resource_group.rg",
            "azurerm_subnet.my_terraform_subnet",
            "azurerm_virtual_network.my_terraform_network"
          ]
        }
      ]
    },
    {
      "mode": "managed",
      "type": "azurerm_network_interface_security_group_association",
      "name": "example",
      "provider": "provider[\"registry.terraform.io/hashicorp/azurerm\"]",
      "instances": [
        {
          "schema_version": 0,
          "attributes": {
            "id": "/subscriptions/12d08a43-87ab-49fc-b06f-d1d31622044a/resourceGroups/Devops_project1/providers/Microsoft.Network/networkInterfaces/myNIC|/subscriptions/12d08a43-87ab-49fc-b06f-d1d31622044a/resourceGroups/Devops_project1/providers/Microsoft.Network/networkSecurityGroups/myNetworkSecurityGroup",
            "network_interface_id": "/subscriptions/12d08a43-87ab-49fc-b06f-d1d31622044a/resourceGroups/Devops_project1/providers/Microsoft.Network/networkInterfaces/myNIC",
            "network_security_group_id": "/subscriptions/12d08a43-87ab-49fc-b06f-d1d31622044a/resourceGroups/Devops_project1/providers/Microsoft.Network/networkSecurityGroups/myNetworkSecurityGroup",
            "timeouts": null
          },
          "sensitive_attributes": [],
          "private": "eyJlMmJmYjczMC1lY2FhLTExZTYtOGY4OC0zNDM2M2JjN2M0YzAiOnsiY3JlYXRlIjoxODAwMDAwMDAwMDAwLCJkZWxldGUiOjE4MDAwMDAwMDAwMDAsInJlYWQiOjMwMDAwMDAwMDAwMH19",
          "dependencies": [
            "azurerm_network_interface.my_terraform_nic",
            "azurerm_network_security_group.my_terraform_nsg",
            "azurerm_public_ip.my_terraform_public_ip",
            "azurerm_resource_group.rg",
            "azurerm_subnet.my_terraform_subnet",
            "azurerm_virtual_network.my_terraform_network"
          ]
        }
      ]
    },
    {
      "mode": "managed",
      "type": "azurerm_network_security_group",
      "name": "my_terraform_nsg",
      "provider": "provider[\"registry.terraform.io/hashicorp/azurerm\"]",
      "instances": [
        {
          "schema_version": 0,
          "attributes": {
            "id": "/subscriptions/12d08a43-87ab-49fc-b06f-d1d31622044a/resourceGroups/Devops_project1/providers/Microsoft.Network/networkSecurityGroups/myNetworkSecurityGroup",
            "location": "eastus2",
            "name": "myNetworkSecurityGroup",
            "resource_group_name": "Devops_project1",
            "security_rule": [
              {
                "access": "Allow",
                "description": "",
                "destination_address_prefix": "*",
                "destination_address_prefixes": [],
                "destination_application_security_group_ids": [],
                "destination_port_range": "*",
                "destination_port_ranges": [],
                "direction": "Outbound",
                "name": "jenkins_out",
                "priority": 1012,
                "protocol": "Tcp",
                "source_address_prefix": "*",
                "source_address_prefixes": [],
                "source_application_security_group_ids": [],
                "source_port_range": "8080",
                "source_port_ranges": []
              },
              {
                "access": "Allow",
                "description": "",
                "destination_address_prefix": "*",
                "destination_address_prefixes": [],
                "destination_application_security_group_ids": [],
                "destination_port_range": "22",
                "destination_port_ranges": [],
                "direction": "Inbound",
                "name": "SSH",
                "priority": 1001,
                "protocol": "Tcp",
                "source_address_prefix": "*",
                "source_address_prefixes": [],
                "source_application_security_group_ids": [],
                "source_port_range": "*",
                "source_port_ranges": []
              },
              {
                "access": "Allow",
                "description": "",
                "destination_address_prefix": "*",
                "destination_address_prefixes": [],
                "destination_application_security_group_ids": [],
                "destination_port_range": "8080",
                "destination_port_ranges": [],
                "direction": "Inbound",
                "name": "jenkins",
                "priority": 1011,
                "protocol": "Tcp",
                "source_address_prefix": "*",
                "source_address_prefixes": [],
                "source_application_security_group_ids": [],
                "source_port_range": "*",
                "source_port_ranges": []
              },
              {
                "access": "Allow",
                "description": "",
                "destination_address_prefix": "*",
                "destination_address_prefixes": [],
                "destination_application_security_group_ids": [],
                "destination_port_range": "8081",
                "destination_port_ranges": [],
                "direction": "Inbound",
                "name": "nexus_in",
                "priority": 1015,
                "protocol": "Tcp",
                "source_address_prefix": "*",
                "source_address_prefixes": [],
                "source_application_security_group_ids": [],
                "source_port_range": "*",
                "source_port_ranges": []
              },
              {
                "access": "Allow",
                "description": "",
                "destination_address_prefix": "*",
                "destination_address_prefixes": [],
                "destination_application_security_group_ids": [],
                "destination_port_range": "9000",
                "destination_port_ranges": [],
                "direction": "Inbound",
                "name": "sonar_in",
                "priority": 1013,
                "protocol": "Tcp",
                "source_address_prefix": "*",
                "source_address_prefixes": [],
                "source_application_security_group_ids": [],
                "source_port_range": "*",
                "source_port_ranges": []
              }
            ],
            "tags": null,
            "timeouts": null
          },
          "sensitive_attributes": [],
          "private": "eyJlMmJmYjczMC1lY2FhLTExZTYtOGY4OC0zNDM2M2JjN2M0YzAiOnsiY3JlYXRlIjoxODAwMDAwMDAwMDAwLCJkZWxldGUiOjE4MDAwMDAwMDAwMDAsInJlYWQiOjMwMDAwMDAwMDAwMCwidXBkYXRlIjoxODAwMDAwMDAwMDAwfX0=",
          "dependencies": [
            "azurerm_resource_group.rg"
          ]
        }
      ]
    },
    {
      "mode": "managed",
      "type": "azurerm_public_ip",
      "name": "my_terraform_public_ip",
      "provider": "provider[\"registry.terraform.io/hashicorp/azurerm\"]",
      "instances": [
        {
          "schema_version": 0,
          "attributes": {
            "allocation_method": "Dynamic",
            "ddos_protection_mode": "VirtualNetworkInherited",
            "ddos_protection_plan_id": null,
            "domain_name_label": null,
            "edge_zone": "",
            "fqdn": null,
            "id": "/subscriptions/12d08a43-87ab-49fc-b06f-d1d31622044a/resourceGroups/Devops_project1/providers/Microsoft.Network/publicIPAddresses/myPublicIP",
            "idle_timeout_in_minutes": 4,
            "ip_address": "",
            "ip_tags": null,
            "ip_version": "IPv4",
            "location": "eastus2",
            "name": "myPublicIP",
            "public_ip_prefix_id": null,
            "resource_group_name": "Devops_project1",
            "reverse_fqdn": null,
            "sku": "Basic",
            "sku_tier": "Regional",
            "tags": null,
            "timeouts": null,
            "zones": null
          },
          "sensitive_attributes": [],
          "private": "eyJlMmJmYjczMC1lY2FhLTExZTYtOGY4OC0zNDM2M2JjN2M0YzAiOnsiY3JlYXRlIjoxODAwMDAwMDAwMDAwLCJkZWxldGUiOjE4MDAwMDAwMDAwMDAsInJlYWQiOjMwMDAwMDAwMDAwMCwidXBkYXRlIjoxODAwMDAwMDAwMDAwfX0=",
          "dependencies": [
            "azurerm_resource_group.rg"
          ]
        }
      ]
    },
    {
      "mode": "managed",
      "type": "azurerm_resource_group",
      "name": "rg",
      "provider": "provider[\"registry.terraform.io/hashicorp/azurerm\"]",
      "instances": [
        {
          "schema_version": 0,
          "attributes": {
            "id": "/subscriptions/12d08a43-87ab-49fc-b06f-d1d31622044a/resourceGroups/Devops_project1",
            "location": "eastus2",
            "managed_by": "",
            "name": "Devops_project1",
            "tags": null,
            "timeouts": null
          },
          "sensitive_attributes": [],
          "private": "eyJlMmJmYjczMC1lY2FhLTExZTYtOGY4OC0zNDM2M2JjN2M0YzAiOnsiY3JlYXRlIjo1NDAwMDAwMDAwMDAwLCJkZWxldGUiOjU0MDAwMDAwMDAwMDAsInJlYWQiOjMwMDAwMDAwMDAwMCwidXBkYXRlIjo1NDAwMDAwMDAwMDAwfX0="
        }
      ]
    },
    {
      "mode": "managed",
      "type": "azurerm_subnet",
      "name": "my_terraform_subnet",
      "provider": "provider[\"registry.terraform.io/hashicorp/azurerm\"]",
      "instances": [
        {
          "schema_version": 0,
          "attributes": {
            "address_prefixes": [
              "10.0.1.0/24"
            ],
            "default_outbound_access_enabled": true,
            "delegation": [],
            "enforce_private_link_endpoint_network_policies": false,
            "enforce_private_link_service_network_policies": false,
            "id": "/subscriptions/12d08a43-87ab-49fc-b06f-d1d31622044a/resourceGroups/Devops_project1/providers/Microsoft.Network/virtualNetworks/myVnet/subnets/mySubnet",
            "name": "mySubnet",
            "private_endpoint_network_policies": "Enabled",
            "private_endpoint_network_policies_enabled": true,
            "private_link_service_network_policies_enabled": true,
            "resource_group_name": "Devops_project1",
            "service_endpoint_policy_ids": null,
            "service_endpoints": null,
            "timeouts": null,
            "virtual_network_name": "myVnet"
          },
          "sensitive_attributes": [],
          "private": "eyJlMmJmYjczMC1lY2FhLTExZTYtOGY4OC0zNDM2M2JjN2M0YzAiOnsiY3JlYXRlIjoxODAwMDAwMDAwMDAwLCJkZWxldGUiOjE4MDAwMDAwMDAwMDAsInJlYWQiOjMwMDAwMDAwMDAwMCwidXBkYXRlIjoxODAwMDAwMDAwMDAwfX0=",
          "dependencies": [
            "azurerm_resource_group.rg",
            "azurerm_virtual_network.my_terraform_network"
          ]
        }
      ]
    },
    {
      "mode": "managed",
      "type": "azurerm_virtual_network",
      "name": "my_terraform_network",
      "provider": "provider[\"registry.terraform.io/hashicorp/azurerm\"]",
      "instances": [
        {
          "schema_version": 0,
          "attributes": {
            "address_space": [
              "10.0.0.0/16"
            ],
            "bgp_community": "",
            "ddos_protection_plan": [],
            "dns_servers": [],
            "edge_zone": "",
            "encryption": [],
            "flow_timeout_in_minutes": 0,
            "guid": "66339712-7b72-41ec-837c-7d016a006364",
            "id": "/subscriptions/12d08a43-87ab-49fc-b06f-d1d31622044a/resourceGroups/Devops_project1/providers/Microsoft.Network/virtualNetworks/myVnet",
            "location": "eastus2",
            "name": "myVnet",
            "resource_group_name": "Devops_project1",
            "subnet": [],
            "tags": null,
            "timeouts": null
          },
          "sensitive_attributes": [],
          "private": "eyJlMmJmYjczMC1lY2FhLTExZTYtOGY4OC0zNDM2M2JjN2M0YzAiOnsiY3JlYXRlIjoxODAwMDAwMDAwMDAwLCJkZWxldGUiOjE4MDAwMDAwMDAwMDAsInJlYWQiOjMwMDAwMDAwMDAwMCwidXBkYXRlIjoxODAwMDAwMDAwMDAwfX0=",
          "dependencies": [
            "azurerm_resource_group.rg"
          ]
        }
      ]
    },
    {
      "mode": "managed",
      "type": "random_id",
      "name": "random_id",
      "provider": "provider[\"registry.terraform.io/hashicorp/random\"]",
      "instances": [
        {
          "schema_version": 0,
          "attributes": {
            "b64_std": "tTYJBb/nCUc=",
            "b64_url": "tTYJBb_nCUc",
            "byte_length": 8,
            "dec": "13057634089906407751",
            "hex": "b5360905bfe70947",
            "id": "tTYJBb_nCUc",
            "keepers": {
              "resource_group": "Devops_project1"
            },
            "prefix": null
          },
          "sensitive_attributes": [],
          "dependencies": [
            "azurerm_resource_group.rg"
          ]
        }
      ]
    },
    {
      "mode": "managed",
      "type": "random_pet",
      "name": "rg_name",
      "provider": "provider[\"registry.terraform.io/hashicorp/random\"]",
      "instances": [
        {
          "schema_version": 0,
          "attributes": {
            "id": "rg-leading-fly",
            "keepers": null,
            "length": 2,
            "prefix": "rg",
            "separator": "-"
          },
          "sensitive_attributes": []
        }
      ]
    },
    {
      "mode": "managed",
      "type": "random_pet",
      "name": "ssh_key_name",
      "provider": "provider[\"registry.terraform.io/hashicorp/random\"]",
      "instances": [
        {
          "schema_version": 0,
          "attributes": {
            "id": "sshcivilspider",
            "keepers": null,
            "length": 2,
            "prefix": "ssh",
            "separator": ""
          },
          "sensitive_attributes": []
        }
      ]
    }
  ],
  "check_results": null
}
