{
  "version": 4,
  "terraform_version": "1.5.7",
  "serial": 737,
  "lineage": "d3195f55-e150-6f69-ea5d-8087d7067597",
  "outputs": {
    "key_data": {
      "value": "ssh-rsa AAAAB3NzaC1yc2EAAAADAQABAAABgQC5g090tpViCrs6sNBosmiIa1yn6UUAeGj37sQdVNleNhbwl+AddJBkcHkbBGnYD72KSSJYScrLyuW4h+n+SkPX9z5/xQMmDTXUSHso3YciwNuSilyaSL3UXjVtNX2FZ8tFDGQbFUbqjh9xAhnPQqZZb162q4hOLczwH2O1PSRV1DwQr2GmLjHbUNc4H7WOzSKDY5o5nJyN3tqY+zqk/6G/WHBYcL7K+wfLyq1S3RAitXsRkUZwzbQcxBTDkf4XUzHeC3oldzCsb1xvDl0sUocTPUVhqLVTnAYjslaJs6nOkIKNiMFfSnxCbL5muEGMeSPDezqTmN/snxokVjqewbYQgUjC3hAJmahBeTlPmI2/yIGYquTrUIIhKmA8chlkJrVojtOas3y15mm8Mq3LfBh8Ftf9ZdV3ZHXWfedRFahC6Onk/VBL0OKWJE8O86bxey7MqGnEylO2oelUa5dtB7lFsnuTyY4Ut1iVodApCCIuEeb8INys+exNkMUmPdRmxs0= generated-by-azure",
      "type": "string"
    },
    "public_ip_address": {
      "value": [
        "52.251.127.161"
      ],
      "type": [
        "tuple",
        [
          "string"
        ]
      ]
    },
    "resource_group_name": {
      "value": "Devops_project_dev",
      "type": "string"
    }
  },
  "resources": [
    {
      "mode": "managed",
      "type": "azapi_resource",
      "name": "ssh_public_key",
      "provider": "provider[\"registry.terraform.io/azure/azapi\"]",
      "instances": [
        {
          "schema_version": 1,
          "attributes": {
            "body": {
              "value": "{}",
              "type": "string"
            },
            "id": "/subscriptions/12d08a43-87ab-49fc-b06f-d1d31622044a/resourceGroups/Devops_project_dev/providers/Microsoft.Compute/sshPublicKeys/sshevolvedbuzzard",
            "identity": [],
            "ignore_body_changes": null,
            "ignore_casing": false,
            "ignore_missing_property": true,
            "location": "eastus2",
            "locks": null,
            "name": "sshevolvedbuzzard",
            "output": {
              "value": "{}",
              "type": "string"
            },
            "parent_id": "/subscriptions/12d08a43-87ab-49fc-b06f-d1d31622044a/resourceGroups/Devops_project_dev",
            "removing_special_chars": false,
            "response_export_values": null,
            "schema_validation_enabled": true,
            "tags": null,
            "timeouts": null,
            "type": "Microsoft.Compute/sshPublicKeys@2022-11-01"
          },
          "sensitive_attributes": [],
          "dependencies": [
            "azurerm_resource_group.rg",
            "random_pet.ssh_key_name"
          ]
        }
      ]
    },
    {
      "mode": "managed",
      "type": "azapi_resource_action",
      "name": "ssh_public_key_gen",
      "provider": "provider[\"registry.terraform.io/azure/azapi\"]",
      "instances": [
        {
          "schema_version": 1,
          "attributes": {
            "action": "generateKeyPair",
            "body": null,
            "id": "/subscriptions/12d08a43-87ab-49fc-b06f-d1d31622044a/resourceGroups/Devops_project_dev/providers/Microsoft.Compute/sshPublicKeys/sshevolvedbuzzard/generateKeyPair",
            "locks": null,
            "method": "POST",
            "output": {
              "value": {
                "privateKey": "-----BEGIN RSA PRIVATE KEY-----\r\nMIIG5gIBAAKCAYEAuYNPdLaVYgq7OrDQaLJoiGtcp+lFAHho9+7EHVTZXjYW8Jfg\r\nHXSQZHB5GwRp2A+9ikkiWEnKy8rluIfp/kpD1/c+f8UDJg011Eh7KN2HIsDbkopc\r\nmki91F41bTV9hWfLRQxkGxVG6o4fcQIZz0KmWW9etquITi3M8B9jtT0kVdQ8EK9h\r\npi4x21DXOB+1js0ig2OaOZycjd7amPs6pP+hv1hwWHC+yvsHy8qtUt0QIrV7EZFG\r\ncM20HMQUw5H+F1Mx3gt6JXcwrG9cbw5dLFKHEz1FYai1U5wGI7JWibOpzpCCjYjB\r\nX0p8Qmy+ZrhBjHkjw3s6k5jf7J8aJFY6nsG2EIFIwt4QCZmoQXk5T5iNv8iBmKrk\r\n61CCISpgPHIZZCa1aI7TmrN8teZpvDKty3wYfBbX/WXVd2R11n3nURWoQujp5P1Q\r\nS9DiliRPDvOm8XsuzKhpxMpTtqHpVGuXbQe5RbJ7k8mOFLdYlaHQKQgiLhHm/CDc\r\nrPnsTZDFJj3UZsbNAgMBAAECggGBAJm14XoVZwVLWwMwSh7V5KNUQfum3tOa8W6t\r\nWbXr/gd/zdYgIUSGtrViNBZcu86YjDYujtSUoAHn5hvWEd3vbvNdG14GwasfuwBf\r\n5hxgIX58SfLLzhrQNunl/WK1tYF6FQTrVW7TXGUwyYB7eyMuWGM2UkYNLu2IKYy0\r\nlYswVBEBv5sblk95azoLa6hHLcpa0kQHnVwrFdS/WGT1lQvt+/ltr/i3wn6xLS6A\r\nishj/uCjeot90d3Zs2k6VvIM33o4JWlk+dsKBRn9KGiXtlgzJNi1X+Mhk5NJU7ex\r\nnDw4MwIYJ6AINFQS3nDXvb25IO/iqjb9Esb+7vVBRQqFT57yXQe9W+Dae26FPvwZ\r\nOgsSKPz7QO3Tw+98slOmc60ASHewGAvJGbwiHlAgFK9DazhLL99BMpCTe9zc8vCV\r\ndTXkqxGXCN4Djzv+BIYyGiLdPYYYdmKKMhuYRWa4AHi5XcYb8N+KHaYnK4mOoJ1j\r\nJtTq59B6/0ozh8SYG+3mOmurV0OayQKBwQDrKEQddiyX/Q8gu+VryfcBaRhjsuih\r\nAihPRmDW/Vc/anNgeW9IX5ePAiLrCK7+Tne2dfBcRrKE1hpRDSunT+T6JmveUtAm\r\nrHUCjbbRDIc4ganjDk5MRE0awAm2T4A9uSo5zOsAD7/YWWzGVZb9KkhVnJHG+klu\r\nvcTp0TxAsPFiitHDiwX1P+d9uxu1sNtMJpfaBR04PyASP03bpTR3H93YhHZ++DOS\r\nzIejB4flyBkmC6no4Kk8a8sBSya2f+oJYs8CgcEAyfScUt5r0wm8OhjOemeh9Ojo\r\nIajxSVzNG5fVAmlP5h0twKiG15HO3+jr7B6cnGzB+W5bBvjDxjQeMkJwVgitRsUN\r\nHqulOM9Sox5Ia9bhTF/KoGwICxHkvz5WUbFQdslX3zh1Y2qFoXM0w0mOHmL4/lpv\r\nKadB2MSjQ7MxolxH0GA7gJvbGZDbF9oIaj662M+8fQVa30xREvMUFLfCniKCPgza\r\nc+JO0mQPR/PrnY9Ysp/VgRBGVZSCyCCUzQC0UJOjAoHBAKEw4bf8OEcavNLoWTOQ\r\nplL+MiytB07OhskIafsUf0jF9D5uHvzSIbZydXL8ac+CBAc7Qr5N67KofDOQvpqa\r\nZk+eJJSp2WqZDj/o2ibj2pC+OLCeLseSjfPHLSEdz77/fNVQBMnvAccQTUKKiswQ\r\nvrKId1iYWduiEydfOFjzsRKmK3FJi5T37/s8VZsulrPVRIO6u7PBeX9oizsDPDpn\r\nyo7PBda01c1Li7IRyHKWvb5ZgmdSEE+NaAMD+45fkhJK+wKBwQCL8tWNW5KuuPVV\r\n8TDMhBooZGnQQYmLRCLidzHmLOJwXVICSwa+Rc1tPrSWeJQglgFJf17XEvZf2GgA\r\nfifohrTE8PJpiZrCJnFmliqriEmyKkN5LcPZH/o7SNB6ZfyThG0/Q5mdXgjiW7p5\r\nhfRVPFK9uB+GZuBrfcCBvqCrmXUugjFZqyeGrOoWukHQlk3WxwYgQOC7EuCv2ADX\r\nZowYF2PX6gJMAcyLYUlxnCdvlRFrHvXOLWAAGB0U3/cdpNpPaC8CgcEAmPeR2Rjr\r\nNKAzKUonnMsWhkDAU8PMhtvlbA7G6+dFNWJnluhs1JETIlmKtPWKFOHw5P8w49Ah\r\njcHvoEza4GgyOZQFwveorEC2pzRiwNp/4cX9HrmerdM3h3wQRYs9fQFWoJIgDZCX\r\nznv696g4sShI0+KdAeAzvl4HD3tHV1WuGPKpX0HtSQPM0uCFEQT0tj2Xisi7mt77\r\nF4XPKymX5iI8+45YoyYkZBmKsnPdUQ34TK7wyn8KZFJokShGcIqQPlu2\r\n-----END RSA PRIVATE KEY-----\r\n",
                "publicKey": "ssh-rsa AAAAB3NzaC1yc2EAAAADAQABAAABgQC5g090tpViCrs6sNBosmiIa1yn6UUAeGj37sQdVNleNhbwl+AddJBkcHkbBGnYD72KSSJYScrLyuW4h+n+SkPX9z5/xQMmDTXUSHso3YciwNuSilyaSL3UXjVtNX2FZ8tFDGQbFUbqjh9xAhnPQqZZb162q4hOLczwH2O1PSRV1DwQr2GmLjHbUNc4H7WOzSKDY5o5nJyN3tqY+zqk/6G/WHBYcL7K+wfLyq1S3RAitXsRkUZwzbQcxBTDkf4XUzHeC3oldzCsb1xvDl0sUocTPUVhqLVTnAYjslaJs6nOkIKNiMFfSnxCbL5muEGMeSPDezqTmN/snxokVjqewbYQgUjC3hAJmahBeTlPmI2/yIGYquTrUIIhKmA8chlkJrVojtOas3y15mm8Mq3LfBh8Ftf9ZdV3ZHXWfedRFahC6Onk/VBL0OKWJE8O86bxey7MqGnEylO2oelUa5dtB7lFsnuTyY4Ut1iVodApCCIuEeb8INys+exNkMUmPdRmxs0= generated-by-azure"
              },
              "type": [
                "object",
                {
                  "privateKey": "string",
                  "publicKey": "string"
                }
              ]
            },
            "resource_id": "/subscriptions/12d08a43-87ab-49fc-b06f-d1d31622044a/resourceGroups/Devops_project_dev/providers/Microsoft.Compute/sshPublicKeys/sshevolvedbuzzard",
            "response_export_values": [
              "publicKey",
              "privateKey"
            ],
            "timeouts": null,
            "type": "Microsoft.Compute/sshPublicKeys@2022-11-01",
            "when": "apply"
          },
          "sensitive_attributes": [],
          "dependencies": [
            "azapi_resource.ssh_public_key",
            "azurerm_resource_group.rg",
            "random_pet.ssh_key_name"
          ]
        }
      ]
    },
    {
      "mode": "managed",
      "type": "azurerm_linux_virtual_machine",
      "name": "my_terraform_vm",
      "provider": "provider[\"registry.terraform.io/hashicorp/azurerm\"]",
      "instances": [
        {
          "index_key": 0,
          "schema_version": 0,
          "attributes": {
            "additional_capabilities": [],
            "admin_password": "Azure@123456",
            "admin_ssh_key": [],
            "admin_username": "azureuser",
            "allow_extension_operations": true,
            "availability_set_id": "",
            "boot_diagnostics": [],
            "bypass_platform_safety_checks_on_user_schedule_enabled": false,
            "capacity_reservation_group_id": "",
            "computer_name": "Jenkins",
            "custom_data": null,
            "dedicated_host_group_id": "",
            "dedicated_host_id": "",
            "disable_password_authentication": false,
            "disk_controller_type": "SCSI",
            "edge_zone": "",
            "encryption_at_host_enabled": false,
            "eviction_policy": "",
            "extensions_time_budget": "PT1H30M",
            "gallery_application": [],
            "id": "/subscriptions/12d08a43-87ab-49fc-b06f-d1d31622044a/resourceGroups/Devops_project_dev/providers/Microsoft.Compute/virtualMachines/Jenkins",
            "identity": [],
            "license_type": "",
            "location": "eastus2",
            "max_bid_price": -1,
            "name": "Jenkins",
            "network_interface_ids": [
              "/subscriptions/12d08a43-87ab-49fc-b06f-d1d31622044a/resourceGroups/Devops_project_dev/providers/Microsoft.Network/networkInterfaces/myNIC-0"
            ],
            "os_disk": [
              {
                "caching": "ReadWrite",
                "diff_disk_settings": [],
                "disk_encryption_set_id": "",
                "disk_size_gb": 32,
                "name": "myOsDisk-0",
                "secure_vm_disk_encryption_set_id": "",
                "security_encryption_type": "",
                "storage_account_type": "Premium_LRS",
                "write_accelerator_enabled": false
              }
            ],
            "os_image_notification": [],
            "patch_assessment_mode": "ImageDefault",
            "patch_mode": "ImageDefault",
            "plan": [],
            "platform_fault_domain": -1,
            "priority": "Regular",
            "private_ip_address": "10.0.1.4",
            "private_ip_addresses": [
              "10.0.1.4"
            ],
            "provision_vm_agent": true,
            "proximity_placement_group_id": "",
            "public_ip_address": "52.251.127.161",
            "public_ip_addresses": [
              "52.251.127.161"
            ],
            "reboot_setting": "",
            "resource_group_name": "Devops_project_dev",
            "secret": [],
            "secure_boot_enabled": true,
            "size": "Standard_D2as_v4",
            "source_image_id": "/subscriptions/12d08a43-87ab-49fc-b06f-d1d31622044a/resourcegroups/Devops_project/providers/Microsoft.Compute/galleries/azure_compute_gallery/images/custom_jenkins_image1/versions/1.0.0",
            "source_image_reference": [],
            "tags": null,
            "termination_notification": null,
            "timeouts": null,
            "user_data": "",
            "virtual_machine_id": "597f5c56-6886-4fed-a8a4-d563a72e24e6",
            "virtual_machine_scale_set_id": "",
            "vm_agent_platform_updates_enabled": false,
            "vtpm_enabled": false,
            "zone": ""
          },
          "sensitive_attributes": [
            [
              {
                "type": "get_attr",
                "value": "admin_username"
              }
            ],
            [
              {
                "type": "get_attr",
                "value": "admin_password"
              }
            ]
          ],
          "private": "eyJlMmJmYjczMC1lY2FhLTExZTYtOGY4OC0zNDM2M2JjN2M0YzAiOnsiY3JlYXRlIjoyNzAwMDAwMDAwMDAwLCJkZWxldGUiOjI3MDAwMDAwMDAwMDAsInJlYWQiOjMwMDAwMDAwMDAwMCwidXBkYXRlIjoyNzAwMDAwMDAwMDAwfX0=",
          "dependencies": [
            "azurerm_network_interface.my_terraform_nic",
            "azurerm_public_ip.my_terraform_public_ip",
            "azurerm_resource_group.rg",
            "azurerm_subnet.my_terraform_subnet",
            "azurerm_virtual_network.my_terraform_network"
          ]
        }
      ]
    },
    {
      "mode": "managed",
      "type": "azurerm_network_interface",
      "name": "my_terraform_nic",
      "provider": "provider[\"registry.terraform.io/hashicorp/azurerm\"]",
      "instances": [
        {
          "index_key": 0,
          "schema_version": 0,
          "attributes": {
            "accelerated_networking_enabled": false,
            "applied_dns_servers": [],
            "auxiliary_mode": "",
            "auxiliary_sku": "",
            "dns_servers": [],
            "edge_zone": "",
            "enable_accelerated_networking": false,
            "enable_ip_forwarding": false,
            "id": "/subscriptions/12d08a43-87ab-49fc-b06f-d1d31622044a/resourceGroups/Devops_project_dev/providers/Microsoft.Network/networkInterfaces/myNIC-0",
            "internal_dns_name_label": "",
            "internal_domain_name_suffix": "hrlik02fmdxevcqpi1dgjqfeed.cx.internal.cloudapp.net",
            "ip_configuration": [
              {
                "gateway_load_balancer_frontend_ip_configuration_id": "",
                "name": "my_nic_configuration",
                "primary": true,
                "private_ip_address": "10.0.1.4",
                "private_ip_address_allocation": "Dynamic",
                "private_ip_address_version": "IPv4",
                "public_ip_address_id": "/subscriptions/12d08a43-87ab-49fc-b06f-d1d31622044a/resourceGroups/Devops_project_dev/providers/Microsoft.Network/publicIPAddresses/myPublicIP-0",
                "subnet_id": "/subscriptions/12d08a43-87ab-49fc-b06f-d1d31622044a/resourceGroups/Devops_project_dev/providers/Microsoft.Network/virtualNetworks/myVnet/subnets/mySubnet"
              }
            ],
            "ip_forwarding_enabled": false,
            "location": "eastus2",
            "mac_address": "",
            "name": "myNIC-0",
            "private_ip_address": "10.0.1.4",
            "private_ip_addresses": [
              "10.0.1.4"
            ],
            "resource_group_name": "Devops_project_dev",
            "tags": null,
            "timeouts": null,
            "virtual_machine_id": ""
          },
          "sensitive_attributes": [],
          "private": "eyJlMmJmYjczMC1lY2FhLTExZTYtOGY4OC0zNDM2M2JjN2M0YzAiOnsiY3JlYXRlIjoxODAwMDAwMDAwMDAwLCJkZWxldGUiOjE4MDAwMDAwMDAwMDAsInJlYWQiOjMwMDAwMDAwMDAwMCwidXBkYXRlIjoxODAwMDAwMDAwMDAwfX0=",
          "dependencies": [
            "azurerm_public_ip.my_terraform_public_ip",
            "azurerm_resource_group.rg",
            "azurerm_subnet.my_terraform_subnet",
            "azurerm_virtual_network.my_terraform_network"
          ]
        }
      ]
    },
    {
      "mode": "managed",
      "type": "azurerm_network_interface_security_group_association",
      "name": "example",
      "provider": "provider[\"registry.terraform.io/hashicorp/azurerm\"]",
      "instances": [
        {
          "index_key": 0,
          "schema_version": 0,
          "attributes": {
            "id": "/subscriptions/12d08a43-87ab-49fc-b06f-d1d31622044a/resourceGroups/Devops_project_dev/providers/Microsoft.Network/networkInterfaces/myNIC-0|/subscriptions/12d08a43-87ab-49fc-b06f-d1d31622044a/resourceGroups/Devops_project_dev/providers/Microsoft.Network/networkSecurityGroups/myNetworkSecurityGroup",
            "network_interface_id": "/subscriptions/12d08a43-87ab-49fc-b06f-d1d31622044a/resourceGroups/Devops_project_dev/providers/Microsoft.Network/networkInterfaces/myNIC-0",
            "network_security_group_id": "/subscriptions/12d08a43-87ab-49fc-b06f-d1d31622044a/resourceGroups/Devops_project_dev/providers/Microsoft.Network/networkSecurityGroups/myNetworkSecurityGroup",
            "timeouts": null
          },
          "sensitive_attributes": [],
          "private": "eyJlMmJmYjczMC1lY2FhLTExZTYtOGY4OC0zNDM2M2JjN2M0YzAiOnsiY3JlYXRlIjoxODAwMDAwMDAwMDAwLCJkZWxldGUiOjE4MDAwMDAwMDAwMDAsInJlYWQiOjMwMDAwMDAwMDAwMH19",
          "dependencies": [
            "azurerm_network_interface.my_terraform_nic",
            "azurerm_network_security_group.my_terraform_nsg",
            "azurerm_public_ip.my_terraform_public_ip",
            "azurerm_resource_group.rg",
            "azurerm_subnet.my_terraform_subnet",
            "azurerm_virtual_network.my_terraform_network"
          ]
        }
      ]
    },
    {
      "mode": "managed",
      "type": "azurerm_network_security_group",
      "name": "my_terraform_nsg",
      "provider": "provider[\"registry.terraform.io/hashicorp/azurerm\"]",
      "instances": [
        {
          "schema_version": 0,
          "attributes": {
            "id": "/subscriptions/12d08a43-87ab-49fc-b06f-d1d31622044a/resourceGroups/Devops_project_dev/providers/Microsoft.Network/networkSecurityGroups/myNetworkSecurityGroup",
            "location": "eastus2",
            "name": "myNetworkSecurityGroup",
            "resource_group_name": "Devops_project_dev",
            "security_rule": [
              {
                "access": "Allow",
                "description": "",
                "destination_address_prefix": "*",
                "destination_address_prefixes": [],
                "destination_application_security_group_ids": [],
                "destination_port_range": "*",
                "destination_port_ranges": [],
                "direction": "Outbound",
                "name": "jenkins_out",
                "priority": 1012,
                "protocol": "Tcp",
                "source_address_prefix": "*",
                "source_address_prefixes": [],
                "source_application_security_group_ids": [],
                "source_port_range": "8080",
                "source_port_ranges": []
              },
              {
                "access": "Allow",
                "description": "",
                "destination_address_prefix": "*",
                "destination_address_prefixes": [],
                "destination_application_security_group_ids": [],
                "destination_port_range": "22",
                "destination_port_ranges": [],
                "direction": "Inbound",
                "name": "SSH",
                "priority": 1001,
                "protocol": "Tcp",
                "source_address_prefix": "*",
                "source_address_prefixes": [],
                "source_application_security_group_ids": [],
                "source_port_range": "*",
                "source_port_ranges": []
              },
              {
                "access": "Allow",
                "description": "",
                "destination_address_prefix": "*",
                "destination_address_prefixes": [],
                "destination_application_security_group_ids": [],
                "destination_port_range": "8080",
                "destination_port_ranges": [],
                "direction": "Inbound",
                "name": "jenkins",
                "priority": 1011,
                "protocol": "Tcp",
                "source_address_prefix": "*",
                "source_address_prefixes": [],
                "source_application_security_group_ids": [],
                "source_port_range": "*",
                "source_port_ranges": []
              },
              {
                "access": "Allow",
                "description": "",
                "destination_address_prefix": "*",
                "destination_address_prefixes": [],
                "destination_application_security_group_ids": [],
                "destination_port_range": "8081",
                "destination_port_ranges": [],
                "direction": "Inbound",
                "name": "nexus_in",
                "priority": 1015,
                "protocol": "Tcp",
                "source_address_prefix": "*",
                "source_address_prefixes": [],
                "source_application_security_group_ids": [],
                "source_port_range": "*",
                "source_port_ranges": []
              },
              {
                "access": "Allow",
                "description": "",
                "destination_address_prefix": "*",
                "destination_address_prefixes": [],
                "destination_application_security_group_ids": [],
                "destination_port_range": "9000",
                "destination_port_ranges": [],
                "direction": "Inbound",
                "name": "sonar_in",
                "priority": 1013,
                "protocol": "Tcp",
                "source_address_prefix": "*",
                "source_address_prefixes": [],
                "source_application_security_group_ids": [],
                "source_port_range": "*",
                "source_port_ranges": []
              }
            ],
            "tags": null,
            "timeouts": null
          },
          "sensitive_attributes": [],
          "private": "eyJlMmJmYjczMC1lY2FhLTExZTYtOGY4OC0zNDM2M2JjN2M0YzAiOnsiY3JlYXRlIjoxODAwMDAwMDAwMDAwLCJkZWxldGUiOjE4MDAwMDAwMDAwMDAsInJlYWQiOjMwMDAwMDAwMDAwMCwidXBkYXRlIjoxODAwMDAwMDAwMDAwfX0=",
          "dependencies": [
            "azurerm_resource_group.rg"
          ]
        }
      ]
    },
    {
      "mode": "managed",
      "type": "azurerm_public_ip",
      "name": "my_terraform_public_ip",
      "provider": "provider[\"registry.terraform.io/hashicorp/azurerm\"]",
      "instances": [
        {
          "index_key": 0,
          "schema_version": 0,
          "attributes": {
            "allocation_method": "Dynamic",
            "ddos_protection_mode": "VirtualNetworkInherited",
            "ddos_protection_plan_id": null,
            "domain_name_label": null,
            "edge_zone": "",
            "fqdn": null,
            "id": "/subscriptions/12d08a43-87ab-49fc-b06f-d1d31622044a/resourceGroups/Devops_project_dev/providers/Microsoft.Network/publicIPAddresses/myPublicIP-0",
            "idle_timeout_in_minutes": 4,
            "ip_address": "",
            "ip_tags": null,
            "ip_version": "IPv4",
            "location": "eastus2",
            "name": "myPublicIP-0",
            "public_ip_prefix_id": null,
            "resource_group_name": "Devops_project_dev",
            "reverse_fqdn": null,
            "sku": "Basic",
            "sku_tier": "Regional",
            "tags": null,
            "timeouts": null,
            "zones": null
          },
          "sensitive_attributes": [],
          "private": "eyJlMmJmYjczMC1lY2FhLTExZTYtOGY4OC0zNDM2M2JjN2M0YzAiOnsiY3JlYXRlIjoxODAwMDAwMDAwMDAwLCJkZWxldGUiOjE4MDAwMDAwMDAwMDAsInJlYWQiOjMwMDAwMDAwMDAwMCwidXBkYXRlIjoxODAwMDAwMDAwMDAwfX0=",
          "dependencies": [
            "azurerm_resource_group.rg"
          ]
        }
      ]
    },
    {
      "mode": "managed",
      "type": "azurerm_resource_group",
      "name": "rg",
      "provider": "provider[\"registry.terraform.io/hashicorp/azurerm\"]",
      "instances": [
        {
          "schema_version": 0,
          "attributes": {
            "id": "/subscriptions/12d08a43-87ab-49fc-b06f-d1d31622044a/resourceGroups/Devops_project_dev",
            "location": "eastus2",
            "managed_by": "",
            "name": "Devops_project_dev",
            "tags": null,
            "timeouts": null
          },
          "sensitive_attributes": [],
          "private": "eyJlMmJmYjczMC1lY2FhLTExZTYtOGY4OC0zNDM2M2JjN2M0YzAiOnsiY3JlYXRlIjo1NDAwMDAwMDAwMDAwLCJkZWxldGUiOjU0MDAwMDAwMDAwMDAsInJlYWQiOjMwMDAwMDAwMDAwMCwidXBkYXRlIjo1NDAwMDAwMDAwMDAwfX0="
        }
      ]
    },
    {
      "mode": "managed",
      "type": "azurerm_subnet",
      "name": "my_terraform_subnet",
      "provider": "provider[\"registry.terraform.io/hashicorp/azurerm\"]",
      "instances": [
        {
          "schema_version": 0,
          "attributes": {
            "address_prefixes": [
              "10.0.1.0/24"
            ],
            "default_outbound_access_enabled": true,
            "delegation": [],
            "enforce_private_link_endpoint_network_policies": false,
            "enforce_private_link_service_network_policies": false,
            "id": "/subscriptions/12d08a43-87ab-49fc-b06f-d1d31622044a/resourceGroups/Devops_project_dev/providers/Microsoft.Network/virtualNetworks/myVnet/subnets/mySubnet",
            "name": "mySubnet",
            "private_endpoint_network_policies": "Enabled",
            "private_endpoint_network_policies_enabled": true,
            "private_link_service_network_policies_enabled": true,
            "resource_group_name": "Devops_project_dev",
            "service_endpoint_policy_ids": null,
            "service_endpoints": null,
            "timeouts": null,
            "virtual_network_name": "myVnet"
          },
          "sensitive_attributes": [],
          "private": "eyJlMmJmYjczMC1lY2FhLTExZTYtOGY4OC0zNDM2M2JjN2M0YzAiOnsiY3JlYXRlIjoxODAwMDAwMDAwMDAwLCJkZWxldGUiOjE4MDAwMDAwMDAwMDAsInJlYWQiOjMwMDAwMDAwMDAwMCwidXBkYXRlIjoxODAwMDAwMDAwMDAwfX0=",
          "dependencies": [
            "azurerm_resource_group.rg",
            "azurerm_virtual_network.my_terraform_network"
          ]
        }
      ]
    },
    {
      "mode": "managed",
      "type": "azurerm_virtual_network",
      "name": "my_terraform_network",
      "provider": "provider[\"registry.terraform.io/hashicorp/azurerm\"]",
      "instances": [
        {
          "schema_version": 0,
          "attributes": {
            "address_space": [
              "10.0.0.0/16"
            ],
            "bgp_community": "",
            "ddos_protection_plan": [],
            "dns_servers": [],
            "edge_zone": "",
            "encryption": [],
            "flow_timeout_in_minutes": 0,
            "guid": "6b85563c-6085-4aee-8a0f-46c664c0a423",
            "id": "/subscriptions/12d08a43-87ab-49fc-b06f-d1d31622044a/resourceGroups/Devops_project_dev/providers/Microsoft.Network/virtualNetworks/myVnet",
            "location": "eastus2",
            "name": "myVnet",
            "resource_group_name": "Devops_project_dev",
            "subnet": [],
            "tags": null,
            "timeouts": null
          },
          "sensitive_attributes": [],
          "private": "eyJlMmJmYjczMC1lY2FhLTExZTYtOGY4OC0zNDM2M2JjN2M0YzAiOnsiY3JlYXRlIjoxODAwMDAwMDAwMDAwLCJkZWxldGUiOjE4MDAwMDAwMDAwMDAsInJlYWQiOjMwMDAwMDAwMDAwMCwidXBkYXRlIjoxODAwMDAwMDAwMDAwfX0=",
          "dependencies": [
            "azurerm_resource_group.rg"
          ]
        }
      ]
    },
    {
      "mode": "managed",
      "type": "random_id",
      "name": "random_id",
      "provider": "provider[\"registry.terraform.io/hashicorp/random\"]",
      "instances": [
        {
          "schema_version": 0,
          "attributes": {
            "b64_std": "eBoNH6iF5I8=",
            "b64_url": "eBoNH6iF5I8",
            "byte_length": 8,
            "dec": "8654244063568323727",
            "hex": "781a0d1fa885e48f",
            "id": "eBoNH6iF5I8",
            "keepers": {
              "resource_group": "Devops_project_dev"
            },
            "prefix": null
          },
          "sensitive_attributes": [],
          "dependencies": [
            "azurerm_resource_group.rg"
          ]
        }
      ]
    },
    {
      "mode": "managed",
      "type": "random_pet",
      "name": "rg_name",
      "provider": "provider[\"registry.terraform.io/hashicorp/random\"]",
      "instances": [
        {
          "schema_version": 0,
          "attributes": {
            "id": "rg-active-serval",
            "keepers": null,
            "length": 2,
            "prefix": "rg",
            "separator": "-"
          },
          "sensitive_attributes": []
        }
      ]
    },
    {
      "mode": "managed",
      "type": "random_pet",
      "name": "ssh_key_name",
      "provider": "provider[\"registry.terraform.io/hashicorp/random\"]",
      "instances": [
        {
          "schema_version": 0,
          "attributes": {
            "id": "sshevolvedbuzzard",
            "keepers": null,
            "length": 2,
            "prefix": "ssh",
            "separator": ""
          },
          "sensitive_attributes": []
        }
      ]
    }
  ],
  "check_results": null
}
