{
  "version": 4,
  "terraform_version": "1.5.7",
  "serial": 102,
  "lineage": "d3195f55-e150-6f69-ea5d-8087d7067597",
  "outputs": {
    "key_data": {
      "value": "ssh-rsa AAAAB3NzaC1yc2EAAAADAQABAAABgQDW3kO3QiPnWjgHeyuUb84xf0Io7oUTY3XmnAdjfjtd9PsVHPuzx34AghX6LLjcTR4yakfISZbQRVbXQv1p+b67Wp//xSP63xMAfhfoeI9wUNLPu0UoZd/OtJDu6vAErDyX3u068upD3aTOS0lbMQvYaHDWzEiHG6bnr9duN94pDK7IBREYLV43lY/W51jCE8WnBCXMyMrvGCBc9PYDlBHxQZ8pWVwHOUBMQ2OT528fgPS1fC+OaY+YpKh4qswCBsTAxh8Kgkbz1axzJxuYuRNFKLf9NCqljK2xtyAB8x4qE/KzQDut5FeWaZisBbCPcL6NNoan6/MP0smV1+fRUs2dTsQ81DeVvMc6J1v1dwGbRdeT/Be1ytfmsevTvwuRUzUSf9vn7B/ncscan4JslvqpjJ9LC7QXX/EezYVqDYty+ZK3CSuPZ45bL7sAJ8W1Fxh0Hku1yDA/7er/hl25YKywaBmWdAkwZ8cgs2MUgRupIl3k26ihQjU91lNGktz7NC0= generated-by-azure",
      "type": "string"
    },
    "resource_group_name": {
      "value": "Devops_project1",
      "type": "string"
    }
  },
  "resources": [
    {
      "mode": "managed",
      "type": "azapi_resource",
      "name": "ssh_public_key",
      "provider": "provider[\"registry.terraform.io/azure/azapi\"]",
      "instances": [
        {
          "schema_version": 1,
          "attributes": {
            "body": {
              "value": "{}",
              "type": "string"
            },
            "id": "/subscriptions/12d08a43-87ab-49fc-b06f-d1d31622044a/resourceGroups/Devops_project1/providers/Microsoft.Compute/sshPublicKeys/sshamusingcobra",
            "identity": [],
            "ignore_body_changes": null,
            "ignore_casing": false,
            "ignore_missing_property": true,
            "location": "eastus2",
            "locks": null,
            "name": "sshamusingcobra",
            "output": {
              "value": "{}",
              "type": "string"
            },
            "parent_id": "/subscriptions/12d08a43-87ab-49fc-b06f-d1d31622044a/resourceGroups/Devops_project1",
            "removing_special_chars": false,
            "response_export_values": null,
            "schema_validation_enabled": true,
            "tags": null,
            "timeouts": null,
            "type": "Microsoft.Compute/sshPublicKeys@2022-11-01"
          },
          "sensitive_attributes": [],
          "dependencies": [
            "azurerm_resource_group.rg",
            "random_pet.ssh_key_name"
          ]
        }
      ]
    },
    {
      "mode": "managed",
      "type": "azapi_resource_action",
      "name": "ssh_public_key_gen",
      "provider": "provider[\"registry.terraform.io/azure/azapi\"]",
      "instances": [
        {
          "schema_version": 1,
          "attributes": {
            "action": "generateKeyPair",
            "body": null,
            "id": "/subscriptions/12d08a43-87ab-49fc-b06f-d1d31622044a/resourceGroups/Devops_project1/providers/Microsoft.Compute/sshPublicKeys/sshamusingcobra/generateKeyPair",
            "locks": null,
            "method": "POST",
            "output": {
              "value": {
                "privateKey": "-----BEGIN RSA PRIVATE KEY-----\r\nMIIG4wIBAAKCAYEA1t5Dt0Ij51o4B3srlG/OMX9CKO6FE2N15pwHY347XfT7FRz7\r\ns8d+AIIV+iy43E0eMmpHyEmW0EVW10L9afm+u1qf/8Uj+t8TAH4X6HiPcFDSz7tF\r\nKGXfzrSQ7urwBKw8l97tOvLqQ92kzktJWzEL2Ghw1sxIhxum56/XbjfeKQyuyAUR\r\nGC1eN5WP1udYwhPFpwQlzMjK7xggXPT2A5QR8UGfKVlcBzlATENjk+dvH4D0tXwv\r\njmmPmKSoeKrMAgbEwMYfCoJG89WscycbmLkTRSi3/TQqpYytsbcgAfMeKhPys0A7\r\nreRXlmmYrAWwj3C+jTaGp+vzD9LJldfn0VLNnU7EPNQ3lbzHOidb9XcBm0XXk/wX\r\ntcrX5rHr078LkVM1En/b5+wf53LHGp+CbJb6qYyfSwu0F1/xHs2Fag2LcvmStwkr\r\nj2eOWy+7ACfFtRcYdB5LtcgwP+3q/4ZduWCssGgZlnQJMGfHILNjFIEbqSJd5Nuo\r\noUI1PdZTRpLc+zQtAgMBAAECggGAKGRgFnM4jKVJIx7kcmMSP/vMVCWCnsJzx4ZN\r\nXUa9okwLZ0yrhIBcD3xk5ULC/acBpjiUhfJPh5eBW7YcLW/lixLeQRauTNril5Uc\r\nqXcAf/yxpJtvxMhh6lnHZSKFPFukiGg/8HT51Qg1kxJUF/CAaY44qCh++ecY2TUV\r\nKoMWIGFh+ff53rGopIpZH+0dol5VKbB96qFUhN3kN5VVKhcLyG6tnPhPdIwuqieA\r\n8KzxFtsHJZbS2dK+S9OoWAbDkx3yRorHEMR6rofzTg6Czwu1cWLNQaijrReTCJCd\r\nzUcuAd+rcsDbUJ6WaC8JSZwz8wtbY35PNXvuIsL5bMn/qtEwHzPq3inh5fpMjoee\r\n1Hb8m9bFZFsu8vD7YoZHJkybpe+Jl8lg1jBrqkaJe3ZFHJB2OTAqtyWzX9h5CRO0\r\niF6onk0JWoPt3oXa2jN5XjAmrWn9o44ttx1R+TVYBQ27D3ocfCeUEjvmf9ZuSrmk\r\nYraJZ+yXwVzZKrGj2AKucWkLv6+BAoHBAOFImbGGktZADqo7rkQtrtZKwiVqClqW\r\nxunOTL8+gBuMD8lR7favWLBhoWZiRAlPffVTGvvSKQlgE7oJ67xokOSVboMwbpBl\r\nIbMBdHteZXaZ8POOd7LgXeGV1SnvijYxPivy7bdziyNtkXxdJZEgbZhlK1HXvM2S\r\noclZXf1Vn9FPgHFfvcgiGF/soRiNKpv7EMV7OoJM+dpPcgHacVrbKcvBnUfIKAKI\r\nOigCkzsWIskFh83VoNLDIAOF9dL8W6S75wKBwQD0Kh8KR+7mVxMFZBhE8wdnDIiz\r\nbZbdWE8sPSPC7zrLFpIS5rJsMjCgw8eMrB5o4x0LDZZ7VDptKFEgOMfIwxx2z7u/\r\n26N0dy2n+b2q2RYZoTyBKhDBwPP2clQ9rjfT6x36xPAxcTpx2uhxtrblp12n9iqt\r\nuWY3mkIAvgLvT9ZqsI/JtTkylLnNv7PNeUIMIR6sZYjHiFKFYkU+DQBgE48Qc50E\r\niB/Fis9w4QnGPYE4F4YB+4FVQPEe6n7yGjitrMsCgcEAwX5ay5hbS/vO3LXP0q0u\r\nCs5A/GOcqvvvsudHEcd7vq1I7dAZxBQM58mjF830w85r0Cbl+T4jkvLbXqGgwL1L\r\nHZmfRrx1aj4CeL4aLs//86L6yiYmdxOwbs4DPTaJjkwzKwpG1Jc//VjhaWCToJeq\r\nqgbS80OJ3UNBBDBmwu0lDGDtX/MsjNWD+/fA0daFr10vpX5W3Y2B19j+gcr+K1ws\r\nBN6x2PJ4MtyQnsa/cDNuAxxl7Qu8Sune+Ee5wNKRX+cnAoHALaCdcldk7oiBFnXR\r\nDzl3Paua9CTbl3uEOBko0KnSC9eo7n1MBGoQqkpLxR75A9LFP6aHY36m+HUbS/Ew\r\nbHUBobZKOJ0722zWDFjgN8gfmCSIYP7SaNK9BGXzFh+zcRez34Pj+ulU6afl3jIt\r\n1ZbEKroW2aYW0vcxtF/Nvpjl0cQy6pfCG5CtdCSJ3jD1xbx+teq3d8oi2ag2llTp\r\nqAqfpoxkYE9r2IeLImX7ZJ9jwW6r7Tzpu1vKc2OQ239I7jOnAoHAUzE2w/7/NcGS\r\nDbnY5E7kt45xoI3SKUpDZ3DFJAGcTW8VNxsbPvSULPXidEpc8BVWckX11xM7YxsI\r\nZNp9SC801IYrLlO9LrvaTfzin+Q6QIcqguI0kdcZlLdyFgEN68aYfn+iFYo3RQHP\r\n6opQTQVoK5HKGvFEQBUuTq3Tyzmq3+W26YUBQRVBxzcD4+Rq26lLcHlfKzq1As3Y\r\nSscFgJNXFZ9+R59YtOlDnFdZshqJXzjq/bsfXEQ1L3bRmdQ899J4\r\n-----END RSA PRIVATE KEY-----\r\n",
                "publicKey": "ssh-rsa AAAAB3NzaC1yc2EAAAADAQABAAABgQDW3kO3QiPnWjgHeyuUb84xf0Io7oUTY3XmnAdjfjtd9PsVHPuzx34AghX6LLjcTR4yakfISZbQRVbXQv1p+b67Wp//xSP63xMAfhfoeI9wUNLPu0UoZd/OtJDu6vAErDyX3u068upD3aTOS0lbMQvYaHDWzEiHG6bnr9duN94pDK7IBREYLV43lY/W51jCE8WnBCXMyMrvGCBc9PYDlBHxQZ8pWVwHOUBMQ2OT528fgPS1fC+OaY+YpKh4qswCBsTAxh8Kgkbz1axzJxuYuRNFKLf9NCqljK2xtyAB8x4qE/KzQDut5FeWaZisBbCPcL6NNoan6/MP0smV1+fRUs2dTsQ81DeVvMc6J1v1dwGbRdeT/Be1ytfmsevTvwuRUzUSf9vn7B/ncscan4JslvqpjJ9LC7QXX/EezYVqDYty+ZK3CSuPZ45bL7sAJ8W1Fxh0Hku1yDA/7er/hl25YKywaBmWdAkwZ8cgs2MUgRupIl3k26ihQjU91lNGktz7NC0= generated-by-azure"
              },
              "type": [
                "object",
                {
                  "privateKey": "string",
                  "publicKey": "string"
                }
              ]
            },
            "resource_id": "/subscriptions/12d08a43-87ab-49fc-b06f-d1d31622044a/resourceGroups/Devops_project1/providers/Microsoft.Compute/sshPublicKeys/sshamusingcobra",
            "response_export_values": [
              "publicKey",
              "privateKey"
            ],
            "timeouts": null,
            "type": "Microsoft.Compute/sshPublicKeys@2022-11-01",
            "when": "apply"
          },
          "sensitive_attributes": [],
          "dependencies": [
            "azapi_resource.ssh_public_key",
            "azurerm_resource_group.rg",
            "random_pet.ssh_key_name"
          ]
        }
      ]
    },
    {
      "mode": "managed",
      "type": "azurerm_network_interface",
      "name": "my_terraform_nic",
      "provider": "provider[\"registry.terraform.io/hashicorp/azurerm\"]",
      "instances": [
        {
          "schema_version": 0,
          "attributes": {
            "accelerated_networking_enabled": false,
            "applied_dns_servers": [],
            "auxiliary_mode": "",
            "auxiliary_sku": "",
            "dns_servers": [],
            "edge_zone": "",
            "enable_accelerated_networking": false,
            "enable_ip_forwarding": false,
            "id": "/subscriptions/12d08a43-87ab-49fc-b06f-d1d31622044a/resourceGroups/Devops_project1/providers/Microsoft.Network/networkInterfaces/myNIC",
            "internal_dns_name_label": "",
            "internal_domain_name_suffix": "a24dcxhyzdjubabwxhzib0ntye.cx.internal.cloudapp.net",
            "ip_configuration": [
              {
                "gateway_load_balancer_frontend_ip_configuration_id": "",
                "name": "my_nic_configuration",
                "primary": true,
                "private_ip_address": "10.0.1.4",
                "private_ip_address_allocation": "Dynamic",
                "private_ip_address_version": "IPv4",
                "public_ip_address_id": "/subscriptions/12d08a43-87ab-49fc-b06f-d1d31622044a/resourceGroups/Devops_project1/providers/Microsoft.Network/publicIPAddresses/myPublicIP",
                "subnet_id": "/subscriptions/12d08a43-87ab-49fc-b06f-d1d31622044a/resourceGroups/Devops_project1/providers/Microsoft.Network/virtualNetworks/myVnet/subnets/mySubnet"
              }
            ],
            "ip_forwarding_enabled": false,
            "location": "eastus2",
            "mac_address": "",
            "name": "myNIC",
            "private_ip_address": "10.0.1.4",
            "private_ip_addresses": [
              "10.0.1.4"
            ],
            "resource_group_name": "Devops_project1",
            "tags": null,
            "timeouts": null,
            "virtual_machine_id": ""
          },
          "sensitive_attributes": [],
          "private": "eyJlMmJmYjczMC1lY2FhLTExZTYtOGY4OC0zNDM2M2JjN2M0YzAiOnsiY3JlYXRlIjoxODAwMDAwMDAwMDAwLCJkZWxldGUiOjE4MDAwMDAwMDAwMDAsInJlYWQiOjMwMDAwMDAwMDAwMCwidXBkYXRlIjoxODAwMDAwMDAwMDAwfX0=",
          "dependencies": [
            "azurerm_public_ip.my_terraform_public_ip",
            "azurerm_resource_group.rg",
            "azurerm_subnet.my_terraform_subnet",
            "azurerm_virtual_network.my_terraform_network"
          ]
        }
      ]
    },
    {
      "mode": "managed",
      "type": "azurerm_network_interface_security_group_association",
      "name": "example",
      "provider": "provider[\"registry.terraform.io/hashicorp/azurerm\"]",
      "instances": []
    },
    {
      "mode": "managed",
      "type": "azurerm_public_ip",
      "name": "my_terraform_public_ip",
      "provider": "provider[\"registry.terraform.io/hashicorp/azurerm\"]",
      "instances": [
        {
          "schema_version": 0,
          "attributes": {
            "allocation_method": "Dynamic",
            "ddos_protection_mode": "VirtualNetworkInherited",
            "ddos_protection_plan_id": null,
            "domain_name_label": null,
            "edge_zone": "",
            "fqdn": null,
            "id": "/subscriptions/12d08a43-87ab-49fc-b06f-d1d31622044a/resourceGroups/Devops_project1/providers/Microsoft.Network/publicIPAddresses/myPublicIP",
            "idle_timeout_in_minutes": 4,
            "ip_address": "",
            "ip_tags": null,
            "ip_version": "IPv4",
            "location": "eastus2",
            "name": "myPublicIP",
            "public_ip_prefix_id": null,
            "resource_group_name": "Devops_project1",
            "reverse_fqdn": null,
            "sku": "Basic",
            "sku_tier": "Regional",
            "tags": null,
            "timeouts": null,
            "zones": null
          },
          "sensitive_attributes": [],
          "private": "eyJlMmJmYjczMC1lY2FhLTExZTYtOGY4OC0zNDM2M2JjN2M0YzAiOnsiY3JlYXRlIjoxODAwMDAwMDAwMDAwLCJkZWxldGUiOjE4MDAwMDAwMDAwMDAsInJlYWQiOjMwMDAwMDAwMDAwMCwidXBkYXRlIjoxODAwMDAwMDAwMDAwfX0=",
          "dependencies": [
            "azurerm_resource_group.rg"
          ]
        }
      ]
    },
    {
      "mode": "managed",
      "type": "azurerm_resource_group",
      "name": "rg",
      "provider": "provider[\"registry.terraform.io/hashicorp/azurerm\"]",
      "instances": [
        {
          "schema_version": 0,
          "attributes": {
            "id": "/subscriptions/12d08a43-87ab-49fc-b06f-d1d31622044a/resourceGroups/Devops_project1",
            "location": "eastus2",
            "managed_by": "",
            "name": "Devops_project1",
            "tags": null,
            "timeouts": null
          },
          "sensitive_attributes": [],
          "private": "eyJlMmJmYjczMC1lY2FhLTExZTYtOGY4OC0zNDM2M2JjN2M0YzAiOnsiY3JlYXRlIjo1NDAwMDAwMDAwMDAwLCJkZWxldGUiOjU0MDAwMDAwMDAwMDAsInJlYWQiOjMwMDAwMDAwMDAwMCwidXBkYXRlIjo1NDAwMDAwMDAwMDAwfX0="
        }
      ]
    },
    {
      "mode": "managed",
      "type": "azurerm_subnet",
      "name": "my_terraform_subnet",
      "provider": "provider[\"registry.terraform.io/hashicorp/azurerm\"]",
      "instances": [
        {
          "schema_version": 0,
          "attributes": {
            "address_prefixes": [
              "10.0.1.0/24"
            ],
            "default_outbound_access_enabled": true,
            "delegation": [],
            "enforce_private_link_endpoint_network_policies": false,
            "enforce_private_link_service_network_policies": false,
            "id": "/subscriptions/12d08a43-87ab-49fc-b06f-d1d31622044a/resourceGroups/Devops_project1/providers/Microsoft.Network/virtualNetworks/myVnet/subnets/mySubnet",
            "name": "mySubnet",
            "private_endpoint_network_policies": "Enabled",
            "private_endpoint_network_policies_enabled": true,
            "private_link_service_network_policies_enabled": true,
            "resource_group_name": "Devops_project1",
            "service_endpoint_policy_ids": null,
            "service_endpoints": null,
            "timeouts": null,
            "virtual_network_name": "myVnet"
          },
          "sensitive_attributes": [],
          "private": "eyJlMmJmYjczMC1lY2FhLTExZTYtOGY4OC0zNDM2M2JjN2M0YzAiOnsiY3JlYXRlIjoxODAwMDAwMDAwMDAwLCJkZWxldGUiOjE4MDAwMDAwMDAwMDAsInJlYWQiOjMwMDAwMDAwMDAwMCwidXBkYXRlIjoxODAwMDAwMDAwMDAwfX0=",
          "dependencies": [
            "azurerm_resource_group.rg",
            "azurerm_virtual_network.my_terraform_network"
          ]
        }
      ]
    },
    {
      "mode": "managed",
      "type": "azurerm_virtual_network",
      "name": "my_terraform_network",
      "provider": "provider[\"registry.terraform.io/hashicorp/azurerm\"]",
      "instances": [
        {
          "schema_version": 0,
          "attributes": {
            "address_space": [
              "10.0.0.0/16"
            ],
            "bgp_community": "",
            "ddos_protection_plan": [],
            "dns_servers": [],
            "edge_zone": "",
            "encryption": [],
            "flow_timeout_in_minutes": 0,
            "guid": "5c313c07-c8f8-40d3-8036-b9f280e9b3c4",
            "id": "/subscriptions/12d08a43-87ab-49fc-b06f-d1d31622044a/resourceGroups/Devops_project1/providers/Microsoft.Network/virtualNetworks/myVnet",
            "location": "eastus2",
            "name": "myVnet",
            "resource_group_name": "Devops_project1",
            "subnet": [],
            "tags": null,
            "timeouts": null
          },
          "sensitive_attributes": [],
          "private": "eyJlMmJmYjczMC1lY2FhLTExZTYtOGY4OC0zNDM2M2JjN2M0YzAiOnsiY3JlYXRlIjoxODAwMDAwMDAwMDAwLCJkZWxldGUiOjE4MDAwMDAwMDAwMDAsInJlYWQiOjMwMDAwMDAwMDAwMCwidXBkYXRlIjoxODAwMDAwMDAwMDAwfX0=",
          "dependencies": [
            "azurerm_resource_group.rg"
          ]
        }
      ]
    },
    {
      "mode": "managed",
      "type": "random_id",
      "name": "random_id",
      "provider": "provider[\"registry.terraform.io/hashicorp/random\"]",
      "instances": [
        {
          "schema_version": 0,
          "attributes": {
            "b64_std": "r2ZTbAabZaM=",
            "b64_url": "r2ZTbAabZaM",
            "byte_length": 8,
            "dec": "12638881127694296483",
            "hex": "af66536c069b65a3",
            "id": "r2ZTbAabZaM",
            "keepers": {
              "resource_group": "Devops_project1"
            },
            "prefix": null
          },
          "sensitive_attributes": [],
          "dependencies": [
            "azurerm_resource_group.rg"
          ]
        }
      ]
    },
    {
      "mode": "managed",
      "type": "random_pet",
      "name": "rg_name",
      "provider": "provider[\"registry.terraform.io/hashicorp/random\"]",
      "instances": [
        {
          "schema_version": 0,
          "attributes": {
            "id": "rg-discrete-griffon",
            "keepers": null,
            "length": 2,
            "prefix": "rg",
            "separator": "-"
          },
          "sensitive_attributes": []
        }
      ]
    },
    {
      "mode": "managed",
      "type": "random_pet",
      "name": "ssh_key_name",
      "provider": "provider[\"registry.terraform.io/hashicorp/random\"]",
      "instances": [
        {
          "schema_version": 0,
          "attributes": {
            "id": "sshamusingcobra",
            "keepers": null,
            "length": 2,
            "prefix": "ssh",
            "separator": ""
          },
          "sensitive_attributes": []
        }
      ]
    }
  ],
  "check_results": null
}
