{
  "version": 4,
  "terraform_version": "1.5.7",
  "serial": 346,
  "lineage": "f6bf829f-4266-e55d-1958-eb098bd349fd",
  "outputs": {
    "key_data": {
      "value": "ssh-rsa AAAAB3NzaC1yc2EAAAADAQABAAABgQDRMxEMXs/7Aw5CBc3lF/Yo+FBRgdqKTNjij6Xe8hcadqAhLWBBEGQmtSPd6t15Pykdau0YLiEX4jiUOg8Sn2A5wC1Lbkf3E5Hq8C8vCvZrtqqyxHXf80cQ/+qvBbZrA5w1PTWOy8jAMIV5UubnFe/iJ9qZOp4WAxTefeABWd91WE3rV9AdPR0hI5B1hdHWlkBzqkau21AS6MoRD/l2CgxTTV29duT3yIkUPxv4RpWK+xD8SW/6YrDVzv+vOo/ZvcxuRnYec+M6qTF86+0vylaon2IRaKCEpiKjuXI4SyznoyTcHNW5uOwK4Djebrz+t1CFE+l36eX40afP/9xzQ3xAxjcDzP5gzKZYAhQhvTYmUF5SDt74RekqpqPR51bvTVrTO6mI4roOkQJB7hHIyNbKrDxF2ErKhLEShMesOFdZ37ZELXEch76B0AxPIQ7UMhTYYqVS51qMT6IxRJFGzulaHbSeVkqEL+Nr/92oE5lqgjXtaTW9MF0Rd31oPGVQhAk= generated-by-azure",
      "type": "string"
    },
    "public_ip_address": {
      "value": [
        "23.101.153.123"
      ],
      "type": [
        "tuple",
        [
          "string"
        ]
      ]
    },
    "resource_group_name": {
      "value": "Devops_project_prod",
      "type": "string"
    },
    "virtual_machine_name": {
      "value": [
        "Devopsagent"
      ],
      "type": [
        "tuple",
        [
          "string"
        ]
      ]
    }
  },
  "resources": [
    {
      "mode": "data",
      "type": "azurerm_key_vault",
      "name": "kv",
      "provider": "provider[\"registry.terraform.io/hashicorp/azurerm\"]",
      "instances": [
        {
          "schema_version": 0,
          "attributes": {
            "access_policy": [
              {
                "application_id": "",
                "certificate_permissions": [],
                "key_permissions": [],
                "object_id": "6af80303-65c4-4e51-9c11-9fc2daf1bf19",
                "secret_permissions": [
                  "Get",
                  "List",
                  "Set",
                  "Delete"
                ],
                "storage_permissions": [],
                "tenant_id": "22661859-9734-416a-a963-8d74287c2f62"
              },
              {
                "application_id": "",
                "certificate_permissions": [
                  "Get",
                  "List",
                  "Update",
                  "Create",
                  "Import",
                  "Delete",
                  "Recover",
                  "Backup",
                  "Restore",
                  "ManageContacts",
                  "ManageIssuers",
                  "GetIssuers",
                  "ListIssuers",
                  "SetIssuers",
                  "DeleteIssuers"
                ],
                "key_permissions": [
                  "Get",
                  "List",
                  "Update",
                  "Create",
                  "Import",
                  "Delete",
                  "Recover",
                  "Backup",
                  "Restore",
                  "GetRotationPolicy",
                  "SetRotationPolicy",
                  "Rotate",
                  "Encrypt",
                  "Decrypt",
                  "UnwrapKey",
                  "WrapKey",
                  "Verify",
                  "Sign",
                  "Purge",
                  "Release"
                ],
                "object_id": "9d0eb1c5-9fcf-4ad7-981e-7a760529e1e1",
                "secret_permissions": [
                  "Get",
                  "List",
                  "Set",
                  "Delete",
                  "Recover",
                  "Backup",
                  "Restore",
                  "Purge"
                ],
                "storage_permissions": [],
                "tenant_id": "22661859-9734-416a-a963-8d74287c2f62"
              }
            ],
            "enable_rbac_authorization": false,
            "enabled_for_deployment": false,
            "enabled_for_disk_encryption": false,
            "enabled_for_template_deployment": false,
            "id": "/subscriptions/12d08a43-87ab-49fc-b06f-d1d31622044a/resourceGroups/Keyvault_rg/providers/Microsoft.KeyVault/vaults/devopsprojectkeyvault1",
            "location": "eastus2",
            "name": "devopsprojectkeyvault1",
            "network_acls": [],
            "public_network_access_enabled": true,
            "purge_protection_enabled": false,
            "resource_group_name": "Keyvault_rg",
            "sku_name": "standard",
            "tags": {},
            "tenant_id": "22661859-9734-416a-a963-8d74287c2f62",
            "timeouts": null,
            "vault_uri": "https://devopsprojectkeyvault1.vault.azure.net/"
          },
          "sensitive_attributes": []
        }
      ]
    },
    {
      "mode": "data",
      "type": "azurerm_key_vault_secret",
      "name": "jenkins-admin-password",
      "provider": "provider[\"registry.terraform.io/hashicorp/azurerm\"]",
      "instances": [
        {
          "schema_version": 0,
          "attributes": {
            "content_type": "",
            "expiration_date": null,
            "id": "https://devopsprojectkeyvault1.vault.azure.net/secrets/jenkins-admin-password/08edb9ae1ecf452ca97dfab48f6cb2f1",
            "key_vault_id": "/subscriptions/12d08a43-87ab-49fc-b06f-d1d31622044a/resourceGroups/Keyvault_rg/providers/Microsoft.KeyVault/vaults/devopsprojectkeyvault1",
            "name": "jenkins-admin-password",
            "not_before_date": null,
            "resource_id": "/subscriptions/12d08a43-87ab-49fc-b06f-d1d31622044a/resourceGroups/Keyvault_rg/providers/Microsoft.KeyVault/vaults/devopsprojectkeyvault1/secrets/jenkins-admin-password/versions/08edb9ae1ecf452ca97dfab48f6cb2f1",
            "resource_versionless_id": "/subscriptions/12d08a43-87ab-49fc-b06f-d1d31622044a/resourceGroups/Keyvault_rg/providers/Microsoft.KeyVault/vaults/devopsprojectkeyvault1/secrets/jenkins-admin-password",
            "tags": {},
            "timeouts": null,
            "value": "Azure@123456",
            "version": "08edb9ae1ecf452ca97dfab48f6cb2f1",
            "versionless_id": "https://devopsprojectkeyvault1.vault.azure.net/secrets/jenkins-admin-password"
          },
          "sensitive_attributes": []
        }
      ]
    },
    {
      "mode": "data",
      "type": "azurerm_key_vault_secret",
      "name": "jenkins-admin-username",
      "provider": "provider[\"registry.terraform.io/hashicorp/azurerm\"]",
      "instances": [
        {
          "schema_version": 0,
          "attributes": {
            "content_type": "",
            "expiration_date": null,
            "id": "https://devopsprojectkeyvault1.vault.azure.net/secrets/jenkins-admin-username/d1b50a33eddc4c699696c9cfdaa942bf",
            "key_vault_id": "/subscriptions/12d08a43-87ab-49fc-b06f-d1d31622044a/resourceGroups/Keyvault_rg/providers/Microsoft.KeyVault/vaults/devopsprojectkeyvault1",
            "name": "jenkins-admin-username",
            "not_before_date": null,
            "resource_id": "/subscriptions/12d08a43-87ab-49fc-b06f-d1d31622044a/resourceGroups/Keyvault_rg/providers/Microsoft.KeyVault/vaults/devopsprojectkeyvault1/secrets/jenkins-admin-username/versions/d1b50a33eddc4c699696c9cfdaa942bf",
            "resource_versionless_id": "/subscriptions/12d08a43-87ab-49fc-b06f-d1d31622044a/resourceGroups/Keyvault_rg/providers/Microsoft.KeyVault/vaults/devopsprojectkeyvault1/secrets/jenkins-admin-username",
            "tags": {},
            "timeouts": null,
            "value": "azureuser",
            "version": "d1b50a33eddc4c699696c9cfdaa942bf",
            "versionless_id": "https://devopsprojectkeyvault1.vault.azure.net/secrets/jenkins-admin-username"
          },
          "sensitive_attributes": []
        }
      ]
    },
    {
      "mode": "managed",
      "type": "azapi_resource",
      "name": "ssh_public_key",
      "provider": "provider[\"registry.terraform.io/azure/azapi\"]",
      "instances": [
        {
          "schema_version": 1,
          "attributes": {
            "body": {
              "value": "{}",
              "type": "string"
            },
            "id": "/subscriptions/12d08a43-87ab-49fc-b06f-d1d31622044a/resourceGroups/Devops_project_prod/providers/Microsoft.Compute/sshPublicKeys/sshgamebluegill",
            "identity": [],
            "ignore_body_changes": null,
            "ignore_casing": false,
            "ignore_missing_property": true,
            "location": "eastus2",
            "locks": null,
            "name": "sshgamebluegill",
            "output": {
              "value": "{}",
              "type": "string"
            },
            "parent_id": "/subscriptions/12d08a43-87ab-49fc-b06f-d1d31622044a/resourceGroups/Devops_project_prod",
            "removing_special_chars": false,
            "response_export_values": null,
            "schema_validation_enabled": true,
            "tags": null,
            "timeouts": null,
            "type": "Microsoft.Compute/sshPublicKeys@2022-11-01"
          },
          "sensitive_attributes": [],
          "dependencies": [
            "azurerm_resource_group.rg",
            "random_pet.ssh_key_name"
          ]
        }
      ]
    },
    {
      "mode": "managed",
      "type": "azapi_resource_action",
      "name": "ssh_public_key_gen",
      "provider": "provider[\"registry.terraform.io/azure/azapi\"]",
      "instances": [
        {
          "schema_version": 1,
          "attributes": {
            "action": "generateKeyPair",
            "body": null,
            "id": "/subscriptions/12d08a43-87ab-49fc-b06f-d1d31622044a/resourceGroups/Devops_project_prod/providers/Microsoft.Compute/sshPublicKeys/sshgamebluegill/generateKeyPair",
            "locks": null,
            "method": "POST",
            "output": {
              "value": {
                "privateKey": "-----BEGIN RSA PRIVATE KEY-----\r\nMIIG5AIBAAKCAYEA0TMRDF7P+wMOQgXN5Rf2KPhQUYHaikzY4o+l3vIXGnagIS1g\r\nQRBkJrUj3erdeT8pHWrtGC4hF+I4lDoPEp9gOcAtS25H9xOR6vAvLwr2a7aqssR1\r\n3/NHEP/qrwW2awOcNT01jsvIwDCFeVLm5xXv4ifamTqeFgMU3n3gAVnfdVhN61fQ\r\nHT0dISOQdYXR1pZAc6pGrttQEujKEQ/5dgoMU01dvXbk98iJFD8b+EaVivsQ/Elv\r\n+mKw1c7/rzqP2b3MbkZ2HnPjOqkxfOvtL8pWqJ9iEWighKYio7lyOEss56Mk3BzV\r\nubjsCuA43m68/rdQhRPpd+nl+NGnz//cc0N8QMY3A8z+YMymWAIUIb02JlBeUg7e\r\n+EXpKqaj0edW701a0zupiOK6DpECQe4RyMjWyqw8RdhKyoSxEoTHrDhXWd+2RC1x\r\nHIe+gdAMTyEO1DIU2GKlUudajE+iMUSRRs7pWh20nlZKhC/ja//dqBOZaoI17Wk1\r\nvTBdEXd9aDxlUIQJAgMBAAECggGAUHjuY+3M32frgiYtb6TqAhSTAOeMo4qwG2ba\r\njYperMVZD6oezqh5fhJL+7+u9kb/j9tj3NtRy5gv34T961H3d/+e7Nc9Q6P5i4Bd\r\nBiGXbRPVUfMUzNMOUVHAexcddsjqu+gRxB5L2PJRRbxIKjhcEIj4I91SlnEVBAkz\r\ntBFYThFr183ttnGd1POTTEHv2DXwEQ49JmIiyUNXB303ntp6p0ipeIpVxaMUZ/9m\r\nyPiN6epuPD4bnxt7nqOD42oJj97cI9TEKxCC0LC2JecPjjOh7BONpMgLBoE1kU+e\r\nK2FtJ6U7oYIKhZQomkq6KPghoG4/xLYJG4SXtkrGAiEFESjeWJnbPgVzS8datzUI\r\nxy6fNqClAD41vDCb01HPRGdQyXtt8S4b1INBFg2vFK3XaY0O730+Dzm7riLKCn+9\r\nFUqlIbfXElwrrBsoE6quFidu4vk5M/2kjm2LIuCCFqspF9SMIa/Pqu9X6BPJapdA\r\nHIDLuczfJN2WI5Cn8lISlZZRfs+JAoHBAP/3GoE6scrnfAEwi5ZG0Fxkp6pgPA6j\r\nSRNQ+p3oXoXkTqziGIyrbP/y3Z/JRw35ozkPcbm49iVpveKUtGqcfpCwJhREusbE\r\n1zcQGzBq3Fv9uZg9oZp3MJG87Q9xR0to50AoigzRVzc+WmdcZ1Kj9Hgjj0NvPVCR\r\nic7ycBcBvPVFFnSrWwPaKiEd+h/GQiMhC9GCcO4avMr8WrnSDZhwE0jBffCKGUCF\r\n9gD7CB0E1/rzvXyR60ni2ePhk5zFI2TXFwKBwQDROlZv3ZlTxm64GXru14CyAVD5\r\nFLOusTnDspTb2OZga+FOd/i06muKhIPD2ky6Fu9K8Wtb1fVhsEseecRaesMZwQMQ\r\nysOUPFgw7mXrs7r1R1W7y50+OQ+agDNbCi+O+LSuJYiJ8tMT8EkluYhEQmi0Qsu2\r\nZPYUzeJChI5oZKkX4rG94yUFYC25w9Lu214p7Tpdypw29b9IH1aVzBTNU1ydfuNn\r\nHFMlck4bdc7njsijua3l1gV9AKqmTfKnNFO4cd8CgcASs0bochVTMZ5Jp/ZKwFmw\r\nplnphKZem2dXVe85YiSlu4xT7SDGBjAsct3mMppSVw6puIsienThPtx0lVCpCU3l\r\n3Dir+ml65B6lEzQpUWVQAzVv/fC0jEisHRVkr236AGwEr/GGBjVM/+0y5/lUfE38\r\nCP0KfDIKlNdwmx29UI8xjB6b33kCywmQ6dPARofGcT+fytvdSW7Jla47LTF5FZcT\r\nFa/RxwUZRbA3Wh+5nwT4fJ43X6HFACHTGEPkjDKNx3kCgcEAlP6kOzllTOFMS1Hp\r\n11gjz59cWGRDqK2QYyozE3QcaqGoasbIl50wRA4l/zzf0s0uTwIo39c3zP9MH0G7\r\ncGtnsFlgo36hVFi8vOuoLPdqtey8wuU27u6XjACrkbNpNrkpgbI8z2/anKJKlNDQ\r\nlztrcKL4isTO8PXEoHXhK7ozKE1JId41qORa66Tl+y7Amb7UB6KXKBRMyUF32Wjh\r\nj25Dz+xiaDUliM8jjC6SzxdBDkbV7YxBkEj/PTrZB/UdgYWlAoHBALrMlddy1xWc\r\nr7XQpcZ3JepWFlNhDFTY0MGMa8+khDgO7h6vMqx6q7q1Cep/aZsRMdCr7G8d/p1r\r\nwBRc+U5zOpxNukXAroibjgRUUtWUa9t5KSH3THyehFu1jsbzoieai0Rr/j5LdrYM\r\n2h7EUwOzlQqlN/B38inojmJHzTDUet4qr8nnxTTTJ9A8dq/lI8kGn938W+UY2Szq\r\nDW8/Ycu/abstk3Plf2sDhoGthyzM5uBa6cpog8bOxWV7s8MdFLN9WA==\r\n-----END RSA PRIVATE KEY-----\r\n",
                "publicKey": "ssh-rsa AAAAB3NzaC1yc2EAAAADAQABAAABgQDRMxEMXs/7Aw5CBc3lF/Yo+FBRgdqKTNjij6Xe8hcadqAhLWBBEGQmtSPd6t15Pykdau0YLiEX4jiUOg8Sn2A5wC1Lbkf3E5Hq8C8vCvZrtqqyxHXf80cQ/+qvBbZrA5w1PTWOy8jAMIV5UubnFe/iJ9qZOp4WAxTefeABWd91WE3rV9AdPR0hI5B1hdHWlkBzqkau21AS6MoRD/l2CgxTTV29duT3yIkUPxv4RpWK+xD8SW/6YrDVzv+vOo/ZvcxuRnYec+M6qTF86+0vylaon2IRaKCEpiKjuXI4SyznoyTcHNW5uOwK4Djebrz+t1CFE+l36eX40afP/9xzQ3xAxjcDzP5gzKZYAhQhvTYmUF5SDt74RekqpqPR51bvTVrTO6mI4roOkQJB7hHIyNbKrDxF2ErKhLEShMesOFdZ37ZELXEch76B0AxPIQ7UMhTYYqVS51qMT6IxRJFGzulaHbSeVkqEL+Nr/92oE5lqgjXtaTW9MF0Rd31oPGVQhAk= generated-by-azure"
              },
              "type": [
                "object",
                {
                  "privateKey": "string",
                  "publicKey": "string"
                }
              ]
            },
            "resource_id": "/subscriptions/12d08a43-87ab-49fc-b06f-d1d31622044a/resourceGroups/Devops_project_prod/providers/Microsoft.Compute/sshPublicKeys/sshgamebluegill",
            "response_export_values": [
              "publicKey",
              "privateKey"
            ],
            "timeouts": null,
            "type": "Microsoft.Compute/sshPublicKeys@2022-11-01",
            "when": "apply"
          },
          "sensitive_attributes": [],
          "dependencies": [
            "azapi_resource.ssh_public_key",
            "azurerm_resource_group.rg",
            "random_pet.ssh_key_name"
          ]
        }
      ]
    },
    {
      "mode": "managed",
      "type": "azurerm_linux_virtual_machine",
      "name": "my_terraform_vm",
      "provider": "provider[\"registry.terraform.io/hashicorp/azurerm\"]",
      "instances": [
        {
          "index_key": 0,
          "schema_version": 0,
          "attributes": {
            "additional_capabilities": [],
            "admin_password": "Azure@123456",
            "admin_ssh_key": [],
            "admin_username": "azureuser",
            "allow_extension_operations": true,
            "availability_set_id": "",
            "boot_diagnostics": [],
            "bypass_platform_safety_checks_on_user_schedule_enabled": false,
            "capacity_reservation_group_id": "",
            "computer_name": "Devopsagent",
            "custom_data": null,
            "dedicated_host_group_id": "",
            "dedicated_host_id": "",
            "disable_password_authentication": false,
            "disk_controller_type": "SCSI",
            "edge_zone": "",
            "encryption_at_host_enabled": false,
            "eviction_policy": "",
            "extensions_time_budget": "PT1H30M",
            "gallery_application": [],
            "id": "/subscriptions/12d08a43-87ab-49fc-b06f-d1d31622044a/resourceGroups/Devops_project_prod/providers/Microsoft.Compute/virtualMachines/Devopsagent",
            "identity": [],
            "license_type": "",
            "location": "eastus2",
            "max_bid_price": -1,
            "name": "Devopsagent",
            "network_interface_ids": [
              "/subscriptions/12d08a43-87ab-49fc-b06f-d1d31622044a/resourceGroups/Devops_project_prod/providers/Microsoft.Network/networkInterfaces/myNIC-prod-0"
            ],
            "os_disk": [
              {
                "caching": "ReadWrite",
                "diff_disk_settings": [],
                "disk_encryption_set_id": "",
                "disk_size_gb": 30,
                "name": "myOsDisk-0",
                "secure_vm_disk_encryption_set_id": "",
                "security_encryption_type": "",
                "storage_account_type": "Premium_LRS",
                "write_accelerator_enabled": false
              }
            ],
            "os_image_notification": [],
            "patch_assessment_mode": "ImageDefault",
            "patch_mode": "ImageDefault",
            "plan": [],
            "platform_fault_domain": -1,
            "priority": "Regular",
            "private_ip_address": "10.0.1.4",
            "private_ip_addresses": [
              "10.0.1.4"
            ],
            "provision_vm_agent": true,
            "proximity_placement_group_id": "",
            "public_ip_address": "23.101.153.123",
            "public_ip_addresses": [
              "23.101.153.123"
            ],
            "reboot_setting": "",
            "resource_group_name": "Devops_project_prod",
            "secret": [],
            "secure_boot_enabled": true,
            "size": "Standard_D2as_v4",
            "source_image_id": "",
            "source_image_reference": [
              {
                "offer": "0001-com-ubuntu-server-jammy",
                "publisher": "Canonical",
                "sku": "22_04-lts-gen2",
                "version": "latest"
              }
            ],
            "tags": null,
            "termination_notification": null,
            "timeouts": null,
            "user_data": "",
            "virtual_machine_id": "e5abb78e-0370-4c75-ad6f-0024583e848f",
            "virtual_machine_scale_set_id": "",
            "vm_agent_platform_updates_enabled": false,
            "vtpm_enabled": false,
            "zone": ""
          },
          "sensitive_attributes": [
            [
              {
                "type": "get_attr",
                "value": "admin_username"
              }
            ],
            [
              {
                "type": "get_attr",
                "value": "admin_password"
              }
            ]
          ],
          "private": "eyJlMmJmYjczMC1lY2FhLTExZTYtOGY4OC0zNDM2M2JjN2M0YzAiOnsiY3JlYXRlIjoyNzAwMDAwMDAwMDAwLCJkZWxldGUiOjI3MDAwMDAwMDAwMDAsInJlYWQiOjMwMDAwMDAwMDAwMCwidXBkYXRlIjoyNzAwMDAwMDAwMDAwfX0=",
          "dependencies": [
            "azurerm_network_interface.my_terraform_nic",
            "azurerm_public_ip.my_terraform_public_ip",
            "azurerm_resource_group.rg",
            "azurerm_subnet.my_terraform_subnet",
            "azurerm_virtual_network.my_terraform_network",
            "data.azurerm_key_vault_secret.jenkins-admin-password",
            "data.azurerm_key_vault_secret.jenkins-admin-username"
          ]
        }
      ]
    },
    {
      "mode": "managed",
      "type": "azurerm_network_interface",
      "name": "my_terraform_nic",
      "provider": "provider[\"registry.terraform.io/hashicorp/azurerm\"]",
      "instances": [
        {
          "index_key": 0,
          "schema_version": 0,
          "attributes": {
            "accelerated_networking_enabled": false,
            "applied_dns_servers": [],
            "auxiliary_mode": "",
            "auxiliary_sku": "",
            "dns_servers": [],
            "edge_zone": "",
            "enable_accelerated_networking": false,
            "enable_ip_forwarding": false,
            "id": "/subscriptions/12d08a43-87ab-49fc-b06f-d1d31622044a/resourceGroups/Devops_project_prod/providers/Microsoft.Network/networkInterfaces/myNIC-prod-0",
            "internal_dns_name_label": "",
            "internal_domain_name_suffix": "s00eaggpxxfero0blxm2fvb2zh.cx.internal.cloudapp.net",
            "ip_configuration": [
              {
                "gateway_load_balancer_frontend_ip_configuration_id": "",
                "name": "my_nic_configuration-prod-0",
                "primary": true,
                "private_ip_address": "10.0.1.4",
                "private_ip_address_allocation": "Dynamic",
                "private_ip_address_version": "IPv4",
                "public_ip_address_id": "/subscriptions/12d08a43-87ab-49fc-b06f-d1d31622044a/resourceGroups/Devops_project_prod/providers/Microsoft.Network/publicIPAddresses/myPublicIP-prod-0",
                "subnet_id": "/subscriptions/12d08a43-87ab-49fc-b06f-d1d31622044a/resourceGroups/Devops_project_prod/providers/Microsoft.Network/virtualNetworks/myVnet-prod-0/subnets/mySubnet-prod"
              }
            ],
            "ip_forwarding_enabled": false,
            "location": "eastus2",
            "mac_address": "",
            "name": "myNIC-prod-0",
            "private_ip_address": "10.0.1.4",
            "private_ip_addresses": [
              "10.0.1.4"
            ],
            "resource_group_name": "Devops_project_prod",
            "tags": null,
            "timeouts": null,
            "virtual_machine_id": ""
          },
          "sensitive_attributes": [],
          "private": "eyJlMmJmYjczMC1lY2FhLTExZTYtOGY4OC0zNDM2M2JjN2M0YzAiOnsiY3JlYXRlIjoxODAwMDAwMDAwMDAwLCJkZWxldGUiOjE4MDAwMDAwMDAwMDAsInJlYWQiOjMwMDAwMDAwMDAwMCwidXBkYXRlIjoxODAwMDAwMDAwMDAwfX0=",
          "dependencies": [
            "azurerm_public_ip.my_terraform_public_ip",
            "azurerm_resource_group.rg",
            "azurerm_subnet.my_terraform_subnet",
            "azurerm_virtual_network.my_terraform_network"
          ]
        }
      ]
    },
    {
      "mode": "managed",
      "type": "azurerm_network_interface_security_group_association",
      "name": "example",
      "provider": "provider[\"registry.terraform.io/hashicorp/azurerm\"]",
      "instances": [
        {
          "index_key": 0,
          "schema_version": 0,
          "attributes": {
            "id": "/subscriptions/12d08a43-87ab-49fc-b06f-d1d31622044a/resourceGroups/Devops_project_prod/providers/Microsoft.Network/networkInterfaces/myNIC-prod-0|/subscriptions/12d08a43-87ab-49fc-b06f-d1d31622044a/resourceGroups/Devops_project_prod/providers/Microsoft.Network/networkSecurityGroups/myNetworkSecurityGroup-prod-0",
            "network_interface_id": "/subscriptions/12d08a43-87ab-49fc-b06f-d1d31622044a/resourceGroups/Devops_project_prod/providers/Microsoft.Network/networkInterfaces/myNIC-prod-0",
            "network_security_group_id": "/subscriptions/12d08a43-87ab-49fc-b06f-d1d31622044a/resourceGroups/Devops_project_prod/providers/Microsoft.Network/networkSecurityGroups/myNetworkSecurityGroup-prod-0",
            "timeouts": null
          },
          "sensitive_attributes": [],
          "private": "eyJlMmJmYjczMC1lY2FhLTExZTYtOGY4OC0zNDM2M2JjN2M0YzAiOnsiY3JlYXRlIjoxODAwMDAwMDAwMDAwLCJkZWxldGUiOjE4MDAwMDAwMDAwMDAsInJlYWQiOjMwMDAwMDAwMDAwMH19",
          "dependencies": [
            "azurerm_network_interface.my_terraform_nic",
            "azurerm_network_security_group.my_terraform_nsg",
            "azurerm_public_ip.my_terraform_public_ip",
            "azurerm_resource_group.rg",
            "azurerm_subnet.my_terraform_subnet",
            "azurerm_virtual_network.my_terraform_network"
          ]
        }
      ]
    },
    {
      "mode": "managed",
      "type": "azurerm_network_security_group",
      "name": "my_terraform_nsg",
      "provider": "provider[\"registry.terraform.io/hashicorp/azurerm\"]",
      "instances": [
        {
          "index_key": 0,
          "schema_version": 0,
          "attributes": {
            "id": "/subscriptions/12d08a43-87ab-49fc-b06f-d1d31622044a/resourceGroups/Devops_project_prod/providers/Microsoft.Network/networkSecurityGroups/myNetworkSecurityGroup-prod-0",
            "location": "eastus2",
            "name": "myNetworkSecurityGroup-prod-0",
            "resource_group_name": "Devops_project_prod",
            "security_rule": [
              {
                "access": "Allow",
                "description": "",
                "destination_address_prefix": "*",
                "destination_address_prefixes": [],
                "destination_application_security_group_ids": [],
                "destination_port_range": "*",
                "destination_port_ranges": [],
                "direction": "Inbound",
                "name": "jenkins_out",
                "priority": 1012,
                "protocol": "Tcp",
                "source_address_prefix": "*",
                "source_address_prefixes": [],
                "source_application_security_group_ids": [],
                "source_port_range": "8080",
                "source_port_ranges": []
              },
              {
                "access": "Allow",
                "description": "",
                "destination_address_prefix": "*",
                "destination_address_prefixes": [],
                "destination_application_security_group_ids": [],
                "destination_port_range": "22",
                "destination_port_ranges": [],
                "direction": "Inbound",
                "name": "SSH",
                "priority": 1000,
                "protocol": "Tcp",
                "source_address_prefix": "*",
                "source_address_prefixes": [],
                "source_application_security_group_ids": [],
                "source_port_range": "*",
                "source_port_ranges": []
              },
              {
                "access": "Allow",
                "description": "",
                "destination_address_prefix": "*",
                "destination_address_prefixes": [],
                "destination_application_security_group_ids": [],
                "destination_port_range": "8080",
                "destination_port_ranges": [],
                "direction": "Inbound",
                "name": "jenkins",
                "priority": 1001,
                "protocol": "Tcp",
                "source_address_prefix": "*",
                "source_address_prefixes": [],
                "source_application_security_group_ids": [],
                "source_port_range": "*",
                "source_port_ranges": []
              },
              {
                "access": "Allow",
                "description": "",
                "destination_address_prefix": "*",
                "destination_address_prefixes": [],
                "destination_application_security_group_ids": [],
                "destination_port_range": "8081",
                "destination_port_ranges": [],
                "direction": "Inbound",
                "name": "nexus",
                "priority": 1002,
                "protocol": "Tcp",
                "source_address_prefix": "*",
                "source_address_prefixes": [],
                "source_application_security_group_ids": [],
                "source_port_range": "*",
                "source_port_ranges": []
              },
              {
                "access": "Allow",
                "description": "",
                "destination_address_prefix": "*",
                "destination_address_prefixes": [],
                "destination_application_security_group_ids": [],
                "destination_port_range": "9000",
                "destination_port_ranges": [],
                "direction": "Inbound",
                "name": "sonar",
                "priority": 1003,
                "protocol": "Tcp",
                "source_address_prefix": "*",
                "source_address_prefixes": [],
                "source_application_security_group_ids": [],
                "source_port_range": "*",
                "source_port_ranges": []
              }
            ],
            "tags": null,
            "timeouts": null
          },
          "sensitive_attributes": [],
          "private": "eyJlMmJmYjczMC1lY2FhLTExZTYtOGY4OC0zNDM2M2JjN2M0YzAiOnsiY3JlYXRlIjoxODAwMDAwMDAwMDAwLCJkZWxldGUiOjE4MDAwMDAwMDAwMDAsInJlYWQiOjMwMDAwMDAwMDAwMCwidXBkYXRlIjoxODAwMDAwMDAwMDAwfX0=",
          "dependencies": [
            "azurerm_resource_group.rg"
          ]
        }
      ]
    },
    {
      "mode": "managed",
      "type": "azurerm_public_ip",
      "name": "my_terraform_public_ip",
      "provider": "provider[\"registry.terraform.io/hashicorp/azurerm\"]",
      "instances": [
        {
          "index_key": 0,
          "schema_version": 0,
          "attributes": {
            "allocation_method": "Dynamic",
            "ddos_protection_mode": "VirtualNetworkInherited",
            "ddos_protection_plan_id": null,
            "domain_name_label": null,
            "edge_zone": "",
            "fqdn": null,
            "id": "/subscriptions/12d08a43-87ab-49fc-b06f-d1d31622044a/resourceGroups/Devops_project_prod/providers/Microsoft.Network/publicIPAddresses/myPublicIP-prod-0",
            "idle_timeout_in_minutes": 4,
            "ip_address": "",
            "ip_tags": null,
            "ip_version": "IPv4",
            "location": "eastus2",
            "name": "myPublicIP-prod-0",
            "public_ip_prefix_id": null,
            "resource_group_name": "Devops_project_prod",
            "reverse_fqdn": null,
            "sku": "Basic",
            "sku_tier": "Regional",
            "tags": null,
            "timeouts": null,
            "zones": null
          },
          "sensitive_attributes": [],
          "private": "eyJlMmJmYjczMC1lY2FhLTExZTYtOGY4OC0zNDM2M2JjN2M0YzAiOnsiY3JlYXRlIjoxODAwMDAwMDAwMDAwLCJkZWxldGUiOjE4MDAwMDAwMDAwMDAsInJlYWQiOjMwMDAwMDAwMDAwMCwidXBkYXRlIjoxODAwMDAwMDAwMDAwfX0=",
          "dependencies": [
            "azurerm_resource_group.rg"
          ]
        }
      ]
    },
    {
      "mode": "managed",
      "type": "azurerm_resource_group",
      "name": "rg",
      "provider": "provider[\"registry.terraform.io/hashicorp/azurerm\"]",
      "instances": [
        {
          "schema_version": 0,
          "attributes": {
            "id": "/subscriptions/12d08a43-87ab-49fc-b06f-d1d31622044a/resourceGroups/Devops_project_prod",
            "location": "eastus2",
            "managed_by": "",
            "name": "Devops_project_prod",
            "tags": null,
            "timeouts": null
          },
          "sensitive_attributes": [],
          "private": "eyJlMmJmYjczMC1lY2FhLTExZTYtOGY4OC0zNDM2M2JjN2M0YzAiOnsiY3JlYXRlIjo1NDAwMDAwMDAwMDAwLCJkZWxldGUiOjU0MDAwMDAwMDAwMDAsInJlYWQiOjMwMDAwMDAwMDAwMCwidXBkYXRlIjo1NDAwMDAwMDAwMDAwfX0="
        }
      ]
    },
    {
      "mode": "managed",
      "type": "azurerm_subnet",
      "name": "my_terraform_subnet",
      "provider": "provider[\"registry.terraform.io/hashicorp/azurerm\"]",
      "instances": [
        {
          "index_key": 0,
          "schema_version": 0,
          "attributes": {
            "address_prefixes": [
              "10.0.1.0/24"
            ],
            "default_outbound_access_enabled": true,
            "delegation": [],
            "enforce_private_link_endpoint_network_policies": false,
            "enforce_private_link_service_network_policies": false,
            "id": "/subscriptions/12d08a43-87ab-49fc-b06f-d1d31622044a/resourceGroups/Devops_project_prod/providers/Microsoft.Network/virtualNetworks/myVnet-prod-0/subnets/mySubnet-prod",
            "name": "mySubnet-prod",
            "private_endpoint_network_policies": "Enabled",
            "private_endpoint_network_policies_enabled": true,
            "private_link_service_network_policies_enabled": true,
            "resource_group_name": "Devops_project_prod",
            "service_endpoint_policy_ids": null,
            "service_endpoints": null,
            "timeouts": null,
            "virtual_network_name": "myVnet-prod-0"
          },
          "sensitive_attributes": [],
          "private": "eyJlMmJmYjczMC1lY2FhLTExZTYtOGY4OC0zNDM2M2JjN2M0YzAiOnsiY3JlYXRlIjoxODAwMDAwMDAwMDAwLCJkZWxldGUiOjE4MDAwMDAwMDAwMDAsInJlYWQiOjMwMDAwMDAwMDAwMCwidXBkYXRlIjoxODAwMDAwMDAwMDAwfX0=",
          "dependencies": [
            "azurerm_resource_group.rg",
            "azurerm_virtual_network.my_terraform_network"
          ]
        }
      ]
    },
    {
      "mode": "managed",
      "type": "azurerm_virtual_network",
      "name": "my_terraform_network",
      "provider": "provider[\"registry.terraform.io/hashicorp/azurerm\"]",
      "instances": [
        {
          "index_key": 0,
          "schema_version": 0,
          "attributes": {
            "address_space": [
              "10.0.0.0/16"
            ],
            "bgp_community": "",
            "ddos_protection_plan": [],
            "dns_servers": [],
            "edge_zone": "",
            "encryption": [],
            "flow_timeout_in_minutes": 0,
            "guid": "1840b496-bdcf-48ca-bb41-5dd9c2d43ccf",
            "id": "/subscriptions/12d08a43-87ab-49fc-b06f-d1d31622044a/resourceGroups/Devops_project_prod/providers/Microsoft.Network/virtualNetworks/myVnet-prod-0",
            "location": "eastus2",
            "name": "myVnet-prod-0",
            "resource_group_name": "Devops_project_prod",
            "subnet": [],
            "tags": null,
            "timeouts": null
          },
          "sensitive_attributes": [],
          "private": "eyJlMmJmYjczMC1lY2FhLTExZTYtOGY4OC0zNDM2M2JjN2M0YzAiOnsiY3JlYXRlIjoxODAwMDAwMDAwMDAwLCJkZWxldGUiOjE4MDAwMDAwMDAwMDAsInJlYWQiOjMwMDAwMDAwMDAwMCwidXBkYXRlIjoxODAwMDAwMDAwMDAwfX0=",
          "dependencies": [
            "azurerm_resource_group.rg"
          ]
        }
      ]
    },
    {
      "mode": "managed",
      "type": "random_id",
      "name": "random_id",
      "provider": "provider[\"registry.terraform.io/hashicorp/random\"]",
      "instances": [
        {
          "schema_version": 0,
          "attributes": {
            "b64_std": "3bq7RAgbuuk=",
            "b64_url": "3bq7RAgbuuk",
            "byte_length": 8,
            "dec": "15977288528918461161",
            "hex": "ddbabb44081bbae9",
            "id": "3bq7RAgbuuk",
            "keepers": {
              "resource_group": "Devops_project_prod"
            },
            "prefix": null
          },
          "sensitive_attributes": [],
          "dependencies": [
            "azurerm_resource_group.rg"
          ]
        }
      ]
    },
    {
      "mode": "managed",
      "type": "random_pet",
      "name": "rg_name",
      "provider": "provider[\"registry.terraform.io/hashicorp/random\"]",
      "instances": [
        {
          "schema_version": 0,
          "attributes": {
            "id": "rg1-fancy-goldfish",
            "keepers": null,
            "length": 2,
            "prefix": "rg1",
            "separator": "-"
          },
          "sensitive_attributes": []
        }
      ]
    },
    {
      "mode": "managed",
      "type": "random_pet",
      "name": "ssh_key_name",
      "provider": "provider[\"registry.terraform.io/hashicorp/random\"]",
      "instances": [
        {
          "schema_version": 0,
          "attributes": {
            "id": "sshgamebluegill",
            "keepers": null,
            "length": 2,
            "prefix": "ssh",
            "separator": ""
          },
          "sensitive_attributes": []
        }
      ]
    }
  ],
  "check_results": null
}
