{
  "version": 4,
  "terraform_version": "1.5.7",
  "serial": 155,
  "lineage": "f6bf829f-4266-e55d-1958-eb098bd349fd",
  "outputs": {
    "key_data": {
      "value": "ssh-rsa AAAAB3NzaC1yc2EAAAADAQABAAABgQDbGw93BpTv6oDSa8SmRnX5zm/4DhQaQZQqEqxlsTXS/aL1endLDVjjDOwA7URwpQQ6LkBWK8MScjlMJ/tHQcPp2n6DTSctt8bnhdSLUdJ7/2gNvU8dJNa6j2BECkV6Qin9tP4OnuvLqSbhxXSRsqL+AZLwnPvQkFHHQrBFel5/QDquRtLYy+TsTeXQbygxHNMoPndSN9AXyc/nW2NSBqtKpHzbTh7gC5XtrVlzmkTriB056pxQypj42Qxd1BmJQ6UsNffBCuAvNdQKeq53SPZKmfPFY6sxygxcRDHB+xNPKm9af4U8+qToH2C4iEUrEr7XZp1syRYz7Tb8kfThwPulGajPh1ueggxmu2+Q76tqGghgxjI/cEsCaRA1W7sI8hOkOFhSKnDFnO2GzZp8uJraiCTZjd+KmJS4aFpRmyFLbiCDEjzzYXs8A2Yoy85aztUzg1sZ1ArYmtdexeh4E5SxqSWslxpktyGnWyvWHt4MaeO9YPRKggRhdCjOqcQ3SIk= generated-by-azure",
      "type": "string"
    },
    "resource_group_name": {
      "value": "Devops_project_prod",
      "type": "string"
    },
    "virtual_machine_name": {
      "value": [
        "Devopsagent"
      ],
      "type": [
        "tuple",
        [
          "string"
        ]
      ]
    }
  },
  "resources": [
    {
      "mode": "data",
      "type": "azurerm_key_vault",
      "name": "kv",
      "provider": "provider[\"registry.terraform.io/hashicorp/azurerm\"]",
      "instances": [
        {
          "schema_version": 0,
          "attributes": {
            "access_policy": [
              {
                "application_id": "",
                "certificate_permissions": [],
                "key_permissions": [],
                "object_id": "6af80303-65c4-4e51-9c11-9fc2daf1bf19",
                "secret_permissions": [
                  "Get",
                  "List",
                  "Set",
                  "Delete"
                ],
                "storage_permissions": [],
                "tenant_id": "22661859-9734-416a-a963-8d74287c2f62"
              },
              {
                "application_id": "",
                "certificate_permissions": [
                  "Get",
                  "List",
                  "Update",
                  "Create",
                  "Import",
                  "Delete",
                  "Recover",
                  "Backup",
                  "Restore",
                  "ManageContacts",
                  "ManageIssuers",
                  "GetIssuers",
                  "ListIssuers",
                  "SetIssuers",
                  "DeleteIssuers"
                ],
                "key_permissions": [
                  "Get",
                  "List",
                  "Update",
                  "Create",
                  "Import",
                  "Delete",
                  "Recover",
                  "Backup",
                  "Restore",
                  "GetRotationPolicy",
                  "SetRotationPolicy",
                  "Rotate",
                  "Encrypt",
                  "Decrypt",
                  "UnwrapKey",
                  "WrapKey",
                  "Verify",
                  "Sign",
                  "Purge",
                  "Release"
                ],
                "object_id": "9d0eb1c5-9fcf-4ad7-981e-7a760529e1e1",
                "secret_permissions": [
                  "Get",
                  "List",
                  "Set",
                  "Delete",
                  "Recover",
                  "Backup",
                  "Restore",
                  "Purge"
                ],
                "storage_permissions": [],
                "tenant_id": "22661859-9734-416a-a963-8d74287c2f62"
              }
            ],
            "enable_rbac_authorization": false,
            "enabled_for_deployment": false,
            "enabled_for_disk_encryption": false,
            "enabled_for_template_deployment": false,
            "id": "/subscriptions/12d08a43-87ab-49fc-b06f-d1d31622044a/resourceGroups/Keyvault_rg/providers/Microsoft.KeyVault/vaults/devopsprojectkeyvault1",
            "location": "eastus2",
            "name": "devopsprojectkeyvault1",
            "network_acls": [],
            "public_network_access_enabled": true,
            "purge_protection_enabled": false,
            "resource_group_name": "Keyvault_rg",
            "sku_name": "standard",
            "tags": {},
            "tenant_id": "22661859-9734-416a-a963-8d74287c2f62",
            "timeouts": null,
            "vault_uri": "https://devopsprojectkeyvault1.vault.azure.net/"
          },
          "sensitive_attributes": []
        }
      ]
    },
    {
      "mode": "data",
      "type": "azurerm_key_vault_secret",
      "name": "jenkins-admin-password",
      "provider": "provider[\"registry.terraform.io/hashicorp/azurerm\"]",
      "instances": [
        {
          "schema_version": 0,
          "attributes": {
            "content_type": "",
            "expiration_date": null,
            "id": "https://devopsprojectkeyvault1.vault.azure.net/secrets/jenkins-admin-password/08edb9ae1ecf452ca97dfab48f6cb2f1",
            "key_vault_id": "/subscriptions/12d08a43-87ab-49fc-b06f-d1d31622044a/resourceGroups/Keyvault_rg/providers/Microsoft.KeyVault/vaults/devopsprojectkeyvault1",
            "name": "jenkins-admin-password",
            "not_before_date": null,
            "resource_id": "/subscriptions/12d08a43-87ab-49fc-b06f-d1d31622044a/resourceGroups/Keyvault_rg/providers/Microsoft.KeyVault/vaults/devopsprojectkeyvault1/secrets/jenkins-admin-password/versions/08edb9ae1ecf452ca97dfab48f6cb2f1",
            "resource_versionless_id": "/subscriptions/12d08a43-87ab-49fc-b06f-d1d31622044a/resourceGroups/Keyvault_rg/providers/Microsoft.KeyVault/vaults/devopsprojectkeyvault1/secrets/jenkins-admin-password",
            "tags": {},
            "timeouts": null,
            "value": "Azure@123456",
            "version": "08edb9ae1ecf452ca97dfab48f6cb2f1",
            "versionless_id": "https://devopsprojectkeyvault1.vault.azure.net/secrets/jenkins-admin-password"
          },
          "sensitive_attributes": []
        }
      ]
    },
    {
      "mode": "data",
      "type": "azurerm_key_vault_secret",
      "name": "jenkins-admin-username",
      "provider": "provider[\"registry.terraform.io/hashicorp/azurerm\"]",
      "instances": [
        {
          "schema_version": 0,
          "attributes": {
            "content_type": "",
            "expiration_date": null,
            "id": "https://devopsprojectkeyvault1.vault.azure.net/secrets/jenkins-admin-username/d1b50a33eddc4c699696c9cfdaa942bf",
            "key_vault_id": "/subscriptions/12d08a43-87ab-49fc-b06f-d1d31622044a/resourceGroups/Keyvault_rg/providers/Microsoft.KeyVault/vaults/devopsprojectkeyvault1",
            "name": "jenkins-admin-username",
            "not_before_date": null,
            "resource_id": "/subscriptions/12d08a43-87ab-49fc-b06f-d1d31622044a/resourceGroups/Keyvault_rg/providers/Microsoft.KeyVault/vaults/devopsprojectkeyvault1/secrets/jenkins-admin-username/versions/d1b50a33eddc4c699696c9cfdaa942bf",
            "resource_versionless_id": "/subscriptions/12d08a43-87ab-49fc-b06f-d1d31622044a/resourceGroups/Keyvault_rg/providers/Microsoft.KeyVault/vaults/devopsprojectkeyvault1/secrets/jenkins-admin-username",
            "tags": {},
            "timeouts": null,
            "value": "azureuser",
            "version": "d1b50a33eddc4c699696c9cfdaa942bf",
            "versionless_id": "https://devopsprojectkeyvault1.vault.azure.net/secrets/jenkins-admin-username"
          },
          "sensitive_attributes": []
        }
      ]
    },
    {
      "mode": "managed",
      "type": "azapi_resource",
      "name": "ssh_public_key",
      "provider": "provider[\"registry.terraform.io/azure/azapi\"]",
      "instances": [
        {
          "schema_version": 1,
          "attributes": {
            "body": {
              "value": "{}",
              "type": "string"
            },
            "id": "/subscriptions/12d08a43-87ab-49fc-b06f-d1d31622044a/resourceGroups/Devops_project_prod/providers/Microsoft.Compute/sshPublicKeys/sshdistinctpenguin",
            "identity": [],
            "ignore_body_changes": null,
            "ignore_casing": false,
            "ignore_missing_property": true,
            "location": "eastus2",
            "locks": null,
            "name": "sshdistinctpenguin",
            "output": {
              "value": "{}",
              "type": "string"
            },
            "parent_id": "/subscriptions/12d08a43-87ab-49fc-b06f-d1d31622044a/resourceGroups/Devops_project_prod",
            "removing_special_chars": false,
            "response_export_values": null,
            "schema_validation_enabled": true,
            "tags": null,
            "timeouts": null,
            "type": "Microsoft.Compute/sshPublicKeys@2022-11-01"
          },
          "sensitive_attributes": [],
          "dependencies": [
            "azurerm_resource_group.rg",
            "random_pet.ssh_key_name"
          ]
        }
      ]
    },
    {
      "mode": "managed",
      "type": "azapi_resource_action",
      "name": "ssh_public_key_gen",
      "provider": "provider[\"registry.terraform.io/azure/azapi\"]",
      "instances": [
        {
          "schema_version": 1,
          "attributes": {
            "action": "generateKeyPair",
            "body": null,
            "id": "/subscriptions/12d08a43-87ab-49fc-b06f-d1d31622044a/resourceGroups/Devops_project_prod/providers/Microsoft.Compute/sshPublicKeys/sshdistinctpenguin/generateKeyPair",
            "locks": null,
            "method": "POST",
            "output": {
              "value": {
                "privateKey": "-----BEGIN RSA PRIVATE KEY-----\r\nMIIG5AIBAAKCAYEA2xsPdwaU7+qA0mvEpkZ1+c5v+A4UGkGUKhKsZbE10v2i9Xp3\r\nSw1Y4wzsAO1EcKUEOi5AVivDEnI5TCf7R0HD6dp+g00nLbfG54XUi1HSe/9oDb1P\r\nHSTWuo9gRApFekIp/bT+Dp7ry6km4cV0kbKi/gGS8Jz70JBRx0KwRXpef0A6rkbS\r\n2Mvk7E3l0G8oMRzTKD53UjfQF8nP51tjUgarSqR8204e4AuV7a1Zc5pE64gdOeqc\r\nUMqY+NkMXdQZiUOlLDX3wQrgLzXUCnqud0j2SpnzxWOrMcoMXEQxwfsTTypvWn+F\r\nPPqk6B9guIhFKxK+12adbMkWM+02/JH04cD7pRmoz4dbnoIMZrtvkO+rahoIYMYy\r\nP3BLAmkQNVu7CPITpDhYUipwxZzths2afLia2ogk2Y3fipiUuGhaUZshS24ggxI8\r\n82F7PANmKMvOWs7VM4NbGdQK2JrXXsXoeBOUsaklrJcaZLchp1sr1h7eDGnjvWD0\r\nSoIEYXQozqnEN0iJAgMBAAECggGAXHlTUZ0JhyimLikl2jeq2z/xqfPnMB21dvxi\r\nnpjoaqB6ArkpWBfOCCYQBWQempxK6HNU3AmkT0i+PhIxz6VGFpENDEWn33fNDzJA\r\nvnxOJd9p/0KC/X3q0tpoes8K+8qpBlc5UtpoEpDVxDweMs/+Us4/QiY/cYs3uK3A\r\nz9IRyAtHuP5TRwTnHYTTFeGUSQYtaLLUkXLU9PVMNg0wIhKGgP5jY/vYtB6vrJyZ\r\nQF0/8ViFXUhTqRWY8o5I1eEK1hAiAkYYO3oVY0Xdm1A83jZ7lkAszopvXoU6Hh3n\r\nxnJhd7Sg6YrLg9l4XLDSy+CSt7CHS3XT5Ll/bgX8TQMy+K6vKzILfGD5l+Ro8feN\r\nHKyhyIAMFpTN0mSlTSLOrrIPTTPjYyAcDWuSNTMZnMlyHt/CyxX2qqoGCfUNM3Fq\r\n3v96CyQo/I0sby2O+OQJq/X+rSD4F5dP3uZf5szNQN2rXndVvZmuYnsFn8VvcVFN\r\nqFa2sr1yIEW2Q6BKMbuxrQZqQDsxAoHBAOagVw4V+rvJzib8HzgeOBwTC7xziQs0\r\noeTX60Kruu4AvLKd7reO4D3dvfz+/ws95GrWorJ+m1pC7L1X05JqJ/46fIgelpe8\r\nbwRlAzHrIwcf9q3GcjmpJ4QycxYsoh7gfsML6b3ozAlA6RGFgltQmIKDri6PdXzM\r\nPY6MolgzZE95k/8dx45b8933b/KLCISNMHUL3MRkxIiJRLsMaX9+PjaDSLhmmwp0\r\n0oyZSfgHncD3PX6sNexmYrC8IcUjZIyACwKBwQDzNj0Por0fWrBldTqFJIG4P0eP\r\nlx4IVP5VlegNtawHEkt+ymcvFDYwOWv42UoLz2IuGP//gdygh1uVAmBuiFM+59kb\r\nf4TvZKYsUcRnqhrUwyleSWsHpKNPWAIjXEgMgXQWj/0rdBtFENa8//zOWdCPsKHB\r\nKbjoozfNWwyjKWKg+W85q72CGgS8FtJ8mI/nzsGUAl03bUlf6DhK/swMJHV+92bk\r\nesK0c2f1Bq0+3DYsrp2HdCfT9YUqWi9PMpCfEjsCgcEAlK6sUSV0Z1q8MD/8tIYu\r\n8FKLD2yA3puI/+r//hSOx9/rx0+wVeCjyt7JHHEc5hd5yjMj4uVirHdW/t6/RLZx\r\noCH+pRbrSVmvTOr+e1E3XOGLfA7jFy9pjX2k2pfd0QA0WPS2Nbv+xrx1RdmH5+z2\r\n1bWlNtlACjv2N4+NHkXLlr0v35pITAwWFXTvVDO0QxhvNBZ4tpisZ8XvbJOc9Bfk\r\nbeqHmHJ14/DayNAOcvweBQigOak2fniniX9QWjLuIPJvAoHBAJXnllcuzTaoJRVD\r\n3h/2UmYHysm8MOydxm1mCjN5CGELa7DofBTOdl/e5Kfq9fK1jiQvkIohtqTTCSWc\r\n42b9a6HYMT77qCoNdUbX1yC1/fepmrPcuLVrSqU674Zv+JCMscq+USMZWz2ElXbE\r\nqUNepGgMTIbMeoYZI+nU9sMSXRIu69k1+4ZXFxf/URkux3PvQe1CT8Y7+/+7GAdR\r\naN8LEciCIM8uwxeKEkc6KEoYXOPJdJrqgynnqH5kO8iqt+zzxQKBwEO4k7zry6in\r\nKjAHovV1GqGn9s4CO4b4iBUzQR9PVLuiY4RY7fVfTZiNppFG/3wokkBqUIvsHWti\r\n+eIc6Z6akK/bdBzhaLYBDX5hO4cz4rR4qFsRkeZB1eyHqqax3EhTQSJIwDUfDR0d\r\nMDrYtRSswo1AOfvGtUonHewqK4M6xaxnqMtZR145yCShswLg8lvDhT11o50agT16\r\nqmV55djRPcI6n9M7PIb1//Lvlp296XmPgv14jr7NWGY3wUMXoApQ3A==\r\n-----END RSA PRIVATE KEY-----\r\n",
                "publicKey": "ssh-rsa AAAAB3NzaC1yc2EAAAADAQABAAABgQDbGw93BpTv6oDSa8SmRnX5zm/4DhQaQZQqEqxlsTXS/aL1endLDVjjDOwA7URwpQQ6LkBWK8MScjlMJ/tHQcPp2n6DTSctt8bnhdSLUdJ7/2gNvU8dJNa6j2BECkV6Qin9tP4OnuvLqSbhxXSRsqL+AZLwnPvQkFHHQrBFel5/QDquRtLYy+TsTeXQbygxHNMoPndSN9AXyc/nW2NSBqtKpHzbTh7gC5XtrVlzmkTriB056pxQypj42Qxd1BmJQ6UsNffBCuAvNdQKeq53SPZKmfPFY6sxygxcRDHB+xNPKm9af4U8+qToH2C4iEUrEr7XZp1syRYz7Tb8kfThwPulGajPh1ueggxmu2+Q76tqGghgxjI/cEsCaRA1W7sI8hOkOFhSKnDFnO2GzZp8uJraiCTZjd+KmJS4aFpRmyFLbiCDEjzzYXs8A2Yoy85aztUzg1sZ1ArYmtdexeh4E5SxqSWslxpktyGnWyvWHt4MaeO9YPRKggRhdCjOqcQ3SIk= generated-by-azure"
              },
              "type": [
                "object",
                {
                  "privateKey": "string",
                  "publicKey": "string"
                }
              ]
            },
            "resource_id": "/subscriptions/12d08a43-87ab-49fc-b06f-d1d31622044a/resourceGroups/Devops_project_prod/providers/Microsoft.Compute/sshPublicKeys/sshdistinctpenguin",
            "response_export_values": [
              "publicKey",
              "privateKey"
            ],
            "timeouts": null,
            "type": "Microsoft.Compute/sshPublicKeys@2022-11-01",
            "when": "apply"
          },
          "sensitive_attributes": [],
          "dependencies": [
            "azapi_resource.ssh_public_key",
            "azurerm_resource_group.rg",
            "random_pet.ssh_key_name"
          ]
        }
      ]
    },
    {
      "mode": "managed",
      "type": "azurerm_network_interface",
      "name": "my_terraform_nic",
      "provider": "provider[\"registry.terraform.io/hashicorp/azurerm\"]",
      "instances": [
        {
          "index_key": 0,
          "schema_version": 0,
          "attributes": {
            "accelerated_networking_enabled": false,
            "applied_dns_servers": [],
            "auxiliary_mode": "",
            "auxiliary_sku": "",
            "dns_servers": [],
            "edge_zone": "",
            "enable_accelerated_networking": false,
            "enable_ip_forwarding": false,
            "id": "/subscriptions/12d08a43-87ab-49fc-b06f-d1d31622044a/resourceGroups/Devops_project_prod/providers/Microsoft.Network/networkInterfaces/myNIC-prod-0",
            "internal_dns_name_label": "",
            "internal_domain_name_suffix": "1n3tsdmt2fzuzmd2moui32jd5h.cx.internal.cloudapp.net",
            "ip_configuration": [
              {
                "gateway_load_balancer_frontend_ip_configuration_id": "",
                "name": "my_nic_configuration-prod-0",
                "primary": true,
                "private_ip_address": "10.0.1.4",
                "private_ip_address_allocation": "Dynamic",
                "private_ip_address_version": "IPv4",
                "public_ip_address_id": "/subscriptions/12d08a43-87ab-49fc-b06f-d1d31622044a/resourceGroups/Devops_project_prod/providers/Microsoft.Network/publicIPAddresses/myPublicIP-prod-0",
                "subnet_id": "/subscriptions/12d08a43-87ab-49fc-b06f-d1d31622044a/resourceGroups/Devops_project_prod/providers/Microsoft.Network/virtualNetworks/myVnet-prod-0/subnets/mySubnet-prod"
              }
            ],
            "ip_forwarding_enabled": false,
            "location": "eastus2",
            "mac_address": "",
            "name": "myNIC-prod-0",
            "private_ip_address": "10.0.1.4",
            "private_ip_addresses": [
              "10.0.1.4"
            ],
            "resource_group_name": "Devops_project_prod",
            "tags": {},
            "timeouts": null,
            "virtual_machine_id": ""
          },
          "sensitive_attributes": [],
          "private": "eyJlMmJmYjczMC1lY2FhLTExZTYtOGY4OC0zNDM2M2JjN2M0YzAiOnsiY3JlYXRlIjoxODAwMDAwMDAwMDAwLCJkZWxldGUiOjE4MDAwMDAwMDAwMDAsInJlYWQiOjMwMDAwMDAwMDAwMCwidXBkYXRlIjoxODAwMDAwMDAwMDAwfX0=",
          "dependencies": [
            "azurerm_public_ip.my_terraform_public_ip",
            "azurerm_resource_group.rg",
            "azurerm_subnet.my_terraform_subnet",
            "azurerm_virtual_network.my_terraform_network"
          ]
        }
      ]
    },
    {
      "mode": "managed",
      "type": "azurerm_network_interface_security_group_association",
      "name": "example",
      "provider": "provider[\"registry.terraform.io/hashicorp/azurerm\"]",
      "instances": [
        {
          "index_key": 0,
          "schema_version": 0,
          "attributes": {
            "id": "/subscriptions/12d08a43-87ab-49fc-b06f-d1d31622044a/resourceGroups/Devops_project_prod/providers/Microsoft.Network/networkInterfaces/myNIC-prod-0|/subscriptions/12d08a43-87ab-49fc-b06f-d1d31622044a/resourceGroups/Devops_project_prod/providers/Microsoft.Network/networkSecurityGroups/myNetworkSecurityGroup-prod-0",
            "network_interface_id": "/subscriptions/12d08a43-87ab-49fc-b06f-d1d31622044a/resourceGroups/Devops_project_prod/providers/Microsoft.Network/networkInterfaces/myNIC-prod-0",
            "network_security_group_id": "/subscriptions/12d08a43-87ab-49fc-b06f-d1d31622044a/resourceGroups/Devops_project_prod/providers/Microsoft.Network/networkSecurityGroups/myNetworkSecurityGroup-prod-0",
            "timeouts": null
          },
          "sensitive_attributes": [],
          "private": "eyJlMmJmYjczMC1lY2FhLTExZTYtOGY4OC0zNDM2M2JjN2M0YzAiOnsiY3JlYXRlIjoxODAwMDAwMDAwMDAwLCJkZWxldGUiOjE4MDAwMDAwMDAwMDAsInJlYWQiOjMwMDAwMDAwMDAwMH19",
          "dependencies": [
            "azurerm_network_interface.my_terraform_nic",
            "azurerm_network_security_group.my_terraform_nsg",
            "azurerm_public_ip.my_terraform_public_ip",
            "azurerm_resource_group.rg",
            "azurerm_subnet.my_terraform_subnet",
            "azurerm_virtual_network.my_terraform_network"
          ]
        }
      ]
    },
    {
      "mode": "managed",
      "type": "azurerm_network_security_group",
      "name": "my_terraform_nsg",
      "provider": "provider[\"registry.terraform.io/hashicorp/azurerm\"]",
      "instances": [
        {
          "index_key": 0,
          "schema_version": 0,
          "attributes": {
            "id": "/subscriptions/12d08a43-87ab-49fc-b06f-d1d31622044a/resourceGroups/Devops_project_prod/providers/Microsoft.Network/networkSecurityGroups/myNetworkSecurityGroup-prod-0",
            "location": "eastus2",
            "name": "myNetworkSecurityGroup-prod-0",
            "resource_group_name": "Devops_project_prod",
            "security_rule": [
              {
                "access": "Allow",
                "description": "",
                "destination_address_prefix": "*",
                "destination_address_prefixes": [],
                "destination_application_security_group_ids": [],
                "destination_port_range": "*",
                "destination_port_ranges": [],
                "direction": "Outbound",
                "name": "jenkins_out",
                "priority": 1012,
                "protocol": "Tcp",
                "source_address_prefix": "*",
                "source_address_prefixes": [],
                "source_application_security_group_ids": [],
                "source_port_range": "8080",
                "source_port_ranges": []
              },
              {
                "access": "Allow",
                "description": "",
                "destination_address_prefix": "*",
                "destination_address_prefixes": [],
                "destination_application_security_group_ids": [],
                "destination_port_range": "22",
                "destination_port_ranges": [],
                "direction": "Inbound",
                "name": "SSH",
                "priority": 1001,
                "protocol": "Tcp",
                "source_address_prefix": "*",
                "source_address_prefixes": [],
                "source_application_security_group_ids": [],
                "source_port_range": "*",
                "source_port_ranges": []
              },
              {
                "access": "Allow",
                "description": "",
                "destination_address_prefix": "*",
                "destination_address_prefixes": [],
                "destination_application_security_group_ids": [],
                "destination_port_range": "8080",
                "destination_port_ranges": [],
                "direction": "Inbound",
                "name": "jenkins",
                "priority": 1011,
                "protocol": "Tcp",
                "source_address_prefix": "*",
                "source_address_prefixes": [],
                "source_application_security_group_ids": [],
                "source_port_range": "*",
                "source_port_ranges": []
              },
              {
                "access": "Allow",
                "description": "",
                "destination_address_prefix": "*",
                "destination_address_prefixes": [],
                "destination_application_security_group_ids": [],
                "destination_port_range": "8081",
                "destination_port_ranges": [],
                "direction": "Inbound",
                "name": "nexus_in",
                "priority": 1015,
                "protocol": "Tcp",
                "source_address_prefix": "*",
                "source_address_prefixes": [],
                "source_application_security_group_ids": [],
                "source_port_range": "*",
                "source_port_ranges": []
              },
              {
                "access": "Allow",
                "description": "",
                "destination_address_prefix": "*",
                "destination_address_prefixes": [],
                "destination_application_security_group_ids": [],
                "destination_port_range": "9000",
                "destination_port_ranges": [],
                "direction": "Inbound",
                "name": "sonar_in",
                "priority": 1013,
                "protocol": "Tcp",
                "source_address_prefix": "*",
                "source_address_prefixes": [],
                "source_application_security_group_ids": [],
                "source_port_range": "*",
                "source_port_ranges": []
              }
            ],
            "tags": {},
            "timeouts": null
          },
          "sensitive_attributes": [],
          "private": "eyJlMmJmYjczMC1lY2FhLTExZTYtOGY4OC0zNDM2M2JjN2M0YzAiOnsiY3JlYXRlIjoxODAwMDAwMDAwMDAwLCJkZWxldGUiOjE4MDAwMDAwMDAwMDAsInJlYWQiOjMwMDAwMDAwMDAwMCwidXBkYXRlIjoxODAwMDAwMDAwMDAwfX0=",
          "dependencies": [
            "azurerm_resource_group.rg"
          ]
        }
      ]
    },
    {
      "mode": "managed",
      "type": "azurerm_public_ip",
      "name": "my_terraform_public_ip",
      "provider": "provider[\"registry.terraform.io/hashicorp/azurerm\"]",
      "instances": [
        {
          "index_key": 0,
          "schema_version": 0,
          "attributes": {
            "allocation_method": "Dynamic",
            "ddos_protection_mode": "VirtualNetworkInherited",
            "ddos_protection_plan_id": null,
            "domain_name_label": null,
            "edge_zone": "",
            "fqdn": null,
            "id": "/subscriptions/12d08a43-87ab-49fc-b06f-d1d31622044a/resourceGroups/Devops_project_prod/providers/Microsoft.Network/publicIPAddresses/myPublicIP-prod-0",
            "idle_timeout_in_minutes": 4,
            "ip_address": "",
            "ip_tags": {},
            "ip_version": "IPv4",
            "location": "eastus2",
            "name": "myPublicIP-prod-0",
            "public_ip_prefix_id": null,
            "resource_group_name": "Devops_project_prod",
            "reverse_fqdn": null,
            "sku": "Basic",
            "sku_tier": "Regional",
            "tags": {},
            "timeouts": null,
            "zones": []
          },
          "sensitive_attributes": [],
          "private": "eyJlMmJmYjczMC1lY2FhLTExZTYtOGY4OC0zNDM2M2JjN2M0YzAiOnsiY3JlYXRlIjoxODAwMDAwMDAwMDAwLCJkZWxldGUiOjE4MDAwMDAwMDAwMDAsInJlYWQiOjMwMDAwMDAwMDAwMCwidXBkYXRlIjoxODAwMDAwMDAwMDAwfX0=",
          "dependencies": [
            "azurerm_resource_group.rg"
          ]
        }
      ]
    },
    {
      "mode": "managed",
      "type": "azurerm_resource_group",
      "name": "rg",
      "provider": "provider[\"registry.terraform.io/hashicorp/azurerm\"]",
      "instances": [
        {
          "schema_version": 0,
          "attributes": {
            "id": "/subscriptions/12d08a43-87ab-49fc-b06f-d1d31622044a/resourceGroups/Devops_project_prod",
            "location": "eastus2",
            "managed_by": "",
            "name": "Devops_project_prod",
            "tags": {},
            "timeouts": null
          },
          "sensitive_attributes": [],
          "private": "eyJlMmJmYjczMC1lY2FhLTExZTYtOGY4OC0zNDM2M2JjN2M0YzAiOnsiY3JlYXRlIjo1NDAwMDAwMDAwMDAwLCJkZWxldGUiOjU0MDAwMDAwMDAwMDAsInJlYWQiOjMwMDAwMDAwMDAwMCwidXBkYXRlIjo1NDAwMDAwMDAwMDAwfX0="
        }
      ]
    },
    {
      "mode": "managed",
      "type": "azurerm_subnet",
      "name": "my_terraform_subnet",
      "provider": "provider[\"registry.terraform.io/hashicorp/azurerm\"]",
      "instances": [
        {
          "index_key": 0,
          "schema_version": 0,
          "attributes": {
            "address_prefixes": [
              "10.0.1.0/24"
            ],
            "default_outbound_access_enabled": true,
            "delegation": [],
            "enforce_private_link_endpoint_network_policies": false,
            "enforce_private_link_service_network_policies": false,
            "id": "/subscriptions/12d08a43-87ab-49fc-b06f-d1d31622044a/resourceGroups/Devops_project_prod/providers/Microsoft.Network/virtualNetworks/myVnet-prod-0/subnets/mySubnet-prod",
            "name": "mySubnet-prod",
            "private_endpoint_network_policies": "Enabled",
            "private_endpoint_network_policies_enabled": true,
            "private_link_service_network_policies_enabled": true,
            "resource_group_name": "Devops_project_prod",
            "service_endpoint_policy_ids": [],
            "service_endpoints": [],
            "timeouts": null,
            "virtual_network_name": "myVnet-prod-0"
          },
          "sensitive_attributes": [],
          "private": "eyJlMmJmYjczMC1lY2FhLTExZTYtOGY4OC0zNDM2M2JjN2M0YzAiOnsiY3JlYXRlIjoxODAwMDAwMDAwMDAwLCJkZWxldGUiOjE4MDAwMDAwMDAwMDAsInJlYWQiOjMwMDAwMDAwMDAwMCwidXBkYXRlIjoxODAwMDAwMDAwMDAwfX0=",
          "dependencies": [
            "azurerm_resource_group.rg",
            "azurerm_virtual_network.my_terraform_network"
          ]
        }
      ]
    },
    {
      "mode": "managed",
      "type": "azurerm_virtual_network",
      "name": "my_terraform_network",
      "provider": "provider[\"registry.terraform.io/hashicorp/azurerm\"]",
      "instances": [
        {
          "index_key": 0,
          "schema_version": 0,
          "attributes": {
            "address_space": [
              "10.0.0.0/16"
            ],
            "bgp_community": "",
            "ddos_protection_plan": [],
            "dns_servers": [],
            "edge_zone": "",
            "encryption": [],
            "flow_timeout_in_minutes": 0,
            "guid": "0d397bdb-e193-4c73-b07c-63a88ef123ff",
            "id": "/subscriptions/12d08a43-87ab-49fc-b06f-d1d31622044a/resourceGroups/Devops_project_prod/providers/Microsoft.Network/virtualNetworks/myVnet-prod-0",
            "location": "eastus2",
            "name": "myVnet-prod-0",
            "resource_group_name": "Devops_project_prod",
            "subnet": [
              {
                "address_prefix": "10.0.1.0/24",
                "id": "/subscriptions/12d08a43-87ab-49fc-b06f-d1d31622044a/resourceGroups/Devops_project_prod/providers/Microsoft.Network/virtualNetworks/myVnet-prod-0/subnets/mySubnet-prod",
                "name": "mySubnet-prod",
                "security_group": ""
              }
            ],
            "tags": {},
            "timeouts": null
          },
          "sensitive_attributes": [],
          "private": "eyJlMmJmYjczMC1lY2FhLTExZTYtOGY4OC0zNDM2M2JjN2M0YzAiOnsiY3JlYXRlIjoxODAwMDAwMDAwMDAwLCJkZWxldGUiOjE4MDAwMDAwMDAwMDAsInJlYWQiOjMwMDAwMDAwMDAwMCwidXBkYXRlIjoxODAwMDAwMDAwMDAwfX0=",
          "dependencies": [
            "azurerm_resource_group.rg"
          ]
        }
      ]
    },
    {
      "mode": "managed",
      "type": "random_id",
      "name": "random_id",
      "provider": "provider[\"registry.terraform.io/hashicorp/random\"]",
      "instances": [
        {
          "schema_version": 0,
          "attributes": {
            "b64_std": "DMZnFiGriQg=",
            "b64_url": "DMZnFiGriQg",
            "byte_length": 8,
            "dec": "920536518595676424",
            "hex": "0cc6671621ab8908",
            "id": "DMZnFiGriQg",
            "keepers": {
              "resource_group": "Devops_project_prod"
            },
            "prefix": null
          },
          "sensitive_attributes": [],
          "dependencies": [
            "azurerm_resource_group.rg"
          ]
        }
      ]
    },
    {
      "mode": "managed",
      "type": "random_pet",
      "name": "rg_name",
      "provider": "provider[\"registry.terraform.io/hashicorp/random\"]",
      "instances": [
        {
          "schema_version": 0,
          "attributes": {
            "id": "rg1-equipped-toucan",
            "keepers": null,
            "length": 2,
            "prefix": "rg1",
            "separator": "-"
          },
          "sensitive_attributes": []
        }
      ]
    },
    {
      "mode": "managed",
      "type": "random_pet",
      "name": "ssh_key_name",
      "provider": "provider[\"registry.terraform.io/hashicorp/random\"]",
      "instances": [
        {
          "schema_version": 0,
          "attributes": {
            "id": "sshdistinctpenguin",
            "keepers": null,
            "length": 2,
            "prefix": "ssh",
            "separator": ""
          },
          "sensitive_attributes": []
        }
      ]
    }
  ],
  "check_results": null
}
