{
  "version": 4,
  "terraform_version": "1.5.7",
  "serial": 250,
  "lineage": "f6bf829f-4266-e55d-1958-eb098bd349fd",
  "outputs": {
    "key_data": {
      "value": "ssh-rsa AAAAB3NzaC1yc2EAAAADAQABAAABgQC9odgWzoM9JMuw2/0n7HckmFT7d5IJ7+PWvPYF5JCtXrZEFeK7czN7bRLaKVMTnhC749VvmFLHM070PKa7ORgRB0VimVRpdrIbxpfLJ29zpVxGWhJuNVurS8IsoDpIH3o/roRJtPpMwQn0rlFLJB/U3LpT1btxRDEkLG9GADqCpx03UVB7n4NX4IbG8BdzDa8+Qdb8MUaQ/VqjFzJGOyK/z2dACRJ2BHcbJGj4xH8wZRXEr8dSU8o140EqqFcWyjqZ9vJ6TCSNLRo5wkuiQrQASKkzsh1GdhNWqXeR80RF/IBkZUT8551l7/iOeUHF/dgJIJMotLZWEIfslMMecEm2IwNxxqrEvPRzMiQOZgcuop465ei015Kg4TjixC3d6WDnPCbVBvMhnFI2CFtiFQNQzLhgWPD418BqRzTv7TuG3nlsZebnNtCcSKGazQO1VOULdtX0otVfwd3/yVRXQvYGcCAhcvS6mmePhV9lltvwcsYCQ/GRFTGNv9VY+nBJAqE= generated-by-azure",
      "type": "string"
    },
    "public_ip_address": {
      "value": [
        "104.46.116.174"
      ],
      "type": [
        "tuple",
        [
          "string"
        ]
      ]
    },
    "resource_group_name": {
      "value": "Devops_project_prod",
      "type": "string"
    },
    "virtual_machine_name": {
      "value": [
        "Devopsagent"
      ],
      "type": [
        "tuple",
        [
          "string"
        ]
      ]
    }
  },
  "resources": [
    {
      "mode": "data",
      "type": "azurerm_key_vault",
      "name": "kv",
      "provider": "provider[\"registry.terraform.io/hashicorp/azurerm\"]",
      "instances": [
        {
          "schema_version": 0,
          "attributes": {
            "access_policy": [
              {
                "application_id": "",
                "certificate_permissions": [],
                "key_permissions": [],
                "object_id": "6af80303-65c4-4e51-9c11-9fc2daf1bf19",
                "secret_permissions": [
                  "Get",
                  "List",
                  "Set",
                  "Delete"
                ],
                "storage_permissions": [],
                "tenant_id": "22661859-9734-416a-a963-8d74287c2f62"
              },
              {
                "application_id": "",
                "certificate_permissions": [
                  "Get",
                  "List",
                  "Update",
                  "Create",
                  "Import",
                  "Delete",
                  "Recover",
                  "Backup",
                  "Restore",
                  "ManageContacts",
                  "ManageIssuers",
                  "GetIssuers",
                  "ListIssuers",
                  "SetIssuers",
                  "DeleteIssuers"
                ],
                "key_permissions": [
                  "Get",
                  "List",
                  "Update",
                  "Create",
                  "Import",
                  "Delete",
                  "Recover",
                  "Backup",
                  "Restore",
                  "GetRotationPolicy",
                  "SetRotationPolicy",
                  "Rotate",
                  "Encrypt",
                  "Decrypt",
                  "UnwrapKey",
                  "WrapKey",
                  "Verify",
                  "Sign",
                  "Purge",
                  "Release"
                ],
                "object_id": "9d0eb1c5-9fcf-4ad7-981e-7a760529e1e1",
                "secret_permissions": [
                  "Get",
                  "List",
                  "Set",
                  "Delete",
                  "Recover",
                  "Backup",
                  "Restore",
                  "Purge"
                ],
                "storage_permissions": [],
                "tenant_id": "22661859-9734-416a-a963-8d74287c2f62"
              }
            ],
            "enable_rbac_authorization": false,
            "enabled_for_deployment": false,
            "enabled_for_disk_encryption": false,
            "enabled_for_template_deployment": false,
            "id": "/subscriptions/12d08a43-87ab-49fc-b06f-d1d31622044a/resourceGroups/Keyvault_rg/providers/Microsoft.KeyVault/vaults/devopsprojectkeyvault1",
            "location": "eastus2",
            "name": "devopsprojectkeyvault1",
            "network_acls": [],
            "public_network_access_enabled": true,
            "purge_protection_enabled": false,
            "resource_group_name": "Keyvault_rg",
            "sku_name": "standard",
            "tags": {},
            "tenant_id": "22661859-9734-416a-a963-8d74287c2f62",
            "timeouts": null,
            "vault_uri": "https://devopsprojectkeyvault1.vault.azure.net/"
          },
          "sensitive_attributes": []
        }
      ]
    },
    {
      "mode": "data",
      "type": "azurerm_key_vault_secret",
      "name": "jenkins-admin-password",
      "provider": "provider[\"registry.terraform.io/hashicorp/azurerm\"]",
      "instances": [
        {
          "schema_version": 0,
          "attributes": {
            "content_type": "",
            "expiration_date": null,
            "id": "https://devopsprojectkeyvault1.vault.azure.net/secrets/jenkins-admin-password/08edb9ae1ecf452ca97dfab48f6cb2f1",
            "key_vault_id": "/subscriptions/12d08a43-87ab-49fc-b06f-d1d31622044a/resourceGroups/Keyvault_rg/providers/Microsoft.KeyVault/vaults/devopsprojectkeyvault1",
            "name": "jenkins-admin-password",
            "not_before_date": null,
            "resource_id": "/subscriptions/12d08a43-87ab-49fc-b06f-d1d31622044a/resourceGroups/Keyvault_rg/providers/Microsoft.KeyVault/vaults/devopsprojectkeyvault1/secrets/jenkins-admin-password/versions/08edb9ae1ecf452ca97dfab48f6cb2f1",
            "resource_versionless_id": "/subscriptions/12d08a43-87ab-49fc-b06f-d1d31622044a/resourceGroups/Keyvault_rg/providers/Microsoft.KeyVault/vaults/devopsprojectkeyvault1/secrets/jenkins-admin-password",
            "tags": {},
            "timeouts": null,
            "value": "Azure@123456",
            "version": "08edb9ae1ecf452ca97dfab48f6cb2f1",
            "versionless_id": "https://devopsprojectkeyvault1.vault.azure.net/secrets/jenkins-admin-password"
          },
          "sensitive_attributes": []
        }
      ]
    },
    {
      "mode": "data",
      "type": "azurerm_key_vault_secret",
      "name": "jenkins-admin-username",
      "provider": "provider[\"registry.terraform.io/hashicorp/azurerm\"]",
      "instances": [
        {
          "schema_version": 0,
          "attributes": {
            "content_type": "",
            "expiration_date": null,
            "id": "https://devopsprojectkeyvault1.vault.azure.net/secrets/jenkins-admin-username/d1b50a33eddc4c699696c9cfdaa942bf",
            "key_vault_id": "/subscriptions/12d08a43-87ab-49fc-b06f-d1d31622044a/resourceGroups/Keyvault_rg/providers/Microsoft.KeyVault/vaults/devopsprojectkeyvault1",
            "name": "jenkins-admin-username",
            "not_before_date": null,
            "resource_id": "/subscriptions/12d08a43-87ab-49fc-b06f-d1d31622044a/resourceGroups/Keyvault_rg/providers/Microsoft.KeyVault/vaults/devopsprojectkeyvault1/secrets/jenkins-admin-username/versions/d1b50a33eddc4c699696c9cfdaa942bf",
            "resource_versionless_id": "/subscriptions/12d08a43-87ab-49fc-b06f-d1d31622044a/resourceGroups/Keyvault_rg/providers/Microsoft.KeyVault/vaults/devopsprojectkeyvault1/secrets/jenkins-admin-username",
            "tags": {},
            "timeouts": null,
            "value": "azureuser",
            "version": "d1b50a33eddc4c699696c9cfdaa942bf",
            "versionless_id": "https://devopsprojectkeyvault1.vault.azure.net/secrets/jenkins-admin-username"
          },
          "sensitive_attributes": []
        }
      ]
    },
    {
      "mode": "managed",
      "type": "azapi_resource",
      "name": "ssh_public_key",
      "provider": "provider[\"registry.terraform.io/azure/azapi\"]",
      "instances": [
        {
          "schema_version": 1,
          "attributes": {
            "body": {
              "value": "{}",
              "type": "string"
            },
            "id": "/subscriptions/12d08a43-87ab-49fc-b06f-d1d31622044a/resourceGroups/Devops_project_prod/providers/Microsoft.Compute/sshPublicKeys/sshsquarekatydid",
            "identity": [],
            "ignore_body_changes": null,
            "ignore_casing": false,
            "ignore_missing_property": true,
            "location": "eastus2",
            "locks": null,
            "name": "sshsquarekatydid",
            "output": {
              "value": "{}",
              "type": "string"
            },
            "parent_id": "/subscriptions/12d08a43-87ab-49fc-b06f-d1d31622044a/resourceGroups/Devops_project_prod",
            "removing_special_chars": false,
            "response_export_values": null,
            "schema_validation_enabled": true,
            "tags": null,
            "timeouts": null,
            "type": "Microsoft.Compute/sshPublicKeys@2022-11-01"
          },
          "sensitive_attributes": [],
          "dependencies": [
            "azurerm_resource_group.rg",
            "random_pet.ssh_key_name"
          ]
        }
      ]
    },
    {
      "mode": "managed",
      "type": "azapi_resource_action",
      "name": "ssh_public_key_gen",
      "provider": "provider[\"registry.terraform.io/azure/azapi\"]",
      "instances": [
        {
          "schema_version": 1,
          "attributes": {
            "action": "generateKeyPair",
            "body": null,
            "id": "/subscriptions/12d08a43-87ab-49fc-b06f-d1d31622044a/resourceGroups/Devops_project_prod/providers/Microsoft.Compute/sshPublicKeys/sshsquarekatydid/generateKeyPair",
            "locks": null,
            "method": "POST",
            "output": {
              "value": {
                "privateKey": "-----BEGIN RSA PRIVATE KEY-----\r\nMIIG4gIBAAKCAYEAvaHYFs6DPSTLsNv9J+x3JJhU+3eSCe/j1rz2BeSQrV62RBXi\r\nu3Mze20S2ilTE54Qu+PVb5hSxzNO9DymuzkYEQdFYplUaXayG8aXyydvc6VcRloS\r\nbjVbq0vCLKA6SB96P66ESbT6TMEJ9K5RSyQf1Ny6U9W7cUQxJCxvRgA6gqcdN1FQ\r\ne5+DV+CGxvAXcw2vPkHW/DFGkP1aoxcyRjsiv89nQAkSdgR3GyRo+MR/MGUVxK/H\r\nUlPKNeNBKqhXFso6mfbyekwkjS0aOcJLokK0AEipM7IdRnYTVql3kfNERfyAZGVE\r\n/OedZe/4jnlBxf3YCSCTKLS2VhCH7JTDHnBJtiMDccaqxLz0czIkDmYHLqKeOuXo\r\ntNeSoOE44sQt3elg5zwm1QbzIZxSNghbYhUDUMy4YFjw+NfAakc07+07ht55bGXm\r\n5zbQnEihms0DtVTlC3bV9KLVX8Hd/8lUV0L2BnAgIXL0uppnj4VfZZbb8HLGAkPx\r\nkRUxjb/VWPpwSQKhAgMBAAECggGAHzrNJIxkDqjFpt3D5lRKFsvDixpZAavxIMdD\r\n2RqYPQURDUtxaJ+DRftjlGwj02I/rUHLP7KdR1MK2Kw4ZTL05LEG20MXJLs4f9yH\r\n2Rwofaoo9SkWSfIdo6s5UjIdBw2wC1bJUH4ujn9oDVS77J0JZPvo76+OTAwH78Yl\r\nmSimeifdZuPMVl+huNIwQAkAQ6FoT9918ViIH46p45wJWomYonAct+4GjUsU9nJb\r\nm0R5EdZD7H1qXQORlKhVbhoFJaquDR91+ebrZqB8S3RKwqdboyibnTSG1uhBhu7n\r\nbYl9EIIwa0lwhhzGLzc1uwnY6VXa+sN1vCVNQxC41pFIOjSzSDPVKNKULJVWMs3x\r\nxipy5babFXC0aSO/I3++r5way8WHk0b0/20MyVZ5Z8xvzvCNF9ZtLFAHjEfE3t5V\r\nQX2Ued3pyfVcuvxg4k48PLG3eMKOShZaRbBELKPN71hCsJMPAmLo9WnCR7XmTPj+\r\nbUIhbgPEhK34TQhUltlskqK2jw+1AoHBAPAyNE0DueOKtBzLr/YFwWAyNS6mBZ1T\r\nka1kQy05B3/HRy3WchE44VC1TYHMhhaY+nvL/sact8tRzMBlPr5mZuLKMtjKs7Zy\r\n3nNbwAP3kMkKEBEOCu+HSLT0rfo3D4yOes/Gsw8lUmjvO7BYpavhLh0fugBHukeF\r\n7YIKmyTq2f6VOg01vDF3kfxhFxMdz76ThOlw6uYgCKLmCPeKdaqmW2JOa8OsI1i7\r\nmshDlDX7DzVrrEZ4PRgZ5fr9Tj07tG8EswKBwQDKG/SglXLzi7Oa05f5UoBhy6we\r\nqRaDCikQ44VcJKaPuBtpIV1nOmjIIgBomJ7cs/YKCO17PC4Q+MATWVCh3FuIxXyw\r\nC56mpgzLAv4eBKZypzfxigYYzRF234Q2EfWYVqsngQVHyiQRhYfYcisKg+hbjxVp\r\npRr7PpWH4o9oggOeMX079jRtMBRRObcBRPwqUesch15OhBV2b/G0fSfBtDbkUUDM\r\nn2Feo+e5636FGkb5qkZu9ULhwe1/yMeTTl81zVsCgcAV6r7S+DASDyn4Jq3bqRLI\r\nEEzCAOwqOuHkDG4Exltk0W4xRIwL/kCw+Jol6d+iWDsi6K5KuSocJ06jj5l2Din9\r\nL64MEhLr5vddV1XiBsjzTzPAGqPsz09XE6x8VGHa1XVnWB4ml6U5ZfrwUGZtlJJ8\r\nndR/Cgx5UkMlxon5iGRz0nIFmo2dheeQO9u7JtE59oP+OQt2DB49nvfafovWEm/s\r\nPHOg2yguhI/PDjuL4Wi12ylRFM+eT16o1Ew7UiNYrfkCgcA3DPROBUchVW0fgAEG\r\nNVWozaxdUZtDKDJVWlPJ7GW+AdzdfuwNIRjHYpOP6fpjjVU4GIRvK840az0OSCax\r\nX+9CyuASp6eYJuSXK4KCNKwN0MRpMzpD6R+XrHw7qhqmWv0Vrov8qO+4IhIFf9t/\r\naryQq+GePA2kX8ClGa4MPlWz8jD1czOGhjESitDxNJQnBtculyS16D5cW1OP4QNC\r\nPM8y03r+AW+pMqX8u0tj/+tTN/ElagLEsWj6hHrwAcnnQr8CgcBYcq59bthlvE80\r\nyYlCnjccS1ddSbusz+Aeki0iAIuWqL8jiOeAswOhaW6hjK7mUPYH99hEOFVCeWR7\r\nkTLOPArjTEnAuEa4kOtYx37gOe2L4saJ4SaAyxRfo5LQv8irt3oonhw9i2AfcH5W\r\nBo662TGU2I+K0/RZNaqQ4gUULrwMnhHcPmHwa1QIhpktusuwcJAWUjb+Dqitrf9k\r\nr1wUpdweO/oG3lMgwAQ+T/aSdPgTbeTDFopFtF7euHKwRdELxr8=\r\n-----END RSA PRIVATE KEY-----\r\n",
                "publicKey": "ssh-rsa AAAAB3NzaC1yc2EAAAADAQABAAABgQC9odgWzoM9JMuw2/0n7HckmFT7d5IJ7+PWvPYF5JCtXrZEFeK7czN7bRLaKVMTnhC749VvmFLHM070PKa7ORgRB0VimVRpdrIbxpfLJ29zpVxGWhJuNVurS8IsoDpIH3o/roRJtPpMwQn0rlFLJB/U3LpT1btxRDEkLG9GADqCpx03UVB7n4NX4IbG8BdzDa8+Qdb8MUaQ/VqjFzJGOyK/z2dACRJ2BHcbJGj4xH8wZRXEr8dSU8o140EqqFcWyjqZ9vJ6TCSNLRo5wkuiQrQASKkzsh1GdhNWqXeR80RF/IBkZUT8551l7/iOeUHF/dgJIJMotLZWEIfslMMecEm2IwNxxqrEvPRzMiQOZgcuop465ei015Kg4TjixC3d6WDnPCbVBvMhnFI2CFtiFQNQzLhgWPD418BqRzTv7TuG3nlsZebnNtCcSKGazQO1VOULdtX0otVfwd3/yVRXQvYGcCAhcvS6mmePhV9lltvwcsYCQ/GRFTGNv9VY+nBJAqE= generated-by-azure"
              },
              "type": [
                "object",
                {
                  "privateKey": "string",
                  "publicKey": "string"
                }
              ]
            },
            "resource_id": "/subscriptions/12d08a43-87ab-49fc-b06f-d1d31622044a/resourceGroups/Devops_project_prod/providers/Microsoft.Compute/sshPublicKeys/sshsquarekatydid",
            "response_export_values": [
              "publicKey",
              "privateKey"
            ],
            "timeouts": null,
            "type": "Microsoft.Compute/sshPublicKeys@2022-11-01",
            "when": "apply"
          },
          "sensitive_attributes": [],
          "dependencies": [
            "azapi_resource.ssh_public_key",
            "azurerm_resource_group.rg",
            "random_pet.ssh_key_name"
          ]
        }
      ]
    },
    {
      "mode": "managed",
      "type": "azurerm_linux_virtual_machine",
      "name": "my_terraform_vm",
      "provider": "provider[\"registry.terraform.io/hashicorp/azurerm\"]",
      "instances": [
        {
          "index_key": 0,
          "schema_version": 0,
          "attributes": {
            "additional_capabilities": [],
            "admin_password": "Azure@123456",
            "admin_ssh_key": [],
            "admin_username": "azureuser",
            "allow_extension_operations": true,
            "availability_set_id": "",
            "boot_diagnostics": [],
            "bypass_platform_safety_checks_on_user_schedule_enabled": false,
            "capacity_reservation_group_id": "",
            "computer_name": "Devopsagent",
            "custom_data": "IyEvYmluL2Jhc2gKc2V0IC1lCgplY2hvICJVcGRhdGluZyBzeXN0ZW0gcGFja2FnZXMuLi4iCnN1ZG8gYXB0LWdldCB1cGRhdGUgLXkKCmVjaG8gIkluc3RhbGxpbmcgcmVxdWlyZWQgYmFzZSBwYWNrYWdlcy4uLiIKc3VkbyBhcHQtZ2V0IGluc3RhbGwgLXkgXAogIG9wZW5qZGstMjEtanJlLWhlYWRsZXNzIFwKICBvcGVuamRrLTIxLWpkay1oZWFkbGVzcyBcCiAgZG9ja2VyLmlvIFwKICBtYXZlbiBcCiAgd2dldCBcCiAgY3VybCBcCiAgZ251cGcgXAogIGxzYi1yZWxlYXNlIFwKICBjYS1jZXJ0aWZpY2F0ZXMgXAogIGFwdC10cmFuc3BvcnQtaHR0cHMKCmVjaG8gIkVuYWJsaW5nIGFuZCBzdGFydGluZyBEb2NrZXIuLi4iCnN1ZG8gc3lzdGVtY3RsIGVuYWJsZSBkb2NrZXIKc3VkbyBzeXN0ZW1jdGwgc3RhcnQgZG9ja2VyCgplY2hvICJBZGRpbmcgY3VycmVudCB1c2VyICgkVVNFUikgdG8gZG9ja2VyIGdyb3VwLi4uIgpzdWRvIHVzZXJtb2QgLWFHIGRvY2tlciAkVVNFUiAKZWNobyAiUmVmcmVzaGluZyBncm91cCBtZW1iZXJzaGlwIGZvciBEb2NrZXIgKHdpbGwgb25seSBhZmZlY3QgbmV3IHNoZWxscykuLi4iCnN1ZG8gbmV3Z3JwIGRvY2tlciA8PEVPTkcKCmVjaG8gIkNoYW5naW5nIHBlcm1pc3Npb25zIG9uIERvY2tlciBzb2NrZXQuLi4iCnN1ZG8gY2htb2QgNjY2IC92YXIvcnVuL2RvY2tlci5zb2NrCiMgLS0tLS0tLS0tLS0tLS0tLS0tLS0tLS0tLS0tLS0KIyBTb25hclF1YmUKIyAtLS0tLS0tLS0tLS0tLS0tLS0tLS0tLS0tLS0tLQplY2hvICJSdW5uaW5nIFNvbmFyUXViZSBjb250YWluZXIuLi4iCnN1ZG8gZG9ja2VyIHJ1biAtZCAtLW5hbWUgc29uYXItcXViZSAtcCA5MDAwOjkwMDAgXAogIG1jMWFya2Uvc29uYXJxdWJlLXdpdGgtY29tbXVuaXR5LWJyYW5jaC1wbHVnaW4KCiMgLS0tLS0tLS0tLS0tLS0tLS0tLS0tLS0tLS0tLS0KIyBOZXh1cwojIC0tLS0tLS0tLS0tLS0tLS0tLS0tLS0tLS0tLS0tCmVjaG8gIlJ1bm5pbmcgTmV4dXMgY29udGFpbmVyLi4uIgpzdWRvIGRvY2tlciBydW4gLWQgLS1uYW1lIG5leHVzIC1wIDgwODE6ODA4MSBcCiAgc29uYXR5cGUvbmV4dXMzOjMuODIuMC1hbHBpbmUKCiMgLS0tLS0tLS0tLS0tLS0tLS0tLS0tLS0tLS0tLS0KIyBKZW5raW5zCiMgLS0tLS0tLS0tLS0tLS0tLS0tLS0tLS0tLS0tLS0KZWNobyAiSW5zdGFsbGluZyBKZW5raW5zLi4uIgpzdWRvIG1rZGlyIC1wIC9ldGMvYXB0L2tleXJpbmdzCgpjdXJsIC1mc1NMIGh0dHBzOi8vcGtnLmplbmtpbnMuaW8vZGViaWFuLXN0YWJsZS9qZW5raW5zLmlvLTIwMjYua2V5IHwgXAogIHN1ZG8gdGVlIC9ldGMvYXB0L2tleXJpbmdzL2plbmtpbnMta2V5cmluZy5hc2MgPiAvZGV2L251bGwKCmVjaG8gImRlYiBbc2lnbmVkLWJ5PS9ldGMvYXB0L2tleXJpbmdzL2plbmtpbnMta2V5cmluZy5hc2NdIFwKaHR0cHM6Ly9wa2cuamVua2lucy5pby9kZWJpYW4tc3RhYmxlIGJpbmFyeS8iIHwgXApzdWRvIHRlZSAvZXRjL2FwdC9zb3VyY2VzLmxpc3QuZC9qZW5raW5zLmxpc3QgPiAvZGV2L251bGwKCnN1ZG8gYXB0LWdldCB1cGRhdGUgLXkKc3VkbyBhcHQtZ2V0IGluc3RhbGwgLXkgamVua2lucwoKc3VkbyBzeXN0ZW1jdGwgZW5hYmxlIGplbmtpbnMKc3VkbyBzeXN0ZW1jdGwgc3RhcnQgamVua2lucwoKZWNobyAiSmVua2lucyBpbnN0YWxsYXRpb24gY29tcGxldGUiCgojIC0tLS0tLS0tLS0tLS0tLS0tLS0tLS0tLS0tLS0tCiMgVHJpdnkKIyAtLS0tLS0tLS0tLS0tLS0tLS0tLS0tLS0tLS0tLQplY2hvICJJbnN0YWxsaW5nIFRyaXZ5Li4uIgpjdXJsIC1mc1NMIGh0dHBzOi8vYXF1YXNlY3VyaXR5LmdpdGh1Yi5pby90cml2eS1yZXBvL2RlYi9wdWJsaWMua2V5IHwgXAogIHN1ZG8gZ3BnIC0tZGVhcm1vciAtbyAvZXRjL2FwdC9rZXlyaW5ncy90cml2eS5ncGcKCmVjaG8gImRlYiBbc2lnbmVkLWJ5PS9ldGMvYXB0L2tleXJpbmdzL3RyaXZ5LmdwZ10gXApodHRwczovL2FxdWFzZWN1cml0eS5naXRodWIuaW8vdHJpdnktcmVwby9kZWIgJChsc2JfcmVsZWFzZSAtc2MpIG1haW4iIHwgXApzdWRvIHRlZSAvZXRjL2FwdC9zb3VyY2VzLmxpc3QuZC90cml2eS5saXN0ID4gL2Rldi9udWxsCgpzdWRvIGFwdC1nZXQgdXBkYXRlIC15CnN1ZG8gYXB0LWdldCBpbnN0YWxsIC15IHRyaXZ5CgplY2hvICJUcml2eSBpbnN0YWxsYXRpb24gY29tcGxldGUiCgojIC0tLS0tLS0tLS0tLS0tLS0tLS0tLS0tLS0tLS0tCiMga3ViZWN0bAojIC0tLS0tLS0tLS0tLS0tLS0tLS0tLS0tLS0tLS0tCmVjaG8gIkluc3RhbGxpbmcga3ViZWN0bC4uLiIKCmN1cmwgLWZzU0wgaHR0cHM6Ly9wa2dzLms4cy5pby9jb3JlOi9zdGFibGU6L3YxLjMzL2RlYi9SZWxlYXNlLmtleSB8IFwKICBzdWRvIGdwZyAtLWRlYXJtb3IgLW8gL2V0Yy9hcHQva2V5cmluZ3Mva3ViZXJuZXRlcy1hcHQta2V5cmluZy5ncGcKCmVjaG8gImRlYiBbc2lnbmVkLWJ5PS9ldGMvYXB0L2tleXJpbmdzL2t1YmVybmV0ZXMtYXB0LWtleXJpbmcuZ3BnXSBcCmh0dHBzOi8vcGtncy5rOHMuaW8vY29yZTovc3RhYmxlOi92MS4zMy9kZWIvIC8iIHwgXApzdWRvIHRlZSAvZXRjL2FwdC9zb3VyY2VzLmxpc3QuZC9rdWJlcm5ldGVzLmxpc3QgPiAvZGV2L251bGwKCnN1ZG8gYXB0LWdldCB1cGRhdGUgLXkKc3VkbyBhcHQtZ2V0IGluc3RhbGwgLXkga3ViZWN0bAoKZWNobyAia3ViZWN0bCBpbnN0YWxsYXRpb24gY29tcGxldGUiCgojIC0tLS0tLS0tLS0tLS0tLS0tLS0tLS0tLS0tLS0tCiMgSGVsbQojIC0tLS0tLS0tLS0tLS0tLS0tLS0tLS0tLS0tLS0tCmVjaG8gIkluc3RhbGxpbmcgSGVsbS4uLiIKCmN1cmwgaHR0cHM6Ly9iYWx0b2Nkbi5jb20vaGVsbS9zaWduaW5nLmFzYyB8IFwKICBzdWRvIGdwZyAtLWRlYXJtb3IgLW8gL2V0Yy9hcHQva2V5cmluZ3MvaGVsbS5ncGcKCmVjaG8gImRlYiBbc2lnbmVkLWJ5PS9ldGMvYXB0L2tleXJpbmdzL2hlbG0uZ3BnXSBcCmh0dHBzOi8vYmFsdG9jZG4uY29tL2hlbG0vc3RhYmxlL2RlYmlhbi8gYWxsIG1haW4iIHwgXApzdWRvIHRlZSAvZXRjL2FwdC9zb3VyY2VzLmxpc3QuZC9oZWxtLXN0YWJsZS1kZWJpYW4ubGlzdCA+IC9kZXYvbnVsbAoKc3VkbyBhcHQtZ2V0IHVwZGF0ZSAteQpzdWRvIGFwdC1nZXQgaW5zdGFsbCAteSBoZWxtCgplY2hvICJIZWxtIGluc3RhbGxhdGlvbiBjb21wbGV0ZSIKCmVjaG8gIlNldHVwIGNvbXBsZXRlZCBzdWNjZXNzZnVsbHkhIgpFT05HCmVjaG8gIuKaoO+4jyBQbGVhc2UgbG9nIG91dCBhbmQgbG9nIGJhY2sgaW4gZm9yIERvY2tlciBncm91cCBjaGFuZ2VzIHRvIHRha2UgZWZmZWN0LiIK",
            "dedicated_host_group_id": "",
            "dedicated_host_id": "",
            "disable_password_authentication": false,
            "disk_controller_type": "SCSI",
            "edge_zone": "",
            "encryption_at_host_enabled": false,
            "eviction_policy": "",
            "extensions_time_budget": "PT1H30M",
            "gallery_application": [],
            "id": "/subscriptions/12d08a43-87ab-49fc-b06f-d1d31622044a/resourceGroups/Devops_project_prod/providers/Microsoft.Compute/virtualMachines/Devopsagent",
            "identity": [],
            "license_type": "",
            "location": "eastus2",
            "max_bid_price": -1,
            "name": "Devopsagent",
            "network_interface_ids": [
              "/subscriptions/12d08a43-87ab-49fc-b06f-d1d31622044a/resourceGroups/Devops_project_prod/providers/Microsoft.Network/networkInterfaces/myNIC-prod-0"
            ],
            "os_disk": [
              {
                "caching": "ReadWrite",
                "diff_disk_settings": [],
                "disk_encryption_set_id": "",
                "disk_size_gb": 30,
                "name": "myOsDisk-0",
                "secure_vm_disk_encryption_set_id": "",
                "security_encryption_type": "",
                "storage_account_type": "Premium_LRS",
                "write_accelerator_enabled": false
              }
            ],
            "os_image_notification": [],
            "patch_assessment_mode": "ImageDefault",
            "patch_mode": "ImageDefault",
            "plan": [],
            "platform_fault_domain": -1,
            "priority": "Regular",
            "private_ip_address": "10.0.1.4",
            "private_ip_addresses": [
              "10.0.1.4"
            ],
            "provision_vm_agent": true,
            "proximity_placement_group_id": "",
            "public_ip_address": "104.46.116.174",
            "public_ip_addresses": [
              "104.46.116.174"
            ],
            "reboot_setting": "",
            "resource_group_name": "Devops_project_prod",
            "secret": [],
            "secure_boot_enabled": true,
            "size": "Standard_D2as_v4",
            "source_image_id": "",
            "source_image_reference": [
              {
                "offer": "0001-com-ubuntu-server-jammy",
                "publisher": "Canonical",
                "sku": "22_04-lts-gen2",
                "version": "latest"
              }
            ],
            "tags": null,
            "termination_notification": null,
            "timeouts": null,
            "user_data": "",
            "virtual_machine_id": "313fb934-ce89-4005-a6ef-cf6ef581a964",
            "virtual_machine_scale_set_id": "",
            "vm_agent_platform_updates_enabled": false,
            "vtpm_enabled": false,
            "zone": ""
          },
          "sensitive_attributes": [
            [
              {
                "type": "get_attr",
                "value": "admin_username"
              }
            ],
            [
              {
                "type": "get_attr",
                "value": "admin_password"
              }
            ]
          ],
          "private": "eyJlMmJmYjczMC1lY2FhLTExZTYtOGY4OC0zNDM2M2JjN2M0YzAiOnsiY3JlYXRlIjoyNzAwMDAwMDAwMDAwLCJkZWxldGUiOjI3MDAwMDAwMDAwMDAsInJlYWQiOjMwMDAwMDAwMDAwMCwidXBkYXRlIjoyNzAwMDAwMDAwMDAwfX0=",
          "dependencies": [
            "azurerm_network_interface.my_terraform_nic",
            "azurerm_public_ip.my_terraform_public_ip",
            "azurerm_resource_group.rg",
            "azurerm_subnet.my_terraform_subnet",
            "azurerm_virtual_network.my_terraform_network",
            "data.azurerm_key_vault_secret.jenkins-admin-password",
            "data.azurerm_key_vault_secret.jenkins-admin-username"
          ]
        }
      ]
    },
    {
      "mode": "managed",
      "type": "azurerm_network_interface",
      "name": "my_terraform_nic",
      "provider": "provider[\"registry.terraform.io/hashicorp/azurerm\"]",
      "instances": [
        {
          "index_key": 0,
          "schema_version": 0,
          "attributes": {
            "accelerated_networking_enabled": false,
            "applied_dns_servers": [],
            "auxiliary_mode": "",
            "auxiliary_sku": "",
            "dns_servers": [],
            "edge_zone": "",
            "enable_accelerated_networking": false,
            "enable_ip_forwarding": false,
            "id": "/subscriptions/12d08a43-87ab-49fc-b06f-d1d31622044a/resourceGroups/Devops_project_prod/providers/Microsoft.Network/networkInterfaces/myNIC-prod-0",
            "internal_dns_name_label": "",
            "internal_domain_name_suffix": "jlpj4yf1obyezhmos2nbjecfgg.cx.internal.cloudapp.net",
            "ip_configuration": [
              {
                "gateway_load_balancer_frontend_ip_configuration_id": "",
                "name": "my_nic_configuration-prod-0",
                "primary": true,
                "private_ip_address": "10.0.1.4",
                "private_ip_address_allocation": "Dynamic",
                "private_ip_address_version": "IPv4",
                "public_ip_address_id": "/subscriptions/12d08a43-87ab-49fc-b06f-d1d31622044a/resourceGroups/Devops_project_prod/providers/Microsoft.Network/publicIPAddresses/myPublicIP-prod-0",
                "subnet_id": "/subscriptions/12d08a43-87ab-49fc-b06f-d1d31622044a/resourceGroups/Devops_project_prod/providers/Microsoft.Network/virtualNetworks/myVnet-prod-0/subnets/mySubnet-prod"
              }
            ],
            "ip_forwarding_enabled": false,
            "location": "eastus2",
            "mac_address": "",
            "name": "myNIC-prod-0",
            "private_ip_address": "10.0.1.4",
            "private_ip_addresses": [
              "10.0.1.4"
            ],
            "resource_group_name": "Devops_project_prod",
            "tags": null,
            "timeouts": null,
            "virtual_machine_id": ""
          },
          "sensitive_attributes": [],
          "private": "eyJlMmJmYjczMC1lY2FhLTExZTYtOGY4OC0zNDM2M2JjN2M0YzAiOnsiY3JlYXRlIjoxODAwMDAwMDAwMDAwLCJkZWxldGUiOjE4MDAwMDAwMDAwMDAsInJlYWQiOjMwMDAwMDAwMDAwMCwidXBkYXRlIjoxODAwMDAwMDAwMDAwfX0=",
          "dependencies": [
            "azurerm_public_ip.my_terraform_public_ip",
            "azurerm_resource_group.rg",
            "azurerm_subnet.my_terraform_subnet",
            "azurerm_virtual_network.my_terraform_network"
          ]
        }
      ]
    },
    {
      "mode": "managed",
      "type": "azurerm_network_interface_security_group_association",
      "name": "example",
      "provider": "provider[\"registry.terraform.io/hashicorp/azurerm\"]",
      "instances": [
        {
          "index_key": 0,
          "schema_version": 0,
          "attributes": {
            "id": "/subscriptions/12d08a43-87ab-49fc-b06f-d1d31622044a/resourceGroups/Devops_project_prod/providers/Microsoft.Network/networkInterfaces/myNIC-prod-0|/subscriptions/12d08a43-87ab-49fc-b06f-d1d31622044a/resourceGroups/Devops_project_prod/providers/Microsoft.Network/networkSecurityGroups/myNetworkSecurityGroup-prod-0",
            "network_interface_id": "/subscriptions/12d08a43-87ab-49fc-b06f-d1d31622044a/resourceGroups/Devops_project_prod/providers/Microsoft.Network/networkInterfaces/myNIC-prod-0",
            "network_security_group_id": "/subscriptions/12d08a43-87ab-49fc-b06f-d1d31622044a/resourceGroups/Devops_project_prod/providers/Microsoft.Network/networkSecurityGroups/myNetworkSecurityGroup-prod-0",
            "timeouts": null
          },
          "sensitive_attributes": [],
          "private": "eyJlMmJmYjczMC1lY2FhLTExZTYtOGY4OC0zNDM2M2JjN2M0YzAiOnsiY3JlYXRlIjoxODAwMDAwMDAwMDAwLCJkZWxldGUiOjE4MDAwMDAwMDAwMDAsInJlYWQiOjMwMDAwMDAwMDAwMH19",
          "dependencies": [
            "azurerm_network_interface.my_terraform_nic",
            "azurerm_network_security_group.my_terraform_nsg",
            "azurerm_public_ip.my_terraform_public_ip",
            "azurerm_resource_group.rg",
            "azurerm_subnet.my_terraform_subnet",
            "azurerm_virtual_network.my_terraform_network"
          ]
        }
      ]
    },
    {
      "mode": "managed",
      "type": "azurerm_network_security_group",
      "name": "my_terraform_nsg",
      "provider": "provider[\"registry.terraform.io/hashicorp/azurerm\"]",
      "instances": [
        {
          "index_key": 0,
          "schema_version": 0,
          "attributes": {
            "id": "/subscriptions/12d08a43-87ab-49fc-b06f-d1d31622044a/resourceGroups/Devops_project_prod/providers/Microsoft.Network/networkSecurityGroups/myNetworkSecurityGroup-prod-0",
            "location": "eastus2",
            "name": "myNetworkSecurityGroup-prod-0",
            "resource_group_name": "Devops_project_prod",
            "security_rule": [
              {
                "access": "Allow",
                "description": "",
                "destination_address_prefix": "*",
                "destination_address_prefixes": [],
                "destination_application_security_group_ids": [],
                "destination_port_range": "*",
                "destination_port_ranges": [],
                "direction": "Inbound",
                "name": "jenkins_out",
                "priority": 1012,
                "protocol": "Tcp",
                "source_address_prefix": "*",
                "source_address_prefixes": [],
                "source_application_security_group_ids": [],
                "source_port_range": "8080",
                "source_port_ranges": []
              },
              {
                "access": "Allow",
                "description": "",
                "destination_address_prefix": "*",
                "destination_address_prefixes": [],
                "destination_application_security_group_ids": [],
                "destination_port_range": "22",
                "destination_port_ranges": [],
                "direction": "Inbound",
                "name": "SSH",
                "priority": 1000,
                "protocol": "Tcp",
                "source_address_prefix": "*",
                "source_address_prefixes": [],
                "source_application_security_group_ids": [],
                "source_port_range": "*",
                "source_port_ranges": []
              },
              {
                "access": "Allow",
                "description": "",
                "destination_address_prefix": "*",
                "destination_address_prefixes": [],
                "destination_application_security_group_ids": [],
                "destination_port_range": "8080",
                "destination_port_ranges": [],
                "direction": "Inbound",
                "name": "jenkins",
                "priority": 1001,
                "protocol": "Tcp",
                "source_address_prefix": "*",
                "source_address_prefixes": [],
                "source_application_security_group_ids": [],
                "source_port_range": "*",
                "source_port_ranges": []
              },
              {
                "access": "Allow",
                "description": "",
                "destination_address_prefix": "*",
                "destination_address_prefixes": [],
                "destination_application_security_group_ids": [],
                "destination_port_range": "8081",
                "destination_port_ranges": [],
                "direction": "Inbound",
                "name": "nexus",
                "priority": 1002,
                "protocol": "Tcp",
                "source_address_prefix": "*",
                "source_address_prefixes": [],
                "source_application_security_group_ids": [],
                "source_port_range": "*",
                "source_port_ranges": []
              },
              {
                "access": "Allow",
                "description": "",
                "destination_address_prefix": "*",
                "destination_address_prefixes": [],
                "destination_application_security_group_ids": [],
                "destination_port_range": "9000",
                "destination_port_ranges": [],
                "direction": "Inbound",
                "name": "sonar",
                "priority": 1003,
                "protocol": "Tcp",
                "source_address_prefix": "*",
                "source_address_prefixes": [],
                "source_application_security_group_ids": [],
                "source_port_range": "*",
                "source_port_ranges": []
              }
            ],
            "tags": null,
            "timeouts": null
          },
          "sensitive_attributes": [],
          "private": "eyJlMmJmYjczMC1lY2FhLTExZTYtOGY4OC0zNDM2M2JjN2M0YzAiOnsiY3JlYXRlIjoxODAwMDAwMDAwMDAwLCJkZWxldGUiOjE4MDAwMDAwMDAwMDAsInJlYWQiOjMwMDAwMDAwMDAwMCwidXBkYXRlIjoxODAwMDAwMDAwMDAwfX0=",
          "dependencies": [
            "azurerm_resource_group.rg"
          ]
        }
      ]
    },
    {
      "mode": "managed",
      "type": "azurerm_public_ip",
      "name": "my_terraform_public_ip",
      "provider": "provider[\"registry.terraform.io/hashicorp/azurerm\"]",
      "instances": [
        {
          "index_key": 0,
          "schema_version": 0,
          "attributes": {
            "allocation_method": "Dynamic",
            "ddos_protection_mode": "VirtualNetworkInherited",
            "ddos_protection_plan_id": null,
            "domain_name_label": null,
            "edge_zone": "",
            "fqdn": null,
            "id": "/subscriptions/12d08a43-87ab-49fc-b06f-d1d31622044a/resourceGroups/Devops_project_prod/providers/Microsoft.Network/publicIPAddresses/myPublicIP-prod-0",
            "idle_timeout_in_minutes": 4,
            "ip_address": "",
            "ip_tags": null,
            "ip_version": "IPv4",
            "location": "eastus2",
            "name": "myPublicIP-prod-0",
            "public_ip_prefix_id": null,
            "resource_group_name": "Devops_project_prod",
            "reverse_fqdn": null,
            "sku": "Basic",
            "sku_tier": "Regional",
            "tags": null,
            "timeouts": null,
            "zones": null
          },
          "sensitive_attributes": [],
          "private": "eyJlMmJmYjczMC1lY2FhLTExZTYtOGY4OC0zNDM2M2JjN2M0YzAiOnsiY3JlYXRlIjoxODAwMDAwMDAwMDAwLCJkZWxldGUiOjE4MDAwMDAwMDAwMDAsInJlYWQiOjMwMDAwMDAwMDAwMCwidXBkYXRlIjoxODAwMDAwMDAwMDAwfX0=",
          "dependencies": [
            "azurerm_resource_group.rg"
          ]
        }
      ]
    },
    {
      "mode": "managed",
      "type": "azurerm_resource_group",
      "name": "rg",
      "provider": "provider[\"registry.terraform.io/hashicorp/azurerm\"]",
      "instances": [
        {
          "schema_version": 0,
          "attributes": {
            "id": "/subscriptions/12d08a43-87ab-49fc-b06f-d1d31622044a/resourceGroups/Devops_project_prod",
            "location": "eastus2",
            "managed_by": "",
            "name": "Devops_project_prod",
            "tags": null,
            "timeouts": null
          },
          "sensitive_attributes": [],
          "private": "eyJlMmJmYjczMC1lY2FhLTExZTYtOGY4OC0zNDM2M2JjN2M0YzAiOnsiY3JlYXRlIjo1NDAwMDAwMDAwMDAwLCJkZWxldGUiOjU0MDAwMDAwMDAwMDAsInJlYWQiOjMwMDAwMDAwMDAwMCwidXBkYXRlIjo1NDAwMDAwMDAwMDAwfX0="
        }
      ]
    },
    {
      "mode": "managed",
      "type": "azurerm_subnet",
      "name": "my_terraform_subnet",
      "provider": "provider[\"registry.terraform.io/hashicorp/azurerm\"]",
      "instances": [
        {
          "index_key": 0,
          "schema_version": 0,
          "attributes": {
            "address_prefixes": [
              "10.0.1.0/24"
            ],
            "default_outbound_access_enabled": true,
            "delegation": [],
            "enforce_private_link_endpoint_network_policies": false,
            "enforce_private_link_service_network_policies": false,
            "id": "/subscriptions/12d08a43-87ab-49fc-b06f-d1d31622044a/resourceGroups/Devops_project_prod/providers/Microsoft.Network/virtualNetworks/myVnet-prod-0/subnets/mySubnet-prod",
            "name": "mySubnet-prod",
            "private_endpoint_network_policies": "Enabled",
            "private_endpoint_network_policies_enabled": true,
            "private_link_service_network_policies_enabled": true,
            "resource_group_name": "Devops_project_prod",
            "service_endpoint_policy_ids": null,
            "service_endpoints": null,
            "timeouts": null,
            "virtual_network_name": "myVnet-prod-0"
          },
          "sensitive_attributes": [],
          "private": "eyJlMmJmYjczMC1lY2FhLTExZTYtOGY4OC0zNDM2M2JjN2M0YzAiOnsiY3JlYXRlIjoxODAwMDAwMDAwMDAwLCJkZWxldGUiOjE4MDAwMDAwMDAwMDAsInJlYWQiOjMwMDAwMDAwMDAwMCwidXBkYXRlIjoxODAwMDAwMDAwMDAwfX0=",
          "dependencies": [
            "azurerm_resource_group.rg",
            "azurerm_virtual_network.my_terraform_network"
          ]
        }
      ]
    },
    {
      "mode": "managed",
      "type": "azurerm_virtual_network",
      "name": "my_terraform_network",
      "provider": "provider[\"registry.terraform.io/hashicorp/azurerm\"]",
      "instances": [
        {
          "index_key": 0,
          "schema_version": 0,
          "attributes": {
            "address_space": [
              "10.0.0.0/16"
            ],
            "bgp_community": "",
            "ddos_protection_plan": [],
            "dns_servers": [],
            "edge_zone": "",
            "encryption": [],
            "flow_timeout_in_minutes": 0,
            "guid": "609fde4a-70bb-4c70-9d8e-971a14904536",
            "id": "/subscriptions/12d08a43-87ab-49fc-b06f-d1d31622044a/resourceGroups/Devops_project_prod/providers/Microsoft.Network/virtualNetworks/myVnet-prod-0",
            "location": "eastus2",
            "name": "myVnet-prod-0",
            "resource_group_name": "Devops_project_prod",
            "subnet": [],
            "tags": null,
            "timeouts": null
          },
          "sensitive_attributes": [],
          "private": "eyJlMmJmYjczMC1lY2FhLTExZTYtOGY4OC0zNDM2M2JjN2M0YzAiOnsiY3JlYXRlIjoxODAwMDAwMDAwMDAwLCJkZWxldGUiOjE4MDAwMDAwMDAwMDAsInJlYWQiOjMwMDAwMDAwMDAwMCwidXBkYXRlIjoxODAwMDAwMDAwMDAwfX0=",
          "dependencies": [
            "azurerm_resource_group.rg"
          ]
        }
      ]
    },
    {
      "mode": "managed",
      "type": "random_id",
      "name": "random_id",
      "provider": "provider[\"registry.terraform.io/hashicorp/random\"]",
      "instances": [
        {
          "schema_version": 0,
          "attributes": {
            "b64_std": "Xr+ToLrf9yg=",
            "b64_url": "Xr-ToLrf9yg",
            "byte_length": 8,
            "dec": "6827337878656251688",
            "hex": "5ebf93a0badff728",
            "id": "Xr-ToLrf9yg",
            "keepers": {
              "resource_group": "Devops_project_prod"
            },
            "prefix": null
          },
          "sensitive_attributes": [],
          "dependencies": [
            "azurerm_resource_group.rg"
          ]
        }
      ]
    },
    {
      "mode": "managed",
      "type": "random_pet",
      "name": "rg_name",
      "provider": "provider[\"registry.terraform.io/hashicorp/random\"]",
      "instances": [
        {
          "schema_version": 0,
          "attributes": {
            "id": "rg1-native-beagle",
            "keepers": null,
            "length": 2,
            "prefix": "rg1",
            "separator": "-"
          },
          "sensitive_attributes": []
        }
      ]
    },
    {
      "mode": "managed",
      "type": "random_pet",
      "name": "ssh_key_name",
      "provider": "provider[\"registry.terraform.io/hashicorp/random\"]",
      "instances": [
        {
          "schema_version": 0,
          "attributes": {
            "id": "sshsquarekatydid",
            "keepers": null,
            "length": 2,
            "prefix": "ssh",
            "separator": ""
          },
          "sensitive_attributes": []
        }
      ]
    }
  ],
  "check_results": null
}
