{
  "version": 4,
  "terraform_version": "1.5.7",
  "serial": 76,
  "lineage": "f6bf829f-4266-e55d-1958-eb098bd349fd",
  "outputs": {
    "key_data": {
      "value": "ssh-rsa AAAAB3NzaC1yc2EAAAADAQABAAABgQCZw3ilfa3MtsA8hsspEvuRcuRhxE1BoOQrXyVGBxah46zxi58RhEYD+NS67+maLV6ypqyoiWX892VHa2mUIBwynOUL25laeYe5NPtkDmUtfv8FeW5MbPfm+hVDAQjmyozQwLleSLw6UPAG9sk3ph7NHI1Q/ExUYxhIHGPJrgQ/SXY6OZKmO+finceqvvta/ANvSLT28vkZQJTy/o8YYIJ90Qbr4+3li7NKd1Ej1SleZ+Vrm2o+Dsym6szrj+zApP4SOZ6sghGwo7NjdPH3Adw2+Vzp5vC9tkdUB7oWK+1X2vfjZ4vyjuzOh3wruIKSLncB1eED0F9ITvTnfVXEYJzKv0b/QXA9ONjUZG0NoPj3B8WrguIfSHlcfUAdIuVcKyAfCEO2mo+xgfceYZE0H+JNKKxYqvABY8ZxZ22071BiIeZMeaMdNWQ6zBBBnGZtwkE4Ar4THSEDKNa/YRnhf01fkHhW5TcdJe59/aN7eBy70N8znu+LoUzJGjSlQGL+e80= generated-by-azure",
      "type": "string"
    },
    "public_ip_address": {
      "value": [
        "172.172.60.188"
      ],
      "type": [
        "tuple",
        [
          "string"
        ]
      ]
    },
    "resource_group_name": {
      "value": "Devops_project_prod",
      "type": "string"
    }
  },
  "resources": [
    {
      "mode": "data",
      "type": "azurerm_key_vault",
      "name": "kv",
      "provider": "provider[\"registry.terraform.io/hashicorp/azurerm\"]",
      "instances": [
        {
          "schema_version": 0,
          "attributes": {
            "access_policy": [
              {
                "application_id": "",
                "certificate_permissions": [],
                "key_permissions": [],
                "object_id": "6af80303-65c4-4e51-9c11-9fc2daf1bf19",
                "secret_permissions": [
                  "Get",
                  "List",
                  "Set",
                  "Delete"
                ],
                "storage_permissions": [],
                "tenant_id": "22661859-9734-416a-a963-8d74287c2f62"
              }
            ],
            "enable_rbac_authorization": false,
            "enabled_for_deployment": false,
            "enabled_for_disk_encryption": false,
            "enabled_for_template_deployment": false,
            "id": "/subscriptions/12d08a43-87ab-49fc-b06f-d1d31622044a/resourceGroups/Keyvault_rg/providers/Microsoft.KeyVault/vaults/devopsprojectkeyvault1",
            "location": "eastus2",
            "name": "devopsprojectkeyvault1",
            "network_acls": [],
            "public_network_access_enabled": true,
            "purge_protection_enabled": false,
            "resource_group_name": "Keyvault_rg",
            "sku_name": "standard",
            "tags": {},
            "tenant_id": "22661859-9734-416a-a963-8d74287c2f62",
            "timeouts": null,
            "vault_uri": "https://devopsprojectkeyvault1.vault.azure.net/"
          },
          "sensitive_attributes": []
        }
      ]
    },
    {
      "mode": "data",
      "type": "azurerm_key_vault_secret",
      "name": "jenkins-admin-password",
      "provider": "provider[\"registry.terraform.io/hashicorp/azurerm\"]",
      "instances": [
        {
          "schema_version": 0,
          "attributes": {
            "content_type": "",
            "expiration_date": null,
            "id": "https://devopsprojectkeyvault1.vault.azure.net/secrets/jenkins-admin-password/08edb9ae1ecf452ca97dfab48f6cb2f1",
            "key_vault_id": "/subscriptions/12d08a43-87ab-49fc-b06f-d1d31622044a/resourceGroups/Keyvault_rg/providers/Microsoft.KeyVault/vaults/devopsprojectkeyvault1",
            "name": "jenkins-admin-password",
            "not_before_date": null,
            "resource_id": "/subscriptions/12d08a43-87ab-49fc-b06f-d1d31622044a/resourceGroups/Keyvault_rg/providers/Microsoft.KeyVault/vaults/devopsprojectkeyvault1/secrets/jenkins-admin-password/versions/08edb9ae1ecf452ca97dfab48f6cb2f1",
            "resource_versionless_id": "/subscriptions/12d08a43-87ab-49fc-b06f-d1d31622044a/resourceGroups/Keyvault_rg/providers/Microsoft.KeyVault/vaults/devopsprojectkeyvault1/secrets/jenkins-admin-password",
            "tags": {},
            "timeouts": null,
            "value": "Azure@123456",
            "version": "08edb9ae1ecf452ca97dfab48f6cb2f1",
            "versionless_id": "https://devopsprojectkeyvault1.vault.azure.net/secrets/jenkins-admin-password"
          },
          "sensitive_attributes": []
        }
      ]
    },
    {
      "mode": "data",
      "type": "azurerm_key_vault_secret",
      "name": "jenkins-admin-username",
      "provider": "provider[\"registry.terraform.io/hashicorp/azurerm\"]",
      "instances": [
        {
          "schema_version": 0,
          "attributes": {
            "content_type": "",
            "expiration_date": null,
            "id": "https://devopsprojectkeyvault1.vault.azure.net/secrets/jenkins-admin-username/d1b50a33eddc4c699696c9cfdaa942bf",
            "key_vault_id": "/subscriptions/12d08a43-87ab-49fc-b06f-d1d31622044a/resourceGroups/Keyvault_rg/providers/Microsoft.KeyVault/vaults/devopsprojectkeyvault1",
            "name": "jenkins-admin-username",
            "not_before_date": null,
            "resource_id": "/subscriptions/12d08a43-87ab-49fc-b06f-d1d31622044a/resourceGroups/Keyvault_rg/providers/Microsoft.KeyVault/vaults/devopsprojectkeyvault1/secrets/jenkins-admin-username/versions/d1b50a33eddc4c699696c9cfdaa942bf",
            "resource_versionless_id": "/subscriptions/12d08a43-87ab-49fc-b06f-d1d31622044a/resourceGroups/Keyvault_rg/providers/Microsoft.KeyVault/vaults/devopsprojectkeyvault1/secrets/jenkins-admin-username",
            "tags": {},
            "timeouts": null,
            "value": "azureuser",
            "version": "d1b50a33eddc4c699696c9cfdaa942bf",
            "versionless_id": "https://devopsprojectkeyvault1.vault.azure.net/secrets/jenkins-admin-username"
          },
          "sensitive_attributes": []
        }
      ]
    },
    {
      "mode": "managed",
      "type": "azapi_resource",
      "name": "ssh_public_key",
      "provider": "provider[\"registry.terraform.io/azure/azapi\"]",
      "instances": [
        {
          "schema_version": 1,
          "attributes": {
            "body": {
              "value": "{}",
              "type": "string"
            },
            "id": "/subscriptions/12d08a43-87ab-49fc-b06f-d1d31622044a/resourceGroups/Devops_project_prod/providers/Microsoft.Compute/sshPublicKeys/sshallowingoryx",
            "identity": [],
            "ignore_body_changes": null,
            "ignore_casing": false,
            "ignore_missing_property": true,
            "location": "eastus2",
            "locks": null,
            "name": "sshallowingoryx",
            "output": {
              "value": "{}",
              "type": "string"
            },
            "parent_id": "/subscriptions/12d08a43-87ab-49fc-b06f-d1d31622044a/resourceGroups/Devops_project_prod",
            "removing_special_chars": false,
            "response_export_values": null,
            "schema_validation_enabled": true,
            "tags": null,
            "timeouts": null,
            "type": "Microsoft.Compute/sshPublicKeys@2022-11-01"
          },
          "sensitive_attributes": [],
          "dependencies": [
            "azurerm_resource_group.rg",
            "random_pet.ssh_key_name"
          ]
        }
      ]
    },
    {
      "mode": "managed",
      "type": "azapi_resource_action",
      "name": "ssh_public_key_gen",
      "provider": "provider[\"registry.terraform.io/azure/azapi\"]",
      "instances": [
        {
          "schema_version": 1,
          "attributes": {
            "action": "generateKeyPair",
            "body": null,
            "id": "/subscriptions/12d08a43-87ab-49fc-b06f-d1d31622044a/resourceGroups/Devops_project_prod/providers/Microsoft.Compute/sshPublicKeys/sshallowingoryx/generateKeyPair",
            "locks": null,
            "method": "POST",
            "output": {
              "value": {
                "privateKey": "-----BEGIN RSA PRIVATE KEY-----\r\nMIIG5QIBAAKCAYEAmcN4pX2tzLbAPIbLKRL7kXLkYcRNQaDkK18lRgcWoeOs8Yuf\r\nEYRGA/jUuu/pmi1esqasqIll/PdlR2tplCAcMpzlC9uZWnmHuTT7ZA5lLX7/BXlu\r\nTGz35voVQwEI5sqM0MC5Xki8OlDwBvbJN6YezRyNUPxMVGMYSBxjya4EP0l2OjmS\r\npjvn4p3Hqr77WvwDb0i09vL5GUCU8v6PGGCCfdEG6+Pt5YuzSndRI9UpXmfla5tq\r\nPg7MpurM64/swKT+EjmerIIRsKOzY3Tx9wHcNvlc6ebwvbZHVAe6FivtV9r342eL\r\n8o7szod8K7iCki53AdXhA9BfSE70531VxGCcyr9G/0FwPTjY1GRtDaD49wfFq4Li\r\nH0h5XH1AHSLlXCsgHwhDtpqPsYH3HmGRNB/iTSisWKrwAWPGcWdttO9QYiHmTHmj\r\nHTVkOswQQZxmbcJBOAK+Ex0hAyjWv2EZ4X9NX5B4VuU3HSXuff2je3gcu9DfM57v\r\ni6FMyRo0pUBi/nvNAgMBAAECggGBAICaUWSwadVnH/8/idnPq6Jp4oO2qBr00wFH\r\ncahRM2exQatAaIlBBUI7Mskq8UlnGuX2qz/GswtRa17BgqtF8++M87DoOSnHrXGE\r\n06FKvOrBZdARUOQQ24JOtcu1qNlGnWHXXvJxiSSJH0fjzkWB5g8NC1Cpw7lsrBlb\r\nzUYYCitYaM6n6nSoc/hAmIfBdf8R+llwCRLmAttQ/YMCz3HG/jz2v4A5wXYUUp88\r\njhuXJCN2aBaJBOHkhNwyU7PNS2mQVDfDbBrba3YnG4yr5qoy+T6eqQC1rh7FFpIm\r\n1iFt6WrmxMdR6RJPryrYVeTouIpab/4zYsljtvVCebGJcM277nuQA6D7NSsUwnev\r\nF2ovK3mGK9Egf6anWuVAWHnfN2iMQwsGBjqeo+M+inPB3lagrSAy9DBsbhKfW3YX\r\nTaH7Teraz6LwOrhcbRRlydczKNcRpeV2w9jMgsImNMvDoKMaOkS8WhvOuJDJfoRM\r\nwdwS5C8yn+w1nM/pW80cQmnFZKo2jQKBwQDDK6vgTRFrjP1nKYrenZdD1OUcJodf\r\naGouTTYA/yw0SMbPdOTBg1TCUB6El98zsfSEFafAmW4L3esnlOBVRO1TLeCrxT6D\r\nyQifvCoM8ik/uDfBCgImq/OKSNFhUUyE8nKUzcGWfb8DKHTl7MiJdRd9lUaDssSi\r\nOnS3+CJOQ/F9RFwAwkqc9gNO9+SY9EsBbyM2kCTipbPD4FJSwZ+Rx7LXpDpIAICe\r\nlzqklAu+xwFCP8YfDGrf4WruFPzGohyEh/sCgcEAybAA4eOtmcZd8JCj48WNXdpO\r\n3Z+JinPkvrrT2jJNupyahFtrEXN1EFLq+o/PlDg+xF7fl2kjcEkx5YSyZXEM6R4g\r\nyJP/qleglX70vmW/tQ+vSOIiH1Cw74ZNPIJR5xkDqno+kcSZCcQ75YRstojeDuk5\r\ncBEQrOJ1i18W5kQGJCQ+VR0cdu3soOISwsYQI2mSoVwjCfigdJBK6a+E0QJbUlOp\r\nDVzAGVu/LQ759PeJP4TbMX5oRIEbwKtof3f2NljXAoHBAK46qTgWdKundHwIuODc\r\nnDHAtzr3JjhE1S06XjBrm4GdSmXeu2wJGrxQm73QekAC5/6V+mhUT8omNQvjupRE\r\ncPylYwDUl2c8Kwe2CW//KlWo1ZTto1f0fvf+43PWCNJSQXmXaO84mDFwh1LOm4Mi\r\nVXMVtJpTF3ifaJzm1XE69DTYtq0yxTrz36Y6ZAcrZl4EYdIOwe7W7/C3q6YXFaUl\r\nOgGJqUGnuSpaZM6RHx8TNot2tR34jtwHttaNQ87q3zxsywKBwBKyEPLfgwkdHToe\r\nfkKv3lHT2bmrfzlpUsvnT5oLTa89swkP3FXqyPAxb3y4dfp8WD0luj4zzcgr0MdA\r\nzLSgjRzS4SEWrv1gUA9rjE5V6jZjdNEhvR4AAdbCMUipn+P3KqLT4BbtDW6dVRwK\r\ncXVeLI9fSSa9Pjl4aIL51oqTxan1/h0vrKLNnUCwlCKf74EI2UHB47GZ7W3ArmEJ\r\nFxu0xzhTbvlBHsF7Aravi7YMeBl+PD9TQ2EOQr9SZEZknVseUwKBwQC1ufCVVSCu\r\nmc7kRH0hgxM90jvQvLJN/Gg+wuJfDuISByRgzVth9OFwV32atww33HY6k+Sty2mI\r\n6nyHBvmL99QZW9UjClKnWXMZbU31LbL8QdsaTS+oFhSj+OtTkEFDMFlMC3B+3ZPT\r\n1XDvUUm5YoYX1uPLPy9lQVvpV0W5wrIvm7GpvCaOkDRc4gpBpwS0FhY4NIhCGNmd\r\n3LmLarfXs7v28SpoJesw9z+eFHu5mQhNUfQlfXn0BtQx1NZe7W0zj/0=\r\n-----END RSA PRIVATE KEY-----\r\n",
                "publicKey": "ssh-rsa AAAAB3NzaC1yc2EAAAADAQABAAABgQCZw3ilfa3MtsA8hsspEvuRcuRhxE1BoOQrXyVGBxah46zxi58RhEYD+NS67+maLV6ypqyoiWX892VHa2mUIBwynOUL25laeYe5NPtkDmUtfv8FeW5MbPfm+hVDAQjmyozQwLleSLw6UPAG9sk3ph7NHI1Q/ExUYxhIHGPJrgQ/SXY6OZKmO+finceqvvta/ANvSLT28vkZQJTy/o8YYIJ90Qbr4+3li7NKd1Ej1SleZ+Vrm2o+Dsym6szrj+zApP4SOZ6sghGwo7NjdPH3Adw2+Vzp5vC9tkdUB7oWK+1X2vfjZ4vyjuzOh3wruIKSLncB1eED0F9ITvTnfVXEYJzKv0b/QXA9ONjUZG0NoPj3B8WrguIfSHlcfUAdIuVcKyAfCEO2mo+xgfceYZE0H+JNKKxYqvABY8ZxZ22071BiIeZMeaMdNWQ6zBBBnGZtwkE4Ar4THSEDKNa/YRnhf01fkHhW5TcdJe59/aN7eBy70N8znu+LoUzJGjSlQGL+e80= generated-by-azure"
              },
              "type": [
                "object",
                {
                  "privateKey": "string",
                  "publicKey": "string"
                }
              ]
            },
            "resource_id": "/subscriptions/12d08a43-87ab-49fc-b06f-d1d31622044a/resourceGroups/Devops_project_prod/providers/Microsoft.Compute/sshPublicKeys/sshallowingoryx",
            "response_export_values": [
              "publicKey",
              "privateKey"
            ],
            "timeouts": null,
            "type": "Microsoft.Compute/sshPublicKeys@2022-11-01",
            "when": "apply"
          },
          "sensitive_attributes": [],
          "dependencies": [
            "azapi_resource.ssh_public_key",
            "azurerm_resource_group.rg",
            "random_pet.ssh_key_name"
          ]
        }
      ]
    },
    {
      "mode": "managed",
      "type": "azurerm_linux_virtual_machine",
      "name": "my_terraform_vm",
      "provider": "provider[\"registry.terraform.io/hashicorp/azurerm\"]",
      "instances": [
        {
          "index_key": 0,
          "schema_version": 0,
          "attributes": {
            "additional_capabilities": [],
            "admin_password": "Azure@123456",
            "admin_ssh_key": [],
            "admin_username": "azureuser",
            "allow_extension_operations": true,
            "availability_set_id": "",
            "boot_diagnostics": [],
            "bypass_platform_safety_checks_on_user_schedule_enabled": false,
            "capacity_reservation_group_id": "",
            "computer_name": "Jenkins",
            "custom_data": null,
            "dedicated_host_group_id": "",
            "dedicated_host_id": "",
            "disable_password_authentication": false,
            "disk_controller_type": "SCSI",
            "edge_zone": "",
            "encryption_at_host_enabled": false,
            "eviction_policy": "",
            "extensions_time_budget": "PT1H30M",
            "gallery_application": [],
            "id": "/subscriptions/12d08a43-87ab-49fc-b06f-d1d31622044a/resourceGroups/Devops_project_prod/providers/Microsoft.Compute/virtualMachines/Jenkins",
            "identity": [],
            "license_type": "",
            "location": "eastus2",
            "max_bid_price": -1,
            "name": "Jenkins",
            "network_interface_ids": [
              "/subscriptions/12d08a43-87ab-49fc-b06f-d1d31622044a/resourceGroups/Devops_project_prod/providers/Microsoft.Network/networkInterfaces/myNIC-prod-0"
            ],
            "os_disk": [
              {
                "caching": "ReadWrite",
                "diff_disk_settings": [],
                "disk_encryption_set_id": "",
                "disk_size_gb": 32,
                "name": "myOsDisk-0",
                "secure_vm_disk_encryption_set_id": "",
                "security_encryption_type": "",
                "storage_account_type": "Premium_LRS",
                "write_accelerator_enabled": false
              }
            ],
            "os_image_notification": [],
            "patch_assessment_mode": "ImageDefault",
            "patch_mode": "ImageDefault",
            "plan": [],
            "platform_fault_domain": -1,
            "priority": "Regular",
            "private_ip_address": "10.0.1.4",
            "private_ip_addresses": [
              "10.0.1.4"
            ],
            "provision_vm_agent": true,
            "proximity_placement_group_id": "",
            "public_ip_address": "172.172.60.188",
            "public_ip_addresses": [
              "172.172.60.188"
            ],
            "reboot_setting": "",
            "resource_group_name": "Devops_project_prod",
            "secret": [],
            "secure_boot_enabled": true,
            "size": "Standard_D2as_v4",
            "source_image_id": "/subscriptions/12d08a43-87ab-49fc-b06f-d1d31622044a/resourcegroups/Devops_project/providers/Microsoft.Compute/galleries/azure_compute_gallery/images/custom_jenkins_image1/versions/1.0.0",
            "source_image_reference": [],
            "tags": null,
            "termination_notification": null,
            "timeouts": null,
            "user_data": "",
            "virtual_machine_id": "83164d79-0a50-4d72-9b2f-8ac420419f2c",
            "virtual_machine_scale_set_id": "",
            "vm_agent_platform_updates_enabled": false,
            "vtpm_enabled": false,
            "zone": ""
          },
          "sensitive_attributes": [
            [
              {
                "type": "get_attr",
                "value": "admin_password"
              }
            ],
            [
              {
                "type": "get_attr",
                "value": "admin_username"
              }
            ]
          ],
          "private": "eyJlMmJmYjczMC1lY2FhLTExZTYtOGY4OC0zNDM2M2JjN2M0YzAiOnsiY3JlYXRlIjoyNzAwMDAwMDAwMDAwLCJkZWxldGUiOjI3MDAwMDAwMDAwMDAsInJlYWQiOjMwMDAwMDAwMDAwMCwidXBkYXRlIjoyNzAwMDAwMDAwMDAwfX0=",
          "dependencies": [
            "azurerm_network_interface.my_terraform_nic",
            "azurerm_public_ip.my_terraform_public_ip",
            "azurerm_resource_group.rg",
            "azurerm_subnet.my_terraform_subnet",
            "azurerm_virtual_network.my_terraform_network",
            "data.azurerm_key_vault_secret.jenkins-admin-password",
            "data.azurerm_key_vault_secret.jenkins-admin-username"
          ]
        }
      ]
    },
    {
      "mode": "managed",
      "type": "azurerm_network_interface",
      "name": "my_terraform_nic",
      "provider": "provider[\"registry.terraform.io/hashicorp/azurerm\"]",
      "instances": [
        {
          "index_key": 0,
          "schema_version": 0,
          "attributes": {
            "accelerated_networking_enabled": false,
            "applied_dns_servers": [],
            "auxiliary_mode": "",
            "auxiliary_sku": "",
            "dns_servers": [],
            "edge_zone": "",
            "enable_accelerated_networking": false,
            "enable_ip_forwarding": false,
            "id": "/subscriptions/12d08a43-87ab-49fc-b06f-d1d31622044a/resourceGroups/Devops_project_prod/providers/Microsoft.Network/networkInterfaces/myNIC-prod-0",
            "internal_dns_name_label": "",
            "internal_domain_name_suffix": "vsrfbhmy544eridoljokv5vg2h.cx.internal.cloudapp.net",
            "ip_configuration": [
              {
                "gateway_load_balancer_frontend_ip_configuration_id": "",
                "name": "my_nic_configuration-prod-0",
                "primary": true,
                "private_ip_address": "10.0.1.4",
                "private_ip_address_allocation": "Dynamic",
                "private_ip_address_version": "IPv4",
                "public_ip_address_id": "/subscriptions/12d08a43-87ab-49fc-b06f-d1d31622044a/resourceGroups/Devops_project_prod/providers/Microsoft.Network/publicIPAddresses/myPublicIP-prod-0",
                "subnet_id": "/subscriptions/12d08a43-87ab-49fc-b06f-d1d31622044a/resourceGroups/Devops_project_prod/providers/Microsoft.Network/virtualNetworks/myVnet-prod-0/subnets/mySubnet-prod"
              }
            ],
            "ip_forwarding_enabled": false,
            "location": "eastus2",
            "mac_address": "",
            "name": "myNIC-prod-0",
            "private_ip_address": "10.0.1.4",
            "private_ip_addresses": [
              "10.0.1.4"
            ],
            "resource_group_name": "Devops_project_prod",
            "tags": null,
            "timeouts": null,
            "virtual_machine_id": ""
          },
          "sensitive_attributes": [],
          "private": "eyJlMmJmYjczMC1lY2FhLTExZTYtOGY4OC0zNDM2M2JjN2M0YzAiOnsiY3JlYXRlIjoxODAwMDAwMDAwMDAwLCJkZWxldGUiOjE4MDAwMDAwMDAwMDAsInJlYWQiOjMwMDAwMDAwMDAwMCwidXBkYXRlIjoxODAwMDAwMDAwMDAwfX0=",
          "dependencies": [
            "azurerm_public_ip.my_terraform_public_ip",
            "azurerm_resource_group.rg",
            "azurerm_subnet.my_terraform_subnet",
            "azurerm_virtual_network.my_terraform_network"
          ]
        }
      ]
    },
    {
      "mode": "managed",
      "type": "azurerm_network_interface_security_group_association",
      "name": "example",
      "provider": "provider[\"registry.terraform.io/hashicorp/azurerm\"]",
      "instances": [
        {
          "index_key": 0,
          "schema_version": 0,
          "attributes": {
            "id": "/subscriptions/12d08a43-87ab-49fc-b06f-d1d31622044a/resourceGroups/Devops_project_prod/providers/Microsoft.Network/networkInterfaces/myNIC-prod-0|/subscriptions/12d08a43-87ab-49fc-b06f-d1d31622044a/resourceGroups/Devops_project_prod/providers/Microsoft.Network/networkSecurityGroups/myNetworkSecurityGroup-prod-0",
            "network_interface_id": "/subscriptions/12d08a43-87ab-49fc-b06f-d1d31622044a/resourceGroups/Devops_project_prod/providers/Microsoft.Network/networkInterfaces/myNIC-prod-0",
            "network_security_group_id": "/subscriptions/12d08a43-87ab-49fc-b06f-d1d31622044a/resourceGroups/Devops_project_prod/providers/Microsoft.Network/networkSecurityGroups/myNetworkSecurityGroup-prod-0",
            "timeouts": null
          },
          "sensitive_attributes": [],
          "private": "eyJlMmJmYjczMC1lY2FhLTExZTYtOGY4OC0zNDM2M2JjN2M0YzAiOnsiY3JlYXRlIjoxODAwMDAwMDAwMDAwLCJkZWxldGUiOjE4MDAwMDAwMDAwMDAsInJlYWQiOjMwMDAwMDAwMDAwMH19",
          "dependencies": [
            "azurerm_network_interface.my_terraform_nic",
            "azurerm_network_security_group.my_terraform_nsg",
            "azurerm_public_ip.my_terraform_public_ip",
            "azurerm_resource_group.rg",
            "azurerm_subnet.my_terraform_subnet",
            "azurerm_virtual_network.my_terraform_network"
          ]
        }
      ]
    },
    {
      "mode": "managed",
      "type": "azurerm_network_security_group",
      "name": "my_terraform_nsg",
      "provider": "provider[\"registry.terraform.io/hashicorp/azurerm\"]",
      "instances": [
        {
          "index_key": 0,
          "schema_version": 0,
          "attributes": {
            "id": "/subscriptions/12d08a43-87ab-49fc-b06f-d1d31622044a/resourceGroups/Devops_project_prod/providers/Microsoft.Network/networkSecurityGroups/myNetworkSecurityGroup-prod-0",
            "location": "eastus2",
            "name": "myNetworkSecurityGroup-prod-0",
            "resource_group_name": "Devops_project_prod",
            "security_rule": [
              {
                "access": "Allow",
                "description": "",
                "destination_address_prefix": "*",
                "destination_address_prefixes": [],
                "destination_application_security_group_ids": [],
                "destination_port_range": "*",
                "destination_port_ranges": [],
                "direction": "Outbound",
                "name": "jenkins_out",
                "priority": 1012,
                "protocol": "Tcp",
                "source_address_prefix": "*",
                "source_address_prefixes": [],
                "source_application_security_group_ids": [],
                "source_port_range": "8080",
                "source_port_ranges": []
              },
              {
                "access": "Allow",
                "description": "",
                "destination_address_prefix": "*",
                "destination_address_prefixes": [],
                "destination_application_security_group_ids": [],
                "destination_port_range": "22",
                "destination_port_ranges": [],
                "direction": "Inbound",
                "name": "SSH",
                "priority": 1001,
                "protocol": "Tcp",
                "source_address_prefix": "*",
                "source_address_prefixes": [],
                "source_application_security_group_ids": [],
                "source_port_range": "*",
                "source_port_ranges": []
              },
              {
                "access": "Allow",
                "description": "",
                "destination_address_prefix": "*",
                "destination_address_prefixes": [],
                "destination_application_security_group_ids": [],
                "destination_port_range": "8080",
                "destination_port_ranges": [],
                "direction": "Inbound",
                "name": "jenkins",
                "priority": 1011,
                "protocol": "Tcp",
                "source_address_prefix": "*",
                "source_address_prefixes": [],
                "source_application_security_group_ids": [],
                "source_port_range": "*",
                "source_port_ranges": []
              },
              {
                "access": "Allow",
                "description": "",
                "destination_address_prefix": "*",
                "destination_address_prefixes": [],
                "destination_application_security_group_ids": [],
                "destination_port_range": "8081",
                "destination_port_ranges": [],
                "direction": "Inbound",
                "name": "nexus_in",
                "priority": 1015,
                "protocol": "Tcp",
                "source_address_prefix": "*",
                "source_address_prefixes": [],
                "source_application_security_group_ids": [],
                "source_port_range": "*",
                "source_port_ranges": []
              },
              {
                "access": "Allow",
                "description": "",
                "destination_address_prefix": "*",
                "destination_address_prefixes": [],
                "destination_application_security_group_ids": [],
                "destination_port_range": "9000",
                "destination_port_ranges": [],
                "direction": "Inbound",
                "name": "sonar_in",
                "priority": 1013,
                "protocol": "Tcp",
                "source_address_prefix": "*",
                "source_address_prefixes": [],
                "source_application_security_group_ids": [],
                "source_port_range": "*",
                "source_port_ranges": []
              }
            ],
            "tags": null,
            "timeouts": null
          },
          "sensitive_attributes": [],
          "private": "eyJlMmJmYjczMC1lY2FhLTExZTYtOGY4OC0zNDM2M2JjN2M0YzAiOnsiY3JlYXRlIjoxODAwMDAwMDAwMDAwLCJkZWxldGUiOjE4MDAwMDAwMDAwMDAsInJlYWQiOjMwMDAwMDAwMDAwMCwidXBkYXRlIjoxODAwMDAwMDAwMDAwfX0=",
          "dependencies": [
            "azurerm_resource_group.rg"
          ]
        }
      ]
    },
    {
      "mode": "managed",
      "type": "azurerm_public_ip",
      "name": "my_terraform_public_ip",
      "provider": "provider[\"registry.terraform.io/hashicorp/azurerm\"]",
      "instances": [
        {
          "index_key": 0,
          "schema_version": 0,
          "attributes": {
            "allocation_method": "Dynamic",
            "ddos_protection_mode": "VirtualNetworkInherited",
            "ddos_protection_plan_id": null,
            "domain_name_label": null,
            "edge_zone": "",
            "fqdn": null,
            "id": "/subscriptions/12d08a43-87ab-49fc-b06f-d1d31622044a/resourceGroups/Devops_project_prod/providers/Microsoft.Network/publicIPAddresses/myPublicIP-prod-0",
            "idle_timeout_in_minutes": 4,
            "ip_address": "",
            "ip_tags": null,
            "ip_version": "IPv4",
            "location": "eastus2",
            "name": "myPublicIP-prod-0",
            "public_ip_prefix_id": null,
            "resource_group_name": "Devops_project_prod",
            "reverse_fqdn": null,
            "sku": "Basic",
            "sku_tier": "Regional",
            "tags": null,
            "timeouts": null,
            "zones": null
          },
          "sensitive_attributes": [],
          "private": "eyJlMmJmYjczMC1lY2FhLTExZTYtOGY4OC0zNDM2M2JjN2M0YzAiOnsiY3JlYXRlIjoxODAwMDAwMDAwMDAwLCJkZWxldGUiOjE4MDAwMDAwMDAwMDAsInJlYWQiOjMwMDAwMDAwMDAwMCwidXBkYXRlIjoxODAwMDAwMDAwMDAwfX0=",
          "dependencies": [
            "azurerm_resource_group.rg"
          ]
        }
      ]
    },
    {
      "mode": "managed",
      "type": "azurerm_resource_group",
      "name": "rg",
      "provider": "provider[\"registry.terraform.io/hashicorp/azurerm\"]",
      "instances": [
        {
          "schema_version": 0,
          "attributes": {
            "id": "/subscriptions/12d08a43-87ab-49fc-b06f-d1d31622044a/resourceGroups/Devops_project_prod",
            "location": "eastus2",
            "managed_by": "",
            "name": "Devops_project_prod",
            "tags": null,
            "timeouts": null
          },
          "sensitive_attributes": [],
          "private": "eyJlMmJmYjczMC1lY2FhLTExZTYtOGY4OC0zNDM2M2JjN2M0YzAiOnsiY3JlYXRlIjo1NDAwMDAwMDAwMDAwLCJkZWxldGUiOjU0MDAwMDAwMDAwMDAsInJlYWQiOjMwMDAwMDAwMDAwMCwidXBkYXRlIjo1NDAwMDAwMDAwMDAwfX0="
        }
      ]
    },
    {
      "mode": "managed",
      "type": "azurerm_subnet",
      "name": "my_terraform_subnet",
      "provider": "provider[\"registry.terraform.io/hashicorp/azurerm\"]",
      "instances": [
        {
          "index_key": 0,
          "schema_version": 0,
          "attributes": {
            "address_prefixes": [
              "10.0.1.0/24"
            ],
            "default_outbound_access_enabled": true,
            "delegation": [],
            "enforce_private_link_endpoint_network_policies": false,
            "enforce_private_link_service_network_policies": false,
            "id": "/subscriptions/12d08a43-87ab-49fc-b06f-d1d31622044a/resourceGroups/Devops_project_prod/providers/Microsoft.Network/virtualNetworks/myVnet-prod-0/subnets/mySubnet-prod",
            "name": "mySubnet-prod",
            "private_endpoint_network_policies": "Enabled",
            "private_endpoint_network_policies_enabled": true,
            "private_link_service_network_policies_enabled": true,
            "resource_group_name": "Devops_project_prod",
            "service_endpoint_policy_ids": null,
            "service_endpoints": null,
            "timeouts": null,
            "virtual_network_name": "myVnet-prod-0"
          },
          "sensitive_attributes": [],
          "private": "eyJlMmJmYjczMC1lY2FhLTExZTYtOGY4OC0zNDM2M2JjN2M0YzAiOnsiY3JlYXRlIjoxODAwMDAwMDAwMDAwLCJkZWxldGUiOjE4MDAwMDAwMDAwMDAsInJlYWQiOjMwMDAwMDAwMDAwMCwidXBkYXRlIjoxODAwMDAwMDAwMDAwfX0=",
          "dependencies": [
            "azurerm_resource_group.rg",
            "azurerm_virtual_network.my_terraform_network"
          ]
        }
      ]
    },
    {
      "mode": "managed",
      "type": "azurerm_virtual_network",
      "name": "my_terraform_network",
      "provider": "provider[\"registry.terraform.io/hashicorp/azurerm\"]",
      "instances": [
        {
          "index_key": 0,
          "schema_version": 0,
          "attributes": {
            "address_space": [
              "10.0.0.0/16"
            ],
            "bgp_community": "",
            "ddos_protection_plan": [],
            "dns_servers": [],
            "edge_zone": "",
            "encryption": [],
            "flow_timeout_in_minutes": 0,
            "guid": "9d50a2ac-ff98-48bc-a06e-5a5caafea6e7",
            "id": "/subscriptions/12d08a43-87ab-49fc-b06f-d1d31622044a/resourceGroups/Devops_project_prod/providers/Microsoft.Network/virtualNetworks/myVnet-prod-0",
            "location": "eastus2",
            "name": "myVnet-prod-0",
            "resource_group_name": "Devops_project_prod",
            "subnet": [],
            "tags": null,
            "timeouts": null
          },
          "sensitive_attributes": [],
          "private": "eyJlMmJmYjczMC1lY2FhLTExZTYtOGY4OC0zNDM2M2JjN2M0YzAiOnsiY3JlYXRlIjoxODAwMDAwMDAwMDAwLCJkZWxldGUiOjE4MDAwMDAwMDAwMDAsInJlYWQiOjMwMDAwMDAwMDAwMCwidXBkYXRlIjoxODAwMDAwMDAwMDAwfX0=",
          "dependencies": [
            "azurerm_resource_group.rg"
          ]
        }
      ]
    },
    {
      "mode": "managed",
      "type": "random_id",
      "name": "random_id",
      "provider": "provider[\"registry.terraform.io/hashicorp/random\"]",
      "instances": [
        {
          "schema_version": 0,
          "attributes": {
            "b64_std": "OB+LKmkxFIk=",
            "b64_url": "OB-LKmkxFIk",
            "byte_length": 8,
            "dec": "4044104004671706249",
            "hex": "381f8b2a69311489",
            "id": "OB-LKmkxFIk",
            "keepers": {
              "resource_group": "Devops_project_prod"
            },
            "prefix": null
          },
          "sensitive_attributes": [],
          "dependencies": [
            "azurerm_resource_group.rg"
          ]
        }
      ]
    },
    {
      "mode": "managed",
      "type": "random_pet",
      "name": "rg_name",
      "provider": "provider[\"registry.terraform.io/hashicorp/random\"]",
      "instances": [
        {
          "schema_version": 0,
          "attributes": {
            "id": "rg1-casual-platypus",
            "keepers": null,
            "length": 2,
            "prefix": "rg1",
            "separator": "-"
          },
          "sensitive_attributes": []
        }
      ]
    },
    {
      "mode": "managed",
      "type": "random_pet",
      "name": "ssh_key_name",
      "provider": "provider[\"registry.terraform.io/hashicorp/random\"]",
      "instances": [
        {
          "schema_version": 0,
          "attributes": {
            "id": "sshallowingoryx",
            "keepers": null,
            "length": 2,
            "prefix": "ssh",
            "separator": ""
          },
          "sensitive_attributes": []
        }
      ]
    }
  ],
  "check_results": null
}
