{
  "version": 4,
  "terraform_version": "1.5.7",
  "serial": 315,
  "lineage": "f6bf829f-4266-e55d-1958-eb098bd349fd",
  "outputs": {
    "key_data": {
      "value": "ssh-rsa AAAAB3NzaC1yc2EAAAADAQABAAABgQDd9N7n07OMjNv4jLYFmX81yMMyeniT48l7h5TbBqOyYcL5DEoWmUMrDLh0u3GqbjbdS2R+W6qLwCI5tWT8QNYMmjFX+RemlMX+Jx9x1ChummwyG3gm5YF84BVkL5i7BFHzS2+H4Vcavw5Md5eI0Is8uIZX4/XHgbDELQPoK9of+PKV5PZpTSvKc78YmLJ6/6nv0vm96BGMQGIeoWXhTJehfelWCJ233ajCMQzRpGQuYMbP+V8pipdUmd1FWv3Vd+ZGQ0yPCp5LYnFBKm7o18DacCoBb4ssqNSBSdqohi7ScnGU7OFpS1Vl8a77qnksOus+wcEpNyNnSZpcXRDFQWlBikB6aWxqx2vHCieNAuk8/MqKPusdJJyHCUF2lQZCxDCQATn9uBkZPjxYNuq5Wjb7+bcwcVg9H4sDl9zJRgJlLmJdCtnH88lXEvxi8iO+bEHQZ43glL9M26sNZ55IErjO+V8TAlCfOP10bJDlRd/D1i7qHqyvCS7n/njvtda9JUk= generated-by-azure",
      "type": "string"
    },
    "public_ip_address": {
      "value": [
        "20.65.127.83"
      ],
      "type": [
        "tuple",
        [
          "string"
        ]
      ]
    },
    "resource_group_name": {
      "value": "Devops_project_prod",
      "type": "string"
    },
    "virtual_machine_name": {
      "value": [
        "Devopsagent"
      ],
      "type": [
        "tuple",
        [
          "string"
        ]
      ]
    }
  },
  "resources": [
    {
      "mode": "data",
      "type": "azurerm_key_vault",
      "name": "kv",
      "provider": "provider[\"registry.terraform.io/hashicorp/azurerm\"]",
      "instances": [
        {
          "schema_version": 0,
          "attributes": {
            "access_policy": [
              {
                "application_id": "",
                "certificate_permissions": [],
                "key_permissions": [],
                "object_id": "6af80303-65c4-4e51-9c11-9fc2daf1bf19",
                "secret_permissions": [
                  "Get",
                  "List",
                  "Set",
                  "Delete"
                ],
                "storage_permissions": [],
                "tenant_id": "22661859-9734-416a-a963-8d74287c2f62"
              },
              {
                "application_id": "",
                "certificate_permissions": [
                  "Get",
                  "List",
                  "Update",
                  "Create",
                  "Import",
                  "Delete",
                  "Recover",
                  "Backup",
                  "Restore",
                  "ManageContacts",
                  "ManageIssuers",
                  "GetIssuers",
                  "ListIssuers",
                  "SetIssuers",
                  "DeleteIssuers"
                ],
                "key_permissions": [
                  "Get",
                  "List",
                  "Update",
                  "Create",
                  "Import",
                  "Delete",
                  "Recover",
                  "Backup",
                  "Restore",
                  "GetRotationPolicy",
                  "SetRotationPolicy",
                  "Rotate",
                  "Encrypt",
                  "Decrypt",
                  "UnwrapKey",
                  "WrapKey",
                  "Verify",
                  "Sign",
                  "Purge",
                  "Release"
                ],
                "object_id": "9d0eb1c5-9fcf-4ad7-981e-7a760529e1e1",
                "secret_permissions": [
                  "Get",
                  "List",
                  "Set",
                  "Delete",
                  "Recover",
                  "Backup",
                  "Restore",
                  "Purge"
                ],
                "storage_permissions": [],
                "tenant_id": "22661859-9734-416a-a963-8d74287c2f62"
              }
            ],
            "enable_rbac_authorization": false,
            "enabled_for_deployment": false,
            "enabled_for_disk_encryption": false,
            "enabled_for_template_deployment": false,
            "id": "/subscriptions/12d08a43-87ab-49fc-b06f-d1d31622044a/resourceGroups/Keyvault_rg/providers/Microsoft.KeyVault/vaults/devopsprojectkeyvault1",
            "location": "eastus2",
            "name": "devopsprojectkeyvault1",
            "network_acls": [],
            "public_network_access_enabled": true,
            "purge_protection_enabled": false,
            "resource_group_name": "Keyvault_rg",
            "sku_name": "standard",
            "tags": {},
            "tenant_id": "22661859-9734-416a-a963-8d74287c2f62",
            "timeouts": null,
            "vault_uri": "https://devopsprojectkeyvault1.vault.azure.net/"
          },
          "sensitive_attributes": []
        }
      ]
    },
    {
      "mode": "data",
      "type": "azurerm_key_vault_secret",
      "name": "jenkins-admin-password",
      "provider": "provider[\"registry.terraform.io/hashicorp/azurerm\"]",
      "instances": [
        {
          "schema_version": 0,
          "attributes": {
            "content_type": "",
            "expiration_date": null,
            "id": "https://devopsprojectkeyvault1.vault.azure.net/secrets/jenkins-admin-password/08edb9ae1ecf452ca97dfab48f6cb2f1",
            "key_vault_id": "/subscriptions/12d08a43-87ab-49fc-b06f-d1d31622044a/resourceGroups/Keyvault_rg/providers/Microsoft.KeyVault/vaults/devopsprojectkeyvault1",
            "name": "jenkins-admin-password",
            "not_before_date": null,
            "resource_id": "/subscriptions/12d08a43-87ab-49fc-b06f-d1d31622044a/resourceGroups/Keyvault_rg/providers/Microsoft.KeyVault/vaults/devopsprojectkeyvault1/secrets/jenkins-admin-password/versions/08edb9ae1ecf452ca97dfab48f6cb2f1",
            "resource_versionless_id": "/subscriptions/12d08a43-87ab-49fc-b06f-d1d31622044a/resourceGroups/Keyvault_rg/providers/Microsoft.KeyVault/vaults/devopsprojectkeyvault1/secrets/jenkins-admin-password",
            "tags": {},
            "timeouts": null,
            "value": "Azure@123456",
            "version": "08edb9ae1ecf452ca97dfab48f6cb2f1",
            "versionless_id": "https://devopsprojectkeyvault1.vault.azure.net/secrets/jenkins-admin-password"
          },
          "sensitive_attributes": []
        }
      ]
    },
    {
      "mode": "data",
      "type": "azurerm_key_vault_secret",
      "name": "jenkins-admin-username",
      "provider": "provider[\"registry.terraform.io/hashicorp/azurerm\"]",
      "instances": [
        {
          "schema_version": 0,
          "attributes": {
            "content_type": "",
            "expiration_date": null,
            "id": "https://devopsprojectkeyvault1.vault.azure.net/secrets/jenkins-admin-username/d1b50a33eddc4c699696c9cfdaa942bf",
            "key_vault_id": "/subscriptions/12d08a43-87ab-49fc-b06f-d1d31622044a/resourceGroups/Keyvault_rg/providers/Microsoft.KeyVault/vaults/devopsprojectkeyvault1",
            "name": "jenkins-admin-username",
            "not_before_date": null,
            "resource_id": "/subscriptions/12d08a43-87ab-49fc-b06f-d1d31622044a/resourceGroups/Keyvault_rg/providers/Microsoft.KeyVault/vaults/devopsprojectkeyvault1/secrets/jenkins-admin-username/versions/d1b50a33eddc4c699696c9cfdaa942bf",
            "resource_versionless_id": "/subscriptions/12d08a43-87ab-49fc-b06f-d1d31622044a/resourceGroups/Keyvault_rg/providers/Microsoft.KeyVault/vaults/devopsprojectkeyvault1/secrets/jenkins-admin-username",
            "tags": {},
            "timeouts": null,
            "value": "azureuser",
            "version": "d1b50a33eddc4c699696c9cfdaa942bf",
            "versionless_id": "https://devopsprojectkeyvault1.vault.azure.net/secrets/jenkins-admin-username"
          },
          "sensitive_attributes": []
        }
      ]
    },
    {
      "mode": "managed",
      "type": "azapi_resource",
      "name": "ssh_public_key",
      "provider": "provider[\"registry.terraform.io/azure/azapi\"]",
      "instances": [
        {
          "schema_version": 1,
          "attributes": {
            "body": {
              "value": "{}",
              "type": "string"
            },
            "id": "/subscriptions/12d08a43-87ab-49fc-b06f-d1d31622044a/resourceGroups/Devops_project_prod/providers/Microsoft.Compute/sshPublicKeys/sshvitalcobra",
            "identity": [],
            "ignore_body_changes": null,
            "ignore_casing": false,
            "ignore_missing_property": true,
            "location": "eastus2",
            "locks": null,
            "name": "sshvitalcobra",
            "output": {
              "value": "{}",
              "type": "string"
            },
            "parent_id": "/subscriptions/12d08a43-87ab-49fc-b06f-d1d31622044a/resourceGroups/Devops_project_prod",
            "removing_special_chars": false,
            "response_export_values": null,
            "schema_validation_enabled": true,
            "tags": null,
            "timeouts": null,
            "type": "Microsoft.Compute/sshPublicKeys@2022-11-01"
          },
          "sensitive_attributes": [],
          "dependencies": [
            "azurerm_resource_group.rg",
            "random_pet.ssh_key_name"
          ]
        }
      ]
    },
    {
      "mode": "managed",
      "type": "azapi_resource_action",
      "name": "ssh_public_key_gen",
      "provider": "provider[\"registry.terraform.io/azure/azapi\"]",
      "instances": [
        {
          "schema_version": 1,
          "attributes": {
            "action": "generateKeyPair",
            "body": null,
            "id": "/subscriptions/12d08a43-87ab-49fc-b06f-d1d31622044a/resourceGroups/Devops_project_prod/providers/Microsoft.Compute/sshPublicKeys/sshvitalcobra/generateKeyPair",
            "locks": null,
            "method": "POST",
            "output": {
              "value": {
                "privateKey": "-----BEGIN RSA PRIVATE KEY-----\r\nMIIG4wIBAAKCAYEA3fTe59OzjIzb+Iy2BZl/NcjDMnp4k+PJe4eU2wajsmHC+QxK\r\nFplDKwy4dLtxqm423Utkfluqi8AiObVk/EDWDJoxV/kXppTF/icfcdQobppsMht4\r\nJuWBfOAVZC+YuwRR80tvh+FXGr8OTHeXiNCLPLiGV+P1x4GwxC0D6CvaH/jyleT2\r\naU0rynO/GJiyev+p79L5vegRjEBiHqFl4UyXoX3pVgidt92owjEM0aRkLmDGz/lf\r\nKYqXVJndRVr91XfmRkNMjwqeS2JxQSpu6NfA2nAqAW+LLKjUgUnaqIYu0nJxlOzh\r\naUtVZfGu+6p5LDrrPsHBKTcjZ0maXF0QxUFpQYpAemlsasdrxwonjQLpPPzKij7r\r\nHSSchwlBdpUGQsQwkAE5/bgZGT48WDbquVo2+/m3MHFYPR+LA5fcyUYCZS5iXQrZ\r\nx/PJVxL8YvIjvmxB0GeN4JS/TNurDWeeSBK4zvlfEwJQnzj9dGyQ5UXfw9Yu6h6s\r\nrwku5/5477XWvSVJAgMBAAECggGBAKw++rk33g/FxHNnZ16DF2h6y5ih2G8Uh+iY\r\neBldVq35FiDFu7075RdEgOT+DiCv9V3Ywz0YEArx6N2V+q+T9UjEZGScBxGcROaO\r\nH+XrOhFTP4HHNYAh/VIWaCNemI0RtjMzqHLvmfRErmkDKhLfnB5cKM2ON89CwxYK\r\nxQxo85Z6UG+oxt1DKSesmXESFvhC7fMSbANHVE7eLAcPQ4wLL2UA3JKKjzMADpXd\r\nENCkXaZsLf15zbLkPbpGyaOoEHKX3ycOJikXgwJaBJvYOIFmBr+sHwoEYOUaz+Q7\r\ndA61/PzVlfirQJb00eOHFhnltJJNHJpFqsRhunh3RklSLamKunhEq4RMeUNQTtSg\r\nKXpjBCtJ8IZhHYzXcNw9QuCudPvwinQTruyCdeZxbEUZpNsheD18qv5KX4xSe98E\r\ng4YAqWNDWhfO6znrNrqYwk+niY3XtkvgRY65UaJ75V3MnoOlaGOs/PTBwny/6m5R\r\nBid3GdWE5A1bOaAWw3EWmkpuCbkn3QKBwQDln6tlxsLSxFfFOoivlVVm9zCDHAiI\r\naHfxapvsAPW565c291gekixMnuCGefNB5eWpwZu7+fkEGd/piJsErEEiW1WJUf8A\r\nOrdSo8bfrk5wsf237rDN/0NGM8AgjatWxXsCTtUtPHO9g9Sz++ek3v+wkOSKnSi8\r\n02/09z+LbPXmkBszLqKhp5lVSbrjC2Kf2hN4bq/Vtew58h+SXOXcs/Ps3abH0xAC\r\n4jtp9+d60Tw+AF/7eEkjS3MDoibX1vnJc5cCgcEA93O9T/6heHYeU7rsu+MEw38F\r\nc9GzgnkQceAjuxDDjxLNETJewzlKKEiBNVcblQaKIgdLKa0tZYIX1mp1hasWdY2E\r\n1PRD8jH4SWsvI6+wQ7Ox0zyAck4bSYLdPlL9lpfypGwqg+A3/YoKBoFmq16fq4FD\r\nYkHJTAdtZJutu93A0OHpYhRf0PZJhJCRmydVXB1VBK33YZlBHiZD1wtxkjwDLX5U\r\nF7VJ80p+0m4n9hG2oche+GYD5GjlccwiKzznVcofAoHAcRjGm7ddB+CK9mqRHiIo\r\nUTGY5EqvbTg/M1n1+DS00uDVts32yf/m78ok/jcceC2ag5UHdnt1ie6QmX6eE5wf\r\n7KMdqygGt/8zgfGGp2871Ufllm1rCdsbMH2WuLHuXSuhHY7kcoZe304KOqfs/QiU\r\n2UtUNW2YvgBKGVaaJrsBFpGNxBTJJ2PcIuTQtrlJ1z/a7StfUZxsAFJf+H/m+2Bq\r\n2RSG687qCPGSn+vpSFW8HTGkFMC3DTpBKN350b9hgjZ7AoHAPdAgo0H1LfU7oCja\r\niBiukPNC9mqUz+vUCs41vr3yS+Qja79MYrIF70glVqC62CA5E0UFJpUG+QtlTv9q\r\n+ggB5T2Dx/p4mqCW6CgpL13sxwy1SBId9+/A6z0QbUgn5p1wVFhcynKRKfl4haV/\r\ncyGA+0OgBIRwd1iHoBEvdfVv+/3i4cg7IyTSupWuebZ6oTcGjNO0LyIsXQ6r9aT7\r\nKs9o781VzlJP9cFPKtuvic1k9MbrylsZb84wOpwGkQx2sTx7AoHAPd9wkmTAcFiT\r\nHctffSUrHhP1IJEJ8SkJ4ae+rqwcAO3mZQ92SJosvHlaQZkVi6aHgp49gRZXz0o9\r\nwEoMTtVhrWFLPWTZSjQX9aDbH/kwUqRvQIlhC2ehDIzzuEdv7wBoasNTDKseqnwF\r\nvGJhjiIn/oq/vn9TmrZwlSJumuiDeXJJi+9IhOYaCSMxWT9CXUhzNSz0ghxqQwOF\r\nbHyDu8zXpBzPoJgE8LE5QWPLuLIbLjP0AQxMo7fE4izu0nB0jmGz\r\n-----END RSA PRIVATE KEY-----\r\n",
                "publicKey": "ssh-rsa AAAAB3NzaC1yc2EAAAADAQABAAABgQDd9N7n07OMjNv4jLYFmX81yMMyeniT48l7h5TbBqOyYcL5DEoWmUMrDLh0u3GqbjbdS2R+W6qLwCI5tWT8QNYMmjFX+RemlMX+Jx9x1ChummwyG3gm5YF84BVkL5i7BFHzS2+H4Vcavw5Md5eI0Is8uIZX4/XHgbDELQPoK9of+PKV5PZpTSvKc78YmLJ6/6nv0vm96BGMQGIeoWXhTJehfelWCJ233ajCMQzRpGQuYMbP+V8pipdUmd1FWv3Vd+ZGQ0yPCp5LYnFBKm7o18DacCoBb4ssqNSBSdqohi7ScnGU7OFpS1Vl8a77qnksOus+wcEpNyNnSZpcXRDFQWlBikB6aWxqx2vHCieNAuk8/MqKPusdJJyHCUF2lQZCxDCQATn9uBkZPjxYNuq5Wjb7+bcwcVg9H4sDl9zJRgJlLmJdCtnH88lXEvxi8iO+bEHQZ43glL9M26sNZ55IErjO+V8TAlCfOP10bJDlRd/D1i7qHqyvCS7n/njvtda9JUk= generated-by-azure"
              },
              "type": [
                "object",
                {
                  "privateKey": "string",
                  "publicKey": "string"
                }
              ]
            },
            "resource_id": "/subscriptions/12d08a43-87ab-49fc-b06f-d1d31622044a/resourceGroups/Devops_project_prod/providers/Microsoft.Compute/sshPublicKeys/sshvitalcobra",
            "response_export_values": [
              "publicKey",
              "privateKey"
            ],
            "timeouts": null,
            "type": "Microsoft.Compute/sshPublicKeys@2022-11-01",
            "when": "apply"
          },
          "sensitive_attributes": [],
          "dependencies": [
            "azapi_resource.ssh_public_key",
            "azurerm_resource_group.rg",
            "random_pet.ssh_key_name"
          ]
        }
      ]
    },
    {
      "mode": "managed",
      "type": "azurerm_linux_virtual_machine",
      "name": "my_terraform_vm",
      "provider": "provider[\"registry.terraform.io/hashicorp/azurerm\"]",
      "instances": [
        {
          "index_key": 0,
          "schema_version": 0,
          "attributes": {
            "additional_capabilities": [],
            "admin_password": "Azure@123456",
            "admin_ssh_key": [],
            "admin_username": "azureuser",
            "allow_extension_operations": true,
            "availability_set_id": "",
            "boot_diagnostics": [],
            "bypass_platform_safety_checks_on_user_schedule_enabled": false,
            "capacity_reservation_group_id": "",
            "computer_name": "Devopsagent",
            "custom_data": null,
            "dedicated_host_group_id": "",
            "dedicated_host_id": "",
            "disable_password_authentication": false,
            "disk_controller_type": "SCSI",
            "edge_zone": "",
            "encryption_at_host_enabled": false,
            "eviction_policy": "",
            "extensions_time_budget": "PT1H30M",
            "gallery_application": [],
            "id": "/subscriptions/12d08a43-87ab-49fc-b06f-d1d31622044a/resourceGroups/Devops_project_prod/providers/Microsoft.Compute/virtualMachines/Devopsagent",
            "identity": [],
            "license_type": "",
            "location": "eastus2",
            "max_bid_price": -1,
            "name": "Devopsagent",
            "network_interface_ids": [
              "/subscriptions/12d08a43-87ab-49fc-b06f-d1d31622044a/resourceGroups/Devops_project_prod/providers/Microsoft.Network/networkInterfaces/myNIC-prod-0"
            ],
            "os_disk": [
              {
                "caching": "ReadWrite",
                "diff_disk_settings": [],
                "disk_encryption_set_id": "",
                "disk_size_gb": 30,
                "name": "myOsDisk-0",
                "secure_vm_disk_encryption_set_id": "",
                "security_encryption_type": "",
                "storage_account_type": "Premium_LRS",
                "write_accelerator_enabled": false
              }
            ],
            "os_image_notification": [],
            "patch_assessment_mode": "ImageDefault",
            "patch_mode": "ImageDefault",
            "plan": [],
            "platform_fault_domain": -1,
            "priority": "Regular",
            "private_ip_address": "10.0.1.4",
            "private_ip_addresses": [
              "10.0.1.4"
            ],
            "provision_vm_agent": true,
            "proximity_placement_group_id": "",
            "public_ip_address": "20.65.127.83",
            "public_ip_addresses": [
              "20.65.127.83"
            ],
            "reboot_setting": "",
            "resource_group_name": "Devops_project_prod",
            "secret": [],
            "secure_boot_enabled": true,
            "size": "Standard_D2as_v4",
            "source_image_id": "",
            "source_image_reference": [
              {
                "offer": "0001-com-ubuntu-server-jammy",
                "publisher": "Canonical",
                "sku": "22_04-lts-gen2",
                "version": "latest"
              }
            ],
            "tags": null,
            "termination_notification": null,
            "timeouts": null,
            "user_data": "",
            "virtual_machine_id": "ec57de88-b158-473e-8640-518f4e951984",
            "virtual_machine_scale_set_id": "",
            "vm_agent_platform_updates_enabled": false,
            "vtpm_enabled": false,
            "zone": ""
          },
          "sensitive_attributes": [
            [
              {
                "type": "get_attr",
                "value": "admin_username"
              }
            ],
            [
              {
                "type": "get_attr",
                "value": "admin_password"
              }
            ]
          ],
          "private": "eyJlMmJmYjczMC1lY2FhLTExZTYtOGY4OC0zNDM2M2JjN2M0YzAiOnsiY3JlYXRlIjoyNzAwMDAwMDAwMDAwLCJkZWxldGUiOjI3MDAwMDAwMDAwMDAsInJlYWQiOjMwMDAwMDAwMDAwMCwidXBkYXRlIjoyNzAwMDAwMDAwMDAwfX0=",
          "dependencies": [
            "azurerm_network_interface.my_terraform_nic",
            "azurerm_resource_group.rg",
            "data.azurerm_key_vault_secret.jenkins-admin-password",
            "data.azurerm_key_vault_secret.jenkins-admin-username"
          ]
        }
      ]
    },
    {
      "mode": "managed",
      "type": "azurerm_network_interface",
      "name": "my_terraform_nic",
      "provider": "provider[\"registry.terraform.io/hashicorp/azurerm\"]",
      "instances": [
        {
          "index_key": 0,
          "schema_version": 0,
          "attributes": {
            "accelerated_networking_enabled": false,
            "applied_dns_servers": [],
            "auxiliary_mode": "",
            "auxiliary_sku": "",
            "dns_servers": [],
            "edge_zone": "",
            "enable_accelerated_networking": false,
            "enable_ip_forwarding": false,
            "id": "/subscriptions/12d08a43-87ab-49fc-b06f-d1d31622044a/resourceGroups/Devops_project_prod/providers/Microsoft.Network/networkInterfaces/myNIC-prod-0",
            "internal_dns_name_label": "",
            "internal_domain_name_suffix": "2mykp0m2od3ezlzm2ypbnktfbf.cx.internal.cloudapp.net",
            "ip_configuration": [
              {
                "gateway_load_balancer_frontend_ip_configuration_id": "",
                "name": "my_nic_configuration-prod-0",
                "primary": true,
                "private_ip_address": "10.0.1.4",
                "private_ip_address_allocation": "Dynamic",
                "private_ip_address_version": "IPv4",
                "public_ip_address_id": "/subscriptions/12d08a43-87ab-49fc-b06f-d1d31622044a/resourceGroups/Devops_project_prod/providers/Microsoft.Network/publicIPAddresses/myPublicIP-prod-0",
                "subnet_id": "/subscriptions/12d08a43-87ab-49fc-b06f-d1d31622044a/resourceGroups/Devops_project_prod/providers/Microsoft.Network/virtualNetworks/myVnet-prod-0/subnets/mySubnet-prod"
              }
            ],
            "ip_forwarding_enabled": false,
            "location": "eastus2",
            "mac_address": "7C-1E-52-BB-5D-F0",
            "name": "myNIC-prod-0",
            "private_ip_address": "10.0.1.4",
            "private_ip_addresses": [
              "10.0.1.4"
            ],
            "resource_group_name": "Devops_project_prod",
            "tags": {},
            "timeouts": null,
            "virtual_machine_id": "/subscriptions/12d08a43-87ab-49fc-b06f-d1d31622044a/resourceGroups/Devops_project_prod/providers/Microsoft.Compute/virtualMachines/Devopsagent"
          },
          "sensitive_attributes": [],
          "private": "eyJlMmJmYjczMC1lY2FhLTExZTYtOGY4OC0zNDM2M2JjN2M0YzAiOnsiY3JlYXRlIjoxODAwMDAwMDAwMDAwLCJkZWxldGUiOjE4MDAwMDAwMDAwMDAsInJlYWQiOjMwMDAwMDAwMDAwMCwidXBkYXRlIjoxODAwMDAwMDAwMDAwfX0=",
          "dependencies": [
            "azurerm_public_ip.my_terraform_public_ip",
            "azurerm_resource_group.rg",
            "azurerm_subnet.my_terraform_subnet",
            "azurerm_virtual_network.my_terraform_network"
          ]
        }
      ]
    },
    {
      "mode": "managed",
      "type": "azurerm_network_interface_security_group_association",
      "name": "example",
      "provider": "provider[\"registry.terraform.io/hashicorp/azurerm\"]",
      "instances": [
        {
          "index_key": 0,
          "schema_version": 0,
          "attributes": {
            "id": "/subscriptions/12d08a43-87ab-49fc-b06f-d1d31622044a/resourceGroups/Devops_project_prod/providers/Microsoft.Network/networkInterfaces/myNIC-prod-0|/subscriptions/12d08a43-87ab-49fc-b06f-d1d31622044a/resourceGroups/Devops_project_prod/providers/Microsoft.Network/networkSecurityGroups/myNetworkSecurityGroup-prod-0",
            "network_interface_id": "/subscriptions/12d08a43-87ab-49fc-b06f-d1d31622044a/resourceGroups/Devops_project_prod/providers/Microsoft.Network/networkInterfaces/myNIC-prod-0",
            "network_security_group_id": "/subscriptions/12d08a43-87ab-49fc-b06f-d1d31622044a/resourceGroups/Devops_project_prod/providers/Microsoft.Network/networkSecurityGroups/myNetworkSecurityGroup-prod-0",
            "timeouts": null
          },
          "sensitive_attributes": [],
          "private": "eyJlMmJmYjczMC1lY2FhLTExZTYtOGY4OC0zNDM2M2JjN2M0YzAiOnsiY3JlYXRlIjoxODAwMDAwMDAwMDAwLCJkZWxldGUiOjE4MDAwMDAwMDAwMDAsInJlYWQiOjMwMDAwMDAwMDAwMH19",
          "dependencies": [
            "azurerm_network_interface.my_terraform_nic",
            "azurerm_network_security_group.my_terraform_nsg",
            "azurerm_public_ip.my_terraform_public_ip",
            "azurerm_resource_group.rg",
            "azurerm_subnet.my_terraform_subnet",
            "azurerm_virtual_network.my_terraform_network"
          ]
        }
      ]
    },
    {
      "mode": "managed",
      "type": "azurerm_network_security_group",
      "name": "my_terraform_nsg",
      "provider": "provider[\"registry.terraform.io/hashicorp/azurerm\"]",
      "instances": [
        {
          "index_key": 0,
          "schema_version": 0,
          "attributes": {
            "id": "/subscriptions/12d08a43-87ab-49fc-b06f-d1d31622044a/resourceGroups/Devops_project_prod/providers/Microsoft.Network/networkSecurityGroups/myNetworkSecurityGroup-prod-0",
            "location": "eastus2",
            "name": "myNetworkSecurityGroup-prod-0",
            "resource_group_name": "Devops_project_prod",
            "security_rule": [
              {
                "access": "Allow",
                "description": "",
                "destination_address_prefix": "*",
                "destination_address_prefixes": [],
                "destination_application_security_group_ids": [],
                "destination_port_range": "*",
                "destination_port_ranges": [],
                "direction": "Inbound",
                "name": "jenkins_out",
                "priority": 1012,
                "protocol": "Tcp",
                "source_address_prefix": "*",
                "source_address_prefixes": [],
                "source_application_security_group_ids": [],
                "source_port_range": "8080",
                "source_port_ranges": []
              },
              {
                "access": "Allow",
                "description": "",
                "destination_address_prefix": "*",
                "destination_address_prefixes": [],
                "destination_application_security_group_ids": [],
                "destination_port_range": "22",
                "destination_port_ranges": [],
                "direction": "Inbound",
                "name": "SSH",
                "priority": 1000,
                "protocol": "Tcp",
                "source_address_prefix": "*",
                "source_address_prefixes": [],
                "source_application_security_group_ids": [],
                "source_port_range": "*",
                "source_port_ranges": []
              },
              {
                "access": "Allow",
                "description": "",
                "destination_address_prefix": "*",
                "destination_address_prefixes": [],
                "destination_application_security_group_ids": [],
                "destination_port_range": "8080",
                "destination_port_ranges": [],
                "direction": "Inbound",
                "name": "jenkins",
                "priority": 1001,
                "protocol": "Tcp",
                "source_address_prefix": "*",
                "source_address_prefixes": [],
                "source_application_security_group_ids": [],
                "source_port_range": "*",
                "source_port_ranges": []
              },
              {
                "access": "Allow",
                "description": "",
                "destination_address_prefix": "*",
                "destination_address_prefixes": [],
                "destination_application_security_group_ids": [],
                "destination_port_range": "8081",
                "destination_port_ranges": [],
                "direction": "Inbound",
                "name": "nexus",
                "priority": 1002,
                "protocol": "Tcp",
                "source_address_prefix": "*",
                "source_address_prefixes": [],
                "source_application_security_group_ids": [],
                "source_port_range": "*",
                "source_port_ranges": []
              },
              {
                "access": "Allow",
                "description": "",
                "destination_address_prefix": "*",
                "destination_address_prefixes": [],
                "destination_application_security_group_ids": [],
                "destination_port_range": "9000",
                "destination_port_ranges": [],
                "direction": "Inbound",
                "name": "sonar",
                "priority": 1003,
                "protocol": "Tcp",
                "source_address_prefix": "*",
                "source_address_prefixes": [],
                "source_application_security_group_ids": [],
                "source_port_range": "*",
                "source_port_ranges": []
              }
            ],
            "tags": {},
            "timeouts": null
          },
          "sensitive_attributes": [],
          "private": "eyJlMmJmYjczMC1lY2FhLTExZTYtOGY4OC0zNDM2M2JjN2M0YzAiOnsiY3JlYXRlIjoxODAwMDAwMDAwMDAwLCJkZWxldGUiOjE4MDAwMDAwMDAwMDAsInJlYWQiOjMwMDAwMDAwMDAwMCwidXBkYXRlIjoxODAwMDAwMDAwMDAwfX0=",
          "dependencies": [
            "azurerm_resource_group.rg"
          ]
        }
      ]
    },
    {
      "mode": "managed",
      "type": "azurerm_public_ip",
      "name": "my_terraform_public_ip",
      "provider": "provider[\"registry.terraform.io/hashicorp/azurerm\"]",
      "instances": [
        {
          "index_key": 0,
          "schema_version": 0,
          "attributes": {
            "allocation_method": "Dynamic",
            "ddos_protection_mode": "VirtualNetworkInherited",
            "ddos_protection_plan_id": null,
            "domain_name_label": null,
            "edge_zone": "",
            "fqdn": null,
            "id": "/subscriptions/12d08a43-87ab-49fc-b06f-d1d31622044a/resourceGroups/Devops_project_prod/providers/Microsoft.Network/publicIPAddresses/myPublicIP-prod-0",
            "idle_timeout_in_minutes": 4,
            "ip_address": "137.116.38.79",
            "ip_tags": {},
            "ip_version": "IPv4",
            "location": "eastus2",
            "name": "myPublicIP-prod-0",
            "public_ip_prefix_id": null,
            "resource_group_name": "Devops_project_prod",
            "reverse_fqdn": null,
            "sku": "Basic",
            "sku_tier": "Regional",
            "tags": {},
            "timeouts": null,
            "zones": []
          },
          "sensitive_attributes": [],
          "private": "eyJlMmJmYjczMC1lY2FhLTExZTYtOGY4OC0zNDM2M2JjN2M0YzAiOnsiY3JlYXRlIjoxODAwMDAwMDAwMDAwLCJkZWxldGUiOjE4MDAwMDAwMDAwMDAsInJlYWQiOjMwMDAwMDAwMDAwMCwidXBkYXRlIjoxODAwMDAwMDAwMDAwfX0=",
          "dependencies": [
            "azurerm_resource_group.rg"
          ]
        }
      ]
    },
    {
      "mode": "managed",
      "type": "azurerm_resource_group",
      "name": "rg",
      "provider": "provider[\"registry.terraform.io/hashicorp/azurerm\"]",
      "instances": [
        {
          "schema_version": 0,
          "attributes": {
            "id": "/subscriptions/12d08a43-87ab-49fc-b06f-d1d31622044a/resourceGroups/Devops_project_prod",
            "location": "eastus2",
            "managed_by": "",
            "name": "Devops_project_prod",
            "tags": {},
            "timeouts": null
          },
          "sensitive_attributes": [],
          "private": "eyJlMmJmYjczMC1lY2FhLTExZTYtOGY4OC0zNDM2M2JjN2M0YzAiOnsiY3JlYXRlIjo1NDAwMDAwMDAwMDAwLCJkZWxldGUiOjU0MDAwMDAwMDAwMDAsInJlYWQiOjMwMDAwMDAwMDAwMCwidXBkYXRlIjo1NDAwMDAwMDAwMDAwfX0="
        }
      ]
    },
    {
      "mode": "managed",
      "type": "azurerm_subnet",
      "name": "my_terraform_subnet",
      "provider": "provider[\"registry.terraform.io/hashicorp/azurerm\"]",
      "instances": [
        {
          "index_key": 0,
          "schema_version": 0,
          "attributes": {
            "address_prefixes": [
              "10.0.1.0/24"
            ],
            "default_outbound_access_enabled": true,
            "delegation": [],
            "enforce_private_link_endpoint_network_policies": false,
            "enforce_private_link_service_network_policies": false,
            "id": "/subscriptions/12d08a43-87ab-49fc-b06f-d1d31622044a/resourceGroups/Devops_project_prod/providers/Microsoft.Network/virtualNetworks/myVnet-prod-0/subnets/mySubnet-prod",
            "name": "mySubnet-prod",
            "private_endpoint_network_policies": "Enabled",
            "private_endpoint_network_policies_enabled": true,
            "private_link_service_network_policies_enabled": true,
            "resource_group_name": "Devops_project_prod",
            "service_endpoint_policy_ids": [],
            "service_endpoints": [],
            "timeouts": null,
            "virtual_network_name": "myVnet-prod-0"
          },
          "sensitive_attributes": [],
          "private": "eyJlMmJmYjczMC1lY2FhLTExZTYtOGY4OC0zNDM2M2JjN2M0YzAiOnsiY3JlYXRlIjoxODAwMDAwMDAwMDAwLCJkZWxldGUiOjE4MDAwMDAwMDAwMDAsInJlYWQiOjMwMDAwMDAwMDAwMCwidXBkYXRlIjoxODAwMDAwMDAwMDAwfX0=",
          "dependencies": [
            "azurerm_resource_group.rg",
            "azurerm_virtual_network.my_terraform_network"
          ]
        }
      ]
    },
    {
      "mode": "managed",
      "type": "azurerm_virtual_network",
      "name": "my_terraform_network",
      "provider": "provider[\"registry.terraform.io/hashicorp/azurerm\"]",
      "instances": [
        {
          "index_key": 0,
          "schema_version": 0,
          "attributes": {
            "address_space": [
              "10.0.0.0/16"
            ],
            "bgp_community": "",
            "ddos_protection_plan": [],
            "dns_servers": [],
            "edge_zone": "",
            "encryption": [],
            "flow_timeout_in_minutes": 0,
            "guid": "e9a730e3-709c-4cfa-af2c-e61e16aa650d",
            "id": "/subscriptions/12d08a43-87ab-49fc-b06f-d1d31622044a/resourceGroups/Devops_project_prod/providers/Microsoft.Network/virtualNetworks/myVnet-prod-0",
            "location": "eastus2",
            "name": "myVnet-prod-0",
            "resource_group_name": "Devops_project_prod",
            "subnet": [
              {
                "address_prefix": "10.0.1.0/24",
                "id": "/subscriptions/12d08a43-87ab-49fc-b06f-d1d31622044a/resourceGroups/Devops_project_prod/providers/Microsoft.Network/virtualNetworks/myVnet-prod-0/subnets/mySubnet-prod",
                "name": "mySubnet-prod",
                "security_group": ""
              }
            ],
            "tags": {},
            "timeouts": null
          },
          "sensitive_attributes": [],
          "private": "eyJlMmJmYjczMC1lY2FhLTExZTYtOGY4OC0zNDM2M2JjN2M0YzAiOnsiY3JlYXRlIjoxODAwMDAwMDAwMDAwLCJkZWxldGUiOjE4MDAwMDAwMDAwMDAsInJlYWQiOjMwMDAwMDAwMDAwMCwidXBkYXRlIjoxODAwMDAwMDAwMDAwfX0=",
          "dependencies": [
            "azurerm_resource_group.rg"
          ]
        }
      ]
    },
    {
      "mode": "managed",
      "type": "random_id",
      "name": "random_id",
      "provider": "provider[\"registry.terraform.io/hashicorp/random\"]",
      "instances": [
        {
          "schema_version": 0,
          "attributes": {
            "b64_std": "hkHIvsuRNmA=",
            "b64_url": "hkHIvsuRNmA",
            "byte_length": 8,
            "dec": "9674234196353168992",
            "hex": "8641c8becb913660",
            "id": "hkHIvsuRNmA",
            "keepers": {
              "resource_group": "Devops_project_prod"
            },
            "prefix": null
          },
          "sensitive_attributes": [],
          "dependencies": [
            "azurerm_resource_group.rg"
          ]
        }
      ]
    },
    {
      "mode": "managed",
      "type": "random_pet",
      "name": "rg_name",
      "provider": "provider[\"registry.terraform.io/hashicorp/random\"]",
      "instances": [
        {
          "schema_version": 0,
          "attributes": {
            "id": "rg1-pretty-humpback",
            "keepers": null,
            "length": 2,
            "prefix": "rg1",
            "separator": "-"
          },
          "sensitive_attributes": []
        }
      ]
    },
    {
      "mode": "managed",
      "type": "random_pet",
      "name": "ssh_key_name",
      "provider": "provider[\"registry.terraform.io/hashicorp/random\"]",
      "instances": [
        {
          "schema_version": 0,
          "attributes": {
            "id": "sshvitalcobra",
            "keepers": null,
            "length": 2,
            "prefix": "ssh",
            "separator": ""
          },
          "sensitive_attributes": []
        }
      ]
    }
  ],
  "check_results": null
}
